{
  "version": 4,
  "terraform_version": "1.9.8",
  "serial": 989,
  "lineage": "35acfc03-55b9-0d07-edae-e28d3131aaf1",
  "outputs": {
    "australia-lb_dns_name": {
      "value": "australia-load-balancer-609471015.ap-southeast-2.elb.amazonaws.com",
      "type": "string"
    },
    "california-lb_dns_name": {
      "value": "california-load-balancer-132816098.us-west-1.elb.amazonaws.com",
      "type": "string"
    },
    "hong-kong-lb_dns_name": {
      "value": "hongkong-load-balancer-152441190.ap-east-1.elb.amazonaws.com",
      "type": "string"
    },
    "london-lb_dns_name": {
      "value": "london-load-balancer-1169626877.eu-west-2.elb.amazonaws.com",
      "type": "string"
    },
    "newyork-lb_dns_name": {
      "value": "newyork-load-balancer-543567588.us-east-1.elb.amazonaws.com",
      "type": "string"
    },
    "sao-paulo-lb_dns_name": {
      "value": "saopaulo-load-balancer-1032221445.sa-east-1.elb.amazonaws.com",
      "type": "string"
    },
    "tokyo-lb_dns_name": {
      "value": "tokyo-load-balancer-2056683890.ap-northeast-1.elb.amazonaws.com",
      "type": "string"
    }
  },
  "resources": [
    {
      "mode": "data",
      "type": "aws_ami",
      "name": "australia-ami",
      "provider": "provider[\"registry.terraform.io/hashicorp/aws\"].australia",
      "instances": [
        {
          "schema_version": 0,
          "attributes": {
            "architecture": "x86_64",
            "arn": "arn:aws:ec2:ap-southeast-2::image/ami-0d6560f3176dc9ec0",
            "block_device_mappings": [
              {
                "device_name": "/dev/xvda",
                "ebs": {
                  "delete_on_termination": "true",
                  "encrypted": "false",
                  "iops": "3000",
                  "snapshot_id": "snap-0cb64f12c64ec2187",
                  "throughput": "125",
                  "volume_size": "8",
                  "volume_type": "gp3"
                },
                "no_device": "",
                "virtual_name": ""
              }
            ],
            "boot_mode": "uefi-preferred",
            "creation_date": "2024-12-12T08:30:56.000Z",
            "deprecation_time": "2025-03-12T08:31:00.000Z",
            "description": "Amazon Linux 2023 AMI 2023.6.20241212.0 x86_64 HVM kernel-6.1",
            "ena_support": true,
            "executable_users": null,
            "filter": [
              {
                "name": "name",
                "values": [
                  "al2023-ami-2023.*-x86_64"
                ]
              }
            ],
            "hypervisor": "xen",
            "id": "ami-0d6560f3176dc9ec0",
            "image_id": "ami-0d6560f3176dc9ec0",
            "image_location": "amazon/al2023-ami-2023.6.20241212.0-kernel-6.1-x86_64",
            "image_owner_alias": "amazon",
            "image_type": "machine",
            "imds_support": "v2.0",
            "include_deprecated": false,
            "kernel_id": "",
            "most_recent": true,
            "name": "al2023-ami-2023.6.20241212.0-kernel-6.1-x86_64",
            "name_regex": null,
            "owner_id": "137112412989",
            "owners": [
              "amazon"
            ],
            "platform": "",
            "platform_details": "Linux/UNIX",
            "product_codes": [],
            "public": true,
            "ramdisk_id": "",
            "root_device_name": "/dev/xvda",
            "root_device_type": "ebs",
            "root_snapshot_id": "snap-0cb64f12c64ec2187",
            "sriov_net_support": "simple",
            "state": "available",
            "state_reason": {
              "code": "UNSET",
              "message": "UNSET"
            },
            "tags": {},
            "timeouts": null,
            "tpm_support": "",
            "usage_operation": "RunInstances",
            "virtualization_type": "hvm"
          },
          "sensitive_attributes": []
        }
      ]
    },
    {
      "mode": "data",
      "type": "aws_ami",
      "name": "california-ami",
      "provider": "provider[\"registry.terraform.io/hashicorp/aws\"].california",
      "instances": [
        {
          "schema_version": 0,
          "attributes": {
            "architecture": "x86_64",
            "arn": "arn:aws:ec2:us-west-1::image/ami-0aa117785d1c1bfe5",
            "block_device_mappings": [
              {
                "device_name": "/dev/xvda",
                "ebs": {
                  "delete_on_termination": "true",
                  "encrypted": "false",
                  "iops": "3000",
                  "snapshot_id": "snap-0ebc0b581c9266a67",
                  "throughput": "125",
                  "volume_size": "8",
                  "volume_type": "gp3"
                },
                "no_device": "",
                "virtual_name": ""
              }
            ],
            "boot_mode": "uefi-preferred",
            "creation_date": "2024-12-12T08:30:22.000Z",
            "deprecation_time": "2025-03-12T08:30:00.000Z",
            "description": "Amazon Linux 2023 AMI 2023.6.20241212.0 x86_64 HVM kernel-6.1",
            "ena_support": true,
            "executable_users": null,
            "filter": [
              {
                "name": "name",
                "values": [
                  "al2023-ami-2023.*-x86_64"
                ]
              }
            ],
            "hypervisor": "xen",
            "id": "ami-0aa117785d1c1bfe5",
            "image_id": "ami-0aa117785d1c1bfe5",
            "image_location": "amazon/al2023-ami-2023.6.20241212.0-kernel-6.1-x86_64",
            "image_owner_alias": "amazon",
            "image_type": "machine",
            "imds_support": "v2.0",
            "include_deprecated": false,
            "kernel_id": "",
            "most_recent": true,
            "name": "al2023-ami-2023.6.20241212.0-kernel-6.1-x86_64",
            "name_regex": null,
            "owner_id": "137112412989",
            "owners": [
              "amazon"
            ],
            "platform": "",
            "platform_details": "Linux/UNIX",
            "product_codes": [],
            "public": true,
            "ramdisk_id": "",
            "root_device_name": "/dev/xvda",
            "root_device_type": "ebs",
            "root_snapshot_id": "snap-0ebc0b581c9266a67",
            "sriov_net_support": "simple",
            "state": "available",
            "state_reason": {
              "code": "UNSET",
              "message": "UNSET"
            },
            "tags": {},
            "timeouts": null,
            "tpm_support": "",
            "usage_operation": "RunInstances",
            "virtualization_type": "hvm"
          },
          "sensitive_attributes": []
        }
      ]
    },
    {
      "mode": "data",
      "type": "aws_ami",
      "name": "hongkong-ami",
      "provider": "provider[\"registry.terraform.io/hashicorp/aws\"].hong-kong",
      "instances": [
        {
          "schema_version": 0,
          "attributes": {
            "architecture": "x86_64",
            "arn": "arn:aws:ec2:ap-east-1::image/ami-0a7ea1800b4d7a034",
            "block_device_mappings": [
              {
                "device_name": "/dev/xvda",
                "ebs": {
                  "delete_on_termination": "true",
                  "encrypted": "false",
                  "iops": "3000",
                  "snapshot_id": "snap-07a28ce6bac2c94bf",
                  "throughput": "125",
                  "volume_size": "8",
                  "volume_type": "gp3"
                },
                "no_device": "",
                "virtual_name": ""
              }
            ],
            "boot_mode": "uefi-preferred",
            "creation_date": "2024-12-12T08:28:02.000Z",
            "deprecation_time": "2025-03-12T08:28:00.000Z",
            "description": "Amazon Linux 2023 AMI 2023.6.20241212.0 x86_64 HVM kernel-6.1",
            "ena_support": true,
            "executable_users": null,
            "filter": [
              {
                "name": "name",
                "values": [
                  "al2023-ami-2023.*-x86_64"
                ]
              }
            ],
            "hypervisor": "xen",
            "id": "ami-0a7ea1800b4d7a034",
            "image_id": "ami-0a7ea1800b4d7a034",
            "image_location": "amazon/al2023-ami-2023.6.20241212.0-kernel-6.1-x86_64",
            "image_owner_alias": "amazon",
            "image_type": "machine",
            "imds_support": "v2.0",
            "include_deprecated": false,
            "kernel_id": "",
            "most_recent": true,
            "name": "al2023-ami-2023.6.20241212.0-kernel-6.1-x86_64",
            "name_regex": null,
            "owner_id": "910595266909",
            "owners": [
              "amazon"
            ],
            "platform": "",
            "platform_details": "Linux/UNIX",
            "product_codes": [],
            "public": true,
            "ramdisk_id": "",
            "root_device_name": "/dev/xvda",
            "root_device_type": "ebs",
            "root_snapshot_id": "snap-07a28ce6bac2c94bf",
            "sriov_net_support": "simple",
            "state": "available",
            "state_reason": {
              "code": "UNSET",
              "message": "UNSET"
            },
            "tags": {},
            "timeouts": null,
            "tpm_support": "",
            "usage_operation": "RunInstances",
            "virtualization_type": "hvm"
          },
          "sensitive_attributes": []
        }
      ]
    },
    {
      "mode": "data",
      "type": "aws_ami",
      "name": "london-ami",
      "provider": "provider[\"registry.terraform.io/hashicorp/aws\"].london",
      "instances": [
        {
          "schema_version": 0,
          "attributes": {
            "architecture": "x86_64",
            "arn": "arn:aws:ec2:eu-west-2::image/ami-019374baf467d6601",
            "block_device_mappings": [
              {
                "device_name": "/dev/xvda",
                "ebs": {
                  "delete_on_termination": "true",
                  "encrypted": "false",
                  "iops": "3000",
                  "snapshot_id": "snap-0b61c42a4ff262f01",
                  "throughput": "125",
                  "volume_size": "8",
                  "volume_type": "gp3"
                },
                "no_device": "",
                "virtual_name": ""
              }
            ],
            "boot_mode": "uefi-preferred",
            "creation_date": "2024-12-12T08:30:55.000Z",
            "deprecation_time": "2025-03-12T08:31:00.000Z",
            "description": "Amazon Linux 2023 AMI 2023.6.20241212.0 x86_64 HVM kernel-6.1",
            "ena_support": true,
            "executable_users": null,
            "filter": [
              {
                "name": "name",
                "values": [
                  "al2023-ami-2023.*-x86_64"
                ]
              }
            ],
            "hypervisor": "xen",
            "id": "ami-019374baf467d6601",
            "image_id": "ami-019374baf467d6601",
            "image_location": "amazon/al2023-ami-2023.6.20241212.0-kernel-6.1-x86_64",
            "image_owner_alias": "amazon",
            "image_type": "machine",
            "imds_support": "v2.0",
            "include_deprecated": false,
            "kernel_id": "",
            "most_recent": true,
            "name": "al2023-ami-2023.6.20241212.0-kernel-6.1-x86_64",
            "name_regex": null,
            "owner_id": "137112412989",
            "owners": [
              "amazon"
            ],
            "platform": "",
            "platform_details": "Linux/UNIX",
            "product_codes": [],
            "public": true,
            "ramdisk_id": "",
            "root_device_name": "/dev/xvda",
            "root_device_type": "ebs",
            "root_snapshot_id": "snap-0b61c42a4ff262f01",
            "sriov_net_support": "simple",
            "state": "available",
            "state_reason": {
              "code": "UNSET",
              "message": "UNSET"
            },
            "tags": {},
            "timeouts": null,
            "tpm_support": "",
            "usage_operation": "RunInstances",
            "virtualization_type": "hvm"
          },
          "sensitive_attributes": []
        }
      ]
    },
    {
      "mode": "data",
      "type": "aws_ami",
      "name": "newyork-ami",
      "provider": "provider[\"registry.terraform.io/hashicorp/aws\"].new-york",
      "instances": [
        {
          "schema_version": 0,
          "attributes": {
            "architecture": "x86_64",
            "arn": "arn:aws:ec2:us-east-1::image/ami-01816d07b1128cd2d",
            "block_device_mappings": [
              {
                "device_name": "/dev/xvda",
                "ebs": {
                  "delete_on_termination": "true",
                  "encrypted": "false",
                  "iops": "3000",
                  "snapshot_id": "snap-01818e23abf5dcdb1",
                  "throughput": "125",
                  "volume_size": "8",
                  "volume_type": "gp3"
                },
                "no_device": "",
                "virtual_name": ""
              }
            ],
            "boot_mode": "uefi-preferred",
            "creation_date": "2024-12-12T08:30:54.000Z",
            "deprecation_time": "2025-03-12T08:31:00.000Z",
            "description": "Amazon Linux 2023 AMI 2023.6.20241212.0 x86_64 HVM kernel-6.1",
            "ena_support": true,
            "executable_users": null,
            "filter": [
              {
                "name": "name",
                "values": [
                  "al2023-ami-2023.*-x86_64"
                ]
              }
            ],
            "hypervisor": "xen",
            "id": "ami-01816d07b1128cd2d",
            "image_id": "ami-01816d07b1128cd2d",
            "image_location": "amazon/al2023-ami-2023.6.20241212.0-kernel-6.1-x86_64",
            "image_owner_alias": "amazon",
            "image_type": "machine",
            "imds_support": "v2.0",
            "include_deprecated": false,
            "kernel_id": "",
            "most_recent": true,
            "name": "al2023-ami-2023.6.20241212.0-kernel-6.1-x86_64",
            "name_regex": null,
            "owner_id": "137112412989",
            "owners": [
              "amazon"
            ],
            "platform": "",
            "platform_details": "Linux/UNIX",
            "product_codes": [],
            "public": true,
            "ramdisk_id": "",
            "root_device_name": "/dev/xvda",
            "root_device_type": "ebs",
            "root_snapshot_id": "snap-01818e23abf5dcdb1",
            "sriov_net_support": "simple",
            "state": "available",
            "state_reason": {
              "code": "UNSET",
              "message": "UNSET"
            },
            "tags": {},
            "timeouts": null,
            "tpm_support": "",
            "usage_operation": "RunInstances",
            "virtualization_type": "hvm"
          },
          "sensitive_attributes": []
        }
      ]
    },
    {
      "mode": "data",
      "type": "aws_ami",
      "name": "saopaulo-ami",
      "provider": "provider[\"registry.terraform.io/hashicorp/aws\"].sao-paulo",
      "instances": [
        {
          "schema_version": 0,
          "attributes": {
            "architecture": "x86_64",
            "arn": "arn:aws:ec2:sa-east-1::image/ami-03c4a8310002221c7",
            "block_device_mappings": [
              {
                "device_name": "/dev/xvda",
                "ebs": {
                  "delete_on_termination": "true",
                  "encrypted": "false",
                  "iops": "3000",
                  "snapshot_id": "snap-00a90d26135261b1e",
                  "throughput": "125",
                  "volume_size": "8",
                  "volume_type": "gp3"
                },
                "no_device": "",
                "virtual_name": ""
              }
            ],
            "boot_mode": "uefi-preferred",
            "creation_date": "2024-12-12T08:31:27.000Z",
            "deprecation_time": "2025-03-12T08:31:00.000Z",
            "description": "Amazon Linux 2023 AMI 2023.6.20241212.0 x86_64 HVM kernel-6.1",
            "ena_support": true,
            "executable_users": null,
            "filter": [
              {
                "name": "name",
                "values": [
                  "al2023-ami-2023.*-x86_64"
                ]
              }
            ],
            "hypervisor": "xen",
            "id": "ami-03c4a8310002221c7",
            "image_id": "ami-03c4a8310002221c7",
            "image_location": "amazon/al2023-ami-2023.6.20241212.0-kernel-6.1-x86_64",
            "image_owner_alias": "amazon",
            "image_type": "machine",
            "imds_support": "v2.0",
            "include_deprecated": false,
            "kernel_id": "",
            "most_recent": true,
            "name": "al2023-ami-2023.6.20241212.0-kernel-6.1-x86_64",
            "name_regex": null,
            "owner_id": "137112412989",
            "owners": [
              "amazon"
            ],
            "platform": "",
            "platform_details": "Linux/UNIX",
            "product_codes": [],
            "public": true,
            "ramdisk_id": "",
            "root_device_name": "/dev/xvda",
            "root_device_type": "ebs",
            "root_snapshot_id": "snap-00a90d26135261b1e",
            "sriov_net_support": "simple",
            "state": "available",
            "state_reason": {
              "code": "UNSET",
              "message": "UNSET"
            },
            "tags": {},
            "timeouts": null,
            "tpm_support": "",
            "usage_operation": "RunInstances",
            "virtualization_type": "hvm"
          },
          "sensitive_attributes": []
        }
      ]
    },
    {
      "mode": "data",
      "type": "aws_ami",
      "name": "tokyo-ami",
      "provider": "provider[\"registry.terraform.io/hashicorp/aws\"].tokyo",
      "instances": [
        {
          "schema_version": 0,
          "attributes": {
            "architecture": "x86_64",
            "arn": "arn:aws:ec2:ap-northeast-1::image/ami-0ab02459752898a60",
            "block_device_mappings": [
              {
                "device_name": "/dev/xvda",
                "ebs": {
                  "delete_on_termination": "true",
                  "encrypted": "false",
                  "iops": "3000",
                  "snapshot_id": "snap-0846e1db4a7c52e3a",
                  "throughput": "125",
                  "volume_size": "8",
                  "volume_type": "gp3"
                },
                "no_device": "",
                "virtual_name": ""
              }
            ],
            "boot_mode": "uefi-preferred",
            "creation_date": "2024-12-12T08:31:35.000Z",
            "deprecation_time": "2025-03-12T08:32:00.000Z",
            "description": "Amazon Linux 2023 AMI 2023.6.20241212.0 x86_64 HVM kernel-6.1",
            "ena_support": true,
            "executable_users": null,
            "filter": [
              {
                "name": "name",
                "values": [
                  "al2023-ami-2023.*-x86_64"
                ]
              }
            ],
            "hypervisor": "xen",
            "id": "ami-0ab02459752898a60",
            "image_id": "ami-0ab02459752898a60",
            "image_location": "amazon/al2023-ami-2023.6.20241212.0-kernel-6.1-x86_64",
            "image_owner_alias": "amazon",
            "image_type": "machine",
            "imds_support": "v2.0",
            "include_deprecated": false,
            "kernel_id": "",
            "most_recent": true,
            "name": "al2023-ami-2023.6.20241212.0-kernel-6.1-x86_64",
            "name_regex": null,
            "owner_id": "137112412989",
            "owners": [
              "amazon"
            ],
            "platform": "",
            "platform_details": "Linux/UNIX",
            "product_codes": [],
            "public": true,
            "ramdisk_id": "",
            "root_device_name": "/dev/xvda",
            "root_device_type": "ebs",
            "root_snapshot_id": "snap-0846e1db4a7c52e3a",
            "sriov_net_support": "simple",
            "state": "available",
            "state_reason": {
              "code": "UNSET",
              "message": "UNSET"
            },
            "tags": {},
            "timeouts": null,
            "tpm_support": "",
            "usage_operation": "RunInstances",
            "virtualization_type": "hvm"
          },
          "sensitive_attributes": []
        }
      ]
    },
    {
      "mode": "managed",
      "type": "aws_autoscaling_attachment",
      "name": "australia-asg_attachment",
      "provider": "provider[\"registry.terraform.io/hashicorp/aws\"].australia",
      "instances": [
        {
          "schema_version": 0,
          "attributes": {
            "autoscaling_group_name": "australia-auto-scaling-group-20241214134922526600000005",
            "elb": null,
            "id": "australia-auto-scaling-group-20241214134922526600000005-20241214135037294600000007",
            "lb_target_group_arn": "arn:aws:elasticloadbalancing:ap-southeast-2:864899853524:targetgroup/australia-target-group/0474807c0a4155d8"
          },
          "sensitive_attributes": [],
          "private": "bnVsbA==",
          "dependencies": [
            "aws_autoscaling_group.australia-asg",
            "aws_launch_template.australia-LT",
            "aws_lb_target_group.australia_tg",
            "aws_security_group.australia-SG01-ASG01",
            "aws_subnet.australia-private-subnet-2a",
            "aws_subnet.australia-private-subnet-2b",
            "aws_vpc.australia-vpc",
            "data.aws_ami.australia-ami"
          ]
        }
      ]
    },
    {
      "mode": "managed",
      "type": "aws_autoscaling_attachment",
      "name": "california-asg_attachment",
      "provider": "provider[\"registry.terraform.io/hashicorp/aws\"].california",
      "instances": [
        {
          "schema_version": 0,
          "attributes": {
            "autoscaling_group_name": "california-auto-scaling-group-20241214134738714500000005",
            "elb": null,
            "id": "california-auto-scaling-group-20241214134738714500000005-20241214134947900400000007",
            "lb_target_group_arn": "arn:aws:elasticloadbalancing:us-west-1:864899853524:targetgroup/california-target-group/0bbbd3f4ee5fcab0"
          },
          "sensitive_attributes": [],
          "private": "bnVsbA==",
          "dependencies": [
            "aws_autoscaling_group.california-asg",
            "aws_launch_template.california-LT",
            "aws_lb_target_group.california_tg",
            "aws_security_group.california-SG01-ASG01",
            "aws_subnet.california-private-subnet-1b",
            "aws_subnet.california-private-subnet-1c",
            "aws_vpc.california-vpc",
            "data.aws_ami.california-ami"
          ]
        }
      ]
    },
    {
      "mode": "managed",
      "type": "aws_autoscaling_attachment",
      "name": "hongkong-asg_attachment",
      "provider": "provider[\"registry.terraform.io/hashicorp/aws\"].hong-kong",
      "instances": [
        {
          "schema_version": 0,
          "attributes": {
            "autoscaling_group_name": "hongkong-auto-scaling-group-20241214134923239100000005",
            "elb": null,
            "id": "hongkong-auto-scaling-group-20241214134923239100000005-20241214135052192400000007",
            "lb_target_group_arn": "arn:aws:elasticloadbalancing:ap-east-1:864899853524:targetgroup/hongkong-target-group/7228c63cfc496381"
          },
          "sensitive_attributes": [],
          "private": "bnVsbA==",
          "dependencies": [
            "aws_autoscaling_group.hongkong-asg",
            "aws_launch_template.hongkong-LT",
            "aws_lb_target_group.hongkong_tg",
            "aws_security_group.hongkong-SG01-ASG01",
            "aws_subnet.hongkong-private-subnet-1a",
            "aws_subnet.hongkong-private-subnet-1b",
            "aws_vpc.hongkong-vpc",
            "data.aws_ami.hongkong-ami"
          ]
        }
      ]
    },
    {
      "mode": "managed",
      "type": "aws_autoscaling_attachment",
      "name": "london-asg_attachment",
      "provider": "provider[\"registry.terraform.io/hashicorp/aws\"].london",
      "instances": [
        {
          "schema_version": 0,
          "attributes": {
            "autoscaling_group_name": "london-auto-scaling-group-20241214134805553500000005",
            "elb": null,
            "id": "london-auto-scaling-group-20241214134805553500000005-20241214134956686000000007",
            "lb_target_group_arn": "arn:aws:elasticloadbalancing:eu-west-2:864899853524:targetgroup/london-target-group/081ccefe7fc96b85"
          },
          "sensitive_attributes": [],
          "private": "bnVsbA==",
          "dependencies": [
            "aws_autoscaling_group.london-asg",
            "aws_launch_template.london-LT",
            "aws_lb_target_group.london_tg",
            "aws_security_group.london-SG01-ASG01",
            "aws_subnet.london-private-subnet-2a",
            "aws_subnet.london-private-subnet-2b",
            "aws_vpc.london-vpc",
            "data.aws_ami.london-ami"
          ]
        }
      ]
    },
    {
      "mode": "managed",
      "type": "aws_autoscaling_attachment",
      "name": "newyork_asg_attachment",
      "provider": "provider[\"registry.terraform.io/hashicorp/aws\"].new-york",
      "instances": [
        {
          "schema_version": 0,
          "attributes": {
            "autoscaling_group_name": "newyork-auto-scaling-group-20241214134733514800000005",
            "elb": null,
            "id": "newyork-auto-scaling-group-20241214134733514800000005-20241214134948713700000007",
            "lb_target_group_arn": "arn:aws:elasticloadbalancing:us-east-1:864899853524:targetgroup/newyork-target-group/dae741accd2b2cf3"
          },
          "sensitive_attributes": [],
          "private": "bnVsbA==",
          "dependencies": [
            "aws_autoscaling_group.newyork-asg",
            "aws_launch_template.newyork-LT",
            "aws_lb_target_group.newyork_tg",
            "aws_security_group.newyork-SG01-ASG01",
            "aws_subnet.newyork-private-subnet-1a",
            "aws_subnet.newyork-private-subnet-1b",
            "aws_vpc.newyork-vpc",
            "data.aws_ami.newyork-ami"
          ]
        }
      ]
    },
    {
      "mode": "managed",
      "type": "aws_autoscaling_attachment",
      "name": "saopaulo-asg_attachment",
      "provider": "provider[\"registry.terraform.io/hashicorp/aws\"].sao-paulo",
      "instances": [
        {
          "schema_version": 0,
          "attributes": {
            "autoscaling_group_name": "saopaulo-auto-scaling-group-20241214134855770200000005",
            "elb": null,
            "id": "saopaulo-auto-scaling-group-20241214134855770200000005-20241214135018923000000007",
            "lb_target_group_arn": "arn:aws:elasticloadbalancing:sa-east-1:864899853524:targetgroup/saopaulo-target-group/348c588fef4eb018"
          },
          "sensitive_attributes": [],
          "private": "bnVsbA==",
          "dependencies": [
            "aws_autoscaling_group.saopaulo-asg",
            "aws_launch_template.saopaulo-LT",
            "aws_lb_target_group.saopaulo_tg",
            "aws_security_group.saopaulo-SG01-ASG01",
            "aws_subnet.saopaulo-private-subnet-1a",
            "aws_subnet.saopaulo-private-subnet-1c",
            "aws_vpc.saopaulo-vpc",
            "data.aws_ami.saopaulo-ami"
          ]
        }
      ]
    },
    {
      "mode": "managed",
      "type": "aws_autoscaling_attachment",
      "name": "tokyo-asg_attachment",
      "provider": "provider[\"registry.terraform.io/hashicorp/aws\"].tokyo",
      "instances": [
        {
          "schema_version": 0,
          "attributes": {
            "autoscaling_group_name": "tokyo-auto-scaling-group-20241214134901007100000005",
            "elb": null,
            "id": "tokyo-auto-scaling-group-20241214134901007100000005-20241214135025413800000007",
            "lb_target_group_arn": "arn:aws:elasticloadbalancing:ap-northeast-1:864899853524:targetgroup/tokyo-target-group/2569cab7031e7063"
          },
          "sensitive_attributes": [],
          "private": "bnVsbA==",
          "dependencies": [
            "aws_autoscaling_group.tokyo-asg",
            "aws_launch_template.tokyo-LT",
            "aws_lb_target_group.tokyo_tg",
            "aws_security_group.tokyo-SG01-ASG01",
            "aws_subnet.tokyo-private-subnet-1a",
            "aws_subnet.tokyo-private-subnet-1d",
            "aws_vpc.tokyo-vpc",
            "data.aws_ami.tokyo-ami"
          ]
        }
      ]
    },
    {
      "mode": "managed",
      "type": "aws_autoscaling_group",
      "name": "australia-asg",
      "provider": "provider[\"registry.terraform.io/hashicorp/aws\"].australia",
      "instances": [
        {
          "schema_version": 1,
          "attributes": {
            "arn": "arn:aws:autoscaling:ap-southeast-2:864899853524:autoScalingGroup:c821b53e-8569-43ff-a9e8-1d5a08143144:autoScalingGroupName/australia-auto-scaling-group-20241214134922526600000005",
            "availability_zones": [
              "ap-southeast-2a",
              "ap-southeast-2b"
            ],
            "capacity_rebalance": false,
            "context": "",
            "default_cooldown": 300,
            "default_instance_warmup": 0,
            "desired_capacity": 1,
            "desired_capacity_type": "",
            "enabled_metrics": [
              "GroupDesiredCapacity",
              "GroupInServiceInstances",
              "GroupMaxSize",
              "GroupMinSize",
              "GroupTotalInstances"
            ],
            "force_delete": true,
            "force_delete_warm_pool": false,
            "health_check_grace_period": 300,
            "health_check_type": "ELB",
            "id": "australia-auto-scaling-group-20241214134922526600000005",
            "ignore_failed_scaling_activities": false,
            "initial_lifecycle_hook": [
              {
                "default_result": "CONTINUE",
                "heartbeat_timeout": 300,
                "lifecycle_transition": "autoscaling:EC2_INSTANCE_TERMINATING",
                "name": "scale-in-protection",
                "notification_metadata": "",
                "notification_target_arn": "",
                "role_arn": ""
              },
              {
                "default_result": "CONTINUE",
                "heartbeat_timeout": 60,
                "lifecycle_transition": "autoscaling:EC2_INSTANCE_LAUNCHING",
                "name": "instance-protection-launch",
                "notification_metadata": "{\"key\":\"value\"}",
                "notification_target_arn": "",
                "role_arn": ""
              }
            ],
            "instance_maintenance_policy": [],
            "instance_refresh": [],
            "launch_configuration": "",
            "launch_template": [
              {
                "id": "lt-0f4d613b3c4127472",
                "name": "australia-LT20241214134653409900000003",
                "version": "$Latest"
              }
            ],
            "load_balancers": [],
            "max_instance_lifetime": 0,
            "max_size": 3,
            "metrics_granularity": "1Minute",
            "min_elb_capacity": null,
            "min_size": 1,
            "mixed_instances_policy": [],
            "name": "australia-auto-scaling-group-20241214134922526600000005",
            "name_prefix": "australia-auto-scaling-group-",
            "placement_group": "",
            "predicted_capacity": 0,
            "protect_from_scale_in": false,
            "service_linked_role_arn": "arn:aws:iam::864899853524:role/aws-service-role/autoscaling.amazonaws.com/AWSServiceRoleForAutoScaling",
            "suspended_processes": null,
            "tag": [
              {
                "key": "Environment",
                "propagate_at_launch": true,
                "value": "Production"
              },
              {
                "key": "Name",
                "propagate_at_launch": true,
                "value": "australia-instance"
              }
            ],
            "target_group_arns": [
              "arn:aws:elasticloadbalancing:ap-southeast-2:864899853524:targetgroup/australia-target-group/0474807c0a4155d8"
            ],
            "termination_policies": null,
            "timeouts": null,
            "traffic_source": [
              {
                "identifier": "arn:aws:elasticloadbalancing:ap-southeast-2:864899853524:targetgroup/australia-target-group/0474807c0a4155d8",
                "type": "elbv2"
              }
            ],
            "vpc_zone_identifier": [
              "subnet-0609474e28f86a5e6",
              "subnet-0d87ee6bc07d9eb38"
            ],
            "wait_for_capacity_timeout": "10m",
            "wait_for_elb_capacity": null,
            "warm_pool": [],
            "warm_pool_size": 0
          },
          "sensitive_attributes": [],
          "private": "eyJlMmJmYjczMC1lY2FhLTExZTYtOGY4OC0zNDM2M2JjN2M0YzAiOnsiZGVsZXRlIjo2MDAwMDAwMDAwMDAsInVwZGF0ZSI6NjAwMDAwMDAwMDAwfSwic2NoZW1hX3ZlcnNpb24iOiIxIn0=",
          "dependencies": [
            "aws_launch_template.australia-LT",
            "aws_lb_target_group.australia_tg",
            "aws_security_group.australia-SG01-ASG01",
            "aws_subnet.australia-private-subnet-2a",
            "aws_subnet.australia-private-subnet-2b",
            "aws_vpc.australia-vpc",
            "data.aws_ami.australia-ami"
          ]
        }
      ]
    },
    {
      "mode": "managed",
      "type": "aws_autoscaling_group",
      "name": "california-asg",
      "provider": "provider[\"registry.terraform.io/hashicorp/aws\"].california",
      "instances": [
        {
          "schema_version": 1,
          "attributes": {
            "arn": "arn:aws:autoscaling:us-west-1:864899853524:autoScalingGroup:61535bb3-cf79-45d3-927b-a975bbda9401:autoScalingGroupName/california-auto-scaling-group-20241214134738714500000005",
            "availability_zones": [
              "us-west-1b",
              "us-west-1c"
            ],
            "capacity_rebalance": false,
            "context": "",
            "default_cooldown": 300,
            "default_instance_warmup": 0,
            "desired_capacity": 1,
            "desired_capacity_type": "",
            "enabled_metrics": [
              "GroupDesiredCapacity",
              "GroupInServiceInstances",
              "GroupMaxSize",
              "GroupMinSize",
              "GroupTotalInstances"
            ],
            "force_delete": true,
            "force_delete_warm_pool": false,
            "health_check_grace_period": 300,
            "health_check_type": "ELB",
            "id": "california-auto-scaling-group-20241214134738714500000005",
            "ignore_failed_scaling_activities": false,
            "initial_lifecycle_hook": [
              {
                "default_result": "CONTINUE",
                "heartbeat_timeout": 300,
                "lifecycle_transition": "autoscaling:EC2_INSTANCE_TERMINATING",
                "name": "scale-in-protection",
                "notification_metadata": "",
                "notification_target_arn": "",
                "role_arn": ""
              },
              {
                "default_result": "CONTINUE",
                "heartbeat_timeout": 60,
                "lifecycle_transition": "autoscaling:EC2_INSTANCE_LAUNCHING",
                "name": "instance-protection-launch",
                "notification_metadata": "{\"key\":\"value\"}",
                "notification_target_arn": "",
                "role_arn": ""
              }
            ],
            "instance_maintenance_policy": [],
            "instance_refresh": [],
            "launch_configuration": "",
            "launch_template": [
              {
                "id": "lt-0717500c96a03511b",
                "name": "california-LT20241214134440547600000003",
                "version": "$Latest"
              }
            ],
            "load_balancers": [],
            "max_instance_lifetime": 0,
            "max_size": 3,
            "metrics_granularity": "1Minute",
            "min_elb_capacity": null,
            "min_size": 1,
            "mixed_instances_policy": [],
            "name": "california-auto-scaling-group-20241214134738714500000005",
            "name_prefix": "california-auto-scaling-group-",
            "placement_group": "",
            "predicted_capacity": 0,
            "protect_from_scale_in": false,
            "service_linked_role_arn": "arn:aws:iam::864899853524:role/aws-service-role/autoscaling.amazonaws.com/AWSServiceRoleForAutoScaling",
            "suspended_processes": null,
            "tag": [
              {
                "key": "Environment",
                "propagate_at_launch": true,
                "value": "Production"
              },
              {
                "key": "Name",
                "propagate_at_launch": true,
                "value": "california-instance"
              }
            ],
            "target_group_arns": [
              "arn:aws:elasticloadbalancing:us-west-1:864899853524:targetgroup/california-target-group/0bbbd3f4ee5fcab0"
            ],
            "termination_policies": null,
            "timeouts": null,
            "traffic_source": [
              {
                "identifier": "arn:aws:elasticloadbalancing:us-west-1:864899853524:targetgroup/california-target-group/0bbbd3f4ee5fcab0",
                "type": "elbv2"
              }
            ],
            "vpc_zone_identifier": [
              "subnet-08f6478c605454e10",
              "subnet-0d48ef4d3ddeb1935"
            ],
            "wait_for_capacity_timeout": "10m",
            "wait_for_elb_capacity": null,
            "warm_pool": [],
            "warm_pool_size": 0
          },
          "sensitive_attributes": [],
          "private": "eyJlMmJmYjczMC1lY2FhLTExZTYtOGY4OC0zNDM2M2JjN2M0YzAiOnsiZGVsZXRlIjo2MDAwMDAwMDAwMDAsInVwZGF0ZSI6NjAwMDAwMDAwMDAwfSwic2NoZW1hX3ZlcnNpb24iOiIxIn0=",
          "dependencies": [
            "aws_launch_template.california-LT",
            "aws_lb_target_group.california_tg",
            "aws_security_group.california-SG01-ASG01",
            "aws_subnet.california-private-subnet-1b",
            "aws_subnet.california-private-subnet-1c",
            "aws_vpc.california-vpc",
            "data.aws_ami.california-ami"
          ]
        }
      ]
    },
    {
      "mode": "managed",
      "type": "aws_autoscaling_group",
      "name": "hongkong-asg",
      "provider": "provider[\"registry.terraform.io/hashicorp/aws\"].hong-kong",
      "instances": [
        {
          "schema_version": 1,
          "attributes": {
            "arn": "arn:aws:autoscaling:ap-east-1:864899853524:autoScalingGroup:4f29c48e-dc0b-4d9a-a450-43dd186fb491:autoScalingGroupName/hongkong-auto-scaling-group-20241214134923239100000005",
            "availability_zones": [
              "ap-east-1a",
              "ap-east-1b"
            ],
            "capacity_rebalance": false,
            "context": "",
            "default_cooldown": 300,
            "default_instance_warmup": 0,
            "desired_capacity": 3,
            "desired_capacity_type": "",
            "enabled_metrics": [
              "GroupDesiredCapacity",
              "GroupInServiceInstances",
              "GroupMaxSize",
              "GroupMinSize",
              "GroupTotalInstances"
            ],
            "force_delete": true,
            "force_delete_warm_pool": false,
            "health_check_grace_period": 300,
            "health_check_type": "ELB",
            "id": "hongkong-auto-scaling-group-20241214134923239100000005",
            "ignore_failed_scaling_activities": false,
            "initial_lifecycle_hook": [
              {
                "default_result": "CONTINUE",
                "heartbeat_timeout": 300,
                "lifecycle_transition": "autoscaling:EC2_INSTANCE_TERMINATING",
                "name": "scale-in-protection",
                "notification_metadata": "",
                "notification_target_arn": "",
                "role_arn": ""
              },
              {
                "default_result": "CONTINUE",
                "heartbeat_timeout": 60,
                "lifecycle_transition": "autoscaling:EC2_INSTANCE_LAUNCHING",
                "name": "instance-protection-launch",
                "notification_metadata": "{\"key\":\"value\"}",
                "notification_target_arn": "",
                "role_arn": ""
              }
            ],
            "instance_maintenance_policy": [],
            "instance_refresh": [],
            "launch_configuration": "",
            "launch_template": [
              {
                "id": "lt-03e870ee1e7fa132e",
                "name": "hongkong-LT20241214134701078300000003",
                "version": "$Latest"
              }
            ],
            "load_balancers": [],
            "max_instance_lifetime": 0,
            "max_size": 6,
            "metrics_granularity": "1Minute",
            "min_elb_capacity": null,
            "min_size": 3,
            "mixed_instances_policy": [],
            "name": "hongkong-auto-scaling-group-20241214134923239100000005",
            "name_prefix": "hongkong-auto-scaling-group-",
            "placement_group": "",
            "predicted_capacity": 0,
            "protect_from_scale_in": false,
            "service_linked_role_arn": "arn:aws:iam::864899853524:role/aws-service-role/autoscaling.amazonaws.com/AWSServiceRoleForAutoScaling",
            "suspended_processes": null,
            "tag": [
              {
                "key": "Environment",
                "propagate_at_launch": true,
                "value": "Production"
              },
              {
                "key": "Name",
                "propagate_at_launch": true,
                "value": "hongkong-instance"
              }
            ],
            "target_group_arns": [
              "arn:aws:elasticloadbalancing:ap-east-1:864899853524:targetgroup/hongkong-target-group/7228c63cfc496381"
            ],
            "termination_policies": null,
            "timeouts": null,
            "traffic_source": [
              {
                "identifier": "arn:aws:elasticloadbalancing:ap-east-1:864899853524:targetgroup/hongkong-target-group/7228c63cfc496381",
                "type": "elbv2"
              }
            ],
            "vpc_zone_identifier": [
              "subnet-081620e90a9e365dc",
              "subnet-0cd99dd5cab0c0ccc"
            ],
            "wait_for_capacity_timeout": "10m",
            "wait_for_elb_capacity": null,
            "warm_pool": [],
            "warm_pool_size": 0
          },
          "sensitive_attributes": [],
          "private": "eyJlMmJmYjczMC1lY2FhLTExZTYtOGY4OC0zNDM2M2JjN2M0YzAiOnsiZGVsZXRlIjo2MDAwMDAwMDAwMDAsInVwZGF0ZSI6NjAwMDAwMDAwMDAwfSwic2NoZW1hX3ZlcnNpb24iOiIxIn0=",
          "dependencies": [
            "aws_launch_template.hongkong-LT",
            "aws_lb_target_group.hongkong_tg",
            "aws_security_group.hongkong-SG01-ASG01",
            "aws_subnet.hongkong-private-subnet-1a",
            "aws_subnet.hongkong-private-subnet-1b",
            "aws_vpc.hongkong-vpc",
            "data.aws_ami.hongkong-ami"
          ]
        }
      ]
    },
    {
      "mode": "managed",
      "type": "aws_autoscaling_group",
      "name": "london-asg",
      "provider": "provider[\"registry.terraform.io/hashicorp/aws\"].london",
      "instances": [
        {
          "schema_version": 1,
          "attributes": {
            "arn": "arn:aws:autoscaling:eu-west-2:864899853524:autoScalingGroup:80b01654-c101-49bb-b27d-af84fa55d8ce:autoScalingGroupName/london-auto-scaling-group-20241214134805553500000005",
            "availability_zones": [
              "eu-west-2a",
              "eu-west-2b"
            ],
            "capacity_rebalance": false,
            "context": "",
            "default_cooldown": 300,
            "default_instance_warmup": 0,
            "desired_capacity": 1,
            "desired_capacity_type": "",
            "enabled_metrics": [
              "GroupDesiredCapacity",
              "GroupInServiceInstances",
              "GroupMaxSize",
              "GroupMinSize",
              "GroupTotalInstances"
            ],
            "force_delete": true,
            "force_delete_warm_pool": false,
            "health_check_grace_period": 300,
            "health_check_type": "ELB",
            "id": "london-auto-scaling-group-20241214134805553500000005",
            "ignore_failed_scaling_activities": false,
            "initial_lifecycle_hook": [
              {
                "default_result": "CONTINUE",
                "heartbeat_timeout": 300,
                "lifecycle_transition": "autoscaling:EC2_INSTANCE_TERMINATING",
                "name": "scale-in-protection",
                "notification_metadata": "",
                "notification_target_arn": "",
                "role_arn": ""
              },
              {
                "default_result": "CONTINUE",
                "heartbeat_timeout": 60,
                "lifecycle_transition": "autoscaling:EC2_INSTANCE_LAUNCHING",
                "name": "instance-protection-launch",
                "notification_metadata": "{\"key\":\"value\"}",
                "notification_target_arn": "",
                "role_arn": ""
              }
            ],
            "instance_maintenance_policy": [],
            "instance_refresh": [],
            "launch_configuration": "",
            "launch_template": [
              {
                "id": "lt-052ab10ac4bdf6769",
                "name": "london-LT20241214134508380700000003",
                "version": "$Latest"
              }
            ],
            "load_balancers": [],
            "max_instance_lifetime": 0,
            "max_size": 3,
            "metrics_granularity": "1Minute",
            "min_elb_capacity": null,
            "min_size": 1,
            "mixed_instances_policy": [],
            "name": "london-auto-scaling-group-20241214134805553500000005",
            "name_prefix": "london-auto-scaling-group-",
            "placement_group": "",
            "predicted_capacity": 0,
            "protect_from_scale_in": false,
            "service_linked_role_arn": "arn:aws:iam::864899853524:role/aws-service-role/autoscaling.amazonaws.com/AWSServiceRoleForAutoScaling",
            "suspended_processes": null,
            "tag": [
              {
                "key": "Environment",
                "propagate_at_launch": true,
                "value": "Production"
              },
              {
                "key": "Name",
                "propagate_at_launch": true,
                "value": "london-instance"
              }
            ],
            "target_group_arns": [
              "arn:aws:elasticloadbalancing:eu-west-2:864899853524:targetgroup/london-target-group/081ccefe7fc96b85"
            ],
            "termination_policies": null,
            "timeouts": null,
            "traffic_source": [
              {
                "identifier": "arn:aws:elasticloadbalancing:eu-west-2:864899853524:targetgroup/london-target-group/081ccefe7fc96b85",
                "type": "elbv2"
              }
            ],
            "vpc_zone_identifier": [
              "subnet-007a96fbf5c8a1439",
              "subnet-048768ba82e163285"
            ],
            "wait_for_capacity_timeout": "10m",
            "wait_for_elb_capacity": null,
            "warm_pool": [],
            "warm_pool_size": 0
          },
          "sensitive_attributes": [],
          "private": "eyJlMmJmYjczMC1lY2FhLTExZTYtOGY4OC0zNDM2M2JjN2M0YzAiOnsiZGVsZXRlIjo2MDAwMDAwMDAwMDAsInVwZGF0ZSI6NjAwMDAwMDAwMDAwfSwic2NoZW1hX3ZlcnNpb24iOiIxIn0=",
          "dependencies": [
            "aws_launch_template.london-LT",
            "aws_lb_target_group.london_tg",
            "aws_security_group.london-SG01-ASG01",
            "aws_subnet.london-private-subnet-2a",
            "aws_subnet.london-private-subnet-2b",
            "aws_vpc.london-vpc",
            "data.aws_ami.london-ami"
          ]
        }
      ]
    },
    {
      "mode": "managed",
      "type": "aws_autoscaling_group",
      "name": "newyork-asg",
      "provider": "provider[\"registry.terraform.io/hashicorp/aws\"].new-york",
      "instances": [
        {
          "schema_version": 1,
          "attributes": {
            "arn": "arn:aws:autoscaling:us-east-1:864899853524:autoScalingGroup:12f07f54-3354-4cbd-842e-e4c6ad212e22:autoScalingGroupName/newyork-auto-scaling-group-20241214134733514800000005",
            "availability_zones": [
              "us-east-1a",
              "us-east-1b"
            ],
            "capacity_rebalance": false,
            "context": "",
            "default_cooldown": 300,
            "default_instance_warmup": 0,
            "desired_capacity": 1,
            "desired_capacity_type": "",
            "enabled_metrics": [
              "GroupDesiredCapacity",
              "GroupInServiceInstances",
              "GroupMaxSize",
              "GroupMinSize",
              "GroupTotalInstances"
            ],
            "force_delete": true,
            "force_delete_warm_pool": false,
            "health_check_grace_period": 300,
            "health_check_type": "ELB",
            "id": "newyork-auto-scaling-group-20241214134733514800000005",
            "ignore_failed_scaling_activities": false,
            "initial_lifecycle_hook": [
              {
                "default_result": "CONTINUE",
                "heartbeat_timeout": 300,
                "lifecycle_transition": "autoscaling:EC2_INSTANCE_TERMINATING",
                "name": "scale-in-protection",
                "notification_metadata": "",
                "notification_target_arn": "",
                "role_arn": ""
              },
              {
                "default_result": "CONTINUE",
                "heartbeat_timeout": 60,
                "lifecycle_transition": "autoscaling:EC2_INSTANCE_LAUNCHING",
                "name": "instance-protection-launch",
                "notification_metadata": "{\"key\":\"value\"}",
                "notification_target_arn": "",
                "role_arn": ""
              }
            ],
            "instance_maintenance_policy": [],
            "instance_refresh": [],
            "launch_configuration": "",
            "launch_template": [
              {
                "id": "lt-03f04263a7a8a2525",
                "name": "newyork-LT20241214134438777400000003",
                "version": "$Latest"
              }
            ],
            "load_balancers": [],
            "max_instance_lifetime": 0,
            "max_size": 3,
            "metrics_granularity": "1Minute",
            "min_elb_capacity": null,
            "min_size": 1,
            "mixed_instances_policy": [],
            "name": "newyork-auto-scaling-group-20241214134733514800000005",
            "name_prefix": "newyork-auto-scaling-group-",
            "placement_group": "",
            "predicted_capacity": 0,
            "protect_from_scale_in": false,
            "service_linked_role_arn": "arn:aws:iam::864899853524:role/aws-service-role/autoscaling.amazonaws.com/AWSServiceRoleForAutoScaling",
            "suspended_processes": null,
            "tag": [
              {
                "key": "Environment",
                "propagate_at_launch": true,
                "value": "Production"
              },
              {
                "key": "Name",
                "propagate_at_launch": true,
                "value": "newyork-instance"
              }
            ],
            "target_group_arns": [
              "arn:aws:elasticloadbalancing:us-east-1:864899853524:targetgroup/newyork-target-group/dae741accd2b2cf3"
            ],
            "termination_policies": null,
            "timeouts": null,
            "traffic_source": [
              {
                "identifier": "arn:aws:elasticloadbalancing:us-east-1:864899853524:targetgroup/newyork-target-group/dae741accd2b2cf3",
                "type": "elbv2"
              }
            ],
            "vpc_zone_identifier": [
              "subnet-0074a92e52b6871ca",
              "subnet-0d700a10e7cc4f3a0"
            ],
            "wait_for_capacity_timeout": "10m",
            "wait_for_elb_capacity": null,
            "warm_pool": [],
            "warm_pool_size": 0
          },
          "sensitive_attributes": [],
          "private": "eyJlMmJmYjczMC1lY2FhLTExZTYtOGY4OC0zNDM2M2JjN2M0YzAiOnsiZGVsZXRlIjo2MDAwMDAwMDAwMDAsInVwZGF0ZSI6NjAwMDAwMDAwMDAwfSwic2NoZW1hX3ZlcnNpb24iOiIxIn0=",
          "dependencies": [
            "aws_launch_template.newyork-LT",
            "aws_lb_target_group.newyork_tg",
            "aws_security_group.newyork-SG01-ASG01",
            "aws_subnet.newyork-private-subnet-1a",
            "aws_subnet.newyork-private-subnet-1b",
            "aws_vpc.newyork-vpc",
            "data.aws_ami.newyork-ami"
          ]
        }
      ]
    },
    {
      "mode": "managed",
      "type": "aws_autoscaling_group",
      "name": "saopaulo-asg",
      "provider": "provider[\"registry.terraform.io/hashicorp/aws\"].sao-paulo",
      "instances": [
        {
          "schema_version": 1,
          "attributes": {
            "arn": "arn:aws:autoscaling:sa-east-1:864899853524:autoScalingGroup:0ba63a05-db9f-48e3-b7f6-b78e3cc735d6:autoScalingGroupName/saopaulo-auto-scaling-group-20241214134855770200000005",
            "availability_zones": [
              "sa-east-1a",
              "sa-east-1c"
            ],
            "capacity_rebalance": false,
            "context": "",
            "default_cooldown": 300,
            "default_instance_warmup": 0,
            "desired_capacity": 1,
            "desired_capacity_type": "",
            "enabled_metrics": [
              "GroupDesiredCapacity",
              "GroupInServiceInstances",
              "GroupMaxSize",
              "GroupMinSize",
              "GroupTotalInstances"
            ],
            "force_delete": true,
            "force_delete_warm_pool": false,
            "health_check_grace_period": 300,
            "health_check_type": "ELB",
            "id": "saopaulo-auto-scaling-group-20241214134855770200000005",
            "ignore_failed_scaling_activities": false,
            "initial_lifecycle_hook": [
              {
                "default_result": "CONTINUE",
                "heartbeat_timeout": 300,
                "lifecycle_transition": "autoscaling:EC2_INSTANCE_TERMINATING",
                "name": "scale-in-protection",
                "notification_metadata": "",
                "notification_target_arn": "",
                "role_arn": ""
              },
              {
                "default_result": "CONTINUE",
                "heartbeat_timeout": 60,
                "lifecycle_transition": "autoscaling:EC2_INSTANCE_LAUNCHING",
                "name": "instance-protection-launch",
                "notification_metadata": "{\"key\":\"value\"}",
                "notification_target_arn": "",
                "role_arn": ""
              }
            ],
            "instance_maintenance_policy": [],
            "instance_refresh": [],
            "launch_configuration": "",
            "launch_template": [
              {
                "id": "lt-07f5364557acf71c1",
                "name": "saopaulo-LT20241214134532870800000003",
                "version": "$Latest"
              }
            ],
            "load_balancers": [],
            "max_instance_lifetime": 0,
            "max_size": 3,
            "metrics_granularity": "1Minute",
            "min_elb_capacity": null,
            "min_size": 1,
            "mixed_instances_policy": [],
            "name": "saopaulo-auto-scaling-group-20241214134855770200000005",
            "name_prefix": "saopaulo-auto-scaling-group-",
            "placement_group": "",
            "predicted_capacity": 0,
            "protect_from_scale_in": false,
            "service_linked_role_arn": "arn:aws:iam::864899853524:role/aws-service-role/autoscaling.amazonaws.com/AWSServiceRoleForAutoScaling",
            "suspended_processes": null,
            "tag": [
              {
                "key": "Environment",
                "propagate_at_launch": true,
                "value": "Production"
              },
              {
                "key": "Name",
                "propagate_at_launch": true,
                "value": "saopaulo-instance"
              }
            ],
            "target_group_arns": [
              "arn:aws:elasticloadbalancing:sa-east-1:864899853524:targetgroup/saopaulo-target-group/348c588fef4eb018"
            ],
            "termination_policies": null,
            "timeouts": null,
            "traffic_source": [
              {
                "identifier": "arn:aws:elasticloadbalancing:sa-east-1:864899853524:targetgroup/saopaulo-target-group/348c588fef4eb018",
                "type": "elbv2"
              }
            ],
            "vpc_zone_identifier": [
              "subnet-04fb58ffa3fa72985",
              "subnet-0e307533f7f386b72"
            ],
            "wait_for_capacity_timeout": "10m",
            "wait_for_elb_capacity": null,
            "warm_pool": [],
            "warm_pool_size": 0
          },
          "sensitive_attributes": [],
          "private": "eyJlMmJmYjczMC1lY2FhLTExZTYtOGY4OC0zNDM2M2JjN2M0YzAiOnsiZGVsZXRlIjo2MDAwMDAwMDAwMDAsInVwZGF0ZSI6NjAwMDAwMDAwMDAwfSwic2NoZW1hX3ZlcnNpb24iOiIxIn0=",
          "dependencies": [
            "aws_launch_template.saopaulo-LT",
            "aws_lb_target_group.saopaulo_tg",
            "aws_security_group.saopaulo-SG01-ASG01",
            "aws_subnet.saopaulo-private-subnet-1a",
            "aws_subnet.saopaulo-private-subnet-1c",
            "aws_vpc.saopaulo-vpc",
            "data.aws_ami.saopaulo-ami"
          ]
        }
      ]
    },
    {
      "mode": "managed",
      "type": "aws_autoscaling_group",
      "name": "tokyo-asg",
      "provider": "provider[\"registry.terraform.io/hashicorp/aws\"].tokyo",
      "instances": [
        {
          "schema_version": 1,
          "attributes": {
            "arn": "arn:aws:autoscaling:ap-northeast-1:864899853524:autoScalingGroup:7289c0e9-f083-4040-8558-b8ff4ed65d57:autoScalingGroupName/tokyo-auto-scaling-group-20241214134901007100000005",
            "availability_zones": [
              "ap-northeast-1a",
              "ap-northeast-1d"
            ],
            "capacity_rebalance": false,
            "context": "",
            "default_cooldown": 300,
            "default_instance_warmup": 0,
            "desired_capacity": 1,
            "desired_capacity_type": "",
            "enabled_metrics": [
              "GroupDesiredCapacity",
              "GroupInServiceInstances",
              "GroupMaxSize",
              "GroupMinSize",
              "GroupTotalInstances"
            ],
            "force_delete": true,
            "force_delete_warm_pool": false,
            "health_check_grace_period": 300,
            "health_check_type": "ELB",
            "id": "tokyo-auto-scaling-group-20241214134901007100000005",
            "ignore_failed_scaling_activities": false,
            "initial_lifecycle_hook": [
              {
                "default_result": "CONTINUE",
                "heartbeat_timeout": 300,
                "lifecycle_transition": "autoscaling:EC2_INSTANCE_TERMINATING",
                "name": "scale-in-protection",
                "notification_metadata": "",
                "notification_target_arn": "",
                "role_arn": ""
              },
              {
                "default_result": "CONTINUE",
                "heartbeat_timeout": 60,
                "lifecycle_transition": "autoscaling:EC2_INSTANCE_LAUNCHING",
                "name": "instance-protection-launch",
                "notification_metadata": "{\"key\":\"value\"}",
                "notification_target_arn": "",
                "role_arn": ""
              }
            ],
            "instance_maintenance_policy": [],
            "instance_refresh": [],
            "launch_configuration": "",
            "launch_template": [
              {
                "id": "lt-0b91f6637c60d17c8",
                "name": "tokyo-LT20241214134616709100000003",
                "version": "$Latest"
              }
            ],
            "load_balancers": [],
            "max_instance_lifetime": 0,
            "max_size": 3,
            "metrics_granularity": "1Minute",
            "min_elb_capacity": null,
            "min_size": 1,
            "mixed_instances_policy": [],
            "name": "tokyo-auto-scaling-group-20241214134901007100000005",
            "name_prefix": "tokyo-auto-scaling-group-",
            "placement_group": "",
            "predicted_capacity": 0,
            "protect_from_scale_in": false,
            "service_linked_role_arn": "arn:aws:iam::864899853524:role/aws-service-role/autoscaling.amazonaws.com/AWSServiceRoleForAutoScaling",
            "suspended_processes": null,
            "tag": [
              {
                "key": "Environment",
                "propagate_at_launch": true,
                "value": "Production"
              },
              {
                "key": "Name",
                "propagate_at_launch": true,
                "value": "tokyo-instance"
              }
            ],
            "target_group_arns": [
              "arn:aws:elasticloadbalancing:ap-northeast-1:864899853524:targetgroup/tokyo-target-group/2569cab7031e7063"
            ],
            "termination_policies": null,
            "timeouts": null,
            "traffic_source": [
              {
                "identifier": "arn:aws:elasticloadbalancing:ap-northeast-1:864899853524:targetgroup/tokyo-target-group/2569cab7031e7063",
                "type": "elbv2"
              }
            ],
            "vpc_zone_identifier": [
              "subnet-046350926b1c5c8dd",
              "subnet-05a6280a7f6d74313"
            ],
            "wait_for_capacity_timeout": "10m",
            "wait_for_elb_capacity": null,
            "warm_pool": [],
            "warm_pool_size": 0
          },
          "sensitive_attributes": [],
          "private": "eyJlMmJmYjczMC1lY2FhLTExZTYtOGY4OC0zNDM2M2JjN2M0YzAiOnsiZGVsZXRlIjo2MDAwMDAwMDAwMDAsInVwZGF0ZSI6NjAwMDAwMDAwMDAwfSwic2NoZW1hX3ZlcnNpb24iOiIxIn0=",
          "dependencies": [
            "aws_launch_template.tokyo-LT",
            "aws_lb_target_group.tokyo_tg",
            "aws_security_group.tokyo-SG01-ASG01",
            "aws_subnet.tokyo-private-subnet-1a",
            "aws_subnet.tokyo-private-subnet-1d",
            "aws_vpc.tokyo-vpc",
            "data.aws_ami.tokyo-ami"
          ]
        }
      ]
    },
    {
      "mode": "managed",
      "type": "aws_autoscaling_policy",
      "name": "australia-scaling_policy",
      "provider": "provider[\"registry.terraform.io/hashicorp/aws\"].australia",
      "instances": [
        {
          "schema_version": 0,
          "attributes": {
            "adjustment_type": "",
            "arn": "arn:aws:autoscaling:ap-southeast-2:864899853524:scalingPolicy:357d1bba-ed72-48a4-8351-693a701bbfe0:autoScalingGroupName/australia-auto-scaling-group-20241214134922526600000005:policyName/australia-cpu-target",
            "autoscaling_group_name": "australia-auto-scaling-group-20241214134922526600000005",
            "cooldown": 0,
            "enabled": true,
            "estimated_instance_warmup": 120,
            "id": "australia-cpu-target",
            "metric_aggregation_type": "",
            "min_adjustment_magnitude": 0,
            "name": "australia-cpu-target",
            "policy_type": "TargetTrackingScaling",
            "predictive_scaling_configuration": [],
            "scaling_adjustment": 0,
            "step_adjustment": [],
            "target_tracking_configuration": [
              {
                "customized_metric_specification": [],
                "disable_scale_in": false,
                "predefined_metric_specification": [
                  {
                    "predefined_metric_type": "ASGAverageCPUUtilization",
                    "resource_label": ""
                  }
                ],
                "target_value": 75
              }
            ]
          },
          "sensitive_attributes": [],
          "private": "bnVsbA==",
          "dependencies": [
            "aws_autoscaling_group.australia-asg",
            "aws_launch_template.australia-LT",
            "aws_lb_target_group.australia_tg",
            "aws_security_group.australia-SG01-ASG01",
            "aws_subnet.australia-private-subnet-2a",
            "aws_subnet.australia-private-subnet-2b",
            "aws_vpc.australia-vpc",
            "data.aws_ami.australia-ami"
          ]
        }
      ]
    },
    {
      "mode": "managed",
      "type": "aws_autoscaling_policy",
      "name": "california-scaling_policy",
      "provider": "provider[\"registry.terraform.io/hashicorp/aws\"].california",
      "instances": [
        {
          "schema_version": 0,
          "attributes": {
            "adjustment_type": "",
            "arn": "arn:aws:autoscaling:us-west-1:864899853524:scalingPolicy:08c8b087-acd6-4a48-9068-73aa2b8f0b4b:autoScalingGroupName/california-auto-scaling-group-20241214134738714500000005:policyName/california-cpu-target",
            "autoscaling_group_name": "california-auto-scaling-group-20241214134738714500000005",
            "cooldown": 0,
            "enabled": true,
            "estimated_instance_warmup": 120,
            "id": "california-cpu-target",
            "metric_aggregation_type": "",
            "min_adjustment_magnitude": 0,
            "name": "california-cpu-target",
            "policy_type": "TargetTrackingScaling",
            "predictive_scaling_configuration": [],
            "scaling_adjustment": 0,
            "step_adjustment": [],
            "target_tracking_configuration": [
              {
                "customized_metric_specification": [],
                "disable_scale_in": false,
                "predefined_metric_specification": [
                  {
                    "predefined_metric_type": "ASGAverageCPUUtilization",
                    "resource_label": ""
                  }
                ],
                "target_value": 75
              }
            ]
          },
          "sensitive_attributes": [],
          "private": "bnVsbA==",
          "dependencies": [
            "aws_autoscaling_group.california-asg",
            "aws_launch_template.california-LT",
            "aws_lb_target_group.california_tg",
            "aws_security_group.california-SG01-ASG01",
            "aws_subnet.california-private-subnet-1b",
            "aws_subnet.california-private-subnet-1c",
            "aws_vpc.california-vpc",
            "data.aws_ami.california-ami"
          ]
        }
      ]
    },
    {
      "mode": "managed",
      "type": "aws_autoscaling_policy",
      "name": "hong-kong_scaling_policy",
      "provider": "provider[\"registry.terraform.io/hashicorp/aws\"].hong-kong",
      "instances": [
        {
          "schema_version": 0,
          "attributes": {
            "adjustment_type": "",
            "arn": "arn:aws:autoscaling:ap-east-1:864899853524:scalingPolicy:6f95c092-6399-4ee5-86af-90de37af4557:autoScalingGroupName/hongkong-auto-scaling-group-20241214134923239100000005:policyName/hongkong-cpu-target",
            "autoscaling_group_name": "hongkong-auto-scaling-group-20241214134923239100000005",
            "cooldown": 0,
            "enabled": true,
            "estimated_instance_warmup": 120,
            "id": "hongkong-cpu-target",
            "metric_aggregation_type": "",
            "min_adjustment_magnitude": 0,
            "name": "hongkong-cpu-target",
            "policy_type": "TargetTrackingScaling",
            "predictive_scaling_configuration": [],
            "scaling_adjustment": 0,
            "step_adjustment": [],
            "target_tracking_configuration": [
              {
                "customized_metric_specification": [],
                "disable_scale_in": false,
                "predefined_metric_specification": [
                  {
                    "predefined_metric_type": "ASGAverageCPUUtilization",
                    "resource_label": ""
                  }
                ],
                "target_value": 75
              }
            ]
          },
          "sensitive_attributes": [],
          "private": "bnVsbA==",
          "dependencies": [
            "aws_autoscaling_group.hongkong-asg",
            "aws_launch_template.hongkong-LT",
            "aws_lb_target_group.hongkong_tg",
            "aws_security_group.hongkong-SG01-ASG01",
            "aws_subnet.hongkong-private-subnet-1a",
            "aws_subnet.hongkong-private-subnet-1b",
            "aws_vpc.hongkong-vpc",
            "data.aws_ami.hongkong-ami"
          ]
        }
      ]
    },
    {
      "mode": "managed",
      "type": "aws_autoscaling_policy",
      "name": "london-scaling_policy",
      "provider": "provider[\"registry.terraform.io/hashicorp/aws\"].london",
      "instances": [
        {
          "schema_version": 0,
          "attributes": {
            "adjustment_type": "",
            "arn": "arn:aws:autoscaling:eu-west-2:864899853524:scalingPolicy:c0e67d60-8661-481c-b014-6355112364e4:autoScalingGroupName/london-auto-scaling-group-20241214134805553500000005:policyName/london-cpu-target",
            "autoscaling_group_name": "london-auto-scaling-group-20241214134805553500000005",
            "cooldown": 0,
            "enabled": true,
            "estimated_instance_warmup": 120,
            "id": "london-cpu-target",
            "metric_aggregation_type": "",
            "min_adjustment_magnitude": 0,
            "name": "london-cpu-target",
            "policy_type": "TargetTrackingScaling",
            "predictive_scaling_configuration": [],
            "scaling_adjustment": 0,
            "step_adjustment": [],
            "target_tracking_configuration": [
              {
                "customized_metric_specification": [],
                "disable_scale_in": false,
                "predefined_metric_specification": [
                  {
                    "predefined_metric_type": "ASGAverageCPUUtilization",
                    "resource_label": ""
                  }
                ],
                "target_value": 75
              }
            ]
          },
          "sensitive_attributes": [],
          "private": "bnVsbA==",
          "dependencies": [
            "aws_autoscaling_group.london-asg",
            "aws_launch_template.london-LT",
            "aws_lb_target_group.london_tg",
            "aws_security_group.london-SG01-ASG01",
            "aws_subnet.london-private-subnet-2a",
            "aws_subnet.london-private-subnet-2b",
            "aws_vpc.london-vpc",
            "data.aws_ami.london-ami"
          ]
        }
      ]
    },
    {
      "mode": "managed",
      "type": "aws_autoscaling_policy",
      "name": "newyork_scaling_policy",
      "provider": "provider[\"registry.terraform.io/hashicorp/aws\"].new-york",
      "instances": [
        {
          "schema_version": 0,
          "attributes": {
            "adjustment_type": "",
            "arn": "arn:aws:autoscaling:us-east-1:864899853524:scalingPolicy:891060bb-481c-47da-a96b-bed6243e0602:autoScalingGroupName/newyork-auto-scaling-group-20241214134733514800000005:policyName/newyork-cpu-target",
            "autoscaling_group_name": "newyork-auto-scaling-group-20241214134733514800000005",
            "cooldown": 0,
            "enabled": true,
            "estimated_instance_warmup": 120,
            "id": "newyork-cpu-target",
            "metric_aggregation_type": "",
            "min_adjustment_magnitude": 0,
            "name": "newyork-cpu-target",
            "policy_type": "TargetTrackingScaling",
            "predictive_scaling_configuration": [],
            "scaling_adjustment": 0,
            "step_adjustment": [],
            "target_tracking_configuration": [
              {
                "customized_metric_specification": [],
                "disable_scale_in": false,
                "predefined_metric_specification": [
                  {
                    "predefined_metric_type": "ASGAverageCPUUtilization",
                    "resource_label": ""
                  }
                ],
                "target_value": 75
              }
            ]
          },
          "sensitive_attributes": [],
          "private": "bnVsbA==",
          "dependencies": [
            "aws_autoscaling_group.newyork-asg",
            "aws_launch_template.newyork-LT",
            "aws_lb_target_group.newyork_tg",
            "aws_security_group.newyork-SG01-ASG01",
            "aws_subnet.newyork-private-subnet-1a",
            "aws_subnet.newyork-private-subnet-1b",
            "aws_vpc.newyork-vpc",
            "data.aws_ami.newyork-ami"
          ]
        }
      ]
    },
    {
      "mode": "managed",
      "type": "aws_autoscaling_policy",
      "name": "saopaulo-scaling_policy",
      "provider": "provider[\"registry.terraform.io/hashicorp/aws\"].sao-paulo",
      "instances": [
        {
          "schema_version": 0,
          "attributes": {
            "adjustment_type": "",
            "arn": "arn:aws:autoscaling:sa-east-1:864899853524:scalingPolicy:0d74e28b-f0c5-4971-8673-1391a0057640:autoScalingGroupName/saopaulo-auto-scaling-group-20241214134855770200000005:policyName/saopaulo-cpu-target",
            "autoscaling_group_name": "saopaulo-auto-scaling-group-20241214134855770200000005",
            "cooldown": 0,
            "enabled": true,
            "estimated_instance_warmup": 120,
            "id": "saopaulo-cpu-target",
            "metric_aggregation_type": "",
            "min_adjustment_magnitude": 0,
            "name": "saopaulo-cpu-target",
            "policy_type": "TargetTrackingScaling",
            "predictive_scaling_configuration": [],
            "scaling_adjustment": 0,
            "step_adjustment": [],
            "target_tracking_configuration": [
              {
                "customized_metric_specification": [],
                "disable_scale_in": false,
                "predefined_metric_specification": [
                  {
                    "predefined_metric_type": "ASGAverageCPUUtilization",
                    "resource_label": ""
                  }
                ],
                "target_value": 75
              }
            ]
          },
          "sensitive_attributes": [],
          "private": "bnVsbA==",
          "dependencies": [
            "aws_autoscaling_group.saopaulo-asg",
            "aws_launch_template.saopaulo-LT",
            "aws_lb_target_group.saopaulo_tg",
            "aws_security_group.saopaulo-SG01-ASG01",
            "aws_subnet.saopaulo-private-subnet-1a",
            "aws_subnet.saopaulo-private-subnet-1c",
            "aws_vpc.saopaulo-vpc",
            "data.aws_ami.saopaulo-ami"
          ]
        }
      ]
    },
    {
      "mode": "managed",
      "type": "aws_autoscaling_policy",
      "name": "tokyo-scaling_policy",
      "provider": "provider[\"registry.terraform.io/hashicorp/aws\"].tokyo",
      "instances": [
        {
          "schema_version": 0,
          "attributes": {
            "adjustment_type": "",
            "arn": "arn:aws:autoscaling:ap-northeast-1:864899853524:scalingPolicy:c7e76f2e-2124-435b-8a15-3682e79deee6:autoScalingGroupName/tokyo-auto-scaling-group-20241214134901007100000005:policyName/tokyo-cpu-target",
            "autoscaling_group_name": "tokyo-auto-scaling-group-20241214134901007100000005",
            "cooldown": 0,
            "enabled": true,
            "estimated_instance_warmup": 120,
            "id": "tokyo-cpu-target",
            "metric_aggregation_type": "",
            "min_adjustment_magnitude": 0,
            "name": "tokyo-cpu-target",
            "policy_type": "TargetTrackingScaling",
            "predictive_scaling_configuration": [],
            "scaling_adjustment": 0,
            "step_adjustment": [],
            "target_tracking_configuration": [
              {
                "customized_metric_specification": [],
                "disable_scale_in": false,
                "predefined_metric_specification": [
                  {
                    "predefined_metric_type": "ASGAverageCPUUtilization",
                    "resource_label": ""
                  }
                ],
                "target_value": 75
              }
            ]
          },
          "sensitive_attributes": [],
          "private": "bnVsbA==",
          "dependencies": [
            "aws_autoscaling_group.tokyo-asg",
            "aws_launch_template.tokyo-LT",
            "aws_lb_target_group.tokyo_tg",
            "aws_security_group.tokyo-SG01-ASG01",
            "aws_subnet.tokyo-private-subnet-1a",
            "aws_subnet.tokyo-private-subnet-1d",
            "aws_vpc.tokyo-vpc",
            "data.aws_ami.tokyo-ami"
          ]
        }
      ]
    },
    {
      "mode": "managed",
      "type": "aws_ec2_transit_gateway",
      "name": "newyork_tgw",
      "provider": "provider[\"registry.terraform.io/hashicorp/aws\"].new-york",
      "instances": [
        {
          "schema_version": 0,
          "attributes": {
            "amazon_side_asn": 64512,
            "arn": "arn:aws:ec2:us-east-1:864899853524:transit-gateway/tgw-0c9335396e8e102c9",
            "association_default_route_table_id": "tgw-rtb-0955f86fbb1fd9543",
            "auto_accept_shared_attachments": "disable",
            "default_route_table_association": "enable",
            "default_route_table_propagation": "enable",
            "description": "Transit Gateway in New York (Spoke)",
            "dns_support": "enable",
            "id": "tgw-0c9335396e8e102c9",
            "multicast_support": "disable",
            "owner_id": "864899853524",
            "propagation_default_route_table_id": "tgw-rtb-0955f86fbb1fd9543",
            "security_group_referencing_support": "disable",
            "tags": {
              "Name": "newyork-tgw"
            },
            "tags_all": {
              "Name": "newyork-tgw"
            },
            "timeouts": null,
            "transit_gateway_cidr_blocks": null,
            "vpn_ecmp_support": "enable"
          },
          "sensitive_attributes": [],
          "private": "eyJlMmJmYjczMC1lY2FhLTExZTYtOGY4OC0zNDM2M2JjN2M0YzAiOnsiY3JlYXRlIjo2MDAwMDAwMDAwMDAsImRlbGV0ZSI6NjAwMDAwMDAwMDAwLCJ1cGRhdGUiOjYwMDAwMDAwMDAwMH19",
          "create_before_destroy": true
        }
      ]
    },
    {
      "mode": "managed",
      "type": "aws_ec2_transit_gateway",
      "name": "tokyo_tgw",
      "provider": "provider[\"registry.terraform.io/hashicorp/aws\"].tokyo",
      "instances": [
        {
          "schema_version": 0,
          "attributes": {
            "amazon_side_asn": 64512,
            "arn": "arn:aws:ec2:ap-northeast-1:864899853524:transit-gateway/tgw-0571a9293e8c31446",
            "association_default_route_table_id": "tgw-rtb-05e7d22a922d19e1e",
            "auto_accept_shared_attachments": "disable",
            "default_route_table_association": "enable",
            "default_route_table_propagation": "enable",
            "description": "Transit Gateway in Tokyo (Hub)",
            "dns_support": "enable",
            "id": "tgw-0571a9293e8c31446",
            "multicast_support": "disable",
            "owner_id": "864899853524",
            "propagation_default_route_table_id": "tgw-rtb-05e7d22a922d19e1e",
            "security_group_referencing_support": "disable",
            "tags": {
              "Name": "tokyo-tgw"
            },
            "tags_all": {
              "Name": "tokyo-tgw"
            },
            "timeouts": null,
            "transit_gateway_cidr_blocks": null,
            "vpn_ecmp_support": "enable"
          },
          "sensitive_attributes": [],
          "private": "eyJlMmJmYjczMC1lY2FhLTExZTYtOGY4OC0zNDM2M2JjN2M0YzAiOnsiY3JlYXRlIjo2MDAwMDAwMDAwMDAsImRlbGV0ZSI6NjAwMDAwMDAwMDAwLCJ1cGRhdGUiOjYwMDAwMDAwMDAwMH19",
          "create_before_destroy": true
        }
      ]
    },
    {
      "mode": "managed",
      "type": "aws_ec2_transit_gateway_peering_attachment",
      "name": "newyork_to_tokyo_peering",
      "provider": "provider[\"registry.terraform.io/hashicorp/aws\"].new-york",
      "instances": [
        {
          "schema_version": 0,
          "attributes": {
            "id": "tgw-attach-0142617369bac41f7",
            "options": [],
            "peer_account_id": "864899853524",
            "peer_region": "ap-northeast-1",
            "peer_transit_gateway_id": "tgw-0571a9293e8c31446",
            "state": "pendingAcceptance",
            "tags": {
              "Name": "newyork-to-tokyo-peering"
            },
            "tags_all": {
              "Name": "newyork-to-tokyo-peering"
            },
            "transit_gateway_id": "tgw-0c9335396e8e102c9"
          },
          "sensitive_attributes": [],
          "private": "bnVsbA==",
          "dependencies": [
            "aws_ec2_transit_gateway.newyork_tgw",
            "aws_ec2_transit_gateway.tokyo_tgw"
          ],
          "create_before_destroy": true
        }
      ]
    },
    {
      "mode": "managed",
      "type": "aws_ec2_transit_gateway_peering_attachment_accepter",
      "name": "tokyo_accepts_newyork_peering",
      "provider": "provider[\"registry.terraform.io/hashicorp/aws\"].tokyo",
      "instances": [
        {
          "schema_version": 0,
          "attributes": {
            "id": "tgw-attach-0142617369bac41f7",
            "peer_account_id": "864899853524",
            "peer_region": "us-east-1",
            "peer_transit_gateway_id": "tgw-0c9335396e8e102c9",
            "tags": {
              "Name": "tokyo-accepts-newyork"
            },
            "tags_all": {
              "Name": "tokyo-accepts-newyork"
            },
            "transit_gateway_attachment_id": "tgw-attach-0142617369bac41f7",
            "transit_gateway_id": "tgw-0571a9293e8c31446"
          },
          "sensitive_attributes": [],
          "private": "bnVsbA==",
          "dependencies": [
            "aws_ec2_transit_gateway.newyork_tgw",
            "aws_ec2_transit_gateway.tokyo_tgw",
            "aws_ec2_transit_gateway_peering_attachment.newyork_to_tokyo_peering"
          ]
        }
      ]
    },
    {
      "mode": "managed",
      "type": "aws_ec2_transit_gateway_route",
      "name": "newyork_to_tokyo_route",
      "provider": "provider[\"registry.terraform.io/hashicorp/aws\"].new-york",
      "instances": [
        {
          "schema_version": 0,
          "attributes": {
            "blackhole": false,
            "destination_cidr_block": "172.18.0.0/16",
            "id": "tgw-rtb-06d7b506f9027ab0b_172.18.0.0/16",
            "transit_gateway_attachment_id": "tgw-attach-0142617369bac41f7",
            "transit_gateway_route_table_id": "tgw-rtb-06d7b506f9027ab0b"
          },
          "sensitive_attributes": [],
          "private": "bnVsbA==",
          "dependencies": [
            "aws_ec2_transit_gateway.newyork_tgw",
            "aws_ec2_transit_gateway.tokyo_tgw",
            "aws_ec2_transit_gateway_peering_attachment.newyork_to_tokyo_peering",
            "aws_ec2_transit_gateway_peering_attachment_accepter.tokyo_accepts_newyork_peering",
            "aws_ec2_transit_gateway_route_table.newyork_tgw_rt"
          ]
        }
      ]
    },
    {
      "mode": "managed",
      "type": "aws_ec2_transit_gateway_route",
      "name": "tokyo_to_newyork_route",
      "provider": "provider[\"registry.terraform.io/hashicorp/aws\"].tokyo",
      "instances": [
        {
          "schema_version": 0,
          "attributes": {
            "blackhole": false,
            "destination_cidr_block": "172.19.0.0/16",
            "id": "tgw-rtb-00499ca0610ebfa67_172.19.0.0/16",
            "transit_gateway_attachment_id": "tgw-attach-0142617369bac41f7",
            "transit_gateway_route_table_id": "tgw-rtb-00499ca0610ebfa67"
          },
          "sensitive_attributes": [],
          "private": "bnVsbA==",
          "dependencies": [
            "aws_ec2_transit_gateway.newyork_tgw",
            "aws_ec2_transit_gateway.tokyo_tgw",
            "aws_ec2_transit_gateway_peering_attachment.newyork_to_tokyo_peering",
            "aws_ec2_transit_gateway_peering_attachment_accepter.tokyo_accepts_newyork_peering",
            "aws_ec2_transit_gateway_route_table.tokyo_tgw_rt"
          ]
        }
      ]
    },
    {
      "mode": "managed",
      "type": "aws_ec2_transit_gateway_route_table",
      "name": "newyork_tgw_rt",
      "provider": "provider[\"registry.terraform.io/hashicorp/aws\"].new-york",
      "instances": [
        {
          "schema_version": 0,
          "attributes": {
            "arn": "arn:aws:ec2:us-east-1:864899853524:transit-gateway-route-table/tgw-rtb-06d7b506f9027ab0b",
            "default_association_route_table": false,
            "default_propagation_route_table": false,
            "id": "tgw-rtb-06d7b506f9027ab0b",
            "tags": {
              "Name": "newyork-tgw-rt"
            },
            "tags_all": {
              "Name": "newyork-tgw-rt"
            },
            "transit_gateway_id": "tgw-0c9335396e8e102c9"
          },
          "sensitive_attributes": [],
          "private": "bnVsbA==",
          "dependencies": [
            "aws_ec2_transit_gateway.newyork_tgw"
          ]
        }
      ]
    },
    {
      "mode": "managed",
      "type": "aws_ec2_transit_gateway_route_table",
      "name": "tokyo_tgw_rt",
      "provider": "provider[\"registry.terraform.io/hashicorp/aws\"].tokyo",
      "instances": [
        {
          "schema_version": 0,
          "attributes": {
            "arn": "arn:aws:ec2:ap-northeast-1:864899853524:transit-gateway-route-table/tgw-rtb-00499ca0610ebfa67",
            "default_association_route_table": false,
            "default_propagation_route_table": false,
            "id": "tgw-rtb-00499ca0610ebfa67",
            "tags": {
              "Name": "tokyo-tgw-rt"
            },
            "tags_all": {
              "Name": "tokyo-tgw-rt"
            },
            "transit_gateway_id": "tgw-0571a9293e8c31446"
          },
          "sensitive_attributes": [],
          "private": "bnVsbA==",
          "dependencies": [
            "aws_ec2_transit_gateway.tokyo_tgw"
          ]
        }
      ]
    },
    {
      "mode": "managed",
      "type": "aws_ec2_transit_gateway_route_table_association",
      "name": "newyork_tgw_assoc",
      "provider": "provider[\"registry.terraform.io/hashicorp/aws\"].new-york",
      "instances": [
        {
          "schema_version": 0,
          "attributes": {
            "id": "tgw-rtb-06d7b506f9027ab0b_tgw-attach-040f3a4b63298d85a",
            "replace_existing_association": false,
            "resource_id": "vpc-00c8befd9fc980836",
            "resource_type": "vpc",
            "transit_gateway_attachment_id": "tgw-attach-040f3a4b63298d85a",
            "transit_gateway_route_table_id": "tgw-rtb-06d7b506f9027ab0b"
          },
          "sensitive_attributes": [],
          "private": "bnVsbA==",
          "dependencies": [
            "aws_ec2_transit_gateway.newyork_tgw",
            "aws_ec2_transit_gateway_route_table.newyork_tgw_rt",
            "aws_ec2_transit_gateway_vpc_attachment.newyork_tgw_attachment",
            "aws_subnet.newyork-private-subnet-1a",
            "aws_subnet.newyork-private-subnet-1b",
            "aws_vpc.newyork-vpc"
          ]
        }
      ]
    },
    {
      "mode": "managed",
      "type": "aws_ec2_transit_gateway_route_table_association",
      "name": "tokyo_tgw_assoc",
      "provider": "provider[\"registry.terraform.io/hashicorp/aws\"].tokyo",
      "instances": [
        {
          "schema_version": 0,
          "attributes": {
            "id": "tgw-rtb-00499ca0610ebfa67_tgw-attach-08ff4b8ebdca35bd0",
            "replace_existing_association": false,
            "resource_id": "vpc-0a0e8a6e51d409e5c",
            "resource_type": "vpc",
            "transit_gateway_attachment_id": "tgw-attach-08ff4b8ebdca35bd0",
            "transit_gateway_route_table_id": "tgw-rtb-00499ca0610ebfa67"
          },
          "sensitive_attributes": [],
          "private": "bnVsbA==",
          "dependencies": [
            "aws_ec2_transit_gateway.tokyo_tgw",
            "aws_ec2_transit_gateway_route_table.tokyo_tgw_rt",
            "aws_ec2_transit_gateway_vpc_attachment.tokyo_tgw_attachment",
            "aws_subnet.tokyo-private-subnet-1a",
            "aws_subnet.tokyo-private-subnet-1d",
            "aws_vpc.tokyo-vpc"
          ]
        }
      ]
    },
    {
      "mode": "managed",
      "type": "aws_ec2_transit_gateway_vpc_attachment",
      "name": "newyork_tgw_attachment",
      "provider": "provider[\"registry.terraform.io/hashicorp/aws\"].new-york",
      "instances": [
        {
          "schema_version": 0,
          "attributes": {
            "appliance_mode_support": "disable",
            "dns_support": "enable",
            "id": "tgw-attach-040f3a4b63298d85a",
            "ipv6_support": "disable",
            "security_group_referencing_support": "enable",
            "subnet_ids": [
              "subnet-0074a92e52b6871ca",
              "subnet-0d700a10e7cc4f3a0"
            ],
            "tags": {
              "Name": "newyork-tgw-attachment"
            },
            "tags_all": {
              "Name": "newyork-tgw-attachment"
            },
            "transit_gateway_default_route_table_association": false,
            "transit_gateway_default_route_table_propagation": false,
            "transit_gateway_id": "tgw-0c9335396e8e102c9",
            "vpc_id": "vpc-00c8befd9fc980836",
            "vpc_owner_id": "864899853524"
          },
          "sensitive_attributes": [],
          "private": "bnVsbA==",
          "dependencies": [
            "aws_ec2_transit_gateway.newyork_tgw",
            "aws_subnet.newyork-private-subnet-1a",
            "aws_subnet.newyork-private-subnet-1b",
            "aws_vpc.newyork-vpc"
          ],
          "create_before_destroy": true
        }
      ]
    },
    {
      "mode": "managed",
      "type": "aws_ec2_transit_gateway_vpc_attachment",
      "name": "tokyo_tgw_attachment",
      "provider": "provider[\"registry.terraform.io/hashicorp/aws\"].tokyo",
      "instances": [
        {
          "schema_version": 0,
          "attributes": {
            "appliance_mode_support": "disable",
            "dns_support": "enable",
            "id": "tgw-attach-08ff4b8ebdca35bd0",
            "ipv6_support": "disable",
            "security_group_referencing_support": "enable",
            "subnet_ids": [
              "subnet-046350926b1c5c8dd",
              "subnet-05a6280a7f6d74313"
            ],
            "tags": {
              "Name": "tokyo-tgw-attachment"
            },
            "tags_all": {
              "Name": "tokyo-tgw-attachment"
            },
            "transit_gateway_default_route_table_association": false,
            "transit_gateway_default_route_table_propagation": false,
            "transit_gateway_id": "tgw-0571a9293e8c31446",
            "vpc_id": "vpc-0a0e8a6e51d409e5c",
            "vpc_owner_id": "864899853524"
          },
          "sensitive_attributes": [],
          "private": "bnVsbA==",
          "dependencies": [
            "aws_ec2_transit_gateway.tokyo_tgw",
            "aws_subnet.tokyo-private-subnet-1a",
            "aws_subnet.tokyo-private-subnet-1d",
            "aws_vpc.tokyo-vpc"
          ],
          "create_before_destroy": true
        }
      ]
    },
    {
      "mode": "managed",
      "type": "aws_eip",
      "name": "australia-nat",
      "provider": "provider[\"registry.terraform.io/hashicorp/aws\"].australia",
      "instances": [
        {
          "schema_version": 0,
          "attributes": {
            "address": null,
            "allocation_id": "eipalloc-077572dec82a71ffc",
            "arn": "arn:aws:ec2:ap-southeast-2:864899853524:elastic-ip/eipalloc-077572dec82a71ffc",
            "associate_with_private_ip": null,
            "association_id": "",
            "carrier_ip": "",
            "customer_owned_ip": "",
            "customer_owned_ipv4_pool": "",
            "domain": "vpc",
            "id": "eipalloc-077572dec82a71ffc",
            "instance": "",
            "ipam_pool_id": null,
            "network_border_group": "ap-southeast-2",
            "network_interface": "",
            "private_dns": null,
            "private_ip": "",
            "ptr_record": "",
            "public_dns": "ec2-13-211-32-28.ap-southeast-2.compute.amazonaws.com",
            "public_ip": "13.211.32.28",
            "public_ipv4_pool": "amazon",
            "tags": {
              "Name": "australia-nat"
            },
            "tags_all": {
              "Name": "australia-nat"
            },
            "timeouts": null,
            "vpc": true
          },
          "sensitive_attributes": [],
          "private": "eyJlMmJmYjczMC1lY2FhLTExZTYtOGY4OC0zNDM2M2JjN2M0YzAiOnsiZGVsZXRlIjoxODAwMDAwMDAwMDAsInJlYWQiOjkwMDAwMDAwMDAwMCwidXBkYXRlIjozMDAwMDAwMDAwMDB9fQ=="
        }
      ]
    },
    {
      "mode": "managed",
      "type": "aws_eip",
      "name": "california-nat",
      "provider": "provider[\"registry.terraform.io/hashicorp/aws\"].california",
      "instances": [
        {
          "schema_version": 0,
          "attributes": {
            "address": null,
            "allocation_id": "eipalloc-06ee681fba05860fc",
            "arn": "arn:aws:ec2:us-west-1:864899853524:elastic-ip/eipalloc-06ee681fba05860fc",
            "associate_with_private_ip": null,
            "association_id": "",
            "carrier_ip": "",
            "customer_owned_ip": "",
            "customer_owned_ipv4_pool": "",
            "domain": "vpc",
            "id": "eipalloc-06ee681fba05860fc",
            "instance": "",
            "ipam_pool_id": null,
            "network_border_group": "us-west-1",
            "network_interface": "",
            "private_dns": null,
            "private_ip": "",
            "ptr_record": "",
            "public_dns": "ec2-54-153-119-117.us-west-1.compute.amazonaws.com",
            "public_ip": "54.153.119.117",
            "public_ipv4_pool": "amazon",
            "tags": {
              "Name": "california-nat"
            },
            "tags_all": {
              "Name": "california-nat"
            },
            "timeouts": null,
            "vpc": true
          },
          "sensitive_attributes": [],
          "private": "eyJlMmJmYjczMC1lY2FhLTExZTYtOGY4OC0zNDM2M2JjN2M0YzAiOnsiZGVsZXRlIjoxODAwMDAwMDAwMDAsInJlYWQiOjkwMDAwMDAwMDAwMCwidXBkYXRlIjozMDAwMDAwMDAwMDB9fQ=="
        }
      ]
    },
    {
      "mode": "managed",
      "type": "aws_eip",
      "name": "hongkong-nat",
      "provider": "provider[\"registry.terraform.io/hashicorp/aws\"].hong-kong",
      "instances": [
        {
          "schema_version": 0,
          "attributes": {
            "address": null,
            "allocation_id": "eipalloc-00f7606cc118f2a36",
            "arn": "arn:aws:ec2:ap-east-1:864899853524:elastic-ip/eipalloc-00f7606cc118f2a36",
            "associate_with_private_ip": null,
            "association_id": "",
            "carrier_ip": "",
            "customer_owned_ip": "",
            "customer_owned_ipv4_pool": "",
            "domain": "vpc",
            "id": "eipalloc-00f7606cc118f2a36",
            "instance": "",
            "ipam_pool_id": null,
            "network_border_group": "ap-east-1",
            "network_interface": "",
            "private_dns": null,
            "private_ip": "",
            "ptr_record": "",
            "public_dns": "ec2-16-163-175-96.ap-east-1.compute.amazonaws.com",
            "public_ip": "16.163.175.96",
            "public_ipv4_pool": "amazon",
            "tags": {
              "Name": "hongkong-nat"
            },
            "tags_all": {
              "Name": "hongkong-nat"
            },
            "timeouts": null,
            "vpc": true
          },
          "sensitive_attributes": [],
          "private": "eyJlMmJmYjczMC1lY2FhLTExZTYtOGY4OC0zNDM2M2JjN2M0YzAiOnsiZGVsZXRlIjoxODAwMDAwMDAwMDAsInJlYWQiOjkwMDAwMDAwMDAwMCwidXBkYXRlIjozMDAwMDAwMDAwMDB9fQ=="
        }
      ]
    },
    {
      "mode": "managed",
      "type": "aws_eip",
      "name": "london-nat",
      "provider": "provider[\"registry.terraform.io/hashicorp/aws\"].london",
      "instances": [
        {
          "schema_version": 0,
          "attributes": {
            "address": null,
            "allocation_id": "eipalloc-08be61aa4b43fcf6a",
            "arn": "arn:aws:ec2:eu-west-2:864899853524:elastic-ip/eipalloc-08be61aa4b43fcf6a",
            "associate_with_private_ip": null,
            "association_id": "",
            "carrier_ip": "",
            "customer_owned_ip": "",
            "customer_owned_ipv4_pool": "",
            "domain": "vpc",
            "id": "eipalloc-08be61aa4b43fcf6a",
            "instance": "",
            "ipam_pool_id": null,
            "network_border_group": "eu-west-2",
            "network_interface": "",
            "private_dns": null,
            "private_ip": "",
            "ptr_record": "",
            "public_dns": "ec2-18-169-249-244.eu-west-2.compute.amazonaws.com",
            "public_ip": "18.169.249.244",
            "public_ipv4_pool": "amazon",
            "tags": {
              "Name": "london-nat"
            },
            "tags_all": {
              "Name": "london-nat"
            },
            "timeouts": null,
            "vpc": true
          },
          "sensitive_attributes": [],
          "private": "eyJlMmJmYjczMC1lY2FhLTExZTYtOGY4OC0zNDM2M2JjN2M0YzAiOnsiZGVsZXRlIjoxODAwMDAwMDAwMDAsInJlYWQiOjkwMDAwMDAwMDAwMCwidXBkYXRlIjozMDAwMDAwMDAwMDB9fQ=="
        }
      ]
    },
    {
      "mode": "managed",
      "type": "aws_eip",
      "name": "newyork-nat",
      "provider": "provider[\"registry.terraform.io/hashicorp/aws\"].new-york",
      "instances": [
        {
          "schema_version": 0,
          "attributes": {
            "address": null,
            "allocation_id": "eipalloc-0578194fb6b2862c2",
            "arn": "arn:aws:ec2:us-east-1:864899853524:elastic-ip/eipalloc-0578194fb6b2862c2",
            "associate_with_private_ip": null,
            "association_id": "",
            "carrier_ip": "",
            "customer_owned_ip": "",
            "customer_owned_ipv4_pool": "",
            "domain": "vpc",
            "id": "eipalloc-0578194fb6b2862c2",
            "instance": "",
            "ipam_pool_id": null,
            "network_border_group": "us-east-1",
            "network_interface": "",
            "private_dns": null,
            "private_ip": "",
            "ptr_record": "",
            "public_dns": "ec2-52-44-50-69.compute-1.amazonaws.com",
            "public_ip": "52.44.50.69",
            "public_ipv4_pool": "amazon",
            "tags": {
              "Name": "newyork-nat"
            },
            "tags_all": {
              "Name": "newyork-nat"
            },
            "timeouts": null,
            "vpc": true
          },
          "sensitive_attributes": [],
          "private": "eyJlMmJmYjczMC1lY2FhLTExZTYtOGY4OC0zNDM2M2JjN2M0YzAiOnsiZGVsZXRlIjoxODAwMDAwMDAwMDAsInJlYWQiOjkwMDAwMDAwMDAwMCwidXBkYXRlIjozMDAwMDAwMDAwMDB9fQ=="
        }
      ]
    },
    {
      "mode": "managed",
      "type": "aws_eip",
      "name": "saopaulo-nat",
      "provider": "provider[\"registry.terraform.io/hashicorp/aws\"].sao-paulo",
      "instances": [
        {
          "schema_version": 0,
          "attributes": {
            "address": null,
            "allocation_id": "eipalloc-048abbf265caf7d83",
            "arn": "arn:aws:ec2:sa-east-1:864899853524:elastic-ip/eipalloc-048abbf265caf7d83",
            "associate_with_private_ip": null,
            "association_id": "",
            "carrier_ip": "",
            "customer_owned_ip": "",
            "customer_owned_ipv4_pool": "",
            "domain": "vpc",
            "id": "eipalloc-048abbf265caf7d83",
            "instance": "",
            "ipam_pool_id": null,
            "network_border_group": "sa-east-1",
            "network_interface": "",
            "private_dns": null,
            "private_ip": "",
            "ptr_record": "",
            "public_dns": "ec2-54-207-215-88.sa-east-1.compute.amazonaws.com",
            "public_ip": "54.207.215.88",
            "public_ipv4_pool": "amazon",
            "tags": {
              "Name": "saopaulo-nat"
            },
            "tags_all": {
              "Name": "saopaulo-nat"
            },
            "timeouts": null,
            "vpc": true
          },
          "sensitive_attributes": [],
          "private": "eyJlMmJmYjczMC1lY2FhLTExZTYtOGY4OC0zNDM2M2JjN2M0YzAiOnsiZGVsZXRlIjoxODAwMDAwMDAwMDAsInJlYWQiOjkwMDAwMDAwMDAwMCwidXBkYXRlIjozMDAwMDAwMDAwMDB9fQ=="
        }
      ]
    },
    {
      "mode": "managed",
      "type": "aws_eip",
      "name": "tokyo-nat",
      "provider": "provider[\"registry.terraform.io/hashicorp/aws\"].tokyo",
      "instances": [
        {
          "schema_version": 0,
          "attributes": {
            "address": null,
            "allocation_id": "eipalloc-05062e4bedc8bf507",
            "arn": "arn:aws:ec2:ap-northeast-1:864899853524:elastic-ip/eipalloc-05062e4bedc8bf507",
            "associate_with_private_ip": null,
            "association_id": "",
            "carrier_ip": "",
            "customer_owned_ip": "",
            "customer_owned_ipv4_pool": "",
            "domain": "vpc",
            "id": "eipalloc-05062e4bedc8bf507",
            "instance": "",
            "ipam_pool_id": null,
            "network_border_group": "ap-northeast-1",
            "network_interface": "",
            "private_dns": null,
            "private_ip": "",
            "ptr_record": "",
            "public_dns": "ec2-18-177-224-44.ap-northeast-1.compute.amazonaws.com",
            "public_ip": "18.177.224.44",
            "public_ipv4_pool": "amazon",
            "tags": {
              "Name": "tokyo-nat"
            },
            "tags_all": {
              "Name": "tokyo-nat"
            },
            "timeouts": null,
            "vpc": true
          },
          "sensitive_attributes": [],
          "private": "eyJlMmJmYjczMC1lY2FhLTExZTYtOGY4OC0zNDM2M2JjN2M0YzAiOnsiZGVsZXRlIjoxODAwMDAwMDAwMDAsInJlYWQiOjkwMDAwMDAwMDAwMCwidXBkYXRlIjozMDAwMDAwMDAwMDB9fQ=="
        }
      ]
    },
    {
      "mode": "managed",
      "type": "aws_eip",
      "name": "tokyotest-nat",
      "provider": "provider[\"registry.terraform.io/hashicorp/aws\"].tokyo-testb",
      "instances": [
        {
          "schema_version": 0,
          "attributes": {
            "address": null,
            "allocation_id": "eipalloc-021c124a59f939cba",
            "arn": "arn:aws:ec2:ap-northeast-1:864899853524:elastic-ip/eipalloc-021c124a59f939cba",
            "associate_with_private_ip": null,
            "association_id": "",
            "carrier_ip": "",
            "customer_owned_ip": "",
            "customer_owned_ipv4_pool": "",
            "domain": "vpc",
            "id": "eipalloc-021c124a59f939cba",
            "instance": "",
            "ipam_pool_id": null,
            "network_border_group": "ap-northeast-1",
            "network_interface": "",
            "private_dns": null,
            "private_ip": "",
            "ptr_record": "",
            "public_dns": "ec2-13-231-94-251.ap-northeast-1.compute.amazonaws.com",
            "public_ip": "13.231.94.251",
            "public_ipv4_pool": "amazon",
            "tags": {
              "Name": "tokyotest-nat"
            },
            "tags_all": {
              "Name": "tokyotest-nat"
            },
            "timeouts": null,
            "vpc": true
          },
          "sensitive_attributes": [],
          "private": "eyJlMmJmYjczMC1lY2FhLTExZTYtOGY4OC0zNDM2M2JjN2M0YzAiOnsiZGVsZXRlIjoxODAwMDAwMDAwMDAsInJlYWQiOjkwMDAwMDAwMDAwMCwidXBkYXRlIjozMDAwMDAwMDAwMDB9fQ=="
        }
      ]
    },
    {
      "mode": "managed",
      "type": "aws_internet_gateway",
      "name": "australia-igw",
      "provider": "provider[\"registry.terraform.io/hashicorp/aws\"].australia",
      "instances": [
        {
          "schema_version": 0,
          "attributes": {
            "arn": "arn:aws:ec2:ap-southeast-2:864899853524:internet-gateway/igw-0686cbe9c2459dcea",
            "id": "igw-0686cbe9c2459dcea",
            "owner_id": "864899853524",
            "tags": {
              "Name": "PROD-Australia-igw",
              "Owner": "MATTRESS AVENGERS",
              "Service": "Armageddon Phase 1"
            },
            "tags_all": {
              "Name": "PROD-Australia-igw",
              "Owner": "MATTRESS AVENGERS",
              "Service": "Armageddon Phase 1"
            },
            "timeouts": null,
            "vpc_id": "vpc-07e0ee860ea75eb6f"
          },
          "sensitive_attributes": [],
          "private": "eyJlMmJmYjczMC1lY2FhLTExZTYtOGY4OC0zNDM2M2JjN2M0YzAiOnsiY3JlYXRlIjoxMjAwMDAwMDAwMDAwLCJkZWxldGUiOjEyMDAwMDAwMDAwMDAsInVwZGF0ZSI6MTIwMDAwMDAwMDAwMH19",
          "dependencies": [
            "aws_vpc.australia-vpc"
          ]
        }
      ]
    },
    {
      "mode": "managed",
      "type": "aws_internet_gateway",
      "name": "california-igw",
      "provider": "provider[\"registry.terraform.io/hashicorp/aws\"].california",
      "instances": [
        {
          "schema_version": 0,
          "attributes": {
            "arn": "arn:aws:ec2:us-west-1:864899853524:internet-gateway/igw-0a743cee9eefa4c05",
            "id": "igw-0a743cee9eefa4c05",
            "owner_id": "864899853524",
            "tags": {
              "Name": "PROD-Califonia-igw",
              "Owner": "MATTRESS AVENGERS",
              "Service": "Armageddon Phase 1"
            },
            "tags_all": {
              "Name": "PROD-Califonia-igw",
              "Owner": "MATTRESS AVENGERS",
              "Service": "Armageddon Phase 1"
            },
            "timeouts": null,
            "vpc_id": "vpc-071d7efa8dce2ef00"
          },
          "sensitive_attributes": [],
          "private": "eyJlMmJmYjczMC1lY2FhLTExZTYtOGY4OC0zNDM2M2JjN2M0YzAiOnsiY3JlYXRlIjoxMjAwMDAwMDAwMDAwLCJkZWxldGUiOjEyMDAwMDAwMDAwMDAsInVwZGF0ZSI6MTIwMDAwMDAwMDAwMH19",
          "dependencies": [
            "aws_vpc.california-vpc"
          ]
        }
      ]
    },
    {
      "mode": "managed",
      "type": "aws_internet_gateway",
      "name": "hongkong-igw",
      "provider": "provider[\"registry.terraform.io/hashicorp/aws\"].hong-kong",
      "instances": [
        {
          "schema_version": 0,
          "attributes": {
            "arn": "arn:aws:ec2:ap-east-1:864899853524:internet-gateway/igw-0ebae70028338f675",
            "id": "igw-0ebae70028338f675",
            "owner_id": "864899853524",
            "tags": {
              "Name": "PROD-Hongkong-igw",
              "Owner": "MATTRESS AVENGERS",
              "Service": "Armageddon Phase 1"
            },
            "tags_all": {
              "Name": "PROD-Hongkong-igw",
              "Owner": "MATTRESS AVENGERS",
              "Service": "Armageddon Phase 1"
            },
            "timeouts": null,
            "vpc_id": "vpc-053d0428b4a3f2a60"
          },
          "sensitive_attributes": [],
          "private": "eyJlMmJmYjczMC1lY2FhLTExZTYtOGY4OC0zNDM2M2JjN2M0YzAiOnsiY3JlYXRlIjoxMjAwMDAwMDAwMDAwLCJkZWxldGUiOjEyMDAwMDAwMDAwMDAsInVwZGF0ZSI6MTIwMDAwMDAwMDAwMH19",
          "dependencies": [
            "aws_vpc.hongkong-vpc"
          ]
        }
      ]
    },
    {
      "mode": "managed",
      "type": "aws_internet_gateway",
      "name": "london-igw",
      "provider": "provider[\"registry.terraform.io/hashicorp/aws\"].london",
      "instances": [
        {
          "schema_version": 0,
          "attributes": {
            "arn": "arn:aws:ec2:eu-west-2:864899853524:internet-gateway/igw-00a0e0e2b103e33bb",
            "id": "igw-00a0e0e2b103e33bb",
            "owner_id": "864899853524",
            "tags": {
              "Name": "PROD-London-igw",
              "Owner": "MATTRESS AVENGERS",
              "Service": "Armageddon Phase 1"
            },
            "tags_all": {
              "Name": "PROD-London-igw",
              "Owner": "MATTRESS AVENGERS",
              "Service": "Armageddon Phase 1"
            },
            "timeouts": null,
            "vpc_id": "vpc-0ffc5cd7bc165c115"
          },
          "sensitive_attributes": [],
          "private": "eyJlMmJmYjczMC1lY2FhLTExZTYtOGY4OC0zNDM2M2JjN2M0YzAiOnsiY3JlYXRlIjoxMjAwMDAwMDAwMDAwLCJkZWxldGUiOjEyMDAwMDAwMDAwMDAsInVwZGF0ZSI6MTIwMDAwMDAwMDAwMH19",
          "dependencies": [
            "aws_vpc.london-vpc"
          ]
        }
      ]
    },
    {
      "mode": "managed",
      "type": "aws_internet_gateway",
      "name": "newyork-igw",
      "provider": "provider[\"registry.terraform.io/hashicorp/aws\"].new-york",
      "instances": [
        {
          "schema_version": 0,
          "attributes": {
            "arn": "arn:aws:ec2:us-east-1:864899853524:internet-gateway/igw-041a1c2db6a0ad02b",
            "id": "igw-041a1c2db6a0ad02b",
            "owner_id": "864899853524",
            "tags": {
              "Name": "PROD-New York-igw",
              "Owner": "MATTRESS AVENGERS",
              "Service": "Armageddon Phase 1"
            },
            "tags_all": {
              "Name": "PROD-New York-igw",
              "Owner": "MATTRESS AVENGERS",
              "Service": "Armageddon Phase 1"
            },
            "timeouts": null,
            "vpc_id": "vpc-00c8befd9fc980836"
          },
          "sensitive_attributes": [],
          "private": "eyJlMmJmYjczMC1lY2FhLTExZTYtOGY4OC0zNDM2M2JjN2M0YzAiOnsiY3JlYXRlIjoxMjAwMDAwMDAwMDAwLCJkZWxldGUiOjEyMDAwMDAwMDAwMDAsInVwZGF0ZSI6MTIwMDAwMDAwMDAwMH19",
          "dependencies": [
            "aws_vpc.newyork-vpc"
          ]
        }
      ]
    },
    {
      "mode": "managed",
      "type": "aws_internet_gateway",
      "name": "saopaulo-igw",
      "provider": "provider[\"registry.terraform.io/hashicorp/aws\"].sao-paulo",
      "instances": [
        {
          "schema_version": 0,
          "attributes": {
            "arn": "arn:aws:ec2:sa-east-1:864899853524:internet-gateway/igw-0b7e5d13327bd6e72",
            "id": "igw-0b7e5d13327bd6e72",
            "owner_id": "864899853524",
            "tags": {
              "Name": "PROD-Saup-Paulo-igw",
              "Owner": "MATTRESS AVENGERS",
              "Service": "Armageddon Phase 1"
            },
            "tags_all": {
              "Name": "PROD-Saup-Paulo-igw",
              "Owner": "MATTRESS AVENGERS",
              "Service": "Armageddon Phase 1"
            },
            "timeouts": null,
            "vpc_id": "vpc-0fd0255b69bcef259"
          },
          "sensitive_attributes": [],
          "private": "eyJlMmJmYjczMC1lY2FhLTExZTYtOGY4OC0zNDM2M2JjN2M0YzAiOnsiY3JlYXRlIjoxMjAwMDAwMDAwMDAwLCJkZWxldGUiOjEyMDAwMDAwMDAwMDAsInVwZGF0ZSI6MTIwMDAwMDAwMDAwMH19",
          "dependencies": [
            "aws_vpc.saopaulo-vpc"
          ]
        }
      ]
    },
    {
      "mode": "managed",
      "type": "aws_internet_gateway",
      "name": "tokyo-igw",
      "provider": "provider[\"registry.terraform.io/hashicorp/aws\"].tokyo",
      "instances": [
        {
          "schema_version": 0,
          "attributes": {
            "arn": "arn:aws:ec2:ap-northeast-1:864899853524:internet-gateway/igw-0551245b36616246f",
            "id": "igw-0551245b36616246f",
            "owner_id": "864899853524",
            "tags": {
              "Name": "PROD-Tokyo-igw",
              "Owner": "MATTRESS AVENGERS",
              "Service": "Armageddon Phase 1"
            },
            "tags_all": {
              "Name": "PROD-Tokyo-igw",
              "Owner": "MATTRESS AVENGERS",
              "Service": "Armageddon Phase 1"
            },
            "timeouts": null,
            "vpc_id": "vpc-0a0e8a6e51d409e5c"
          },
          "sensitive_attributes": [],
          "private": "eyJlMmJmYjczMC1lY2FhLTExZTYtOGY4OC0zNDM2M2JjN2M0YzAiOnsiY3JlYXRlIjoxMjAwMDAwMDAwMDAwLCJkZWxldGUiOjEyMDAwMDAwMDAwMDAsInVwZGF0ZSI6MTIwMDAwMDAwMDAwMH19",
          "dependencies": [
            "aws_vpc.tokyo-vpc"
          ]
        }
      ]
    },
    {
      "mode": "managed",
      "type": "aws_internet_gateway",
      "name": "tokyotest-igw",
      "provider": "provider[\"registry.terraform.io/hashicorp/aws\"].tokyo-testb",
      "instances": [
        {
          "schema_version": 0,
          "attributes": {
            "arn": "arn:aws:ec2:ap-northeast-1:864899853524:internet-gateway/igw-016074ce5c6ce50ad",
            "id": "igw-016074ce5c6ce50ad",
            "owner_id": "864899853524",
            "tags": {
              "Name": "TokyoTest_IG",
              "Owner": "MATTRESS AVENGERS",
              "Service": "Armageddon Phase 1"
            },
            "tags_all": {
              "Name": "TokyoTest_IG",
              "Owner": "MATTRESS AVENGERS",
              "Service": "Armageddon Phase 1"
            },
            "timeouts": null,
            "vpc_id": "vpc-04ad607f3e937193f"
          },
          "sensitive_attributes": [],
          "private": "eyJlMmJmYjczMC1lY2FhLTExZTYtOGY4OC0zNDM2M2JjN2M0YzAiOnsiY3JlYXRlIjoxMjAwMDAwMDAwMDAwLCJkZWxldGUiOjEyMDAwMDAwMDAwMDAsInVwZGF0ZSI6MTIwMDAwMDAwMDAwMH19",
          "dependencies": [
            "aws_vpc.tokyotest-vpc"
          ]
        }
      ]
    },
    {
      "mode": "managed",
      "type": "aws_key_pair",
      "name": "australia-key-pair",
      "provider": "provider[\"registry.terraform.io/hashicorp/aws\"].australia",
      "instances": [
        {
          "schema_version": 1,
          "attributes": {
            "arn": "arn:aws:ec2:ap-southeast-2:864899853524:key-pair/australia-key-pair",
            "fingerprint": "38:82:26:a6:48:1c:7a:a1:f6:0b:19:3d:9c:d1:e4:69",
            "id": "australia-key-pair",
            "key_name": "australia-key-pair",
            "key_name_prefix": "",
            "key_pair_id": "key-0b9b6fae93326656b",
            "key_type": "rsa",
            "public_key": "ssh-rsa AAAAB3NzaC1yc2EAAAADAQABAAACAQColsMrQEdTKMROH7TV/LHQPARVfz0hZY7oOPbEz3YBVcFi6YIVqIVtsw+oboiR+G4+QrFjfyBaobIjS90IjVEM98lErMHq34JBa1sAcH4NpOks6Bc7wDF/E6nTWplQenZB2vnjzi1OKzesePHZEhFzgf8PL27USqDyADRkGRFjOaByiIFnnO1TM9HoiVlPGYzL64+CYTJA9PU9zJ3v9AP3oaj4cgRc+J1JDP3JSCEIV/NSw2xvCKNwtt1htVFpoPHp10gvtSoAEk0L1HQ8IkPXZD0gO7Cyo4NSBiIar5rmHRYVjFVCVLq2jl0NTTwJFPDsSFcDFBRU5CtVORp3vD9H2Z4WoTSDfAvjEKDNecznZAS3KX7UZ15LjzC5gU0HnYWSkDV01ZJKZQ2WSSZSwuQm3RQQAmTSGW9jE5XPB+027H9ONBUBAa+2HHinH+AQkrwOGvM9ZRC35s62pJlMRRcVWT43gqDTkcdplDOSkXLvrzlUsyaSAqIjCCIezp7In6mChgMOTIuy+8Rb01x8KuTz2D80spQqytbfTPqPqVyDM7MXdn7Jg0p30Z6W3h501ASFvf0KhuFtVMbeblo7+9F5rjNbMb6vAHDYiljHfF++T6MQ0ev2dmew+xxche8UlnR0yS9OwEqwTACZojj9gtqSN9wNBaCYfsi3Zj3smWTO6w== nopretendersmusicgroup@Alastairs-MacBook-Pro.local",
            "tags": null,
            "tags_all": {}
          },
          "sensitive_attributes": [],
          "private": "eyJzY2hlbWFfdmVyc2lvbiI6IjEifQ=="
        }
      ]
    },
    {
      "mode": "managed",
      "type": "aws_key_pair",
      "name": "california-key-pair",
      "provider": "provider[\"registry.terraform.io/hashicorp/aws\"].california",
      "instances": [
        {
          "schema_version": 1,
          "attributes": {
            "arn": "arn:aws:ec2:us-west-1:864899853524:key-pair/california-key-pair",
            "fingerprint": "38:82:26:a6:48:1c:7a:a1:f6:0b:19:3d:9c:d1:e4:69",
            "id": "california-key-pair",
            "key_name": "california-key-pair",
            "key_name_prefix": "",
            "key_pair_id": "key-0d313cbe4d2315f64",
            "key_type": "rsa",
            "public_key": "ssh-rsa AAAAB3NzaC1yc2EAAAADAQABAAACAQColsMrQEdTKMROH7TV/LHQPARVfz0hZY7oOPbEz3YBVcFi6YIVqIVtsw+oboiR+G4+QrFjfyBaobIjS90IjVEM98lErMHq34JBa1sAcH4NpOks6Bc7wDF/E6nTWplQenZB2vnjzi1OKzesePHZEhFzgf8PL27USqDyADRkGRFjOaByiIFnnO1TM9HoiVlPGYzL64+CYTJA9PU9zJ3v9AP3oaj4cgRc+J1JDP3JSCEIV/NSw2xvCKNwtt1htVFpoPHp10gvtSoAEk0L1HQ8IkPXZD0gO7Cyo4NSBiIar5rmHRYVjFVCVLq2jl0NTTwJFPDsSFcDFBRU5CtVORp3vD9H2Z4WoTSDfAvjEKDNecznZAS3KX7UZ15LjzC5gU0HnYWSkDV01ZJKZQ2WSSZSwuQm3RQQAmTSGW9jE5XPB+027H9ONBUBAa+2HHinH+AQkrwOGvM9ZRC35s62pJlMRRcVWT43gqDTkcdplDOSkXLvrzlUsyaSAqIjCCIezp7In6mChgMOTIuy+8Rb01x8KuTz2D80spQqytbfTPqPqVyDM7MXdn7Jg0p30Z6W3h501ASFvf0KhuFtVMbeblo7+9F5rjNbMb6vAHDYiljHfF++T6MQ0ev2dmew+xxche8UlnR0yS9OwEqwTACZojj9gtqSN9wNBaCYfsi3Zj3smWTO6w== nopretendersmusicgroup@Alastairs-MacBook-Pro.local",
            "tags": null,
            "tags_all": {}
          },
          "sensitive_attributes": [],
          "private": "eyJzY2hlbWFfdmVyc2lvbiI6IjEifQ=="
        }
      ]
    },
    {
      "mode": "managed",
      "type": "aws_key_pair",
      "name": "hongkong-key-pair",
      "provider": "provider[\"registry.terraform.io/hashicorp/aws\"].hong-kong",
      "instances": [
        {
          "schema_version": 1,
          "attributes": {
            "arn": "arn:aws:ec2:ap-east-1:864899853524:key-pair/hongkong-key-pair",
            "fingerprint": "38:82:26:a6:48:1c:7a:a1:f6:0b:19:3d:9c:d1:e4:69",
            "id": "hongkong-key-pair",
            "key_name": "hongkong-key-pair",
            "key_name_prefix": "",
            "key_pair_id": "key-02d6c41014471541e",
            "key_type": "rsa",
            "public_key": "ssh-rsa AAAAB3NzaC1yc2EAAAADAQABAAACAQColsMrQEdTKMROH7TV/LHQPARVfz0hZY7oOPbEz3YBVcFi6YIVqIVtsw+oboiR+G4+QrFjfyBaobIjS90IjVEM98lErMHq34JBa1sAcH4NpOks6Bc7wDF/E6nTWplQenZB2vnjzi1OKzesePHZEhFzgf8PL27USqDyADRkGRFjOaByiIFnnO1TM9HoiVlPGYzL64+CYTJA9PU9zJ3v9AP3oaj4cgRc+J1JDP3JSCEIV/NSw2xvCKNwtt1htVFpoPHp10gvtSoAEk0L1HQ8IkPXZD0gO7Cyo4NSBiIar5rmHRYVjFVCVLq2jl0NTTwJFPDsSFcDFBRU5CtVORp3vD9H2Z4WoTSDfAvjEKDNecznZAS3KX7UZ15LjzC5gU0HnYWSkDV01ZJKZQ2WSSZSwuQm3RQQAmTSGW9jE5XPB+027H9ONBUBAa+2HHinH+AQkrwOGvM9ZRC35s62pJlMRRcVWT43gqDTkcdplDOSkXLvrzlUsyaSAqIjCCIezp7In6mChgMOTIuy+8Rb01x8KuTz2D80spQqytbfTPqPqVyDM7MXdn7Jg0p30Z6W3h501ASFvf0KhuFtVMbeblo7+9F5rjNbMb6vAHDYiljHfF++T6MQ0ev2dmew+xxche8UlnR0yS9OwEqwTACZojj9gtqSN9wNBaCYfsi3Zj3smWTO6w== nopretendersmusicgroup@Alastairs-MacBook-Pro.local",
            "tags": null,
            "tags_all": {}
          },
          "sensitive_attributes": [],
          "private": "eyJzY2hlbWFfdmVyc2lvbiI6IjEifQ=="
        }
      ]
    },
    {
      "mode": "managed",
      "type": "aws_key_pair",
      "name": "london-key-pair",
      "provider": "provider[\"registry.terraform.io/hashicorp/aws\"].london",
      "instances": [
        {
          "schema_version": 1,
          "attributes": {
            "arn": "arn:aws:ec2:eu-west-2:864899853524:key-pair/london-key-pair",
            "fingerprint": "38:82:26:a6:48:1c:7a:a1:f6:0b:19:3d:9c:d1:e4:69",
            "id": "london-key-pair",
            "key_name": "london-key-pair",
            "key_name_prefix": "",
            "key_pair_id": "key-093d29a4e32102d65",
            "key_type": "rsa",
            "public_key": "ssh-rsa AAAAB3NzaC1yc2EAAAADAQABAAACAQColsMrQEdTKMROH7TV/LHQPARVfz0hZY7oOPbEz3YBVcFi6YIVqIVtsw+oboiR+G4+QrFjfyBaobIjS90IjVEM98lErMHq34JBa1sAcH4NpOks6Bc7wDF/E6nTWplQenZB2vnjzi1OKzesePHZEhFzgf8PL27USqDyADRkGRFjOaByiIFnnO1TM9HoiVlPGYzL64+CYTJA9PU9zJ3v9AP3oaj4cgRc+J1JDP3JSCEIV/NSw2xvCKNwtt1htVFpoPHp10gvtSoAEk0L1HQ8IkPXZD0gO7Cyo4NSBiIar5rmHRYVjFVCVLq2jl0NTTwJFPDsSFcDFBRU5CtVORp3vD9H2Z4WoTSDfAvjEKDNecznZAS3KX7UZ15LjzC5gU0HnYWSkDV01ZJKZQ2WSSZSwuQm3RQQAmTSGW9jE5XPB+027H9ONBUBAa+2HHinH+AQkrwOGvM9ZRC35s62pJlMRRcVWT43gqDTkcdplDOSkXLvrzlUsyaSAqIjCCIezp7In6mChgMOTIuy+8Rb01x8KuTz2D80spQqytbfTPqPqVyDM7MXdn7Jg0p30Z6W3h501ASFvf0KhuFtVMbeblo7+9F5rjNbMb6vAHDYiljHfF++T6MQ0ev2dmew+xxche8UlnR0yS9OwEqwTACZojj9gtqSN9wNBaCYfsi3Zj3smWTO6w== nopretendersmusicgroup@Alastairs-MacBook-Pro.local",
            "tags": null,
            "tags_all": {}
          },
          "sensitive_attributes": [],
          "private": "eyJzY2hlbWFfdmVyc2lvbiI6IjEifQ=="
        }
      ]
    },
    {
      "mode": "managed",
      "type": "aws_key_pair",
      "name": "newyork-key-pair",
      "provider": "provider[\"registry.terraform.io/hashicorp/aws\"].new-york",
      "instances": [
        {
          "schema_version": 1,
          "attributes": {
            "arn": "arn:aws:ec2:us-east-1:864899853524:key-pair/newyork-key-pair",
            "fingerprint": "38:82:26:a6:48:1c:7a:a1:f6:0b:19:3d:9c:d1:e4:69",
            "id": "newyork-key-pair",
            "key_name": "newyork-key-pair",
            "key_name_prefix": "",
            "key_pair_id": "key-0ef0cc44d8be5e41c",
            "key_type": "rsa",
            "public_key": "ssh-rsa AAAAB3NzaC1yc2EAAAADAQABAAACAQColsMrQEdTKMROH7TV/LHQPARVfz0hZY7oOPbEz3YBVcFi6YIVqIVtsw+oboiR+G4+QrFjfyBaobIjS90IjVEM98lErMHq34JBa1sAcH4NpOks6Bc7wDF/E6nTWplQenZB2vnjzi1OKzesePHZEhFzgf8PL27USqDyADRkGRFjOaByiIFnnO1TM9HoiVlPGYzL64+CYTJA9PU9zJ3v9AP3oaj4cgRc+J1JDP3JSCEIV/NSw2xvCKNwtt1htVFpoPHp10gvtSoAEk0L1HQ8IkPXZD0gO7Cyo4NSBiIar5rmHRYVjFVCVLq2jl0NTTwJFPDsSFcDFBRU5CtVORp3vD9H2Z4WoTSDfAvjEKDNecznZAS3KX7UZ15LjzC5gU0HnYWSkDV01ZJKZQ2WSSZSwuQm3RQQAmTSGW9jE5XPB+027H9ONBUBAa+2HHinH+AQkrwOGvM9ZRC35s62pJlMRRcVWT43gqDTkcdplDOSkXLvrzlUsyaSAqIjCCIezp7In6mChgMOTIuy+8Rb01x8KuTz2D80spQqytbfTPqPqVyDM7MXdn7Jg0p30Z6W3h501ASFvf0KhuFtVMbeblo7+9F5rjNbMb6vAHDYiljHfF++T6MQ0ev2dmew+xxche8UlnR0yS9OwEqwTACZojj9gtqSN9wNBaCYfsi3Zj3smWTO6w== nopretendersmusicgroup@Alastairs-MacBook-Pro.local",
            "tags": null,
            "tags_all": {}
          },
          "sensitive_attributes": [],
          "private": "eyJzY2hlbWFfdmVyc2lvbiI6IjEifQ=="
        }
      ]
    },
    {
      "mode": "managed",
      "type": "aws_key_pair",
      "name": "saopaulo-key-pair",
      "provider": "provider[\"registry.terraform.io/hashicorp/aws\"].sao-paulo",
      "instances": [
        {
          "schema_version": 1,
          "attributes": {
            "arn": "arn:aws:ec2:sa-east-1:864899853524:key-pair/saopaulo-key-pair",
            "fingerprint": "38:82:26:a6:48:1c:7a:a1:f6:0b:19:3d:9c:d1:e4:69",
            "id": "saopaulo-key-pair",
            "key_name": "saopaulo-key-pair",
            "key_name_prefix": "",
            "key_pair_id": "key-0072894d1deeb7a41",
            "key_type": "rsa",
            "public_key": "ssh-rsa AAAAB3NzaC1yc2EAAAADAQABAAACAQColsMrQEdTKMROH7TV/LHQPARVfz0hZY7oOPbEz3YBVcFi6YIVqIVtsw+oboiR+G4+QrFjfyBaobIjS90IjVEM98lErMHq34JBa1sAcH4NpOks6Bc7wDF/E6nTWplQenZB2vnjzi1OKzesePHZEhFzgf8PL27USqDyADRkGRFjOaByiIFnnO1TM9HoiVlPGYzL64+CYTJA9PU9zJ3v9AP3oaj4cgRc+J1JDP3JSCEIV/NSw2xvCKNwtt1htVFpoPHp10gvtSoAEk0L1HQ8IkPXZD0gO7Cyo4NSBiIar5rmHRYVjFVCVLq2jl0NTTwJFPDsSFcDFBRU5CtVORp3vD9H2Z4WoTSDfAvjEKDNecznZAS3KX7UZ15LjzC5gU0HnYWSkDV01ZJKZQ2WSSZSwuQm3RQQAmTSGW9jE5XPB+027H9ONBUBAa+2HHinH+AQkrwOGvM9ZRC35s62pJlMRRcVWT43gqDTkcdplDOSkXLvrzlUsyaSAqIjCCIezp7In6mChgMOTIuy+8Rb01x8KuTz2D80spQqytbfTPqPqVyDM7MXdn7Jg0p30Z6W3h501ASFvf0KhuFtVMbeblo7+9F5rjNbMb6vAHDYiljHfF++T6MQ0ev2dmew+xxche8UlnR0yS9OwEqwTACZojj9gtqSN9wNBaCYfsi3Zj3smWTO6w== nopretendersmusicgroup@Alastairs-MacBook-Pro.local",
            "tags": null,
            "tags_all": {}
          },
          "sensitive_attributes": [],
          "private": "eyJzY2hlbWFfdmVyc2lvbiI6IjEifQ=="
        }
      ]
    },
    {
      "mode": "managed",
      "type": "aws_key_pair",
      "name": "tokyo-key-pair",
      "provider": "provider[\"registry.terraform.io/hashicorp/aws\"].tokyo",
      "instances": [
        {
          "schema_version": 1,
          "attributes": {
            "arn": "arn:aws:ec2:ap-northeast-1:864899853524:key-pair/tokyo-key-pair",
            "fingerprint": "38:82:26:a6:48:1c:7a:a1:f6:0b:19:3d:9c:d1:e4:69",
            "id": "tokyo-key-pair",
            "key_name": "tokyo-key-pair",
            "key_name_prefix": "",
            "key_pair_id": "key-09a85e50d16b0b114",
            "key_type": "rsa",
            "public_key": "ssh-rsa AAAAB3NzaC1yc2EAAAADAQABAAACAQColsMrQEdTKMROH7TV/LHQPARVfz0hZY7oOPbEz3YBVcFi6YIVqIVtsw+oboiR+G4+QrFjfyBaobIjS90IjVEM98lErMHq34JBa1sAcH4NpOks6Bc7wDF/E6nTWplQenZB2vnjzi1OKzesePHZEhFzgf8PL27USqDyADRkGRFjOaByiIFnnO1TM9HoiVlPGYzL64+CYTJA9PU9zJ3v9AP3oaj4cgRc+J1JDP3JSCEIV/NSw2xvCKNwtt1htVFpoPHp10gvtSoAEk0L1HQ8IkPXZD0gO7Cyo4NSBiIar5rmHRYVjFVCVLq2jl0NTTwJFPDsSFcDFBRU5CtVORp3vD9H2Z4WoTSDfAvjEKDNecznZAS3KX7UZ15LjzC5gU0HnYWSkDV01ZJKZQ2WSSZSwuQm3RQQAmTSGW9jE5XPB+027H9ONBUBAa+2HHinH+AQkrwOGvM9ZRC35s62pJlMRRcVWT43gqDTkcdplDOSkXLvrzlUsyaSAqIjCCIezp7In6mChgMOTIuy+8Rb01x8KuTz2D80spQqytbfTPqPqVyDM7MXdn7Jg0p30Z6W3h501ASFvf0KhuFtVMbeblo7+9F5rjNbMb6vAHDYiljHfF++T6MQ0ev2dmew+xxche8UlnR0yS9OwEqwTACZojj9gtqSN9wNBaCYfsi3Zj3smWTO6w== nopretendersmusicgroup@Alastairs-MacBook-Pro.local",
            "tags": null,
            "tags_all": {}
          },
          "sensitive_attributes": [],
          "private": "eyJzY2hlbWFfdmVyc2lvbiI6IjEifQ=="
        }
      ]
    },
    {
      "mode": "managed",
      "type": "aws_launch_template",
      "name": "australia-LT",
      "provider": "provider[\"registry.terraform.io/hashicorp/aws\"].australia",
      "instances": [
        {
          "schema_version": 0,
          "attributes": {
            "arn": "arn:aws:ec2:ap-southeast-2:864899853524:launch-template/lt-0f4d613b3c4127472",
            "block_device_mappings": [],
            "capacity_reservation_specification": [],
            "cpu_options": [],
            "credit_specification": [],
            "default_version": 1,
            "description": "",
            "disable_api_stop": false,
            "disable_api_termination": false,
            "ebs_optimized": "",
            "elastic_gpu_specifications": [],
            "elastic_inference_accelerator": [],
            "enclave_options": [],
            "hibernation_options": [],
            "iam_instance_profile": [],
            "id": "lt-0f4d613b3c4127472",
            "image_id": "ami-0d6560f3176dc9ec0",
            "instance_initiated_shutdown_behavior": "",
            "instance_market_options": [],
            "instance_requirements": [],
            "instance_type": "t2.micro",
            "kernel_id": "",
            "key_name": "australia-key-pair",
            "latest_version": 1,
            "license_specification": [],
            "maintenance_options": [],
            "metadata_options": [],
            "monitoring": [],
            "name": "australia-LT20241214134653409900000003",
            "name_prefix": "australia-LT",
            "network_interfaces": [],
            "placement": [],
            "private_dns_name_options": [],
            "ram_disk_id": "",
            "security_group_names": null,
            "tag_specifications": [
              {
                "resource_type": "instance",
                "tags": {
                  "Name": "australia-LT",
                  "Owner": "MATTRESS AVENGERS",
                  "Service": "Armageddon Phase 1"
                }
              }
            ],
            "tags": null,
            "tags_all": {},
            "update_default_version": null,
            "user_data": "IyEvYmluL2Jhc2gKeXVtIHVwZGF0ZSAteQp5dW0gaW5zdGFsbCAteSBodHRwZApzeXN0ZW1jdGwgc3RhcnQgaHR0cGQKc3lzdGVtY3RsIGVuYWJsZSBodHRwZAoKIyBHZXQgdGhlIElNRFN2MiB0b2tlbgpUT0tFTj0kKGN1cmwgLVggUFVUICJodHRwOi8vMTY5LjI1NC4xNjkuMjU0L2xhdGVzdC9hcGkvdG9rZW4iIC1IICJYLWF3cy1lYzItbWV0YWRhdGEtdG9rZW4tdHRsLXNlY29uZHM6IDIxNjAwIikKCiMgQmFja2dyb3VuZCB0aGUgY3VybCByZXF1ZXN0cwpjdXJsIC1IICJYLWF3cy1lYzItbWV0YWRhdGEtdG9rZW46ICRUT0tFTiIgLXMgaHR0cDovLzE2OS4yNTQuMTY5LjI1NC9sYXRlc3QvbWV0YS1kYXRhL2xvY2FsLWlwdjQgJj4gL3RtcC9sb2NhbF9pcHY0ICYKY3VybCAtSCAiWC1hd3MtZWMyLW1ldGFkYXRhLXRva2VuOiAkVE9LRU4iIC1zIGh0dHA6Ly8xNjkuMjU0LjE2OS4yNTQvbGF0ZXN0L21ldGEtZGF0YS9wbGFjZW1lbnQvYXZhaWxhYmlsaXR5LXpvbmUgJj4gL3RtcC9heiAmCmN1cmwgLUggIlgtYXdzLWVjMi1tZXRhZGF0YS10b2tlbjogJFRPS0VOIiAtcyBodHRwOi8vMTY5LjI1NC4xNjkuMjU0L2xhdGVzdC9tZXRhLWRhdGEvbmV0d29yay9pbnRlcmZhY2VzL21hY3MvICY+IC90bXAvbWFjaWQgJgp3YWl0CgptYWNpZD0kKGNhdCAvdG1wL21hY2lkKQpsb2NhbF9pcHY0PSQoY2F0IC90bXAvbG9jYWxfaXB2NCkKYXo9JChjYXQgL3RtcC9heikKdnBjPSQoY3VybCAtSCAiWC1hd3MtZWMyLW1ldGFkYXRhLXRva2VuOiAkVE9LRU4iIC1zIGh0dHA6Ly8xNjkuMjU0LjE2OS4yNTQvbGF0ZXN0L21ldGEtZGF0YS9uZXR3b3JrL2ludGVyZmFjZXMvbWFjcy8kbWFjaWQvdnBjLWlkKQoKIyBDcmVhdGUgSFRNTCBmaWxlCmNhdCA8PC1IVE1MID4gL3Zhci93d3cvaHRtbC9pbmRleC5odG1sCjwhZG9jdHlwZSBodG1sPgo8aHRtbCBsYW5nPSJlbiIgY2xhc3M9ImgtMTAwIj4KPGhlYWQ+Cjx0aXRsZT5DYXNleSBNb3JyaXMgLSBDbGFzcyA2PC90aXRsZT4KPC9oZWFkPgo8Ym9keT4KPGRpdj4KPGgxPk1hdHRyZXNzIEF2ZW5nZXJzIEFybWFnZWRkb248L2gxPgo8aDE+Q2hhaW5zIEJyb2tlbiBpbiBBdXN0cmFsaWE8L2gxPgo8cD48Yj5JbnN0YW5jZSBOYW1lOjwvYj4gJChob3N0bmFtZSAtZikgPC9wPgo8cD48Yj5JbnN0YW5jZSBQcml2YXRlIElwIEFkZHJlc3M6IDwvYj4gJGxvY2FsX2lwdjQ8L3A+CjxwPjxiPkF2YWlsYWJpbGl0eSBab25lOiA8L2I+ICRhejwvcD4KPHA+PGI+VmlydHVhbCBQcml2YXRlIENsb3VkIChWUEMpOjwvYj4gJHZwYzwvcD4KPC9kaXY+CjwvYm9keT4KPC9odG1sPgpIVE1MCgojIENsZWFuIHVwIHRoZSB0ZW1wIGZpbGVzCnJtIC1mIC90bXAvbG9jYWxfaXB2NCAvdG1wL2F6IC90bXAvbWFjaWQK",
            "vpc_security_group_ids": [
              "sg-0376f3229f27c3b68"
            ]
          },
          "sensitive_attributes": [],
          "private": "bnVsbA==",
          "dependencies": [
            "aws_security_group.australia-SG01-ASG01",
            "aws_vpc.australia-vpc",
            "data.aws_ami.australia-ami"
          ],
          "create_before_destroy": true
        }
      ]
    },
    {
      "mode": "managed",
      "type": "aws_launch_template",
      "name": "california-LT",
      "provider": "provider[\"registry.terraform.io/hashicorp/aws\"].california",
      "instances": [
        {
          "schema_version": 0,
          "attributes": {
            "arn": "arn:aws:ec2:us-west-1:864899853524:launch-template/lt-0717500c96a03511b",
            "block_device_mappings": [],
            "capacity_reservation_specification": [],
            "cpu_options": [],
            "credit_specification": [],
            "default_version": 1,
            "description": "",
            "disable_api_stop": false,
            "disable_api_termination": false,
            "ebs_optimized": "",
            "elastic_gpu_specifications": [],
            "elastic_inference_accelerator": [],
            "enclave_options": [],
            "hibernation_options": [],
            "iam_instance_profile": [],
            "id": "lt-0717500c96a03511b",
            "image_id": "ami-0aa117785d1c1bfe5",
            "instance_initiated_shutdown_behavior": "",
            "instance_market_options": [],
            "instance_requirements": [],
            "instance_type": "t2.micro",
            "kernel_id": "",
            "key_name": "california-key-pair",
            "latest_version": 1,
            "license_specification": [],
            "maintenance_options": [],
            "metadata_options": [],
            "monitoring": [],
            "name": "california-LT20241214134440547600000003",
            "name_prefix": "california-LT",
            "network_interfaces": [],
            "placement": [],
            "private_dns_name_options": [],
            "ram_disk_id": "",
            "security_group_names": null,
            "tag_specifications": [
              {
                "resource_type": "instance",
                "tags": {
                  "Name": "california-LT",
                  "Owner": "MATTRESS AVENGERS",
                  "Service": "Armageddon Phase 1"
                }
              }
            ],
            "tags": null,
            "tags_all": {},
            "update_default_version": null,
            "user_data": "IyEvYmluL2Jhc2gKeXVtIHVwZGF0ZSAteQp5dW0gaW5zdGFsbCAteSBodHRwZApzeXN0ZW1jdGwgc3RhcnQgaHR0cGQKc3lzdGVtY3RsIGVuYWJsZSBodHRwZAoKIyBHZXQgdGhlIElNRFN2MiB0b2tlbgpUT0tFTj0kKGN1cmwgLVggUFVUICJodHRwOi8vMTY5LjI1NC4xNjkuMjU0L2xhdGVzdC9hcGkvdG9rZW4iIC1IICJYLWF3cy1lYzItbWV0YWRhdGEtdG9rZW4tdHRsLXNlY29uZHM6IDIxNjAwIikKCiMgQmFja2dyb3VuZCB0aGUgY3VybCByZXF1ZXN0cwpjdXJsIC1IICJYLWF3cy1lYzItbWV0YWRhdGEtdG9rZW46ICRUT0tFTiIgLXMgaHR0cDovLzE2OS4yNTQuMTY5LjI1NC9sYXRlc3QvbWV0YS1kYXRhL2xvY2FsLWlwdjQgJj4gL3RtcC9sb2NhbF9pcHY0ICYKY3VybCAtSCAiWC1hd3MtZWMyLW1ldGFkYXRhLXRva2VuOiAkVE9LRU4iIC1zIGh0dHA6Ly8xNjkuMjU0LjE2OS4yNTQvbGF0ZXN0L21ldGEtZGF0YS9wbGFjZW1lbnQvYXZhaWxhYmlsaXR5LXpvbmUgJj4gL3RtcC9heiAmCmN1cmwgLUggIlgtYXdzLWVjMi1tZXRhZGF0YS10b2tlbjogJFRPS0VOIiAtcyBodHRwOi8vMTY5LjI1NC4xNjkuMjU0L2xhdGVzdC9tZXRhLWRhdGEvbmV0d29yay9pbnRlcmZhY2VzL21hY3MvICY+IC90bXAvbWFjaWQgJgp3YWl0CgptYWNpZD0kKGNhdCAvdG1wL21hY2lkKQpsb2NhbF9pcHY0PSQoY2F0IC90bXAvbG9jYWxfaXB2NCkKYXo9JChjYXQgL3RtcC9heikKdnBjPSQoY3VybCAtSCAiWC1hd3MtZWMyLW1ldGFkYXRhLXRva2VuOiAkVE9LRU4iIC1zIGh0dHA6Ly8xNjkuMjU0LjE2OS4yNTQvbGF0ZXN0L21ldGEtZGF0YS9uZXR3b3JrL2ludGVyZmFjZXMvbWFjcy8kbWFjaWQvdnBjLWlkKQoKIyBDcmVhdGUgSFRNTCBmaWxlCmNhdCA8PC1IVE1MID4gL3Zhci93d3cvaHRtbC9pbmRleC5odG1sCjwhZG9jdHlwZSBodG1sPgo8aHRtbCBsYW5nPSJlbiIgY2xhc3M9ImgtMTAwIj4KPGhlYWQ+Cjx0aXRsZT5DYXNleSBNb3JyaXMgLSBDbGFzcyA2PC90aXRsZT4KPC9oZWFkPgo8Ym9keT4KPGRpdj4KPGgxPk1hdHRyZXNzIEF2ZW5nZXJzIEFybWFnZWRkb248L2gxPgo8aDE+Q2hhaW5zIEJyb2tlbiBpbiBDYWxpZm9ybmlhPC9oMT4KPHA+PGI+SW5zdGFuY2UgTmFtZTo8L2I+ICQoaG9zdG5hbWUgLWYpIDwvcD4KPHA+PGI+SW5zdGFuY2UgUHJpdmF0ZSBJcCBBZGRyZXNzOiA8L2I+ICRsb2NhbF9pcHY0PC9wPgo8cD48Yj5BdmFpbGFiaWxpdHkgWm9uZTogPC9iPiAkYXo8L3A+CjxwPjxiPlZpcnR1YWwgUHJpdmF0ZSBDbG91ZCAoVlBDKTo8L2I+ICR2cGM8L3A+CjwvZGl2Pgo8L2JvZHk+CjwvaHRtbD4KSFRNTAoKIyBDbGVhbiB1cCB0aGUgdGVtcCBmaWxlcwpybSAtZiAvdG1wL2xvY2FsX2lwdjQgL3RtcC9heiAvdG1wL21hY2lkCg==",
            "vpc_security_group_ids": [
              "sg-0ddb72c574ebe3ebb"
            ]
          },
          "sensitive_attributes": [],
          "private": "bnVsbA==",
          "dependencies": [
            "aws_security_group.california-SG01-ASG01",
            "aws_vpc.california-vpc",
            "data.aws_ami.california-ami"
          ],
          "create_before_destroy": true
        }
      ]
    },
    {
      "mode": "managed",
      "type": "aws_launch_template",
      "name": "hongkong-LT",
      "provider": "provider[\"registry.terraform.io/hashicorp/aws\"].hong-kong",
      "instances": [
        {
          "schema_version": 0,
          "attributes": {
            "arn": "arn:aws:ec2:ap-east-1:864899853524:launch-template/lt-03e870ee1e7fa132e",
            "block_device_mappings": [],
            "capacity_reservation_specification": [],
            "cpu_options": [],
            "credit_specification": [],
            "default_version": 1,
            "description": "",
            "disable_api_stop": false,
            "disable_api_termination": false,
            "ebs_optimized": "",
            "elastic_gpu_specifications": [],
            "elastic_inference_accelerator": [],
            "enclave_options": [],
            "hibernation_options": [],
            "iam_instance_profile": [],
            "id": "lt-03e870ee1e7fa132e",
            "image_id": "ami-0a7ea1800b4d7a034",
            "instance_initiated_shutdown_behavior": "",
            "instance_market_options": [],
            "instance_requirements": [],
            "instance_type": "t3.micro",
            "kernel_id": "",
            "key_name": "hongkong-key-pair",
            "latest_version": 1,
            "license_specification": [],
            "maintenance_options": [],
            "metadata_options": [],
            "monitoring": [],
            "name": "hongkong-LT20241214134701078300000003",
            "name_prefix": "hongkong-LT",
            "network_interfaces": [],
            "placement": [],
            "private_dns_name_options": [],
            "ram_disk_id": "",
            "security_group_names": null,
            "tag_specifications": [
              {
                "resource_type": "instance",
                "tags": {
                  "Name": "hongkong-LT",
                  "Owner": "MATTRESS AVENGERS",
                  "Service": "Armageddon Phase 1"
                }
              }
            ],
            "tags": null,
            "tags_all": {},
            "update_default_version": null,
            "user_data": "IyEvYmluL2Jhc2gKeXVtIHVwZGF0ZSAteQp5dW0gaW5zdGFsbCAteSBodHRwZApzeXN0ZW1jdGwgc3RhcnQgaHR0cGQKc3lzdGVtY3RsIGVuYWJsZSBodHRwZAoKIyBHZXQgdGhlIElNRFN2MiB0b2tlbgpUT0tFTj0kKGN1cmwgLVggUFVUICJodHRwOi8vMTY5LjI1NC4xNjkuMjU0L2xhdGVzdC9hcGkvdG9rZW4iIC1IICJYLWF3cy1lYzItbWV0YWRhdGEtdG9rZW4tdHRsLXNlY29uZHM6IDIxNjAwIikKCiMgQmFja2dyb3VuZCB0aGUgY3VybCByZXF1ZXN0cwpjdXJsIC1IICJYLWF3cy1lYzItbWV0YWRhdGEtdG9rZW46ICRUT0tFTiIgLXMgaHR0cDovLzE2OS4yNTQuMTY5LjI1NC9sYXRlc3QvbWV0YS1kYXRhL2xvY2FsLWlwdjQgJj4gL3RtcC9sb2NhbF9pcHY0ICYKY3VybCAtSCAiWC1hd3MtZWMyLW1ldGFkYXRhLXRva2VuOiAkVE9LRU4iIC1zIGh0dHA6Ly8xNjkuMjU0LjE2OS4yNTQvbGF0ZXN0L21ldGEtZGF0YS9wbGFjZW1lbnQvYXZhaWxhYmlsaXR5LXpvbmUgJj4gL3RtcC9heiAmCmN1cmwgLUggIlgtYXdzLWVjMi1tZXRhZGF0YS10b2tlbjogJFRPS0VOIiAtcyBodHRwOi8vMTY5LjI1NC4xNjkuMjU0L2xhdGVzdC9tZXRhLWRhdGEvbmV0d29yay9pbnRlcmZhY2VzL21hY3MvICY+IC90bXAvbWFjaWQgJgp3YWl0CgptYWNpZD0kKGNhdCAvdG1wL21hY2lkKQpsb2NhbF9pcHY0PSQoY2F0IC90bXAvbG9jYWxfaXB2NCkKYXo9JChjYXQgL3RtcC9heikKdnBjPSQoY3VybCAtSCAiWC1hd3MtZWMyLW1ldGFkYXRhLXRva2VuOiAkVE9LRU4iIC1zIGh0dHA6Ly8xNjkuMjU0LjE2OS4yNTQvbGF0ZXN0L21ldGEtZGF0YS9uZXR3b3JrL2ludGVyZmFjZXMvbWFjcy8kbWFjaWQvdnBjLWlkKQoKIyBDcmVhdGUgSFRNTCBmaWxlCmNhdCA8PC1IVE1MID4gL3Zhci93d3cvaHRtbC9pbmRleC5odG1sCjwhZG9jdHlwZSBodG1sPgo8aHRtbCBsYW5nPSJlbiIgY2xhc3M9ImgtMTAwIj4KPGhlYWQ+Cjx0aXRsZT5DYXNleSBNb3JyaXMgLSBDbGFzcyA2PC90aXRsZT4KPC9oZWFkPgo8Ym9keT4KPGRpdj4KPGgxPk1hdHRyZXNzIEF2ZW5nZXJzIEFybWFnZWRkb248L2gxPgo8aDE+Q2hhaW5zIEJyb2tlbiBpbiBIb25nIEtvbmc8L2gxPgo8cD48Yj5JbnN0YW5jZSBOYW1lOjwvYj4gJChob3N0bmFtZSAtZikgPC9wPgo8cD48Yj5JbnN0YW5jZSBQcml2YXRlIElwIEFkZHJlc3M6IDwvYj4gJGxvY2FsX2lwdjQ8L3A+CjxwPjxiPkF2YWlsYWJpbGl0eSBab25lOiA8L2I+ICRhejwvcD4KPHA+PGI+VmlydHVhbCBQcml2YXRlIENsb3VkIChWUEMpOjwvYj4gJHZwYzwvcD4KPC9kaXY+CjwvYm9keT4KPC9odG1sPgpIVE1MCgojIENsZWFuIHVwIHRoZSB0ZW1wIGZpbGVzCnJtIC1mIC90bXAvbG9jYWxfaXB2NCAvdG1wL2F6IC90bXAvbWFjaWQK",
            "vpc_security_group_ids": [
              "sg-061006c5b937640f6"
            ]
          },
          "sensitive_attributes": [],
          "private": "bnVsbA==",
          "dependencies": [
            "aws_security_group.hongkong-SG01-ASG01",
            "aws_vpc.hongkong-vpc",
            "data.aws_ami.hongkong-ami"
          ],
          "create_before_destroy": true
        }
      ]
    },
    {
      "mode": "managed",
      "type": "aws_launch_template",
      "name": "london-LT",
      "provider": "provider[\"registry.terraform.io/hashicorp/aws\"].london",
      "instances": [
        {
          "schema_version": 0,
          "attributes": {
            "arn": "arn:aws:ec2:eu-west-2:864899853524:launch-template/lt-052ab10ac4bdf6769",
            "block_device_mappings": [],
            "capacity_reservation_specification": [],
            "cpu_options": [],
            "credit_specification": [],
            "default_version": 1,
            "description": "",
            "disable_api_stop": false,
            "disable_api_termination": false,
            "ebs_optimized": "",
            "elastic_gpu_specifications": [],
            "elastic_inference_accelerator": [],
            "enclave_options": [],
            "hibernation_options": [],
            "iam_instance_profile": [],
            "id": "lt-052ab10ac4bdf6769",
            "image_id": "ami-019374baf467d6601",
            "instance_initiated_shutdown_behavior": "",
            "instance_market_options": [],
            "instance_requirements": [],
            "instance_type": "t2.micro",
            "kernel_id": "",
            "key_name": "london-key-pair",
            "latest_version": 1,
            "license_specification": [],
            "maintenance_options": [],
            "metadata_options": [],
            "monitoring": [],
            "name": "london-LT20241214134508380700000003",
            "name_prefix": "london-LT",
            "network_interfaces": [],
            "placement": [],
            "private_dns_name_options": [],
            "ram_disk_id": "",
            "security_group_names": null,
            "tag_specifications": [
              {
                "resource_type": "instance",
                "tags": {
                  "Name": "london-LT",
                  "Owner": "MATTRESS AVENGERS",
                  "Service": "Armageddon Phase 1"
                }
              }
            ],
            "tags": null,
            "tags_all": {},
            "update_default_version": null,
            "user_data": "IyEvYmluL2Jhc2gKeXVtIHVwZGF0ZSAteQp5dW0gaW5zdGFsbCAteSBodHRwZApzeXN0ZW1jdGwgc3RhcnQgaHR0cGQKc3lzdGVtY3RsIGVuYWJsZSBodHRwZAoKIyBHZXQgdGhlIElNRFN2MiB0b2tlbgpUT0tFTj0kKGN1cmwgLVggUFVUICJodHRwOi8vMTY5LjI1NC4xNjkuMjU0L2xhdGVzdC9hcGkvdG9rZW4iIC1IICJYLWF3cy1lYzItbWV0YWRhdGEtdG9rZW4tdHRsLXNlY29uZHM6IDIxNjAwIikKCiMgQmFja2dyb3VuZCB0aGUgY3VybCByZXF1ZXN0cwpjdXJsIC1IICJYLWF3cy1lYzItbWV0YWRhdGEtdG9rZW46ICRUT0tFTiIgLXMgaHR0cDovLzE2OS4yNTQuMTY5LjI1NC9sYXRlc3QvbWV0YS1kYXRhL2xvY2FsLWlwdjQgJj4gL3RtcC9sb2NhbF9pcHY0ICYKY3VybCAtSCAiWC1hd3MtZWMyLW1ldGFkYXRhLXRva2VuOiAkVE9LRU4iIC1zIGh0dHA6Ly8xNjkuMjU0LjE2OS4yNTQvbGF0ZXN0L21ldGEtZGF0YS9wbGFjZW1lbnQvYXZhaWxhYmlsaXR5LXpvbmUgJj4gL3RtcC9heiAmCmN1cmwgLUggIlgtYXdzLWVjMi1tZXRhZGF0YS10b2tlbjogJFRPS0VOIiAtcyBodHRwOi8vMTY5LjI1NC4xNjkuMjU0L2xhdGVzdC9tZXRhLWRhdGEvbmV0d29yay9pbnRlcmZhY2VzL21hY3MvICY+IC90bXAvbWFjaWQgJgp3YWl0CgptYWNpZD0kKGNhdCAvdG1wL21hY2lkKQpsb2NhbF9pcHY0PSQoY2F0IC90bXAvbG9jYWxfaXB2NCkKYXo9JChjYXQgL3RtcC9heikKdnBjPSQoY3VybCAtSCAiWC1hd3MtZWMyLW1ldGFkYXRhLXRva2VuOiAkVE9LRU4iIC1zIGh0dHA6Ly8xNjkuMjU0LjE2OS4yNTQvbGF0ZXN0L21ldGEtZGF0YS9uZXR3b3JrL2ludGVyZmFjZXMvbWFjcy8kbWFjaWQvdnBjLWlkKQoKIyBDcmVhdGUgSFRNTCBmaWxlCmNhdCA8PC1IVE1MID4gL3Zhci93d3cvaHRtbC9pbmRleC5odG1sCjwhZG9jdHlwZSBodG1sPgo8aHRtbCBsYW5nPSJlbiIgY2xhc3M9ImgtMTAwIj4KPGhlYWQ+Cjx0aXRsZT5DYXNleSBNb3JyaXMgLSBDbGFzcyA2PC90aXRsZT4KPC9oZWFkPgo8Ym9keT4KPGRpdj4KPGgxPk1hdHRyZXNzIEF2ZW5nZXJzIEFybWFnZWRkb248L2gxPgo8aDE+Q2hhaW5zIEJyb2tlbiBpbiBMb25kb248L2gxPgo8cD48Yj5JbnN0YW5jZSBOYW1lOjwvYj4gJChob3N0bmFtZSAtZikgPC9wPgo8cD48Yj5JbnN0YW5jZSBQcml2YXRlIElwIEFkZHJlc3M6IDwvYj4gJGxvY2FsX2lwdjQ8L3A+CjxwPjxiPkF2YWlsYWJpbGl0eSBab25lOiA8L2I+ICRhejwvcD4KPHA+PGI+VmlydHVhbCBQcml2YXRlIENsb3VkIChWUEMpOjwvYj4gJHZwYzwvcD4KPC9kaXY+CjwvYm9keT4KPC9odG1sPgpIVE1MCgojIENsZWFuIHVwIHRoZSB0ZW1wIGZpbGVzCnJtIC1mIC90bXAvbG9jYWxfaXB2NCAvdG1wL2F6IC90bXAvbWFjaWQK",
            "vpc_security_group_ids": [
              "sg-0e9aef382eaa7b0e6"
            ]
          },
          "sensitive_attributes": [],
          "private": "bnVsbA==",
          "dependencies": [
            "aws_security_group.london-SG01-ASG01",
            "aws_vpc.london-vpc",
            "data.aws_ami.london-ami"
          ],
          "create_before_destroy": true
        }
      ]
    },
    {
      "mode": "managed",
      "type": "aws_launch_template",
      "name": "newyork-LT",
      "provider": "provider[\"registry.terraform.io/hashicorp/aws\"].new-york",
      "instances": [
        {
          "schema_version": 0,
          "attributes": {
            "arn": "arn:aws:ec2:us-east-1:864899853524:launch-template/lt-03f04263a7a8a2525",
            "block_device_mappings": [],
            "capacity_reservation_specification": [],
            "cpu_options": [],
            "credit_specification": [],
            "default_version": 1,
            "description": "",
            "disable_api_stop": false,
            "disable_api_termination": false,
            "ebs_optimized": "",
            "elastic_gpu_specifications": [],
            "elastic_inference_accelerator": [],
            "enclave_options": [],
            "hibernation_options": [],
            "iam_instance_profile": [],
            "id": "lt-03f04263a7a8a2525",
            "image_id": "ami-01816d07b1128cd2d",
            "instance_initiated_shutdown_behavior": "",
            "instance_market_options": [],
            "instance_requirements": [],
            "instance_type": "t2.micro",
            "kernel_id": "",
            "key_name": "newyork-key-pair",
            "latest_version": 1,
            "license_specification": [],
            "maintenance_options": [],
            "metadata_options": [],
            "monitoring": [],
            "name": "newyork-LT20241214134438777400000003",
            "name_prefix": "newyork-LT",
            "network_interfaces": [],
            "placement": [],
            "private_dns_name_options": [],
            "ram_disk_id": "",
            "security_group_names": null,
            "tag_specifications": [
              {
                "resource_type": "instance",
                "tags": {
                  "Name": "newyork-LT",
                  "Owner": "MATTRESS AVENGERS",
                  "Service": "Armageddon Phase 1"
                }
              }
            ],
            "tags": null,
            "tags_all": {},
            "update_default_version": null,
            "user_data": "IyEvYmluL2Jhc2gKeXVtIHVwZGF0ZSAteQp5dW0gaW5zdGFsbCAteSBodHRwZApzeXN0ZW1jdGwgc3RhcnQgaHR0cGQKc3lzdGVtY3RsIGVuYWJsZSBodHRwZAoKIyBHZXQgdGhlIElNRFN2MiB0b2tlbgpUT0tFTj0kKGN1cmwgLVggUFVUICJodHRwOi8vMTY5LjI1NC4xNjkuMjU0L2xhdGVzdC9hcGkvdG9rZW4iIC1IICJYLWF3cy1lYzItbWV0YWRhdGEtdG9rZW4tdHRsLXNlY29uZHM6IDIxNjAwIikKCiMgQmFja2dyb3VuZCB0aGUgY3VybCByZXF1ZXN0cwpjdXJsIC1IICJYLWF3cy1lYzItbWV0YWRhdGEtdG9rZW46ICRUT0tFTiIgLXMgaHR0cDovLzE2OS4yNTQuMTY5LjI1NC9sYXRlc3QvbWV0YS1kYXRhL2xvY2FsLWlwdjQgJj4gL3RtcC9sb2NhbF9pcHY0ICYKY3VybCAtSCAiWC1hd3MtZWMyLW1ldGFkYXRhLXRva2VuOiAkVE9LRU4iIC1zIGh0dHA6Ly8xNjkuMjU0LjE2OS4yNTQvbGF0ZXN0L21ldGEtZGF0YS9wbGFjZW1lbnQvYXZhaWxhYmlsaXR5LXpvbmUgJj4gL3RtcC9heiAmCmN1cmwgLUggIlgtYXdzLWVjMi1tZXRhZGF0YS10b2tlbjogJFRPS0VOIiAtcyBodHRwOi8vMTY5LjI1NC4xNjkuMjU0L2xhdGVzdC9tZXRhLWRhdGEvbmV0d29yay9pbnRlcmZhY2VzL21hY3MvICY+IC90bXAvbWFjaWQgJgp3YWl0CgptYWNpZD0kKGNhdCAvdG1wL21hY2lkKQpsb2NhbF9pcHY0PSQoY2F0IC90bXAvbG9jYWxfaXB2NCkKYXo9JChjYXQgL3RtcC9heikKdnBjPSQoY3VybCAtSCAiWC1hd3MtZWMyLW1ldGFkYXRhLXRva2VuOiAkVE9LRU4iIC1zIGh0dHA6Ly8xNjkuMjU0LjE2OS4yNTQvbGF0ZXN0L21ldGEtZGF0YS9uZXR3b3JrL2ludGVyZmFjZXMvbWFjcy8kbWFjaWQvdnBjLWlkKQoKIyBDcmVhdGUgSFRNTCBmaWxlCmNhdCA8PC1IVE1MID4gL3Zhci93d3cvaHRtbC9pbmRleC5odG1sCjwhZG9jdHlwZSBodG1sPgo8aHRtbCBsYW5nPSJlbiIgY2xhc3M9ImgtMTAwIj4KPGhlYWQ+Cjx0aXRsZT5DYXNleSBNb3JyaXMgLSBDbGFzcyA2PC90aXRsZT4KPC9oZWFkPgo8Ym9keT4KPGRpdj4KPGgxPk1hdHRyZXNzIEF2ZW5nZXJzIEFybWFnZWRkb248L2gxPgo8aDE+Q2hhaW5zIEJyb2tlbiBpbiBOZXcgWW9yazwvaDE+CjxwPjxiPkluc3RhbmNlIE5hbWU6PC9iPiAkKGhvc3RuYW1lIC1mKSA8L3A+CjxwPjxiPkluc3RhbmNlIFByaXZhdGUgSXAgQWRkcmVzczogPC9iPiAkbG9jYWxfaXB2NDwvcD4KPHA+PGI+QXZhaWxhYmlsaXR5IFpvbmU6IDwvYj4gJGF6PC9wPgo8cD48Yj5WaXJ0dWFsIFByaXZhdGUgQ2xvdWQgKFZQQyk6PC9iPiAkdnBjPC9wPgo8L2Rpdj4KPC9ib2R5Pgo8L2h0bWw+CkhUTUwKCiMgQ2xlYW4gdXAgdGhlIHRlbXAgZmlsZXMKcm0gLWYgL3RtcC9sb2NhbF9pcHY0IC90bXAvYXogL3RtcC9tYWNpZAo=",
            "vpc_security_group_ids": [
              "sg-0c176f18ff2bb3d9e"
            ]
          },
          "sensitive_attributes": [],
          "private": "bnVsbA==",
          "dependencies": [
            "aws_security_group.newyork-SG01-ASG01",
            "aws_vpc.newyork-vpc",
            "data.aws_ami.newyork-ami"
          ],
          "create_before_destroy": true
        }
      ]
    },
    {
      "mode": "managed",
      "type": "aws_launch_template",
      "name": "saopaulo-LT",
      "provider": "provider[\"registry.terraform.io/hashicorp/aws\"].sao-paulo",
      "instances": [
        {
          "schema_version": 0,
          "attributes": {
            "arn": "arn:aws:ec2:sa-east-1:864899853524:launch-template/lt-07f5364557acf71c1",
            "block_device_mappings": [],
            "capacity_reservation_specification": [],
            "cpu_options": [],
            "credit_specification": [],
            "default_version": 1,
            "description": "",
            "disable_api_stop": false,
            "disable_api_termination": false,
            "ebs_optimized": "",
            "elastic_gpu_specifications": [],
            "elastic_inference_accelerator": [],
            "enclave_options": [],
            "hibernation_options": [],
            "iam_instance_profile": [],
            "id": "lt-07f5364557acf71c1",
            "image_id": "ami-03c4a8310002221c7",
            "instance_initiated_shutdown_behavior": "",
            "instance_market_options": [],
            "instance_requirements": [],
            "instance_type": "t2.nano",
            "kernel_id": "",
            "key_name": "saopaulo-key-pair",
            "latest_version": 1,
            "license_specification": [],
            "maintenance_options": [],
            "metadata_options": [],
            "monitoring": [],
            "name": "saopaulo-LT20241214134532870800000003",
            "name_prefix": "saopaulo-LT",
            "network_interfaces": [],
            "placement": [],
            "private_dns_name_options": [],
            "ram_disk_id": "",
            "security_group_names": null,
            "tag_specifications": [
              {
                "resource_type": "instance",
                "tags": {
                  "Name": "saopaulo-LT",
                  "Owner": "MATTRESS AVENGERS",
                  "Service": "Armageddon Phase 1"
                }
              }
            ],
            "tags": null,
            "tags_all": {},
            "update_default_version": null,
            "user_data": "IyEvYmluL2Jhc2gKeXVtIHVwZGF0ZSAteQp5dW0gaW5zdGFsbCAteSBodHRwZApzeXN0ZW1jdGwgc3RhcnQgaHR0cGQKc3lzdGVtY3RsIGVuYWJsZSBodHRwZAoKIyBHZXQgdGhlIElNRFN2MiB0b2tlbgpUT0tFTj0kKGN1cmwgLVggUFVUICJodHRwOi8vMTY5LjI1NC4xNjkuMjU0L2xhdGVzdC9hcGkvdG9rZW4iIC1IICJYLWF3cy1lYzItbWV0YWRhdGEtdG9rZW4tdHRsLXNlY29uZHM6IDIxNjAwIikKCiMgQmFja2dyb3VuZCB0aGUgY3VybCByZXF1ZXN0cwpjdXJsIC1IICJYLWF3cy1lYzItbWV0YWRhdGEtdG9rZW46ICRUT0tFTiIgLXMgaHR0cDovLzE2OS4yNTQuMTY5LjI1NC9sYXRlc3QvbWV0YS1kYXRhL2xvY2FsLWlwdjQgJj4gL3RtcC9sb2NhbF9pcHY0ICYKY3VybCAtSCAiWC1hd3MtZWMyLW1ldGFkYXRhLXRva2VuOiAkVE9LRU4iIC1zIGh0dHA6Ly8xNjkuMjU0LjE2OS4yNTQvbGF0ZXN0L21ldGEtZGF0YS9wbGFjZW1lbnQvYXZhaWxhYmlsaXR5LXpvbmUgJj4gL3RtcC9heiAmCmN1cmwgLUggIlgtYXdzLWVjMi1tZXRhZGF0YS10b2tlbjogJFRPS0VOIiAtcyBodHRwOi8vMTY5LjI1NC4xNjkuMjU0L2xhdGVzdC9tZXRhLWRhdGEvbmV0d29yay9pbnRlcmZhY2VzL21hY3MvICY+IC90bXAvbWFjaWQgJgp3YWl0CgptYWNpZD0kKGNhdCAvdG1wL21hY2lkKQpsb2NhbF9pcHY0PSQoY2F0IC90bXAvbG9jYWxfaXB2NCkKYXo9JChjYXQgL3RtcC9heikKdnBjPSQoY3VybCAtSCAiWC1hd3MtZWMyLW1ldGFkYXRhLXRva2VuOiAkVE9LRU4iIC1zIGh0dHA6Ly8xNjkuMjU0LjE2OS4yNTQvbGF0ZXN0L21ldGEtZGF0YS9uZXR3b3JrL2ludGVyZmFjZXMvbWFjcy8kbWFjaWQvdnBjLWlkKQoKIyBDcmVhdGUgSFRNTCBmaWxlCmNhdCA8PC1IVE1MID4gL3Zhci93d3cvaHRtbC9pbmRleC5odG1sCjwhZG9jdHlwZSBodG1sPgo8aHRtbCBsYW5nPSJlbiIgY2xhc3M9ImgtMTAwIj4KPGhlYWQ+Cjx0aXRsZT5DYXNleSBNb3JyaXMgLSBDbGFzcyA2PC90aXRsZT4KPC9oZWFkPgo8Ym9keT4KPGRpdj4KPGgxPk1hdHRyZXNzIEF2ZW5nZXJzIEFybWFnZWRkb248L2gxPgo8aDE+Q2hhaW5zIEJyb2tlbiBpbiBTYW8gUGF1bG88L2gxPgo8cD48Yj5JbnN0YW5jZSBOYW1lOjwvYj4gJChob3N0bmFtZSAtZikgPC9wPgo8cD48Yj5JbnN0YW5jZSBQcml2YXRlIElwIEFkZHJlc3M6IDwvYj4gJGxvY2FsX2lwdjQ8L3A+CjxwPjxiPkF2YWlsYWJpbGl0eSBab25lOiA8L2I+ICRhejwvcD4KPHA+PGI+VmlydHVhbCBQcml2YXRlIENsb3VkIChWUEMpOjwvYj4gJHZwYzwvcD4KPC9kaXY+CjwvYm9keT4KPC9odG1sPgpIVE1MCgojIENsZWFuIHVwIHRoZSB0ZW1wIGZpbGVzCnJtIC1mIC90bXAvbG9jYWxfaXB2NCAvdG1wL2F6IC90bXAvbWFjaWQK",
            "vpc_security_group_ids": [
              "sg-012ee8313388dbbdf"
            ]
          },
          "sensitive_attributes": [],
          "private": "bnVsbA==",
          "dependencies": [
            "aws_security_group.saopaulo-SG01-ASG01",
            "aws_vpc.saopaulo-vpc",
            "data.aws_ami.saopaulo-ami"
          ],
          "create_before_destroy": true
        }
      ]
    },
    {
      "mode": "managed",
      "type": "aws_launch_template",
      "name": "tokyo-LT",
      "provider": "provider[\"registry.terraform.io/hashicorp/aws\"].tokyo",
      "instances": [
        {
          "schema_version": 0,
          "attributes": {
            "arn": "arn:aws:ec2:ap-northeast-1:864899853524:launch-template/lt-0b91f6637c60d17c8",
            "block_device_mappings": [],
            "capacity_reservation_specification": [],
            "cpu_options": [],
            "credit_specification": [],
            "default_version": 1,
            "description": "",
            "disable_api_stop": false,
            "disable_api_termination": false,
            "ebs_optimized": "",
            "elastic_gpu_specifications": [],
            "elastic_inference_accelerator": [],
            "enclave_options": [],
            "hibernation_options": [],
            "iam_instance_profile": [],
            "id": "lt-0b91f6637c60d17c8",
            "image_id": "ami-0ab02459752898a60",
            "instance_initiated_shutdown_behavior": "",
            "instance_market_options": [],
            "instance_requirements": [],
            "instance_type": "t2.micro",
            "kernel_id": "",
            "key_name": "tokyo-key-pair",
            "latest_version": 1,
            "license_specification": [],
            "maintenance_options": [],
            "metadata_options": [],
            "monitoring": [],
            "name": "tokyo-LT20241214134616709100000003",
            "name_prefix": "tokyo-LT",
            "network_interfaces": [],
            "placement": [],
            "private_dns_name_options": [],
            "ram_disk_id": "",
            "security_group_names": null,
            "tag_specifications": [
              {
                "resource_type": "instance",
                "tags": {
                  "Name": "tokyo-LT",
                  "Owner": "MATTRESS AVENGERS",
                  "Service": "Armageddon Phase 1"
                }
              }
            ],
            "tags": null,
            "tags_all": {},
            "update_default_version": null,
            "user_data": "IyEvYmluL2Jhc2gKeXVtIHVwZGF0ZSAteQp5dW0gaW5zdGFsbCAteSBodHRwZApzeXN0ZW1jdGwgc3RhcnQgaHR0cGQKc3lzdGVtY3RsIGVuYWJsZSBodHRwZAoKIyBHZXQgdGhlIElNRFN2MiB0b2tlbgpUT0tFTj0kKGN1cmwgLVggUFVUICJodHRwOi8vMTY5LjI1NC4xNjkuMjU0L2xhdGVzdC9hcGkvdG9rZW4iIC1IICJYLWF3cy1lYzItbWV0YWRhdGEtdG9rZW4tdHRsLXNlY29uZHM6IDIxNjAwIikKCiMgQmFja2dyb3VuZCB0aGUgY3VybCByZXF1ZXN0cwpjdXJsIC1IICJYLWF3cy1lYzItbWV0YWRhdGEtdG9rZW46ICRUT0tFTiIgLXMgaHR0cDovLzE2OS4yNTQuMTY5LjI1NC9sYXRlc3QvbWV0YS1kYXRhL2xvY2FsLWlwdjQgJj4gL3RtcC9sb2NhbF9pcHY0ICYKY3VybCAtSCAiWC1hd3MtZWMyLW1ldGFkYXRhLXRva2VuOiAkVE9LRU4iIC1zIGh0dHA6Ly8xNjkuMjU0LjE2OS4yNTQvbGF0ZXN0L21ldGEtZGF0YS9wbGFjZW1lbnQvYXZhaWxhYmlsaXR5LXpvbmUgJj4gL3RtcC9heiAmCmN1cmwgLUggIlgtYXdzLWVjMi1tZXRhZGF0YS10b2tlbjogJFRPS0VOIiAtcyBodHRwOi8vMTY5LjI1NC4xNjkuMjU0L2xhdGVzdC9tZXRhLWRhdGEvbmV0d29yay9pbnRlcmZhY2VzL21hY3MvICY+IC90bXAvbWFjaWQgJgp3YWl0CgptYWNpZD0kKGNhdCAvdG1wL21hY2lkKQpsb2NhbF9pcHY0PSQoY2F0IC90bXAvbG9jYWxfaXB2NCkKYXo9JChjYXQgL3RtcC9heikKdnBjPSQoY3VybCAtSCAiWC1hd3MtZWMyLW1ldGFkYXRhLXRva2VuOiAkVE9LRU4iIC1zIGh0dHA6Ly8xNjkuMjU0LjE2OS4yNTQvbGF0ZXN0L21ldGEtZGF0YS9uZXR3b3JrL2ludGVyZmFjZXMvbWFjcy8kbWFjaWQvdnBjLWlkKQoKIyBDcmVhdGUgSFRNTCBmaWxlCmNhdCA8PC1IVE1MID4gL3Zhci93d3cvaHRtbC9pbmRleC5odG1sCjwhZG9jdHlwZSBodG1sPgo8aHRtbCBsYW5nPSJlbiIgY2xhc3M9ImgtMTAwIj4KPGhlYWQ+Cjx0aXRsZT5DYXNleSBNb3JyaXMgLSBDbGFzcyA2PC90aXRsZT4KPC9oZWFkPgo8Ym9keT4KPGRpdj4KPGgxPk1hdHRyZXNzIEF2ZW5nZXJzIEFybWFnZWRkb248L2gxPgo8aDE+Q2hhaW5zIEJyb2tlbiBpbiBUb2t5bzwvaDE+CjxwPjxiPkluc3RhbmNlIE5hbWU6PC9iPiAkKGhvc3RuYW1lIC1mKSA8L3A+CjxwPjxiPkluc3RhbmNlIFByaXZhdGUgSXAgQWRkcmVzczogPC9iPiAkbG9jYWxfaXB2NDwvcD4KPHA+PGI+QXZhaWxhYmlsaXR5IFpvbmU6IDwvYj4gJGF6PC9wPgo8cD48Yj5WaXJ0dWFsIFByaXZhdGUgQ2xvdWQgKFZQQyk6PC9iPiAkdnBjPC9wPgo8L2Rpdj4KPC9ib2R5Pgo8L2h0bWw+CkhUTUwKCiMgQ2xlYW4gdXAgdGhlIHRlbXAgZmlsZXMKcm0gLWYgL3RtcC9sb2NhbF9pcHY0IC90bXAvYXogL3RtcC9tYWNpZAo=",
            "vpc_security_group_ids": [
              "sg-0b1141c9a839f8ba8"
            ]
          },
          "sensitive_attributes": [],
          "private": "bnVsbA==",
          "dependencies": [
            "aws_security_group.tokyo-SG01-ASG01",
            "aws_vpc.tokyo-vpc",
            "data.aws_ami.tokyo-ami"
          ],
          "create_before_destroy": true
        }
      ]
    },
    {
      "mode": "managed",
      "type": "aws_lb",
      "name": "australia_alb",
      "provider": "provider[\"registry.terraform.io/hashicorp/aws\"].australia",
      "instances": [
        {
          "schema_version": 0,
          "attributes": {
            "access_logs": [
              {
                "bucket": "",
                "enabled": false,
                "prefix": ""
              }
            ],
            "arn": "arn:aws:elasticloadbalancing:ap-southeast-2:864899853524:loadbalancer/app/australia-load-balancer/6110116a72fe0f06",
            "arn_suffix": "app/australia-load-balancer/6110116a72fe0f06",
            "client_keep_alive": 3600,
            "connection_logs": [
              {
                "bucket": "",
                "enabled": false,
                "prefix": ""
              }
            ],
            "customer_owned_ipv4_pool": "",
            "desync_mitigation_mode": "defensive",
            "dns_name": "australia-load-balancer-609471015.ap-southeast-2.elb.amazonaws.com",
            "dns_record_client_routing_policy": null,
            "drop_invalid_header_fields": false,
            "enable_cross_zone_load_balancing": true,
            "enable_deletion_protection": false,
            "enable_http2": true,
            "enable_tls_version_and_cipher_suite_headers": false,
            "enable_waf_fail_open": false,
            "enable_xff_client_port": false,
            "enable_zonal_shift": false,
            "enforce_security_group_inbound_rules_on_private_link_traffic": "",
            "id": "arn:aws:elasticloadbalancing:ap-southeast-2:864899853524:loadbalancer/app/australia-load-balancer/6110116a72fe0f06",
            "idle_timeout": 60,
            "internal": false,
            "ip_address_type": "ipv4",
            "load_balancer_type": "application",
            "name": "australia-load-balancer",
            "name_prefix": "",
            "preserve_host_header": false,
            "security_groups": [
              "sg-0a790ba03262f4611"
            ],
            "subnet_mapping": [
              {
                "allocation_id": "",
                "ipv6_address": "",
                "outpost_id": "",
                "private_ipv4_address": "",
                "subnet_id": "subnet-03e8dc7ac8b87d564"
              },
              {
                "allocation_id": "",
                "ipv6_address": "",
                "outpost_id": "",
                "private_ipv4_address": "",
                "subnet_id": "subnet-0dd4f6e0cf9bc26e9"
              }
            ],
            "subnets": [
              "subnet-03e8dc7ac8b87d564",
              "subnet-0dd4f6e0cf9bc26e9"
            ],
            "tags": {
              "Name": "AustraliaLoadBalancer",
              "Owner": "MATTRESS AVENGERS",
              "Project": "Web Service",
              "Service": "Armageddon Phase 1"
            },
            "tags_all": {
              "Name": "AustraliaLoadBalancer",
              "Owner": "MATTRESS AVENGERS",
              "Project": "Web Service",
              "Service": "Armageddon Phase 1"
            },
            "timeouts": null,
            "vpc_id": "vpc-07e0ee860ea75eb6f",
            "xff_header_processing_mode": "append",
            "zone_id": "Z1GM3OXH4ZPM65"
          },
          "sensitive_attributes": [],
          "private": "eyJlMmJmYjczMC1lY2FhLTExZTYtOGY4OC0zNDM2M2JjN2M0YzAiOnsiY3JlYXRlIjo2MDAwMDAwMDAwMDAsImRlbGV0ZSI6NjAwMDAwMDAwMDAwLCJ1cGRhdGUiOjYwMDAwMDAwMDAwMH19",
          "dependencies": [
            "aws_security_group.australia-SG02-LB01",
            "aws_subnet.australia-public-subnet-2a",
            "aws_subnet.australia-public-subnet-2b",
            "aws_vpc.australia-vpc"
          ]
        }
      ]
    },
    {
      "mode": "managed",
      "type": "aws_lb",
      "name": "california_alb",
      "provider": "provider[\"registry.terraform.io/hashicorp/aws\"].california",
      "instances": [
        {
          "schema_version": 0,
          "attributes": {
            "access_logs": [
              {
                "bucket": "",
                "enabled": false,
                "prefix": ""
              }
            ],
            "arn": "arn:aws:elasticloadbalancing:us-west-1:864899853524:loadbalancer/app/california-load-balancer/493f9319e3db3183",
            "arn_suffix": "app/california-load-balancer/493f9319e3db3183",
            "client_keep_alive": 3600,
            "connection_logs": [
              {
                "bucket": "",
                "enabled": false,
                "prefix": ""
              }
            ],
            "customer_owned_ipv4_pool": "",
            "desync_mitigation_mode": "defensive",
            "dns_name": "california-load-balancer-132816098.us-west-1.elb.amazonaws.com",
            "dns_record_client_routing_policy": null,
            "drop_invalid_header_fields": false,
            "enable_cross_zone_load_balancing": true,
            "enable_deletion_protection": false,
            "enable_http2": true,
            "enable_tls_version_and_cipher_suite_headers": false,
            "enable_waf_fail_open": false,
            "enable_xff_client_port": false,
            "enable_zonal_shift": false,
            "enforce_security_group_inbound_rules_on_private_link_traffic": "",
            "id": "arn:aws:elasticloadbalancing:us-west-1:864899853524:loadbalancer/app/california-load-balancer/493f9319e3db3183",
            "idle_timeout": 60,
            "internal": false,
            "ip_address_type": "ipv4",
            "load_balancer_type": "application",
            "name": "california-load-balancer",
            "name_prefix": "",
            "preserve_host_header": false,
            "security_groups": [
              "sg-0c28ca3a9aa14a709"
            ],
            "subnet_mapping": [
              {
                "allocation_id": "",
                "ipv6_address": "",
                "outpost_id": "",
                "private_ipv4_address": "",
                "subnet_id": "subnet-0667b2a2005562473"
              },
              {
                "allocation_id": "",
                "ipv6_address": "",
                "outpost_id": "",
                "private_ipv4_address": "",
                "subnet_id": "subnet-07d734ce40595d4ca"
              }
            ],
            "subnets": [
              "subnet-0667b2a2005562473",
              "subnet-07d734ce40595d4ca"
            ],
            "tags": {
              "Name": "CaliforniaLoadBalancer",
              "Owner": "MATTRESS AVENGERS",
              "Project": "Web Service",
              "Service": "Armageddon Phase 1"
            },
            "tags_all": {
              "Name": "CaliforniaLoadBalancer",
              "Owner": "MATTRESS AVENGERS",
              "Project": "Web Service",
              "Service": "Armageddon Phase 1"
            },
            "timeouts": null,
            "vpc_id": "vpc-071d7efa8dce2ef00",
            "xff_header_processing_mode": "append",
            "zone_id": "Z368ELLRRE2KJ0"
          },
          "sensitive_attributes": [],
          "private": "eyJlMmJmYjczMC1lY2FhLTExZTYtOGY4OC0zNDM2M2JjN2M0YzAiOnsiY3JlYXRlIjo2MDAwMDAwMDAwMDAsImRlbGV0ZSI6NjAwMDAwMDAwMDAwLCJ1cGRhdGUiOjYwMDAwMDAwMDAwMH19",
          "dependencies": [
            "aws_security_group.california-SG02-LB01",
            "aws_subnet.california-public-subnet-1b",
            "aws_subnet.california-public-subnet-1c",
            "aws_vpc.california-vpc"
          ]
        }
      ]
    },
    {
      "mode": "managed",
      "type": "aws_lb",
      "name": "hongkong_alb",
      "provider": "provider[\"registry.terraform.io/hashicorp/aws\"].hong-kong",
      "instances": [
        {
          "schema_version": 0,
          "attributes": {
            "access_logs": [
              {
                "bucket": "",
                "enabled": false,
                "prefix": ""
              }
            ],
            "arn": "arn:aws:elasticloadbalancing:ap-east-1:864899853524:loadbalancer/app/hongkong-load-balancer/f9c2832caa6afee2",
            "arn_suffix": "app/hongkong-load-balancer/f9c2832caa6afee2",
            "client_keep_alive": 3600,
            "connection_logs": [
              {
                "bucket": "",
                "enabled": false,
                "prefix": ""
              }
            ],
            "customer_owned_ipv4_pool": "",
            "desync_mitigation_mode": "defensive",
            "dns_name": "hongkong-load-balancer-152441190.ap-east-1.elb.amazonaws.com",
            "dns_record_client_routing_policy": null,
            "drop_invalid_header_fields": false,
            "enable_cross_zone_load_balancing": true,
            "enable_deletion_protection": false,
            "enable_http2": true,
            "enable_tls_version_and_cipher_suite_headers": false,
            "enable_waf_fail_open": false,
            "enable_xff_client_port": false,
            "enable_zonal_shift": false,
            "enforce_security_group_inbound_rules_on_private_link_traffic": "",
            "id": "arn:aws:elasticloadbalancing:ap-east-1:864899853524:loadbalancer/app/hongkong-load-balancer/f9c2832caa6afee2",
            "idle_timeout": 60,
            "internal": false,
            "ip_address_type": "ipv4",
            "load_balancer_type": "application",
            "name": "hongkong-load-balancer",
            "name_prefix": "",
            "preserve_host_header": false,
            "security_groups": [
              "sg-0acec272d8c3e7483"
            ],
            "subnet_mapping": [
              {
                "allocation_id": "",
                "ipv6_address": "",
                "outpost_id": "",
                "private_ipv4_address": "",
                "subnet_id": "subnet-07f1b86092a0aff59"
              },
              {
                "allocation_id": "",
                "ipv6_address": "",
                "outpost_id": "",
                "private_ipv4_address": "",
                "subnet_id": "subnet-091921887d612b66d"
              }
            ],
            "subnets": [
              "subnet-07f1b86092a0aff59",
              "subnet-091921887d612b66d"
            ],
            "tags": {
              "Name": "HongKongLoadBalancer",
              "Owner": "MATTRESS AVENGERS",
              "Project": "Web Service",
              "Service": "Armageddon Phase 1"
            },
            "tags_all": {
              "Name": "HongKongLoadBalancer",
              "Owner": "MATTRESS AVENGERS",
              "Project": "Web Service",
              "Service": "Armageddon Phase 1"
            },
            "timeouts": null,
            "vpc_id": "vpc-053d0428b4a3f2a60",
            "xff_header_processing_mode": "append",
            "zone_id": "Z3DQVH9N71FHZ0"
          },
          "sensitive_attributes": [],
          "private": "eyJlMmJmYjczMC1lY2FhLTExZTYtOGY4OC0zNDM2M2JjN2M0YzAiOnsiY3JlYXRlIjo2MDAwMDAwMDAwMDAsImRlbGV0ZSI6NjAwMDAwMDAwMDAwLCJ1cGRhdGUiOjYwMDAwMDAwMDAwMH19",
          "dependencies": [
            "aws_security_group.hongkong-SG02-LB01",
            "aws_subnet.hongkong-public-subnet-1a",
            "aws_subnet.hongkong-public-subnet-1b",
            "aws_vpc.hongkong-vpc"
          ]
        }
      ]
    },
    {
      "mode": "managed",
      "type": "aws_lb",
      "name": "london_alb",
      "provider": "provider[\"registry.terraform.io/hashicorp/aws\"].london",
      "instances": [
        {
          "schema_version": 0,
          "attributes": {
            "access_logs": [
              {
                "bucket": "",
                "enabled": false,
                "prefix": ""
              }
            ],
            "arn": "arn:aws:elasticloadbalancing:eu-west-2:864899853524:loadbalancer/app/london-load-balancer/8b81fde902012ac9",
            "arn_suffix": "app/london-load-balancer/8b81fde902012ac9",
            "client_keep_alive": 3600,
            "connection_logs": [
              {
                "bucket": "",
                "enabled": false,
                "prefix": ""
              }
            ],
            "customer_owned_ipv4_pool": "",
            "desync_mitigation_mode": "defensive",
            "dns_name": "london-load-balancer-1169626877.eu-west-2.elb.amazonaws.com",
            "dns_record_client_routing_policy": null,
            "drop_invalid_header_fields": false,
            "enable_cross_zone_load_balancing": true,
            "enable_deletion_protection": false,
            "enable_http2": true,
            "enable_tls_version_and_cipher_suite_headers": false,
            "enable_waf_fail_open": false,
            "enable_xff_client_port": false,
            "enable_zonal_shift": false,
            "enforce_security_group_inbound_rules_on_private_link_traffic": "",
            "id": "arn:aws:elasticloadbalancing:eu-west-2:864899853524:loadbalancer/app/london-load-balancer/8b81fde902012ac9",
            "idle_timeout": 60,
            "internal": false,
            "ip_address_type": "ipv4",
            "load_balancer_type": "application",
            "name": "london-load-balancer",
            "name_prefix": "",
            "preserve_host_header": false,
            "security_groups": [
              "sg-0006edb29502e550e"
            ],
            "subnet_mapping": [
              {
                "allocation_id": "",
                "ipv6_address": "",
                "outpost_id": "",
                "private_ipv4_address": "",
                "subnet_id": "subnet-087cf6cb4d56dbf3d"
              },
              {
                "allocation_id": "",
                "ipv6_address": "",
                "outpost_id": "",
                "private_ipv4_address": "",
                "subnet_id": "subnet-09bc55cd1f3d78357"
              }
            ],
            "subnets": [
              "subnet-087cf6cb4d56dbf3d",
              "subnet-09bc55cd1f3d78357"
            ],
            "tags": {
              "Name": "LondonLoadBalancer",
              "Owner": "MATTRESS AVENGERS",
              "Project": "Web Service",
              "Service": "Armageddon Phase 1"
            },
            "tags_all": {
              "Name": "LondonLoadBalancer",
              "Owner": "MATTRESS AVENGERS",
              "Project": "Web Service",
              "Service": "Armageddon Phase 1"
            },
            "timeouts": null,
            "vpc_id": "vpc-0ffc5cd7bc165c115",
            "xff_header_processing_mode": "append",
            "zone_id": "ZHURV8PSTC4K8"
          },
          "sensitive_attributes": [],
          "private": "eyJlMmJmYjczMC1lY2FhLTExZTYtOGY4OC0zNDM2M2JjN2M0YzAiOnsiY3JlYXRlIjo2MDAwMDAwMDAwMDAsImRlbGV0ZSI6NjAwMDAwMDAwMDAwLCJ1cGRhdGUiOjYwMDAwMDAwMDAwMH19",
          "dependencies": [
            "aws_security_group.london-SG02-LB01",
            "aws_subnet.london-public-subnet-2a",
            "aws_subnet.london-public-subnet-2b",
            "aws_vpc.london-vpc"
          ]
        }
      ]
    },
    {
      "mode": "managed",
      "type": "aws_lb",
      "name": "newyork_alb",
      "provider": "provider[\"registry.terraform.io/hashicorp/aws\"].new-york",
      "instances": [
        {
          "schema_version": 0,
          "attributes": {
            "access_logs": [
              {
                "bucket": "",
                "enabled": false,
                "prefix": ""
              }
            ],
            "arn": "arn:aws:elasticloadbalancing:us-east-1:864899853524:loadbalancer/app/newyork-load-balancer/15890d6c2e5f1858",
            "arn_suffix": "app/newyork-load-balancer/15890d6c2e5f1858",
            "client_keep_alive": 3600,
            "connection_logs": [
              {
                "bucket": "",
                "enabled": false,
                "prefix": ""
              }
            ],
            "customer_owned_ipv4_pool": "",
            "desync_mitigation_mode": "defensive",
            "dns_name": "newyork-load-balancer-543567588.us-east-1.elb.amazonaws.com",
            "dns_record_client_routing_policy": null,
            "drop_invalid_header_fields": false,
            "enable_cross_zone_load_balancing": true,
            "enable_deletion_protection": false,
            "enable_http2": true,
            "enable_tls_version_and_cipher_suite_headers": false,
            "enable_waf_fail_open": false,
            "enable_xff_client_port": false,
            "enable_zonal_shift": false,
            "enforce_security_group_inbound_rules_on_private_link_traffic": "",
            "id": "arn:aws:elasticloadbalancing:us-east-1:864899853524:loadbalancer/app/newyork-load-balancer/15890d6c2e5f1858",
            "idle_timeout": 60,
            "internal": false,
            "ip_address_type": "ipv4",
            "load_balancer_type": "application",
            "name": "newyork-load-balancer",
            "name_prefix": "",
            "preserve_host_header": false,
            "security_groups": [
              "sg-0380bba02732f29f5"
            ],
            "subnet_mapping": [
              {
                "allocation_id": "",
                "ipv6_address": "",
                "outpost_id": "",
                "private_ipv4_address": "",
                "subnet_id": "subnet-00bebac2b19fd5162"
              },
              {
                "allocation_id": "",
                "ipv6_address": "",
                "outpost_id": "",
                "private_ipv4_address": "",
                "subnet_id": "subnet-0c11ff79f1e661e22"
              }
            ],
            "subnets": [
              "subnet-00bebac2b19fd5162",
              "subnet-0c11ff79f1e661e22"
            ],
            "tags": {
              "Name": "NewYorkLoadBalancer",
              "Owner": "MATTRESS AVENGERS",
              "Project": "Web Service",
              "Service": "Armageddon Phase 1"
            },
            "tags_all": {
              "Name": "NewYorkLoadBalancer",
              "Owner": "MATTRESS AVENGERS",
              "Project": "Web Service",
              "Service": "Armageddon Phase 1"
            },
            "timeouts": null,
            "vpc_id": "vpc-00c8befd9fc980836",
            "xff_header_processing_mode": "append",
            "zone_id": "Z35SXDOTRQ7X7K"
          },
          "sensitive_attributes": [],
          "private": "eyJlMmJmYjczMC1lY2FhLTExZTYtOGY4OC0zNDM2M2JjN2M0YzAiOnsiY3JlYXRlIjo2MDAwMDAwMDAwMDAsImRlbGV0ZSI6NjAwMDAwMDAwMDAwLCJ1cGRhdGUiOjYwMDAwMDAwMDAwMH19",
          "dependencies": [
            "aws_security_group.newyork-SG02-LB01",
            "aws_subnet.newyork-public-subnet-1a",
            "aws_subnet.newyork-public-subnet-1b",
            "aws_vpc.newyork-vpc"
          ]
        }
      ]
    },
    {
      "mode": "managed",
      "type": "aws_lb",
      "name": "saopaulo_alb",
      "provider": "provider[\"registry.terraform.io/hashicorp/aws\"].sao-paulo",
      "instances": [
        {
          "schema_version": 0,
          "attributes": {
            "access_logs": [
              {
                "bucket": "",
                "enabled": false,
                "prefix": ""
              }
            ],
            "arn": "arn:aws:elasticloadbalancing:sa-east-1:864899853524:loadbalancer/app/saopaulo-load-balancer/cb2c352890d0392e",
            "arn_suffix": "app/saopaulo-load-balancer/cb2c352890d0392e",
            "client_keep_alive": 3600,
            "connection_logs": [
              {
                "bucket": "",
                "enabled": false,
                "prefix": ""
              }
            ],
            "customer_owned_ipv4_pool": "",
            "desync_mitigation_mode": "defensive",
            "dns_name": "saopaulo-load-balancer-1032221445.sa-east-1.elb.amazonaws.com",
            "dns_record_client_routing_policy": null,
            "drop_invalid_header_fields": false,
            "enable_cross_zone_load_balancing": true,
            "enable_deletion_protection": false,
            "enable_http2": true,
            "enable_tls_version_and_cipher_suite_headers": false,
            "enable_waf_fail_open": false,
            "enable_xff_client_port": false,
            "enable_zonal_shift": false,
            "enforce_security_group_inbound_rules_on_private_link_traffic": "",
            "id": "arn:aws:elasticloadbalancing:sa-east-1:864899853524:loadbalancer/app/saopaulo-load-balancer/cb2c352890d0392e",
            "idle_timeout": 60,
            "internal": false,
            "ip_address_type": "ipv4",
            "load_balancer_type": "application",
            "name": "saopaulo-load-balancer",
            "name_prefix": "",
            "preserve_host_header": false,
            "security_groups": [
              "sg-04cdc0d8292d6d87d"
            ],
            "subnet_mapping": [
              {
                "allocation_id": "",
                "ipv6_address": "",
                "outpost_id": "",
                "private_ipv4_address": "",
                "subnet_id": "subnet-00d24176124fe2765"
              },
              {
                "allocation_id": "",
                "ipv6_address": "",
                "outpost_id": "",
                "private_ipv4_address": "",
                "subnet_id": "subnet-0240894c5ada09d39"
              }
            ],
            "subnets": [
              "subnet-00d24176124fe2765",
              "subnet-0240894c5ada09d39"
            ],
            "tags": {
              "Name": "SaoPauloLoadBalancer",
              "Owner": "MATTRESS AVENGERS",
              "Project": "Web Service",
              "Service": "Armageddon Phase 1"
            },
            "tags_all": {
              "Name": "SaoPauloLoadBalancer",
              "Owner": "MATTRESS AVENGERS",
              "Project": "Web Service",
              "Service": "Armageddon Phase 1"
            },
            "timeouts": null,
            "vpc_id": "vpc-0fd0255b69bcef259",
            "xff_header_processing_mode": "append",
            "zone_id": "Z2P70J7HTTTPLU"
          },
          "sensitive_attributes": [],
          "private": "eyJlMmJmYjczMC1lY2FhLTExZTYtOGY4OC0zNDM2M2JjN2M0YzAiOnsiY3JlYXRlIjo2MDAwMDAwMDAwMDAsImRlbGV0ZSI6NjAwMDAwMDAwMDAwLCJ1cGRhdGUiOjYwMDAwMDAwMDAwMH19",
          "dependencies": [
            "aws_security_group.saopaulo-SG02-LB01",
            "aws_subnet.saopaulo-public-subnet-1a",
            "aws_subnet.saopaulo-public-subnet-1c",
            "aws_vpc.saopaulo-vpc"
          ]
        }
      ]
    },
    {
      "mode": "managed",
      "type": "aws_lb",
      "name": "tokyo_alb",
      "provider": "provider[\"registry.terraform.io/hashicorp/aws\"].tokyo",
      "instances": [
        {
          "schema_version": 0,
          "attributes": {
            "access_logs": [
              {
                "bucket": "",
                "enabled": false,
                "prefix": ""
              }
            ],
            "arn": "arn:aws:elasticloadbalancing:ap-northeast-1:864899853524:loadbalancer/app/tokyo-load-balancer/2443699cec77c19c",
            "arn_suffix": "app/tokyo-load-balancer/2443699cec77c19c",
            "client_keep_alive": 3600,
            "connection_logs": [
              {
                "bucket": "",
                "enabled": false,
                "prefix": ""
              }
            ],
            "customer_owned_ipv4_pool": "",
            "desync_mitigation_mode": "defensive",
            "dns_name": "tokyo-load-balancer-2056683890.ap-northeast-1.elb.amazonaws.com",
            "dns_record_client_routing_policy": null,
            "drop_invalid_header_fields": false,
            "enable_cross_zone_load_balancing": true,
            "enable_deletion_protection": false,
            "enable_http2": true,
            "enable_tls_version_and_cipher_suite_headers": false,
            "enable_waf_fail_open": false,
            "enable_xff_client_port": false,
            "enable_zonal_shift": false,
            "enforce_security_group_inbound_rules_on_private_link_traffic": "",
            "id": "arn:aws:elasticloadbalancing:ap-northeast-1:864899853524:loadbalancer/app/tokyo-load-balancer/2443699cec77c19c",
            "idle_timeout": 60,
            "internal": false,
            "ip_address_type": "ipv4",
            "load_balancer_type": "application",
            "name": "tokyo-load-balancer",
            "name_prefix": "",
            "preserve_host_header": false,
            "security_groups": [
              "sg-0035c06ff19973f1a"
            ],
            "subnet_mapping": [
              {
                "allocation_id": "",
                "ipv6_address": "",
                "outpost_id": "",
                "private_ipv4_address": "",
                "subnet_id": "subnet-010bfff571ac7d201"
              },
              {
                "allocation_id": "",
                "ipv6_address": "",
                "outpost_id": "",
                "private_ipv4_address": "",
                "subnet_id": "subnet-0370020d103bbe044"
              }
            ],
            "subnets": [
              "subnet-010bfff571ac7d201",
              "subnet-0370020d103bbe044"
            ],
            "tags": {
              "Name": "TokyoLoadBalancer",
              "Owner": "MATTRESS AVENGERS",
              "Project": "Web Service",
              "Service": "Armageddon Phase 1"
            },
            "tags_all": {
              "Name": "TokyoLoadBalancer",
              "Owner": "MATTRESS AVENGERS",
              "Project": "Web Service",
              "Service": "Armageddon Phase 1"
            },
            "timeouts": null,
            "vpc_id": "vpc-0a0e8a6e51d409e5c",
            "xff_header_processing_mode": "append",
            "zone_id": "Z14GRHDCWA56QT"
          },
          "sensitive_attributes": [],
          "private": "eyJlMmJmYjczMC1lY2FhLTExZTYtOGY4OC0zNDM2M2JjN2M0YzAiOnsiY3JlYXRlIjo2MDAwMDAwMDAwMDAsImRlbGV0ZSI6NjAwMDAwMDAwMDAwLCJ1cGRhdGUiOjYwMDAwMDAwMDAwMH19",
          "dependencies": [
            "aws_security_group.tokyo-SG02-LB01",
            "aws_subnet.tokyo-public-subnet-1a",
            "aws_subnet.tokyo-public-subnet-1d",
            "aws_vpc.tokyo-vpc"
          ]
        }
      ]
    },
    {
      "mode": "managed",
      "type": "aws_lb_listener",
      "name": "australia-http",
      "provider": "provider[\"registry.terraform.io/hashicorp/aws\"].australia",
      "instances": [
        {
          "schema_version": 0,
          "attributes": {
            "alpn_policy": null,
            "arn": "arn:aws:elasticloadbalancing:ap-southeast-2:864899853524:listener/app/australia-load-balancer/6110116a72fe0f06/6fc7eb7ad9bcc62d",
            "certificate_arn": null,
            "default_action": [
              {
                "authenticate_cognito": [],
                "authenticate_oidc": [],
                "fixed_response": [],
                "forward": [],
                "order": 1,
                "redirect": [],
                "target_group_arn": "arn:aws:elasticloadbalancing:ap-southeast-2:864899853524:targetgroup/australia-target-group/0474807c0a4155d8",
                "type": "forward"
              }
            ],
            "id": "arn:aws:elasticloadbalancing:ap-southeast-2:864899853524:listener/app/australia-load-balancer/6110116a72fe0f06/6fc7eb7ad9bcc62d",
            "load_balancer_arn": "arn:aws:elasticloadbalancing:ap-southeast-2:864899853524:loadbalancer/app/australia-load-balancer/6110116a72fe0f06",
            "mutual_authentication": [],
            "port": 80,
            "protocol": "HTTP",
            "ssl_policy": "",
            "tags": null,
            "tags_all": {},
            "tcp_idle_timeout_seconds": null,
            "timeouts": null
          },
          "sensitive_attributes": [],
          "private": "eyJlMmJmYjczMC1lY2FhLTExZTYtOGY4OC0zNDM2M2JjN2M0YzAiOnsiY3JlYXRlIjozMDAwMDAwMDAwMDAsInVwZGF0ZSI6MzAwMDAwMDAwMDAwfX0=",
          "dependencies": [
            "aws_lb.australia_alb",
            "aws_lb_target_group.australia_tg",
            "aws_security_group.australia-SG02-LB01",
            "aws_subnet.australia-public-subnet-2a",
            "aws_subnet.australia-public-subnet-2b",
            "aws_vpc.australia-vpc"
          ]
        }
      ]
    },
    {
      "mode": "managed",
      "type": "aws_lb_listener",
      "name": "california-http",
      "provider": "provider[\"registry.terraform.io/hashicorp/aws\"].california",
      "instances": [
        {
          "schema_version": 0,
          "attributes": {
            "alpn_policy": null,
            "arn": "arn:aws:elasticloadbalancing:us-west-1:864899853524:listener/app/california-load-balancer/493f9319e3db3183/5b92091586cdbb06",
            "certificate_arn": null,
            "default_action": [
              {
                "authenticate_cognito": [],
                "authenticate_oidc": [],
                "fixed_response": [],
                "forward": [],
                "order": 1,
                "redirect": [],
                "target_group_arn": "arn:aws:elasticloadbalancing:us-west-1:864899853524:targetgroup/california-target-group/0bbbd3f4ee5fcab0",
                "type": "forward"
              }
            ],
            "id": "arn:aws:elasticloadbalancing:us-west-1:864899853524:listener/app/california-load-balancer/493f9319e3db3183/5b92091586cdbb06",
            "load_balancer_arn": "arn:aws:elasticloadbalancing:us-west-1:864899853524:loadbalancer/app/california-load-balancer/493f9319e3db3183",
            "mutual_authentication": [],
            "port": 80,
            "protocol": "HTTP",
            "ssl_policy": "",
            "tags": null,
            "tags_all": {},
            "tcp_idle_timeout_seconds": null,
            "timeouts": null
          },
          "sensitive_attributes": [],
          "private": "eyJlMmJmYjczMC1lY2FhLTExZTYtOGY4OC0zNDM2M2JjN2M0YzAiOnsiY3JlYXRlIjozMDAwMDAwMDAwMDAsInVwZGF0ZSI6MzAwMDAwMDAwMDAwfX0=",
          "dependencies": [
            "aws_lb.california_alb",
            "aws_lb_target_group.california_tg",
            "aws_security_group.california-SG02-LB01",
            "aws_subnet.california-public-subnet-1b",
            "aws_subnet.california-public-subnet-1c",
            "aws_vpc.california-vpc"
          ]
        }
      ]
    },
    {
      "mode": "managed",
      "type": "aws_lb_listener",
      "name": "hongkong-http",
      "provider": "provider[\"registry.terraform.io/hashicorp/aws\"].hong-kong",
      "instances": [
        {
          "schema_version": 0,
          "attributes": {
            "alpn_policy": null,
            "arn": "arn:aws:elasticloadbalancing:ap-east-1:864899853524:listener/app/hongkong-load-balancer/f9c2832caa6afee2/214ad3b11101a843",
            "certificate_arn": null,
            "default_action": [
              {
                "authenticate_cognito": [],
                "authenticate_oidc": [],
                "fixed_response": [],
                "forward": [],
                "order": 1,
                "redirect": [],
                "target_group_arn": "arn:aws:elasticloadbalancing:ap-east-1:864899853524:targetgroup/hongkong-target-group/7228c63cfc496381",
                "type": "forward"
              }
            ],
            "id": "arn:aws:elasticloadbalancing:ap-east-1:864899853524:listener/app/hongkong-load-balancer/f9c2832caa6afee2/214ad3b11101a843",
            "load_balancer_arn": "arn:aws:elasticloadbalancing:ap-east-1:864899853524:loadbalancer/app/hongkong-load-balancer/f9c2832caa6afee2",
            "mutual_authentication": [],
            "port": 80,
            "protocol": "HTTP",
            "ssl_policy": "",
            "tags": null,
            "tags_all": {},
            "tcp_idle_timeout_seconds": null,
            "timeouts": null
          },
          "sensitive_attributes": [],
          "private": "eyJlMmJmYjczMC1lY2FhLTExZTYtOGY4OC0zNDM2M2JjN2M0YzAiOnsiY3JlYXRlIjozMDAwMDAwMDAwMDAsInVwZGF0ZSI6MzAwMDAwMDAwMDAwfX0=",
          "dependencies": [
            "aws_lb.hongkong_alb",
            "aws_lb_target_group.hongkong_tg",
            "aws_security_group.hongkong-SG02-LB01",
            "aws_subnet.hongkong-public-subnet-1a",
            "aws_subnet.hongkong-public-subnet-1b",
            "aws_vpc.hongkong-vpc"
          ]
        }
      ]
    },
    {
      "mode": "managed",
      "type": "aws_lb_listener",
      "name": "london-http",
      "provider": "provider[\"registry.terraform.io/hashicorp/aws\"].london",
      "instances": [
        {
          "schema_version": 0,
          "attributes": {
            "alpn_policy": null,
            "arn": "arn:aws:elasticloadbalancing:eu-west-2:864899853524:listener/app/london-load-balancer/8b81fde902012ac9/a93c691268b10d37",
            "certificate_arn": null,
            "default_action": [
              {
                "authenticate_cognito": [],
                "authenticate_oidc": [],
                "fixed_response": [],
                "forward": [],
                "order": 1,
                "redirect": [],
                "target_group_arn": "arn:aws:elasticloadbalancing:eu-west-2:864899853524:targetgroup/london-target-group/081ccefe7fc96b85",
                "type": "forward"
              }
            ],
            "id": "arn:aws:elasticloadbalancing:eu-west-2:864899853524:listener/app/london-load-balancer/8b81fde902012ac9/a93c691268b10d37",
            "load_balancer_arn": "arn:aws:elasticloadbalancing:eu-west-2:864899853524:loadbalancer/app/london-load-balancer/8b81fde902012ac9",
            "mutual_authentication": [],
            "port": 80,
            "protocol": "HTTP",
            "ssl_policy": "",
            "tags": null,
            "tags_all": {},
            "tcp_idle_timeout_seconds": null,
            "timeouts": null
          },
          "sensitive_attributes": [],
          "private": "eyJlMmJmYjczMC1lY2FhLTExZTYtOGY4OC0zNDM2M2JjN2M0YzAiOnsiY3JlYXRlIjozMDAwMDAwMDAwMDAsInVwZGF0ZSI6MzAwMDAwMDAwMDAwfX0=",
          "dependencies": [
            "aws_lb.london_alb",
            "aws_lb_target_group.london_tg",
            "aws_security_group.london-SG02-LB01",
            "aws_subnet.london-public-subnet-2a",
            "aws_subnet.london-public-subnet-2b",
            "aws_vpc.london-vpc"
          ]
        }
      ]
    },
    {
      "mode": "managed",
      "type": "aws_lb_listener",
      "name": "newyork-http",
      "provider": "provider[\"registry.terraform.io/hashicorp/aws\"].new-york",
      "instances": [
        {
          "schema_version": 0,
          "attributes": {
            "alpn_policy": null,
            "arn": "arn:aws:elasticloadbalancing:us-east-1:864899853524:listener/app/newyork-load-balancer/15890d6c2e5f1858/0843c03770959635",
            "certificate_arn": null,
            "default_action": [
              {
                "authenticate_cognito": [],
                "authenticate_oidc": [],
                "fixed_response": [],
                "forward": [],
                "order": 1,
                "redirect": [],
                "target_group_arn": "arn:aws:elasticloadbalancing:us-east-1:864899853524:targetgroup/newyork-target-group/dae741accd2b2cf3",
                "type": "forward"
              }
            ],
            "id": "arn:aws:elasticloadbalancing:us-east-1:864899853524:listener/app/newyork-load-balancer/15890d6c2e5f1858/0843c03770959635",
            "load_balancer_arn": "arn:aws:elasticloadbalancing:us-east-1:864899853524:loadbalancer/app/newyork-load-balancer/15890d6c2e5f1858",
            "mutual_authentication": [],
            "port": 80,
            "protocol": "HTTP",
            "ssl_policy": "",
            "tags": null,
            "tags_all": {},
            "tcp_idle_timeout_seconds": null,
            "timeouts": null
          },
          "sensitive_attributes": [],
          "private": "eyJlMmJmYjczMC1lY2FhLTExZTYtOGY4OC0zNDM2M2JjN2M0YzAiOnsiY3JlYXRlIjozMDAwMDAwMDAwMDAsInVwZGF0ZSI6MzAwMDAwMDAwMDAwfX0=",
          "dependencies": [
            "aws_lb.newyork_alb",
            "aws_lb_target_group.newyork_tg",
            "aws_security_group.newyork-SG02-LB01",
            "aws_subnet.newyork-public-subnet-1a",
            "aws_subnet.newyork-public-subnet-1b",
            "aws_vpc.newyork-vpc"
          ]
        }
      ]
    },
    {
      "mode": "managed",
      "type": "aws_lb_listener",
      "name": "saopaulo-http",
      "provider": "provider[\"registry.terraform.io/hashicorp/aws\"].sao-paulo",
      "instances": [
        {
          "schema_version": 0,
          "attributes": {
            "alpn_policy": null,
            "arn": "arn:aws:elasticloadbalancing:sa-east-1:864899853524:listener/app/saopaulo-load-balancer/cb2c352890d0392e/20f23fbd4403f5c2",
            "certificate_arn": null,
            "default_action": [
              {
                "authenticate_cognito": [],
                "authenticate_oidc": [],
                "fixed_response": [],
                "forward": [],
                "order": 1,
                "redirect": [],
                "target_group_arn": "arn:aws:elasticloadbalancing:sa-east-1:864899853524:targetgroup/saopaulo-target-group/348c588fef4eb018",
                "type": "forward"
              }
            ],
            "id": "arn:aws:elasticloadbalancing:sa-east-1:864899853524:listener/app/saopaulo-load-balancer/cb2c352890d0392e/20f23fbd4403f5c2",
            "load_balancer_arn": "arn:aws:elasticloadbalancing:sa-east-1:864899853524:loadbalancer/app/saopaulo-load-balancer/cb2c352890d0392e",
            "mutual_authentication": [],
            "port": 80,
            "protocol": "HTTP",
            "ssl_policy": "",
            "tags": null,
            "tags_all": {},
            "tcp_idle_timeout_seconds": null,
            "timeouts": null
          },
          "sensitive_attributes": [],
          "private": "eyJlMmJmYjczMC1lY2FhLTExZTYtOGY4OC0zNDM2M2JjN2M0YzAiOnsiY3JlYXRlIjozMDAwMDAwMDAwMDAsInVwZGF0ZSI6MzAwMDAwMDAwMDAwfX0=",
          "dependencies": [
            "aws_lb.saopaulo_alb",
            "aws_lb_target_group.saopaulo_tg",
            "aws_security_group.saopaulo-SG02-LB01",
            "aws_subnet.saopaulo-public-subnet-1a",
            "aws_subnet.saopaulo-public-subnet-1c",
            "aws_vpc.saopaulo-vpc"
          ]
        }
      ]
    },
    {
      "mode": "managed",
      "type": "aws_lb_listener",
      "name": "tokyo-http",
      "provider": "provider[\"registry.terraform.io/hashicorp/aws\"].tokyo",
      "instances": [
        {
          "schema_version": 0,
          "attributes": {
            "alpn_policy": null,
            "arn": "arn:aws:elasticloadbalancing:ap-northeast-1:864899853524:listener/app/tokyo-load-balancer/2443699cec77c19c/d8575edfa399da6e",
            "certificate_arn": null,
            "default_action": [
              {
                "authenticate_cognito": [],
                "authenticate_oidc": [],
                "fixed_response": [],
                "forward": [],
                "order": 1,
                "redirect": [],
                "target_group_arn": "arn:aws:elasticloadbalancing:ap-northeast-1:864899853524:targetgroup/tokyo-target-group/2569cab7031e7063",
                "type": "forward"
              }
            ],
            "id": "arn:aws:elasticloadbalancing:ap-northeast-1:864899853524:listener/app/tokyo-load-balancer/2443699cec77c19c/d8575edfa399da6e",
            "load_balancer_arn": "arn:aws:elasticloadbalancing:ap-northeast-1:864899853524:loadbalancer/app/tokyo-load-balancer/2443699cec77c19c",
            "mutual_authentication": [],
            "port": 80,
            "protocol": "HTTP",
            "ssl_policy": "",
            "tags": null,
            "tags_all": {},
            "tcp_idle_timeout_seconds": null,
            "timeouts": null
          },
          "sensitive_attributes": [],
          "private": "eyJlMmJmYjczMC1lY2FhLTExZTYtOGY4OC0zNDM2M2JjN2M0YzAiOnsiY3JlYXRlIjozMDAwMDAwMDAwMDAsInVwZGF0ZSI6MzAwMDAwMDAwMDAwfX0=",
          "dependencies": [
            "aws_lb.tokyo_alb",
            "aws_lb_target_group.tokyo_tg",
            "aws_security_group.tokyo-SG02-LB01",
            "aws_subnet.tokyo-public-subnet-1a",
            "aws_subnet.tokyo-public-subnet-1d",
            "aws_vpc.tokyo-vpc"
          ]
        }
      ]
    },
    {
      "mode": "managed",
      "type": "aws_lb_target_group",
      "name": "australia_tg",
      "provider": "provider[\"registry.terraform.io/hashicorp/aws\"].australia",
      "instances": [
        {
          "schema_version": 0,
          "attributes": {
            "arn": "arn:aws:elasticloadbalancing:ap-southeast-2:864899853524:targetgroup/australia-target-group/0474807c0a4155d8",
            "arn_suffix": "targetgroup/australia-target-group/0474807c0a4155d8",
            "connection_termination": null,
            "deregistration_delay": "300",
            "health_check": [
              {
                "enabled": true,
                "healthy_threshold": 5,
                "interval": 30,
                "matcher": "200",
                "path": "/",
                "port": "traffic-port",
                "protocol": "HTTP",
                "timeout": 5,
                "unhealthy_threshold": 2
              }
            ],
            "id": "arn:aws:elasticloadbalancing:ap-southeast-2:864899853524:targetgroup/australia-target-group/0474807c0a4155d8",
            "ip_address_type": "ipv4",
            "lambda_multi_value_headers_enabled": false,
            "load_balancer_arns": [],
            "load_balancing_algorithm_type": "round_robin",
            "load_balancing_anomaly_mitigation": "off",
            "load_balancing_cross_zone_enabled": "use_load_balancer_configuration",
            "name": "australia-target-group",
            "name_prefix": "",
            "port": 80,
            "preserve_client_ip": null,
            "protocol": "HTTP",
            "protocol_version": "HTTP1",
            "proxy_protocol_v2": false,
            "slow_start": 0,
            "stickiness": [
              {
                "cookie_duration": 86400,
                "cookie_name": "",
                "enabled": false,
                "type": "lb_cookie"
              }
            ],
            "tags": {
              "Name": "AustraliaTargetGroup",
              "Owner": "MATTRESS AVENGERS",
              "Project": "Web Service",
              "Service": "Armageddon Phase 1"
            },
            "tags_all": {
              "Name": "AustraliaTargetGroup",
              "Owner": "MATTRESS AVENGERS",
              "Project": "Web Service",
              "Service": "Armageddon Phase 1"
            },
            "target_failover": [
              {
                "on_deregistration": null,
                "on_unhealthy": null
              }
            ],
            "target_group_health": [
              {
                "dns_failover": [
                  {
                    "minimum_healthy_targets_count": "1",
                    "minimum_healthy_targets_percentage": "off"
                  }
                ],
                "unhealthy_state_routing": [
                  {
                    "minimum_healthy_targets_count": 1,
                    "minimum_healthy_targets_percentage": "off"
                  }
                ]
              }
            ],
            "target_health_state": [
              {
                "enable_unhealthy_connection_termination": null,
                "unhealthy_draining_interval": null
              }
            ],
            "target_type": "instance",
            "vpc_id": "vpc-07e0ee860ea75eb6f"
          },
          "sensitive_attributes": [],
          "private": "bnVsbA==",
          "dependencies": [
            "aws_vpc.australia-vpc"
          ]
        }
      ]
    },
    {
      "mode": "managed",
      "type": "aws_lb_target_group",
      "name": "california_tg",
      "provider": "provider[\"registry.terraform.io/hashicorp/aws\"].california",
      "instances": [
        {
          "schema_version": 0,
          "attributes": {
            "arn": "arn:aws:elasticloadbalancing:us-west-1:864899853524:targetgroup/california-target-group/0bbbd3f4ee5fcab0",
            "arn_suffix": "targetgroup/california-target-group/0bbbd3f4ee5fcab0",
            "connection_termination": null,
            "deregistration_delay": "300",
            "health_check": [
              {
                "enabled": true,
                "healthy_threshold": 5,
                "interval": 30,
                "matcher": "200",
                "path": "/",
                "port": "traffic-port",
                "protocol": "HTTP",
                "timeout": 5,
                "unhealthy_threshold": 2
              }
            ],
            "id": "arn:aws:elasticloadbalancing:us-west-1:864899853524:targetgroup/california-target-group/0bbbd3f4ee5fcab0",
            "ip_address_type": "ipv4",
            "lambda_multi_value_headers_enabled": false,
            "load_balancer_arns": [],
            "load_balancing_algorithm_type": "round_robin",
            "load_balancing_anomaly_mitigation": "off",
            "load_balancing_cross_zone_enabled": "use_load_balancer_configuration",
            "name": "california-target-group",
            "name_prefix": "",
            "port": 80,
            "preserve_client_ip": null,
            "protocol": "HTTP",
            "protocol_version": "HTTP1",
            "proxy_protocol_v2": false,
            "slow_start": 0,
            "stickiness": [
              {
                "cookie_duration": 86400,
                "cookie_name": "",
                "enabled": false,
                "type": "lb_cookie"
              }
            ],
            "tags": {
              "Name": "CaliforniaTargetGroup",
              "Owner": "MATTRESS AVENGERS",
              "Project": "Web Service",
              "Service": "Armageddon Phase 1"
            },
            "tags_all": {
              "Name": "CaliforniaTargetGroup",
              "Owner": "MATTRESS AVENGERS",
              "Project": "Web Service",
              "Service": "Armageddon Phase 1"
            },
            "target_failover": [
              {
                "on_deregistration": null,
                "on_unhealthy": null
              }
            ],
            "target_group_health": [
              {
                "dns_failover": [
                  {
                    "minimum_healthy_targets_count": "1",
                    "minimum_healthy_targets_percentage": "off"
                  }
                ],
                "unhealthy_state_routing": [
                  {
                    "minimum_healthy_targets_count": 1,
                    "minimum_healthy_targets_percentage": "off"
                  }
                ]
              }
            ],
            "target_health_state": [
              {
                "enable_unhealthy_connection_termination": null,
                "unhealthy_draining_interval": null
              }
            ],
            "target_type": "instance",
            "vpc_id": "vpc-071d7efa8dce2ef00"
          },
          "sensitive_attributes": [],
          "private": "bnVsbA==",
          "dependencies": [
            "aws_vpc.california-vpc"
          ]
        }
      ]
    },
    {
      "mode": "managed",
      "type": "aws_lb_target_group",
      "name": "hongkong_tg",
      "provider": "provider[\"registry.terraform.io/hashicorp/aws\"].hong-kong",
      "instances": [
        {
          "schema_version": 0,
          "attributes": {
            "arn": "arn:aws:elasticloadbalancing:ap-east-1:864899853524:targetgroup/hongkong-target-group/7228c63cfc496381",
            "arn_suffix": "targetgroup/hongkong-target-group/7228c63cfc496381",
            "connection_termination": null,
            "deregistration_delay": "300",
            "health_check": [
              {
                "enabled": true,
                "healthy_threshold": 5,
                "interval": 30,
                "matcher": "200",
                "path": "/",
                "port": "traffic-port",
                "protocol": "HTTP",
                "timeout": 5,
                "unhealthy_threshold": 2
              }
            ],
            "id": "arn:aws:elasticloadbalancing:ap-east-1:864899853524:targetgroup/hongkong-target-group/7228c63cfc496381",
            "ip_address_type": "ipv4",
            "lambda_multi_value_headers_enabled": false,
            "load_balancer_arns": [],
            "load_balancing_algorithm_type": "round_robin",
            "load_balancing_anomaly_mitigation": "off",
            "load_balancing_cross_zone_enabled": "use_load_balancer_configuration",
            "name": "hongkong-target-group",
            "name_prefix": "",
            "port": 80,
            "preserve_client_ip": null,
            "protocol": "HTTP",
            "protocol_version": "HTTP1",
            "proxy_protocol_v2": false,
            "slow_start": 0,
            "stickiness": [
              {
                "cookie_duration": 86400,
                "cookie_name": "",
                "enabled": false,
                "type": "lb_cookie"
              }
            ],
            "tags": {
              "Name": "HongKongTargetGroup",
              "Owner": "MATTRESS AVENGERS",
              "Project": "Web Service",
              "Service": "Armageddon Phase 1"
            },
            "tags_all": {
              "Name": "HongKongTargetGroup",
              "Owner": "MATTRESS AVENGERS",
              "Project": "Web Service",
              "Service": "Armageddon Phase 1"
            },
            "target_failover": [
              {
                "on_deregistration": null,
                "on_unhealthy": null
              }
            ],
            "target_group_health": [
              {
                "dns_failover": [
                  {
                    "minimum_healthy_targets_count": "1",
                    "minimum_healthy_targets_percentage": "off"
                  }
                ],
                "unhealthy_state_routing": [
                  {
                    "minimum_healthy_targets_count": 1,
                    "minimum_healthy_targets_percentage": "off"
                  }
                ]
              }
            ],
            "target_health_state": [
              {
                "enable_unhealthy_connection_termination": null,
                "unhealthy_draining_interval": null
              }
            ],
            "target_type": "instance",
            "vpc_id": "vpc-053d0428b4a3f2a60"
          },
          "sensitive_attributes": [],
          "private": "bnVsbA==",
          "dependencies": [
            "aws_vpc.hongkong-vpc"
          ]
        }
      ]
    },
    {
      "mode": "managed",
      "type": "aws_lb_target_group",
      "name": "london_tg",
      "provider": "provider[\"registry.terraform.io/hashicorp/aws\"].london",
      "instances": [
        {
          "schema_version": 0,
          "attributes": {
            "arn": "arn:aws:elasticloadbalancing:eu-west-2:864899853524:targetgroup/london-target-group/081ccefe7fc96b85",
            "arn_suffix": "targetgroup/london-target-group/081ccefe7fc96b85",
            "connection_termination": null,
            "deregistration_delay": "300",
            "health_check": [
              {
                "enabled": true,
                "healthy_threshold": 5,
                "interval": 30,
                "matcher": "200",
                "path": "/",
                "port": "traffic-port",
                "protocol": "HTTP",
                "timeout": 5,
                "unhealthy_threshold": 2
              }
            ],
            "id": "arn:aws:elasticloadbalancing:eu-west-2:864899853524:targetgroup/london-target-group/081ccefe7fc96b85",
            "ip_address_type": "ipv4",
            "lambda_multi_value_headers_enabled": false,
            "load_balancer_arns": [],
            "load_balancing_algorithm_type": "round_robin",
            "load_balancing_anomaly_mitigation": "off",
            "load_balancing_cross_zone_enabled": "use_load_balancer_configuration",
            "name": "london-target-group",
            "name_prefix": "",
            "port": 80,
            "preserve_client_ip": null,
            "protocol": "HTTP",
            "protocol_version": "HTTP1",
            "proxy_protocol_v2": false,
            "slow_start": 0,
            "stickiness": [
              {
                "cookie_duration": 86400,
                "cookie_name": "",
                "enabled": false,
                "type": "lb_cookie"
              }
            ],
            "tags": {
              "Name": "LondonTargetGroup",
              "Owner": "MATTRESS AVENGERS",
              "Project": "Web Service",
              "Service": "Armageddon Phase 1"
            },
            "tags_all": {
              "Name": "LondonTargetGroup",
              "Owner": "MATTRESS AVENGERS",
              "Project": "Web Service",
              "Service": "Armageddon Phase 1"
            },
            "target_failover": [
              {
                "on_deregistration": null,
                "on_unhealthy": null
              }
            ],
            "target_group_health": [
              {
                "dns_failover": [
                  {
                    "minimum_healthy_targets_count": "1",
                    "minimum_healthy_targets_percentage": "off"
                  }
                ],
                "unhealthy_state_routing": [
                  {
                    "minimum_healthy_targets_count": 1,
                    "minimum_healthy_targets_percentage": "off"
                  }
                ]
              }
            ],
            "target_health_state": [
              {
                "enable_unhealthy_connection_termination": null,
                "unhealthy_draining_interval": null
              }
            ],
            "target_type": "instance",
            "vpc_id": "vpc-0ffc5cd7bc165c115"
          },
          "sensitive_attributes": [],
          "private": "bnVsbA==",
          "dependencies": [
            "aws_vpc.london-vpc"
          ]
        }
      ]
    },
    {
      "mode": "managed",
      "type": "aws_lb_target_group",
      "name": "newyork_tg",
      "provider": "provider[\"registry.terraform.io/hashicorp/aws\"].new-york",
      "instances": [
        {
          "schema_version": 0,
          "attributes": {
            "arn": "arn:aws:elasticloadbalancing:us-east-1:864899853524:targetgroup/newyork-target-group/dae741accd2b2cf3",
            "arn_suffix": "targetgroup/newyork-target-group/dae741accd2b2cf3",
            "connection_termination": null,
            "deregistration_delay": "300",
            "health_check": [
              {
                "enabled": true,
                "healthy_threshold": 5,
                "interval": 30,
                "matcher": "200",
                "path": "/",
                "port": "traffic-port",
                "protocol": "HTTP",
                "timeout": 5,
                "unhealthy_threshold": 2
              }
            ],
            "id": "arn:aws:elasticloadbalancing:us-east-1:864899853524:targetgroup/newyork-target-group/dae741accd2b2cf3",
            "ip_address_type": "ipv4",
            "lambda_multi_value_headers_enabled": false,
            "load_balancer_arns": [],
            "load_balancing_algorithm_type": "round_robin",
            "load_balancing_anomaly_mitigation": "off",
            "load_balancing_cross_zone_enabled": "use_load_balancer_configuration",
            "name": "newyork-target-group",
            "name_prefix": "",
            "port": 80,
            "preserve_client_ip": null,
            "protocol": "HTTP",
            "protocol_version": "HTTP1",
            "proxy_protocol_v2": false,
            "slow_start": 0,
            "stickiness": [
              {
                "cookie_duration": 86400,
                "cookie_name": "",
                "enabled": false,
                "type": "lb_cookie"
              }
            ],
            "tags": {
              "Name": "NewYorkTargetGroup",
              "Owner": "MATTRESS AVENGERS",
              "Project": "Web Service",
              "Service": "Armageddon Phase 1"
            },
            "tags_all": {
              "Name": "NewYorkTargetGroup",
              "Owner": "MATTRESS AVENGERS",
              "Project": "Web Service",
              "Service": "Armageddon Phase 1"
            },
            "target_failover": [
              {
                "on_deregistration": null,
                "on_unhealthy": null
              }
            ],
            "target_group_health": [
              {
                "dns_failover": [
                  {
                    "minimum_healthy_targets_count": "1",
                    "minimum_healthy_targets_percentage": "off"
                  }
                ],
                "unhealthy_state_routing": [
                  {
                    "minimum_healthy_targets_count": 1,
                    "minimum_healthy_targets_percentage": "off"
                  }
                ]
              }
            ],
            "target_health_state": [
              {
                "enable_unhealthy_connection_termination": null,
                "unhealthy_draining_interval": null
              }
            ],
            "target_type": "instance",
            "vpc_id": "vpc-00c8befd9fc980836"
          },
          "sensitive_attributes": [],
          "private": "bnVsbA==",
          "dependencies": [
            "aws_vpc.newyork-vpc"
          ]
        }
      ]
    },
    {
      "mode": "managed",
      "type": "aws_lb_target_group",
      "name": "saopaulo_tg",
      "provider": "provider[\"registry.terraform.io/hashicorp/aws\"].sao-paulo",
      "instances": [
        {
          "schema_version": 0,
          "attributes": {
            "arn": "arn:aws:elasticloadbalancing:sa-east-1:864899853524:targetgroup/saopaulo-target-group/348c588fef4eb018",
            "arn_suffix": "targetgroup/saopaulo-target-group/348c588fef4eb018",
            "connection_termination": null,
            "deregistration_delay": "300",
            "health_check": [
              {
                "enabled": true,
                "healthy_threshold": 5,
                "interval": 30,
                "matcher": "200",
                "path": "/",
                "port": "traffic-port",
                "protocol": "HTTP",
                "timeout": 5,
                "unhealthy_threshold": 2
              }
            ],
            "id": "arn:aws:elasticloadbalancing:sa-east-1:864899853524:targetgroup/saopaulo-target-group/348c588fef4eb018",
            "ip_address_type": "ipv4",
            "lambda_multi_value_headers_enabled": false,
            "load_balancer_arns": [],
            "load_balancing_algorithm_type": "round_robin",
            "load_balancing_anomaly_mitigation": "off",
            "load_balancing_cross_zone_enabled": "use_load_balancer_configuration",
            "name": "saopaulo-target-group",
            "name_prefix": "",
            "port": 80,
            "preserve_client_ip": null,
            "protocol": "HTTP",
            "protocol_version": "HTTP1",
            "proxy_protocol_v2": false,
            "slow_start": 0,
            "stickiness": [
              {
                "cookie_duration": 86400,
                "cookie_name": "",
                "enabled": false,
                "type": "lb_cookie"
              }
            ],
            "tags": {
              "Name": "SaoPauloTargetGroup",
              "Owner": "MATTRESS AVENGERS",
              "Project": "Web Service",
              "Service": "Armageddon Phase 1"
            },
            "tags_all": {
              "Name": "SaoPauloTargetGroup",
              "Owner": "MATTRESS AVENGERS",
              "Project": "Web Service",
              "Service": "Armageddon Phase 1"
            },
            "target_failover": [
              {
                "on_deregistration": null,
                "on_unhealthy": null
              }
            ],
            "target_group_health": [
              {
                "dns_failover": [
                  {
                    "minimum_healthy_targets_count": "1",
                    "minimum_healthy_targets_percentage": "off"
                  }
                ],
                "unhealthy_state_routing": [
                  {
                    "minimum_healthy_targets_count": 1,
                    "minimum_healthy_targets_percentage": "off"
                  }
                ]
              }
            ],
            "target_health_state": [
              {
                "enable_unhealthy_connection_termination": null,
                "unhealthy_draining_interval": null
              }
            ],
            "target_type": "instance",
            "vpc_id": "vpc-0fd0255b69bcef259"
          },
          "sensitive_attributes": [],
          "private": "bnVsbA==",
          "dependencies": [
            "aws_vpc.saopaulo-vpc"
          ]
        }
      ]
    },
    {
      "mode": "managed",
      "type": "aws_lb_target_group",
      "name": "tokyo_tg",
      "provider": "provider[\"registry.terraform.io/hashicorp/aws\"].tokyo",
      "instances": [
        {
          "schema_version": 0,
          "attributes": {
            "arn": "arn:aws:elasticloadbalancing:ap-northeast-1:864899853524:targetgroup/tokyo-target-group/2569cab7031e7063",
            "arn_suffix": "targetgroup/tokyo-target-group/2569cab7031e7063",
            "connection_termination": null,
            "deregistration_delay": "300",
            "health_check": [
              {
                "enabled": true,
                "healthy_threshold": 5,
                "interval": 30,
                "matcher": "200",
                "path": "/",
                "port": "traffic-port",
                "protocol": "HTTP",
                "timeout": 5,
                "unhealthy_threshold": 2
              }
            ],
            "id": "arn:aws:elasticloadbalancing:ap-northeast-1:864899853524:targetgroup/tokyo-target-group/2569cab7031e7063",
            "ip_address_type": "ipv4",
            "lambda_multi_value_headers_enabled": false,
            "load_balancer_arns": [],
            "load_balancing_algorithm_type": "round_robin",
            "load_balancing_anomaly_mitigation": "off",
            "load_balancing_cross_zone_enabled": "use_load_balancer_configuration",
            "name": "tokyo-target-group",
            "name_prefix": "",
            "port": 80,
            "preserve_client_ip": null,
            "protocol": "HTTP",
            "protocol_version": "HTTP1",
            "proxy_protocol_v2": false,
            "slow_start": 0,
            "stickiness": [
              {
                "cookie_duration": 86400,
                "cookie_name": "",
                "enabled": false,
                "type": "lb_cookie"
              }
            ],
            "tags": {
              "Name": "TokyoTargetGroup",
              "Owner": "MATTRESS AVENGERS",
              "Project": "Web Service",
              "Service": "Armageddon Phase 1"
            },
            "tags_all": {
              "Name": "TokyoTargetGroup",
              "Owner": "MATTRESS AVENGERS",
              "Project": "Web Service",
              "Service": "Armageddon Phase 1"
            },
            "target_failover": [
              {
                "on_deregistration": null,
                "on_unhealthy": null
              }
            ],
            "target_group_health": [
              {
                "dns_failover": [
                  {
                    "minimum_healthy_targets_count": "1",
                    "minimum_healthy_targets_percentage": "off"
                  }
                ],
                "unhealthy_state_routing": [
                  {
                    "minimum_healthy_targets_count": 1,
                    "minimum_healthy_targets_percentage": "off"
                  }
                ]
              }
            ],
            "target_health_state": [
              {
                "enable_unhealthy_connection_termination": null,
                "unhealthy_draining_interval": null
              }
            ],
            "target_type": "instance",
            "vpc_id": "vpc-0a0e8a6e51d409e5c"
          },
          "sensitive_attributes": [],
          "private": "bnVsbA==",
          "dependencies": [
            "aws_vpc.tokyo-vpc"
          ]
        }
      ]
    },
    {
      "mode": "managed",
      "type": "aws_lb_target_group",
      "name": "tokyotesta_tg",
      "provider": "provider[\"registry.terraform.io/hashicorp/aws\"].tokyo-testb",
      "instances": [
        {
          "schema_version": 0,
          "attributes": {
            "arn": "arn:aws:elasticloadbalancing:ap-northeast-1:864899853524:targetgroup/tokyotesta-target-group/721cabf8b0067601",
            "arn_suffix": "targetgroup/tokyotesta-target-group/721cabf8b0067601",
            "connection_termination": null,
            "deregistration_delay": "300",
            "health_check": [
              {
                "enabled": true,
                "healthy_threshold": 5,
                "interval": 30,
                "matcher": "200",
                "path": "/",
                "port": "traffic-port",
                "protocol": "HTTP",
                "timeout": 5,
                "unhealthy_threshold": 2
              }
            ],
            "id": "arn:aws:elasticloadbalancing:ap-northeast-1:864899853524:targetgroup/tokyotesta-target-group/721cabf8b0067601",
            "ip_address_type": "ipv4",
            "lambda_multi_value_headers_enabled": false,
            "load_balancer_arns": [],
            "load_balancing_algorithm_type": "round_robin",
            "load_balancing_anomaly_mitigation": "off",
            "load_balancing_cross_zone_enabled": "use_load_balancer_configuration",
            "name": "tokyotesta-target-group",
            "name_prefix": "",
            "port": 80,
            "preserve_client_ip": null,
            "protocol": "HTTP",
            "protocol_version": "HTTP1",
            "proxy_protocol_v2": false,
            "slow_start": 0,
            "stickiness": [
              {
                "cookie_duration": 86400,
                "cookie_name": "",
                "enabled": false,
                "type": "lb_cookie"
              }
            ],
            "tags": {
              "Name": "TokyoTestTargetGroup",
              "Owner": "MATTRESS AVENGERS",
              "Project": "Web Service",
              "Service": "Armageddon Phase 1"
            },
            "tags_all": {
              "Name": "TokyoTestTargetGroup",
              "Owner": "MATTRESS AVENGERS",
              "Project": "Web Service",
              "Service": "Armageddon Phase 1"
            },
            "target_failover": [
              {
                "on_deregistration": null,
                "on_unhealthy": null
              }
            ],
            "target_group_health": [
              {
                "dns_failover": [
                  {
                    "minimum_healthy_targets_count": "1",
                    "minimum_healthy_targets_percentage": "off"
                  }
                ],
                "unhealthy_state_routing": [
                  {
                    "minimum_healthy_targets_count": 1,
                    "minimum_healthy_targets_percentage": "off"
                  }
                ]
              }
            ],
            "target_health_state": [
              {
                "enable_unhealthy_connection_termination": null,
                "unhealthy_draining_interval": null
              }
            ],
            "target_type": "instance",
            "vpc_id": "vpc-04ad607f3e937193f"
          },
          "sensitive_attributes": [],
          "private": "bnVsbA==",
          "dependencies": [
            "aws_vpc.tokyotest-vpc"
          ]
        }
      ]
    },
    {
      "mode": "managed",
      "type": "aws_nat_gateway",
      "name": "australia-nat",
      "provider": "provider[\"registry.terraform.io/hashicorp/aws\"].australia",
      "instances": [
        {
          "schema_version": 0,
          "attributes": {
            "allocation_id": "eipalloc-077572dec82a71ffc",
            "association_id": "eipassoc-034746cd24ed5b1d6",
            "connectivity_type": "public",
            "id": "nat-066c24a71df21e6e4",
            "network_interface_id": "eni-08de733848701a66e",
            "private_ip": "172.22.1.42",
            "public_ip": "13.211.32.28",
            "secondary_allocation_ids": null,
            "secondary_private_ip_address_count": 0,
            "secondary_private_ip_addresses": [],
            "subnet_id": "subnet-03e8dc7ac8b87d564",
            "tags": {
              "Name": "australia-nat"
            },
            "tags_all": {
              "Name": "australia-nat"
            },
            "timeouts": null
          },
          "sensitive_attributes": [],
          "private": "eyJlMmJmYjczMC1lY2FhLTExZTYtOGY4OC0zNDM2M2JjN2M0YzAiOnsiY3JlYXRlIjo2MDAwMDAwMDAwMDAsImRlbGV0ZSI6MTgwMDAwMDAwMDAwMCwidXBkYXRlIjo2MDAwMDAwMDAwMDB9fQ==",
          "dependencies": [
            "aws_eip.australia-nat",
            "aws_internet_gateway.australia-igw",
            "aws_subnet.australia-public-subnet-2a",
            "aws_vpc.australia-vpc"
          ]
        }
      ]
    },
    {
      "mode": "managed",
      "type": "aws_nat_gateway",
      "name": "california-nat",
      "provider": "provider[\"registry.terraform.io/hashicorp/aws\"].california",
      "instances": [
        {
          "schema_version": 0,
          "attributes": {
            "allocation_id": "eipalloc-06ee681fba05860fc",
            "association_id": "eipassoc-0d7d317412723c330",
            "connectivity_type": "public",
            "id": "nat-0c38c7f83296e8bbf",
            "network_interface_id": "eni-003c45d0c0176b603",
            "private_ip": "172.24.3.8",
            "public_ip": "54.153.119.117",
            "secondary_allocation_ids": null,
            "secondary_private_ip_address_count": 0,
            "secondary_private_ip_addresses": [],
            "subnet_id": "subnet-07d734ce40595d4ca",
            "tags": {
              "Name": "california-nat"
            },
            "tags_all": {
              "Name": "california-nat"
            },
            "timeouts": null
          },
          "sensitive_attributes": [],
          "private": "eyJlMmJmYjczMC1lY2FhLTExZTYtOGY4OC0zNDM2M2JjN2M0YzAiOnsiY3JlYXRlIjo2MDAwMDAwMDAwMDAsImRlbGV0ZSI6MTgwMDAwMDAwMDAwMCwidXBkYXRlIjo2MDAwMDAwMDAwMDB9fQ==",
          "dependencies": [
            "aws_eip.california-nat",
            "aws_internet_gateway.california-igw",
            "aws_subnet.california-public-subnet-1c",
            "aws_vpc.california-vpc"
          ]
        }
      ]
    },
    {
      "mode": "managed",
      "type": "aws_nat_gateway",
      "name": "hongkong-nat",
      "provider": "provider[\"registry.terraform.io/hashicorp/aws\"].hong-kong",
      "instances": [
        {
          "schema_version": 0,
          "attributes": {
            "allocation_id": "eipalloc-00f7606cc118f2a36",
            "association_id": "eipassoc-01da3fa05d31f7934",
            "connectivity_type": "public",
            "id": "nat-06fc2979df4f296a2",
            "network_interface_id": "eni-064bf882620d5ffc0",
            "private_ip": "172.23.1.75",
            "public_ip": "16.163.175.96",
            "secondary_allocation_ids": null,
            "secondary_private_ip_address_count": 0,
            "secondary_private_ip_addresses": [],
            "subnet_id": "subnet-07f1b86092a0aff59",
            "tags": {
              "Name": "hongkong-nat"
            },
            "tags_all": {
              "Name": "hongkong-nat"
            },
            "timeouts": null
          },
          "sensitive_attributes": [],
          "private": "eyJlMmJmYjczMC1lY2FhLTExZTYtOGY4OC0zNDM2M2JjN2M0YzAiOnsiY3JlYXRlIjo2MDAwMDAwMDAwMDAsImRlbGV0ZSI6MTgwMDAwMDAwMDAwMCwidXBkYXRlIjo2MDAwMDAwMDAwMDB9fQ==",
          "dependencies": [
            "aws_eip.hongkong-nat",
            "aws_internet_gateway.hongkong-igw",
            "aws_subnet.hongkong-public-subnet-1a",
            "aws_vpc.hongkong-vpc"
          ]
        }
      ]
    },
    {
      "mode": "managed",
      "type": "aws_nat_gateway",
      "name": "london-nat",
      "provider": "provider[\"registry.terraform.io/hashicorp/aws\"].london",
      "instances": [
        {
          "schema_version": 0,
          "attributes": {
            "allocation_id": "eipalloc-08be61aa4b43fcf6a",
            "association_id": "eipassoc-040ab7c9bf9048349",
            "connectivity_type": "public",
            "id": "nat-02db2570d2505e647",
            "network_interface_id": "eni-04f8931b91a544071",
            "private_ip": "172.20.1.79",
            "public_ip": "18.169.249.244",
            "secondary_allocation_ids": null,
            "secondary_private_ip_address_count": 0,
            "secondary_private_ip_addresses": [],
            "subnet_id": "subnet-087cf6cb4d56dbf3d",
            "tags": {
              "Name": "london_nat"
            },
            "tags_all": {
              "Name": "london_nat"
            },
            "timeouts": null
          },
          "sensitive_attributes": [],
          "private": "eyJlMmJmYjczMC1lY2FhLTExZTYtOGY4OC0zNDM2M2JjN2M0YzAiOnsiY3JlYXRlIjo2MDAwMDAwMDAwMDAsImRlbGV0ZSI6MTgwMDAwMDAwMDAwMCwidXBkYXRlIjo2MDAwMDAwMDAwMDB9fQ==",
          "dependencies": [
            "aws_eip.london-nat",
            "aws_internet_gateway.london-igw",
            "aws_subnet.london-public-subnet-2a",
            "aws_vpc.london-vpc"
          ]
        }
      ]
    },
    {
      "mode": "managed",
      "type": "aws_nat_gateway",
      "name": "newyork-nat",
      "provider": "provider[\"registry.terraform.io/hashicorp/aws\"].new-york",
      "instances": [
        {
          "schema_version": 0,
          "attributes": {
            "allocation_id": "eipalloc-0578194fb6b2862c2",
            "association_id": "eipassoc-069c35b063b9dc807",
            "connectivity_type": "public",
            "id": "nat-0bda762156a6896f6",
            "network_interface_id": "eni-0a94f4115ea60155f",
            "private_ip": "172.19.1.152",
            "public_ip": "52.44.50.69",
            "secondary_allocation_ids": null,
            "secondary_private_ip_address_count": 0,
            "secondary_private_ip_addresses": [],
            "subnet_id": "subnet-0c11ff79f1e661e22",
            "tags": {
              "Name": "newyork-nat"
            },
            "tags_all": {
              "Name": "newyork-nat"
            },
            "timeouts": null
          },
          "sensitive_attributes": [],
          "private": "eyJlMmJmYjczMC1lY2FhLTExZTYtOGY4OC0zNDM2M2JjN2M0YzAiOnsiY3JlYXRlIjo2MDAwMDAwMDAwMDAsImRlbGV0ZSI6MTgwMDAwMDAwMDAwMCwidXBkYXRlIjo2MDAwMDAwMDAwMDB9fQ==",
          "dependencies": [
            "aws_eip.newyork-nat",
            "aws_internet_gateway.newyork-igw",
            "aws_subnet.newyork-public-subnet-1a",
            "aws_vpc.newyork-vpc"
          ]
        }
      ]
    },
    {
      "mode": "managed",
      "type": "aws_nat_gateway",
      "name": "saopaulo-nat",
      "provider": "provider[\"registry.terraform.io/hashicorp/aws\"].sao-paulo",
      "instances": [
        {
          "schema_version": 0,
          "attributes": {
            "allocation_id": "eipalloc-048abbf265caf7d83",
            "association_id": "eipassoc-077595116254d627f",
            "connectivity_type": "public",
            "id": "nat-0992e82e00b7933a8",
            "network_interface_id": "eni-022c5701d81b23601",
            "private_ip": "172.21.1.216",
            "public_ip": "54.207.215.88",
            "secondary_allocation_ids": null,
            "secondary_private_ip_address_count": 0,
            "secondary_private_ip_addresses": [],
            "subnet_id": "subnet-00d24176124fe2765",
            "tags": {
              "Name": "saopaulo-nat"
            },
            "tags_all": {
              "Name": "saopaulo-nat"
            },
            "timeouts": null
          },
          "sensitive_attributes": [],
          "private": "eyJlMmJmYjczMC1lY2FhLTExZTYtOGY4OC0zNDM2M2JjN2M0YzAiOnsiY3JlYXRlIjo2MDAwMDAwMDAwMDAsImRlbGV0ZSI6MTgwMDAwMDAwMDAwMCwidXBkYXRlIjo2MDAwMDAwMDAwMDB9fQ==",
          "dependencies": [
            "aws_eip.saopaulo-nat",
            "aws_internet_gateway.saopaulo-igw",
            "aws_subnet.saopaulo-public-subnet-1a",
            "aws_vpc.saopaulo-vpc"
          ]
        }
      ]
    },
    {
      "mode": "managed",
      "type": "aws_nat_gateway",
      "name": "tokyo-nat",
      "provider": "provider[\"registry.terraform.io/hashicorp/aws\"].tokyo",
      "instances": [
        {
          "schema_version": 0,
          "attributes": {
            "allocation_id": "eipalloc-05062e4bedc8bf507",
            "association_id": "eipassoc-08f7e698925a51fc3",
            "connectivity_type": "public",
            "id": "nat-03cd9d75219135bcc",
            "network_interface_id": "eni-0b9eb87404bf4985b",
            "private_ip": "172.18.1.109",
            "public_ip": "18.177.224.44",
            "secondary_allocation_ids": null,
            "secondary_private_ip_address_count": 0,
            "secondary_private_ip_addresses": [],
            "subnet_id": "subnet-0370020d103bbe044",
            "tags": {
              "Name": "tokyo-nat"
            },
            "tags_all": {
              "Name": "tokyo-nat"
            },
            "timeouts": null
          },
          "sensitive_attributes": [],
          "private": "eyJlMmJmYjczMC1lY2FhLTExZTYtOGY4OC0zNDM2M2JjN2M0YzAiOnsiY3JlYXRlIjo2MDAwMDAwMDAwMDAsImRlbGV0ZSI6MTgwMDAwMDAwMDAwMCwidXBkYXRlIjo2MDAwMDAwMDAwMDB9fQ==",
          "dependencies": [
            "aws_eip.tokyo-nat",
            "aws_internet_gateway.tokyo-igw",
            "aws_subnet.tokyo-public-subnet-1a",
            "aws_vpc.tokyo-vpc"
          ]
        }
      ]
    },
    {
      "mode": "managed",
      "type": "aws_nat_gateway",
      "name": "tokyotest-nat",
      "provider": "provider[\"registry.terraform.io/hashicorp/aws\"].tokyo-testb",
      "instances": [
        {
          "schema_version": 0,
          "attributes": {
            "allocation_id": "eipalloc-021c124a59f939cba",
            "association_id": "eipassoc-0be183226540c990a",
            "connectivity_type": "public",
            "id": "nat-09a228ff7befd16d9",
            "network_interface_id": "eni-00336832427aa2d8f",
            "private_ip": "172.26.1.227",
            "public_ip": "13.231.94.251",
            "secondary_allocation_ids": null,
            "secondary_private_ip_address_count": 0,
            "secondary_private_ip_addresses": [],
            "subnet_id": "subnet-088d635c2dd16e527",
            "tags": {
              "Name": "tokyotest-nat"
            },
            "tags_all": {
              "Name": "tokyotest-nat"
            },
            "timeouts": null
          },
          "sensitive_attributes": [],
          "private": "eyJlMmJmYjczMC1lY2FhLTExZTYtOGY4OC0zNDM2M2JjN2M0YzAiOnsiY3JlYXRlIjo2MDAwMDAwMDAwMDAsImRlbGV0ZSI6MTgwMDAwMDAwMDAwMCwidXBkYXRlIjo2MDAwMDAwMDAwMDB9fQ==",
          "dependencies": [
            "aws_eip.tokyotest-nat",
            "aws_internet_gateway.tokyotest-igw",
            "aws_subnet.tokyotest-public-subnet-1a",
            "aws_vpc.tokyotest-vpc"
          ]
        }
      ]
    },
    {
      "mode": "managed",
      "type": "aws_route",
      "name": "newyork_vpc_to_tokyo_route",
      "provider": "provider[\"registry.terraform.io/hashicorp/aws\"].new-york",
      "instances": [
        {
          "schema_version": 0,
          "attributes": {
            "carrier_gateway_id": "",
            "core_network_arn": "",
            "destination_cidr_block": "172.18.0.0/16",
            "destination_ipv6_cidr_block": "",
            "destination_prefix_list_id": "",
            "egress_only_gateway_id": "",
            "gateway_id": "",
            "id": "r-rtb-05147005dca1d8ec53557707546",
            "instance_id": "",
            "instance_owner_id": "",
            "local_gateway_id": "",
            "nat_gateway_id": "",
            "network_interface_id": "",
            "origin": "CreateRoute",
            "route_table_id": "rtb-05147005dca1d8ec5",
            "state": "active",
            "timeouts": null,
            "transit_gateway_id": "tgw-0c9335396e8e102c9",
            "vpc_endpoint_id": "",
            "vpc_peering_connection_id": ""
          },
          "sensitive_attributes": [],
          "private": "eyJlMmJmYjczMC1lY2FhLTExZTYtOGY4OC0zNDM2M2JjN2M0YzAiOnsiY3JlYXRlIjozMDAwMDAwMDAwMDAsImRlbGV0ZSI6MzAwMDAwMDAwMDAwLCJ1cGRhdGUiOjEyMDAwMDAwMDAwMH19",
          "dependencies": [
            "aws_ec2_transit_gateway.newyork_tgw",
            "aws_eip.newyork-nat",
            "aws_internet_gateway.newyork-igw",
            "aws_nat_gateway.newyork-nat",
            "aws_route_table.newyork-private",
            "aws_subnet.newyork-public-subnet-1a",
            "aws_vpc.newyork-vpc"
          ]
        }
      ]
    },
    {
      "mode": "managed",
      "type": "aws_route_table",
      "name": "australia-private",
      "provider": "provider[\"registry.terraform.io/hashicorp/aws\"].australia",
      "instances": [
        {
          "schema_version": 0,
          "attributes": {
            "arn": "arn:aws:ec2:ap-southeast-2:864899853524:route-table/rtb-054e104b6309709aa",
            "id": "rtb-054e104b6309709aa",
            "owner_id": "864899853524",
            "propagating_vgws": [],
            "route": [
              {
                "carrier_gateway_id": "",
                "cidr_block": "0.0.0.0/0",
                "core_network_arn": "",
                "destination_prefix_list_id": "",
                "egress_only_gateway_id": "",
                "gateway_id": "",
                "ipv6_cidr_block": "",
                "local_gateway_id": "",
                "nat_gateway_id": "nat-066c24a71df21e6e4",
                "network_interface_id": "",
                "transit_gateway_id": "",
                "vpc_endpoint_id": "",
                "vpc_peering_connection_id": ""
              }
            ],
            "tags": {
              "Name": "australia-private"
            },
            "tags_all": {
              "Name": "australia-private"
            },
            "timeouts": null,
            "vpc_id": "vpc-07e0ee860ea75eb6f"
          },
          "sensitive_attributes": [],
          "private": "eyJlMmJmYjczMC1lY2FhLTExZTYtOGY4OC0zNDM2M2JjN2M0YzAiOnsiY3JlYXRlIjozMDAwMDAwMDAwMDAsImRlbGV0ZSI6MzAwMDAwMDAwMDAwLCJ1cGRhdGUiOjEyMDAwMDAwMDAwMH19",
          "dependencies": [
            "aws_eip.australia-nat",
            "aws_internet_gateway.australia-igw",
            "aws_nat_gateway.australia-nat",
            "aws_subnet.australia-public-subnet-2a",
            "aws_vpc.australia-vpc"
          ]
        }
      ]
    },
    {
      "mode": "managed",
      "type": "aws_route_table",
      "name": "australia-public",
      "provider": "provider[\"registry.terraform.io/hashicorp/aws\"].australia",
      "instances": [
        {
          "schema_version": 0,
          "attributes": {
            "arn": "arn:aws:ec2:ap-southeast-2:864899853524:route-table/rtb-04cd70e6da6d4f539",
            "id": "rtb-04cd70e6da6d4f539",
            "owner_id": "864899853524",
            "propagating_vgws": [],
            "route": [
              {
                "carrier_gateway_id": "",
                "cidr_block": "0.0.0.0/0",
                "core_network_arn": "",
                "destination_prefix_list_id": "",
                "egress_only_gateway_id": "",
                "gateway_id": "igw-0686cbe9c2459dcea",
                "ipv6_cidr_block": "",
                "local_gateway_id": "",
                "nat_gateway_id": "",
                "network_interface_id": "",
                "transit_gateway_id": "",
                "vpc_endpoint_id": "",
                "vpc_peering_connection_id": ""
              }
            ],
            "tags": {
              "Name": "australia-public"
            },
            "tags_all": {
              "Name": "australia-public"
            },
            "timeouts": null,
            "vpc_id": "vpc-07e0ee860ea75eb6f"
          },
          "sensitive_attributes": [],
          "private": "eyJlMmJmYjczMC1lY2FhLTExZTYtOGY4OC0zNDM2M2JjN2M0YzAiOnsiY3JlYXRlIjozMDAwMDAwMDAwMDAsImRlbGV0ZSI6MzAwMDAwMDAwMDAwLCJ1cGRhdGUiOjEyMDAwMDAwMDAwMH19",
          "dependencies": [
            "aws_internet_gateway.australia-igw",
            "aws_vpc.australia-vpc"
          ]
        }
      ]
    },
    {
      "mode": "managed",
      "type": "aws_route_table",
      "name": "california-private",
      "provider": "provider[\"registry.terraform.io/hashicorp/aws\"].california",
      "instances": [
        {
          "schema_version": 0,
          "attributes": {
            "arn": "arn:aws:ec2:us-west-1:864899853524:route-table/rtb-04482b9d09cc3bac8",
            "id": "rtb-04482b9d09cc3bac8",
            "owner_id": "864899853524",
            "propagating_vgws": [],
            "route": [
              {
                "carrier_gateway_id": "",
                "cidr_block": "0.0.0.0/0",
                "core_network_arn": "",
                "destination_prefix_list_id": "",
                "egress_only_gateway_id": "",
                "gateway_id": "",
                "ipv6_cidr_block": "",
                "local_gateway_id": "",
                "nat_gateway_id": "nat-0c38c7f83296e8bbf",
                "network_interface_id": "",
                "transit_gateway_id": "",
                "vpc_endpoint_id": "",
                "vpc_peering_connection_id": ""
              }
            ],
            "tags": {
              "Name": "california-private"
            },
            "tags_all": {
              "Name": "california-private"
            },
            "timeouts": null,
            "vpc_id": "vpc-071d7efa8dce2ef00"
          },
          "sensitive_attributes": [],
          "private": "eyJlMmJmYjczMC1lY2FhLTExZTYtOGY4OC0zNDM2M2JjN2M0YzAiOnsiY3JlYXRlIjozMDAwMDAwMDAwMDAsImRlbGV0ZSI6MzAwMDAwMDAwMDAwLCJ1cGRhdGUiOjEyMDAwMDAwMDAwMH19",
          "dependencies": [
            "aws_eip.california-nat",
            "aws_internet_gateway.california-igw",
            "aws_nat_gateway.california-nat",
            "aws_subnet.california-public-subnet-1c",
            "aws_vpc.california-vpc"
          ]
        }
      ]
    },
    {
      "mode": "managed",
      "type": "aws_route_table",
      "name": "california-public",
      "provider": "provider[\"registry.terraform.io/hashicorp/aws\"].california",
      "instances": [
        {
          "schema_version": 0,
          "attributes": {
            "arn": "arn:aws:ec2:us-west-1:864899853524:route-table/rtb-0b7df605d9cd92278",
            "id": "rtb-0b7df605d9cd92278",
            "owner_id": "864899853524",
            "propagating_vgws": [],
            "route": [
              {
                "carrier_gateway_id": "",
                "cidr_block": "0.0.0.0/0",
                "core_network_arn": "",
                "destination_prefix_list_id": "",
                "egress_only_gateway_id": "",
                "gateway_id": "igw-0a743cee9eefa4c05",
                "ipv6_cidr_block": "",
                "local_gateway_id": "",
                "nat_gateway_id": "",
                "network_interface_id": "",
                "transit_gateway_id": "",
                "vpc_endpoint_id": "",
                "vpc_peering_connection_id": ""
              }
            ],
            "tags": {
              "Name": "california-public"
            },
            "tags_all": {
              "Name": "california-public"
            },
            "timeouts": null,
            "vpc_id": "vpc-071d7efa8dce2ef00"
          },
          "sensitive_attributes": [],
          "private": "eyJlMmJmYjczMC1lY2FhLTExZTYtOGY4OC0zNDM2M2JjN2M0YzAiOnsiY3JlYXRlIjozMDAwMDAwMDAwMDAsImRlbGV0ZSI6MzAwMDAwMDAwMDAwLCJ1cGRhdGUiOjEyMDAwMDAwMDAwMH19",
          "dependencies": [
            "aws_internet_gateway.california-igw",
            "aws_vpc.california-vpc"
          ]
        }
      ]
    },
    {
      "mode": "managed",
      "type": "aws_route_table",
      "name": "hongkong-private",
      "provider": "provider[\"registry.terraform.io/hashicorp/aws\"].hong-kong",
      "instances": [
        {
          "schema_version": 0,
          "attributes": {
            "arn": "arn:aws:ec2:ap-east-1:864899853524:route-table/rtb-087aca007ac31049d",
            "id": "rtb-087aca007ac31049d",
            "owner_id": "864899853524",
            "propagating_vgws": [],
            "route": [
              {
                "carrier_gateway_id": "",
                "cidr_block": "0.0.0.0/0",
                "core_network_arn": "",
                "destination_prefix_list_id": "",
                "egress_only_gateway_id": "",
                "gateway_id": "",
                "ipv6_cidr_block": "",
                "local_gateway_id": "",
                "nat_gateway_id": "nat-06fc2979df4f296a2",
                "network_interface_id": "",
                "transit_gateway_id": "",
                "vpc_endpoint_id": "",
                "vpc_peering_connection_id": ""
              }
            ],
            "tags": {
              "Name": "hongkong-private"
            },
            "tags_all": {
              "Name": "hongkong-private"
            },
            "timeouts": null,
            "vpc_id": "vpc-053d0428b4a3f2a60"
          },
          "sensitive_attributes": [],
          "private": "eyJlMmJmYjczMC1lY2FhLTExZTYtOGY4OC0zNDM2M2JjN2M0YzAiOnsiY3JlYXRlIjozMDAwMDAwMDAwMDAsImRlbGV0ZSI6MzAwMDAwMDAwMDAwLCJ1cGRhdGUiOjEyMDAwMDAwMDAwMH19",
          "dependencies": [
            "aws_eip.hongkong-nat",
            "aws_internet_gateway.hongkong-igw",
            "aws_nat_gateway.hongkong-nat",
            "aws_subnet.hongkong-public-subnet-1a",
            "aws_vpc.hongkong-vpc"
          ]
        }
      ]
    },
    {
      "mode": "managed",
      "type": "aws_route_table",
      "name": "hongkong-public",
      "provider": "provider[\"registry.terraform.io/hashicorp/aws\"].hong-kong",
      "instances": [
        {
          "schema_version": 0,
          "attributes": {
            "arn": "arn:aws:ec2:ap-east-1:864899853524:route-table/rtb-0128da94486abc32a",
            "id": "rtb-0128da94486abc32a",
            "owner_id": "864899853524",
            "propagating_vgws": [],
            "route": [
              {
                "carrier_gateway_id": "",
                "cidr_block": "0.0.0.0/0",
                "core_network_arn": "",
                "destination_prefix_list_id": "",
                "egress_only_gateway_id": "",
                "gateway_id": "igw-0ebae70028338f675",
                "ipv6_cidr_block": "",
                "local_gateway_id": "",
                "nat_gateway_id": "",
                "network_interface_id": "",
                "transit_gateway_id": "",
                "vpc_endpoint_id": "",
                "vpc_peering_connection_id": ""
              }
            ],
            "tags": {
              "Name": "hongkong-public"
            },
            "tags_all": {
              "Name": "hongkong-public"
            },
            "timeouts": null,
            "vpc_id": "vpc-053d0428b4a3f2a60"
          },
          "sensitive_attributes": [],
          "private": "eyJlMmJmYjczMC1lY2FhLTExZTYtOGY4OC0zNDM2M2JjN2M0YzAiOnsiY3JlYXRlIjozMDAwMDAwMDAwMDAsImRlbGV0ZSI6MzAwMDAwMDAwMDAwLCJ1cGRhdGUiOjEyMDAwMDAwMDAwMH19",
          "dependencies": [
            "aws_internet_gateway.hongkong-igw",
            "aws_vpc.hongkong-vpc"
          ]
        }
      ]
    },
    {
      "mode": "managed",
      "type": "aws_route_table",
      "name": "london-private",
      "provider": "provider[\"registry.terraform.io/hashicorp/aws\"].london",
      "instances": [
        {
          "schema_version": 0,
          "attributes": {
            "arn": "arn:aws:ec2:eu-west-2:864899853524:route-table/rtb-0d36c62f72006adfa",
            "id": "rtb-0d36c62f72006adfa",
            "owner_id": "864899853524",
            "propagating_vgws": [],
            "route": [
              {
                "carrier_gateway_id": "",
                "cidr_block": "0.0.0.0/0",
                "core_network_arn": "",
                "destination_prefix_list_id": "",
                "egress_only_gateway_id": "",
                "gateway_id": "",
                "ipv6_cidr_block": "",
                "local_gateway_id": "",
                "nat_gateway_id": "nat-02db2570d2505e647",
                "network_interface_id": "",
                "transit_gateway_id": "",
                "vpc_endpoint_id": "",
                "vpc_peering_connection_id": ""
              }
            ],
            "tags": {
              "Name": "london-private"
            },
            "tags_all": {
              "Name": "london-private"
            },
            "timeouts": null,
            "vpc_id": "vpc-0ffc5cd7bc165c115"
          },
          "sensitive_attributes": [],
          "private": "eyJlMmJmYjczMC1lY2FhLTExZTYtOGY4OC0zNDM2M2JjN2M0YzAiOnsiY3JlYXRlIjozMDAwMDAwMDAwMDAsImRlbGV0ZSI6MzAwMDAwMDAwMDAwLCJ1cGRhdGUiOjEyMDAwMDAwMDAwMH19",
          "dependencies": [
            "aws_eip.london-nat",
            "aws_internet_gateway.london-igw",
            "aws_nat_gateway.london-nat",
            "aws_subnet.london-public-subnet-2a",
            "aws_vpc.london-vpc"
          ]
        }
      ]
    },
    {
      "mode": "managed",
      "type": "aws_route_table",
      "name": "london-public",
      "provider": "provider[\"registry.terraform.io/hashicorp/aws\"].london",
      "instances": [
        {
          "schema_version": 0,
          "attributes": {
            "arn": "arn:aws:ec2:eu-west-2:864899853524:route-table/rtb-03fba934f0cb55f0e",
            "id": "rtb-03fba934f0cb55f0e",
            "owner_id": "864899853524",
            "propagating_vgws": [],
            "route": [
              {
                "carrier_gateway_id": "",
                "cidr_block": "0.0.0.0/0",
                "core_network_arn": "",
                "destination_prefix_list_id": "",
                "egress_only_gateway_id": "",
                "gateway_id": "igw-00a0e0e2b103e33bb",
                "ipv6_cidr_block": "",
                "local_gateway_id": "",
                "nat_gateway_id": "",
                "network_interface_id": "",
                "transit_gateway_id": "",
                "vpc_endpoint_id": "",
                "vpc_peering_connection_id": ""
              }
            ],
            "tags": {
              "Name": "london-public"
            },
            "tags_all": {
              "Name": "london-public"
            },
            "timeouts": null,
            "vpc_id": "vpc-0ffc5cd7bc165c115"
          },
          "sensitive_attributes": [],
          "private": "eyJlMmJmYjczMC1lY2FhLTExZTYtOGY4OC0zNDM2M2JjN2M0YzAiOnsiY3JlYXRlIjozMDAwMDAwMDAwMDAsImRlbGV0ZSI6MzAwMDAwMDAwMDAwLCJ1cGRhdGUiOjEyMDAwMDAwMDAwMH19",
          "dependencies": [
            "aws_internet_gateway.london-igw",
            "aws_vpc.london-vpc"
          ]
        }
      ]
    },
    {
      "mode": "managed",
      "type": "aws_route_table",
      "name": "newyork-private",
      "provider": "provider[\"registry.terraform.io/hashicorp/aws\"].new-york",
      "instances": [
        {
          "schema_version": 0,
          "attributes": {
            "arn": "arn:aws:ec2:us-east-1:864899853524:route-table/rtb-05147005dca1d8ec5",
            "id": "rtb-05147005dca1d8ec5",
            "owner_id": "864899853524",
            "propagating_vgws": [],
            "route": [
              {
                "carrier_gateway_id": "",
                "cidr_block": "0.0.0.0/0",
                "core_network_arn": "",
                "destination_prefix_list_id": "",
                "egress_only_gateway_id": "",
                "gateway_id": "",
                "ipv6_cidr_block": "",
                "local_gateway_id": "",
                "nat_gateway_id": "nat-0bda762156a6896f6",
                "network_interface_id": "",
                "transit_gateway_id": "",
                "vpc_endpoint_id": "",
                "vpc_peering_connection_id": ""
              }
            ],
            "tags": {
              "Name": "newyork-private"
            },
            "tags_all": {
              "Name": "newyork-private"
            },
            "timeouts": null,
            "vpc_id": "vpc-00c8befd9fc980836"
          },
          "sensitive_attributes": [],
          "private": "eyJlMmJmYjczMC1lY2FhLTExZTYtOGY4OC0zNDM2M2JjN2M0YzAiOnsiY3JlYXRlIjozMDAwMDAwMDAwMDAsImRlbGV0ZSI6MzAwMDAwMDAwMDAwLCJ1cGRhdGUiOjEyMDAwMDAwMDAwMH19",
          "dependencies": [
            "aws_eip.newyork-nat",
            "aws_internet_gateway.newyork-igw",
            "aws_nat_gateway.newyork-nat",
            "aws_subnet.newyork-public-subnet-1a",
            "aws_vpc.newyork-vpc"
          ]
        }
      ]
    },
    {
      "mode": "managed",
      "type": "aws_route_table",
      "name": "newyork-public",
      "provider": "provider[\"registry.terraform.io/hashicorp/aws\"].new-york",
      "instances": [
        {
          "schema_version": 0,
          "attributes": {
            "arn": "arn:aws:ec2:us-east-1:864899853524:route-table/rtb-05319e22099153055",
            "id": "rtb-05319e22099153055",
            "owner_id": "864899853524",
            "propagating_vgws": [],
            "route": [
              {
                "carrier_gateway_id": "",
                "cidr_block": "0.0.0.0/0",
                "core_network_arn": "",
                "destination_prefix_list_id": "",
                "egress_only_gateway_id": "",
                "gateway_id": "igw-041a1c2db6a0ad02b",
                "ipv6_cidr_block": "",
                "local_gateway_id": "",
                "nat_gateway_id": "",
                "network_interface_id": "",
                "transit_gateway_id": "",
                "vpc_endpoint_id": "",
                "vpc_peering_connection_id": ""
              }
            ],
            "tags": {
              "Name": "newyork-public"
            },
            "tags_all": {
              "Name": "newyork-public"
            },
            "timeouts": null,
            "vpc_id": "vpc-00c8befd9fc980836"
          },
          "sensitive_attributes": [],
          "private": "eyJlMmJmYjczMC1lY2FhLTExZTYtOGY4OC0zNDM2M2JjN2M0YzAiOnsiY3JlYXRlIjozMDAwMDAwMDAwMDAsImRlbGV0ZSI6MzAwMDAwMDAwMDAwLCJ1cGRhdGUiOjEyMDAwMDAwMDAwMH19",
          "dependencies": [
            "aws_internet_gateway.newyork-igw",
            "aws_vpc.newyork-vpc"
          ]
        }
      ]
    },
    {
      "mode": "managed",
      "type": "aws_route_table",
      "name": "saopaulo-private",
      "provider": "provider[\"registry.terraform.io/hashicorp/aws\"].sao-paulo",
      "instances": [
        {
          "schema_version": 0,
          "attributes": {
            "arn": "arn:aws:ec2:sa-east-1:864899853524:route-table/rtb-0dc40a6080b12bd63",
            "id": "rtb-0dc40a6080b12bd63",
            "owner_id": "864899853524",
            "propagating_vgws": [],
            "route": [
              {
                "carrier_gateway_id": "",
                "cidr_block": "0.0.0.0/0",
                "core_network_arn": "",
                "destination_prefix_list_id": "",
                "egress_only_gateway_id": "",
                "gateway_id": "",
                "ipv6_cidr_block": "",
                "local_gateway_id": "",
                "nat_gateway_id": "nat-0992e82e00b7933a8",
                "network_interface_id": "",
                "transit_gateway_id": "",
                "vpc_endpoint_id": "",
                "vpc_peering_connection_id": ""
              }
            ],
            "tags": {
              "Name": "saopaulo-private"
            },
            "tags_all": {
              "Name": "saopaulo-private"
            },
            "timeouts": null,
            "vpc_id": "vpc-0fd0255b69bcef259"
          },
          "sensitive_attributes": [],
          "private": "eyJlMmJmYjczMC1lY2FhLTExZTYtOGY4OC0zNDM2M2JjN2M0YzAiOnsiY3JlYXRlIjozMDAwMDAwMDAwMDAsImRlbGV0ZSI6MzAwMDAwMDAwMDAwLCJ1cGRhdGUiOjEyMDAwMDAwMDAwMH19",
          "dependencies": [
            "aws_eip.saopaulo-nat",
            "aws_internet_gateway.saopaulo-igw",
            "aws_nat_gateway.saopaulo-nat",
            "aws_subnet.saopaulo-public-subnet-1a",
            "aws_vpc.saopaulo-vpc"
          ]
        }
      ]
    },
    {
      "mode": "managed",
      "type": "aws_route_table",
      "name": "saopaulo-public",
      "provider": "provider[\"registry.terraform.io/hashicorp/aws\"].sao-paulo",
      "instances": [
        {
          "schema_version": 0,
          "attributes": {
            "arn": "arn:aws:ec2:sa-east-1:864899853524:route-table/rtb-058dce7c350102d62",
            "id": "rtb-058dce7c350102d62",
            "owner_id": "864899853524",
            "propagating_vgws": [],
            "route": [
              {
                "carrier_gateway_id": "",
                "cidr_block": "0.0.0.0/0",
                "core_network_arn": "",
                "destination_prefix_list_id": "",
                "egress_only_gateway_id": "",
                "gateway_id": "igw-0b7e5d13327bd6e72",
                "ipv6_cidr_block": "",
                "local_gateway_id": "",
                "nat_gateway_id": "",
                "network_interface_id": "",
                "transit_gateway_id": "",
                "vpc_endpoint_id": "",
                "vpc_peering_connection_id": ""
              }
            ],
            "tags": {
              "Name": "saopaulo-public"
            },
            "tags_all": {
              "Name": "saopaulo-public"
            },
            "timeouts": null,
            "vpc_id": "vpc-0fd0255b69bcef259"
          },
          "sensitive_attributes": [],
          "private": "eyJlMmJmYjczMC1lY2FhLTExZTYtOGY4OC0zNDM2M2JjN2M0YzAiOnsiY3JlYXRlIjozMDAwMDAwMDAwMDAsImRlbGV0ZSI6MzAwMDAwMDAwMDAwLCJ1cGRhdGUiOjEyMDAwMDAwMDAwMH19",
          "dependencies": [
            "aws_internet_gateway.saopaulo-igw",
            "aws_vpc.saopaulo-vpc"
          ]
        }
      ]
    },
    {
      "mode": "managed",
      "type": "aws_route_table",
      "name": "tokyo-private",
      "provider": "provider[\"registry.terraform.io/hashicorp/aws\"].tokyo",
      "instances": [
        {
          "schema_version": 0,
          "attributes": {
            "arn": "arn:aws:ec2:ap-northeast-1:864899853524:route-table/rtb-06bdfe0f44aacd74a",
            "id": "rtb-06bdfe0f44aacd74a",
            "owner_id": "864899853524",
            "propagating_vgws": [],
            "route": [
              {
                "carrier_gateway_id": "",
                "cidr_block": "0.0.0.0/0",
                "core_network_arn": "",
                "destination_prefix_list_id": "",
                "egress_only_gateway_id": "",
                "gateway_id": "",
                "ipv6_cidr_block": "",
                "local_gateway_id": "",
                "nat_gateway_id": "nat-03cd9d75219135bcc",
                "network_interface_id": "",
                "transit_gateway_id": "",
                "vpc_endpoint_id": "",
                "vpc_peering_connection_id": ""
              }
            ],
            "tags": {
              "Name": "tokyo-private"
            },
            "tags_all": {
              "Name": "tokyo-private"
            },
            "timeouts": null,
            "vpc_id": "vpc-0a0e8a6e51d409e5c"
          },
          "sensitive_attributes": [],
          "private": "eyJlMmJmYjczMC1lY2FhLTExZTYtOGY4OC0zNDM2M2JjN2M0YzAiOnsiY3JlYXRlIjozMDAwMDAwMDAwMDAsImRlbGV0ZSI6MzAwMDAwMDAwMDAwLCJ1cGRhdGUiOjEyMDAwMDAwMDAwMH19",
          "dependencies": [
            "aws_eip.tokyo-nat",
            "aws_internet_gateway.tokyo-igw",
            "aws_nat_gateway.tokyo-nat",
            "aws_subnet.tokyo-public-subnet-1a",
            "aws_vpc.tokyo-vpc"
          ]
        }
      ]
    },
    {
      "mode": "managed",
      "type": "aws_route_table",
      "name": "tokyo-public",
      "provider": "provider[\"registry.terraform.io/hashicorp/aws\"].tokyo",
      "instances": [
        {
          "schema_version": 0,
          "attributes": {
            "arn": "arn:aws:ec2:ap-northeast-1:864899853524:route-table/rtb-0be5185e2e695d6cf",
            "id": "rtb-0be5185e2e695d6cf",
            "owner_id": "864899853524",
            "propagating_vgws": [],
            "route": [
              {
                "carrier_gateway_id": "",
                "cidr_block": "0.0.0.0/0",
                "core_network_arn": "",
                "destination_prefix_list_id": "",
                "egress_only_gateway_id": "",
                "gateway_id": "igw-0551245b36616246f",
                "ipv6_cidr_block": "",
                "local_gateway_id": "",
                "nat_gateway_id": "",
                "network_interface_id": "",
                "transit_gateway_id": "",
                "vpc_endpoint_id": "",
                "vpc_peering_connection_id": ""
              }
            ],
            "tags": {
              "Name": "tokyo-public"
            },
            "tags_all": {
              "Name": "tokyo-public"
            },
            "timeouts": null,
            "vpc_id": "vpc-0a0e8a6e51d409e5c"
          },
          "sensitive_attributes": [],
          "private": "eyJlMmJmYjczMC1lY2FhLTExZTYtOGY4OC0zNDM2M2JjN2M0YzAiOnsiY3JlYXRlIjozMDAwMDAwMDAwMDAsImRlbGV0ZSI6MzAwMDAwMDAwMDAwLCJ1cGRhdGUiOjEyMDAwMDAwMDAwMH19",
          "dependencies": [
            "aws_internet_gateway.tokyo-igw",
            "aws_vpc.tokyo-vpc"
          ]
        }
      ]
    },
    {
      "mode": "managed",
      "type": "aws_route_table",
      "name": "tokyotest-private",
      "provider": "provider[\"registry.terraform.io/hashicorp/aws\"].tokyo-testb",
      "instances": [
        {
          "schema_version": 0,
          "attributes": {
            "arn": "arn:aws:ec2:ap-northeast-1:864899853524:route-table/rtb-073f1bd2a5e74f020",
            "id": "rtb-073f1bd2a5e74f020",
            "owner_id": "864899853524",
            "propagating_vgws": [],
            "route": [
              {
                "carrier_gateway_id": "",
                "cidr_block": "0.0.0.0/0",
                "core_network_arn": "",
                "destination_prefix_list_id": "",
                "egress_only_gateway_id": "",
                "gateway_id": "",
                "ipv6_cidr_block": "",
                "local_gateway_id": "",
                "nat_gateway_id": "nat-09a228ff7befd16d9",
                "network_interface_id": "",
                "transit_gateway_id": "",
                "vpc_endpoint_id": "",
                "vpc_peering_connection_id": ""
              }
            ],
            "tags": {
              "Name": "tokyotest-private"
            },
            "tags_all": {
              "Name": "tokyotest-private"
            },
            "timeouts": null,
            "vpc_id": "vpc-04ad607f3e937193f"
          },
          "sensitive_attributes": [],
          "private": "eyJlMmJmYjczMC1lY2FhLTExZTYtOGY4OC0zNDM2M2JjN2M0YzAiOnsiY3JlYXRlIjozMDAwMDAwMDAwMDAsImRlbGV0ZSI6MzAwMDAwMDAwMDAwLCJ1cGRhdGUiOjEyMDAwMDAwMDAwMH19",
          "dependencies": [
            "aws_eip.tokyotest-nat",
            "aws_internet_gateway.tokyotest-igw",
            "aws_nat_gateway.tokyotest-nat",
            "aws_subnet.tokyotest-public-subnet-1a",
            "aws_vpc.tokyotest-vpc"
          ]
        }
      ]
    },
    {
      "mode": "managed",
      "type": "aws_route_table",
      "name": "tokyotest-public",
      "provider": "provider[\"registry.terraform.io/hashicorp/aws\"].tokyo-testb",
      "instances": [
        {
          "schema_version": 0,
          "attributes": {
            "arn": "arn:aws:ec2:ap-northeast-1:864899853524:route-table/rtb-0102df8284f45c11a",
            "id": "rtb-0102df8284f45c11a",
            "owner_id": "864899853524",
            "propagating_vgws": [],
            "route": [
              {
                "carrier_gateway_id": "",
                "cidr_block": "0.0.0.0/0",
                "core_network_arn": "",
                "destination_prefix_list_id": "",
                "egress_only_gateway_id": "",
                "gateway_id": "igw-016074ce5c6ce50ad",
                "ipv6_cidr_block": "",
                "local_gateway_id": "",
                "nat_gateway_id": "",
                "network_interface_id": "",
                "transit_gateway_id": "",
                "vpc_endpoint_id": "",
                "vpc_peering_connection_id": ""
              }
            ],
            "tags": {
              "Name": "tokyotest-public"
            },
            "tags_all": {
              "Name": "tokyotest-public"
            },
            "timeouts": null,
            "vpc_id": "vpc-04ad607f3e937193f"
          },
          "sensitive_attributes": [],
          "private": "eyJlMmJmYjczMC1lY2FhLTExZTYtOGY4OC0zNDM2M2JjN2M0YzAiOnsiY3JlYXRlIjozMDAwMDAwMDAwMDAsImRlbGV0ZSI6MzAwMDAwMDAwMDAwLCJ1cGRhdGUiOjEyMDAwMDAwMDAwMH19",
          "dependencies": [
            "aws_internet_gateway.tokyotest-igw",
            "aws_vpc.tokyotest-vpc"
          ]
        }
      ]
    },
    {
      "mode": "managed",
      "type": "aws_route_table_association",
      "name": "australia-private-a",
      "provider": "provider[\"registry.terraform.io/hashicorp/aws\"].australia",
      "instances": [
        {
          "schema_version": 0,
          "attributes": {
            "gateway_id": "",
            "id": "rtbassoc-09c0a5d601eedc56e",
            "route_table_id": "rtb-054e104b6309709aa",
            "subnet_id": "subnet-0d87ee6bc07d9eb38",
            "timeouts": null
          },
          "sensitive_attributes": [],
          "private": "eyJlMmJmYjczMC1lY2FhLTExZTYtOGY4OC0zNDM2M2JjN2M0YzAiOnsiY3JlYXRlIjozMDAwMDAwMDAwMDAsImRlbGV0ZSI6MzAwMDAwMDAwMDAwLCJ1cGRhdGUiOjEyMDAwMDAwMDAwMH19",
          "dependencies": [
            "aws_eip.australia-nat",
            "aws_internet_gateway.australia-igw",
            "aws_nat_gateway.australia-nat",
            "aws_route_table.australia-private",
            "aws_subnet.australia-private-subnet-2a",
            "aws_subnet.australia-public-subnet-2a",
            "aws_vpc.australia-vpc"
          ]
        }
      ]
    },
    {
      "mode": "managed",
      "type": "aws_route_table_association",
      "name": "australia-private-b",
      "provider": "provider[\"registry.terraform.io/hashicorp/aws\"].australia",
      "instances": [
        {
          "schema_version": 0,
          "attributes": {
            "gateway_id": "",
            "id": "rtbassoc-09c0a5d601eedc56e",
            "route_table_id": "rtb-054e104b6309709aa",
            "subnet_id": "subnet-0d87ee6bc07d9eb38",
            "timeouts": null
          },
          "sensitive_attributes": [],
          "private": "eyJlMmJmYjczMC1lY2FhLTExZTYtOGY4OC0zNDM2M2JjN2M0YzAiOnsiY3JlYXRlIjozMDAwMDAwMDAwMDAsImRlbGV0ZSI6MzAwMDAwMDAwMDAwLCJ1cGRhdGUiOjEyMDAwMDAwMDAwMH19",
          "dependencies": [
            "aws_eip.australia-nat",
            "aws_internet_gateway.australia-igw",
            "aws_nat_gateway.australia-nat",
            "aws_route_table.australia-private",
            "aws_subnet.australia-private-subnet-2a",
            "aws_subnet.australia-public-subnet-2a",
            "aws_vpc.australia-vpc"
          ]
        }
      ]
    },
    {
      "mode": "managed",
      "type": "aws_route_table_association",
      "name": "australia-public-a",
      "provider": "provider[\"registry.terraform.io/hashicorp/aws\"].australia",
      "instances": [
        {
          "schema_version": 0,
          "attributes": {
            "gateway_id": "",
            "id": "rtbassoc-04eb51354bc7c44ad",
            "route_table_id": "rtb-04cd70e6da6d4f539",
            "subnet_id": "subnet-03e8dc7ac8b87d564",
            "timeouts": null
          },
          "sensitive_attributes": [],
          "private": "eyJlMmJmYjczMC1lY2FhLTExZTYtOGY4OC0zNDM2M2JjN2M0YzAiOnsiY3JlYXRlIjozMDAwMDAwMDAwMDAsImRlbGV0ZSI6MzAwMDAwMDAwMDAwLCJ1cGRhdGUiOjEyMDAwMDAwMDAwMH19",
          "dependencies": [
            "aws_internet_gateway.australia-igw",
            "aws_route_table.australia-public",
            "aws_subnet.australia-public-subnet-2a",
            "aws_vpc.australia-vpc"
          ]
        }
      ]
    },
    {
      "mode": "managed",
      "type": "aws_route_table_association",
      "name": "australia-public-b",
      "provider": "provider[\"registry.terraform.io/hashicorp/aws\"].australia",
      "instances": [
        {
          "schema_version": 0,
          "attributes": {
            "gateway_id": "",
            "id": "rtbassoc-0c9bafea53c87f4b1",
            "route_table_id": "rtb-04cd70e6da6d4f539",
            "subnet_id": "subnet-0dd4f6e0cf9bc26e9",
            "timeouts": null
          },
          "sensitive_attributes": [],
          "private": "eyJlMmJmYjczMC1lY2FhLTExZTYtOGY4OC0zNDM2M2JjN2M0YzAiOnsiY3JlYXRlIjozMDAwMDAwMDAwMDAsImRlbGV0ZSI6MzAwMDAwMDAwMDAwLCJ1cGRhdGUiOjEyMDAwMDAwMDAwMH19",
          "dependencies": [
            "aws_internet_gateway.australia-igw",
            "aws_route_table.australia-public",
            "aws_subnet.australia-public-subnet-2b",
            "aws_vpc.australia-vpc"
          ]
        }
      ]
    },
    {
      "mode": "managed",
      "type": "aws_route_table_association",
      "name": "california-private-b",
      "provider": "provider[\"registry.terraform.io/hashicorp/aws\"].california",
      "instances": [
        {
          "schema_version": 0,
          "attributes": {
            "gateway_id": "",
            "id": "rtbassoc-053d5ad7b66b06d66",
            "route_table_id": "rtb-04482b9d09cc3bac8",
            "subnet_id": "subnet-0d48ef4d3ddeb1935",
            "timeouts": null
          },
          "sensitive_attributes": [],
          "private": "eyJlMmJmYjczMC1lY2FhLTExZTYtOGY4OC0zNDM2M2JjN2M0YzAiOnsiY3JlYXRlIjozMDAwMDAwMDAwMDAsImRlbGV0ZSI6MzAwMDAwMDAwMDAwLCJ1cGRhdGUiOjEyMDAwMDAwMDAwMH19",
          "dependencies": [
            "aws_eip.california-nat",
            "aws_internet_gateway.california-igw",
            "aws_nat_gateway.california-nat",
            "aws_route_table.california-private",
            "aws_subnet.california-private-subnet-1b",
            "aws_subnet.california-public-subnet-1c",
            "aws_vpc.california-vpc"
          ]
        }
      ]
    },
    {
      "mode": "managed",
      "type": "aws_route_table_association",
      "name": "california-private-c",
      "provider": "provider[\"registry.terraform.io/hashicorp/aws\"].california",
      "instances": [
        {
          "schema_version": 0,
          "attributes": {
            "gateway_id": "",
            "id": "rtbassoc-0b65b869186b30874",
            "route_table_id": "rtb-04482b9d09cc3bac8",
            "subnet_id": "subnet-08f6478c605454e10",
            "timeouts": null
          },
          "sensitive_attributes": [],
          "private": "eyJlMmJmYjczMC1lY2FhLTExZTYtOGY4OC0zNDM2M2JjN2M0YzAiOnsiY3JlYXRlIjozMDAwMDAwMDAwMDAsImRlbGV0ZSI6MzAwMDAwMDAwMDAwLCJ1cGRhdGUiOjEyMDAwMDAwMDAwMH19",
          "dependencies": [
            "aws_eip.california-nat",
            "aws_internet_gateway.california-igw",
            "aws_nat_gateway.california-nat",
            "aws_route_table.california-private",
            "aws_subnet.california-private-subnet-1c",
            "aws_subnet.california-public-subnet-1c",
            "aws_vpc.california-vpc"
          ]
        }
      ]
    },
    {
      "mode": "managed",
      "type": "aws_route_table_association",
      "name": "california-public-b",
      "provider": "provider[\"registry.terraform.io/hashicorp/aws\"].california",
      "instances": [
        {
          "schema_version": 0,
          "attributes": {
            "gateway_id": "",
            "id": "rtbassoc-041e91590a083b5e7",
            "route_table_id": "rtb-0b7df605d9cd92278",
            "subnet_id": "subnet-0667b2a2005562473",
            "timeouts": null
          },
          "sensitive_attributes": [],
          "private": "eyJlMmJmYjczMC1lY2FhLTExZTYtOGY4OC0zNDM2M2JjN2M0YzAiOnsiY3JlYXRlIjozMDAwMDAwMDAwMDAsImRlbGV0ZSI6MzAwMDAwMDAwMDAwLCJ1cGRhdGUiOjEyMDAwMDAwMDAwMH19",
          "dependencies": [
            "aws_internet_gateway.california-igw",
            "aws_route_table.california-public",
            "aws_subnet.california-public-subnet-1b",
            "aws_vpc.california-vpc"
          ]
        }
      ]
    },
    {
      "mode": "managed",
      "type": "aws_route_table_association",
      "name": "california-public-c",
      "provider": "provider[\"registry.terraform.io/hashicorp/aws\"].california",
      "instances": [
        {
          "schema_version": 0,
          "attributes": {
            "gateway_id": "",
            "id": "rtbassoc-0a64c1037ddff9d9c",
            "route_table_id": "rtb-0b7df605d9cd92278",
            "subnet_id": "subnet-07d734ce40595d4ca",
            "timeouts": null
          },
          "sensitive_attributes": [],
          "private": "eyJlMmJmYjczMC1lY2FhLTExZTYtOGY4OC0zNDM2M2JjN2M0YzAiOnsiY3JlYXRlIjozMDAwMDAwMDAwMDAsImRlbGV0ZSI6MzAwMDAwMDAwMDAwLCJ1cGRhdGUiOjEyMDAwMDAwMDAwMH19",
          "dependencies": [
            "aws_internet_gateway.california-igw",
            "aws_route_table.california-public",
            "aws_subnet.california-public-subnet-1c",
            "aws_vpc.california-vpc"
          ]
        }
      ]
    },
    {
      "mode": "managed",
      "type": "aws_route_table_association",
      "name": "hong-kong-public-b",
      "provider": "provider[\"registry.terraform.io/hashicorp/aws\"].hong-kong",
      "instances": [
        {
          "schema_version": 0,
          "attributes": {
            "gateway_id": "",
            "id": "rtbassoc-0a16406071ac4558f",
            "route_table_id": "rtb-0128da94486abc32a",
            "subnet_id": "subnet-091921887d612b66d",
            "timeouts": null
          },
          "sensitive_attributes": [],
          "private": "eyJlMmJmYjczMC1lY2FhLTExZTYtOGY4OC0zNDM2M2JjN2M0YzAiOnsiY3JlYXRlIjozMDAwMDAwMDAwMDAsImRlbGV0ZSI6MzAwMDAwMDAwMDAwLCJ1cGRhdGUiOjEyMDAwMDAwMDAwMH19",
          "dependencies": [
            "aws_internet_gateway.hongkong-igw",
            "aws_route_table.hongkong-public",
            "aws_subnet.hongkong-public-subnet-1b",
            "aws_vpc.hongkong-vpc"
          ]
        }
      ]
    },
    {
      "mode": "managed",
      "type": "aws_route_table_association",
      "name": "hongkong-private-a",
      "provider": "provider[\"registry.terraform.io/hashicorp/aws\"].hong-kong",
      "instances": [
        {
          "schema_version": 0,
          "attributes": {
            "gateway_id": "",
            "id": "rtbassoc-0e9fc6e30a8d12e01",
            "route_table_id": "rtb-087aca007ac31049d",
            "subnet_id": "subnet-0cd99dd5cab0c0ccc",
            "timeouts": null
          },
          "sensitive_attributes": [],
          "private": "eyJlMmJmYjczMC1lY2FhLTExZTYtOGY4OC0zNDM2M2JjN2M0YzAiOnsiY3JlYXRlIjozMDAwMDAwMDAwMDAsImRlbGV0ZSI6MzAwMDAwMDAwMDAwLCJ1cGRhdGUiOjEyMDAwMDAwMDAwMH19",
          "dependencies": [
            "aws_eip.hongkong-nat",
            "aws_internet_gateway.hongkong-igw",
            "aws_nat_gateway.hongkong-nat",
            "aws_route_table.hongkong-private",
            "aws_subnet.hongkong-private-subnet-1a",
            "aws_subnet.hongkong-public-subnet-1a",
            "aws_vpc.hongkong-vpc"
          ]
        }
      ]
    },
    {
      "mode": "managed",
      "type": "aws_route_table_association",
      "name": "hongkong-private-b",
      "provider": "provider[\"registry.terraform.io/hashicorp/aws\"].hong-kong",
      "instances": [
        {
          "schema_version": 0,
          "attributes": {
            "gateway_id": "",
            "id": "rtbassoc-0b4437b07b3766cc1",
            "route_table_id": "rtb-087aca007ac31049d",
            "subnet_id": "subnet-081620e90a9e365dc",
            "timeouts": null
          },
          "sensitive_attributes": [],
          "private": "eyJlMmJmYjczMC1lY2FhLTExZTYtOGY4OC0zNDM2M2JjN2M0YzAiOnsiY3JlYXRlIjozMDAwMDAwMDAwMDAsImRlbGV0ZSI6MzAwMDAwMDAwMDAwLCJ1cGRhdGUiOjEyMDAwMDAwMDAwMH19",
          "dependencies": [
            "aws_eip.hongkong-nat",
            "aws_internet_gateway.hongkong-igw",
            "aws_nat_gateway.hongkong-nat",
            "aws_route_table.hongkong-private",
            "aws_subnet.hongkong-private-subnet-1b",
            "aws_subnet.hongkong-public-subnet-1a",
            "aws_vpc.hongkong-vpc"
          ]
        }
      ]
    },
    {
      "mode": "managed",
      "type": "aws_route_table_association",
      "name": "hongkong-public-a",
      "provider": "provider[\"registry.terraform.io/hashicorp/aws\"].hong-kong",
      "instances": [
        {
          "schema_version": 0,
          "attributes": {
            "gateway_id": "",
            "id": "rtbassoc-06d5e4c96caa52160",
            "route_table_id": "rtb-0128da94486abc32a",
            "subnet_id": "subnet-07f1b86092a0aff59",
            "timeouts": null
          },
          "sensitive_attributes": [],
          "private": "eyJlMmJmYjczMC1lY2FhLTExZTYtOGY4OC0zNDM2M2JjN2M0YzAiOnsiY3JlYXRlIjozMDAwMDAwMDAwMDAsImRlbGV0ZSI6MzAwMDAwMDAwMDAwLCJ1cGRhdGUiOjEyMDAwMDAwMDAwMH19",
          "dependencies": [
            "aws_internet_gateway.hongkong-igw",
            "aws_route_table.hongkong-public",
            "aws_subnet.hongkong-public-subnet-1a",
            "aws_vpc.hongkong-vpc"
          ]
        }
      ]
    },
    {
      "mode": "managed",
      "type": "aws_route_table_association",
      "name": "london-private-a",
      "provider": "provider[\"registry.terraform.io/hashicorp/aws\"].london",
      "instances": [
        {
          "schema_version": 0,
          "attributes": {
            "gateway_id": "",
            "id": "rtbassoc-02ad5bc5e63ed2cd7",
            "route_table_id": "rtb-0d36c62f72006adfa",
            "subnet_id": "subnet-048768ba82e163285",
            "timeouts": null
          },
          "sensitive_attributes": [],
          "private": "eyJlMmJmYjczMC1lY2FhLTExZTYtOGY4OC0zNDM2M2JjN2M0YzAiOnsiY3JlYXRlIjozMDAwMDAwMDAwMDAsImRlbGV0ZSI6MzAwMDAwMDAwMDAwLCJ1cGRhdGUiOjEyMDAwMDAwMDAwMH19",
          "dependencies": [
            "aws_eip.london-nat",
            "aws_internet_gateway.london-igw",
            "aws_nat_gateway.london-nat",
            "aws_route_table.london-private",
            "aws_subnet.london-private-subnet-2a",
            "aws_subnet.london-public-subnet-2a",
            "aws_vpc.london-vpc"
          ]
        }
      ]
    },
    {
      "mode": "managed",
      "type": "aws_route_table_association",
      "name": "london-private-b",
      "provider": "provider[\"registry.terraform.io/hashicorp/aws\"].london",
      "instances": [
        {
          "schema_version": 0,
          "attributes": {
            "gateway_id": "",
            "id": "rtbassoc-08d57bc93e389fdbf",
            "route_table_id": "rtb-0d36c62f72006adfa",
            "subnet_id": "subnet-007a96fbf5c8a1439",
            "timeouts": null
          },
          "sensitive_attributes": [],
          "private": "eyJlMmJmYjczMC1lY2FhLTExZTYtOGY4OC0zNDM2M2JjN2M0YzAiOnsiY3JlYXRlIjozMDAwMDAwMDAwMDAsImRlbGV0ZSI6MzAwMDAwMDAwMDAwLCJ1cGRhdGUiOjEyMDAwMDAwMDAwMH19",
          "dependencies": [
            "aws_eip.london-nat",
            "aws_internet_gateway.london-igw",
            "aws_nat_gateway.london-nat",
            "aws_route_table.london-private",
            "aws_subnet.london-private-subnet-2b",
            "aws_subnet.london-public-subnet-2a",
            "aws_vpc.london-vpc"
          ]
        }
      ]
    },
    {
      "mode": "managed",
      "type": "aws_route_table_association",
      "name": "london-public-a",
      "provider": "provider[\"registry.terraform.io/hashicorp/aws\"].london",
      "instances": [
        {
          "schema_version": 0,
          "attributes": {
            "gateway_id": "",
            "id": "rtbassoc-03740a11774acf5ac",
            "route_table_id": "rtb-03fba934f0cb55f0e",
            "subnet_id": "subnet-087cf6cb4d56dbf3d",
            "timeouts": null
          },
          "sensitive_attributes": [],
          "private": "eyJlMmJmYjczMC1lY2FhLTExZTYtOGY4OC0zNDM2M2JjN2M0YzAiOnsiY3JlYXRlIjozMDAwMDAwMDAwMDAsImRlbGV0ZSI6MzAwMDAwMDAwMDAwLCJ1cGRhdGUiOjEyMDAwMDAwMDAwMH19",
          "dependencies": [
            "aws_internet_gateway.london-igw",
            "aws_route_table.london-public",
            "aws_subnet.london-public-subnet-2a",
            "aws_vpc.london-vpc"
          ]
        }
      ]
    },
    {
      "mode": "managed",
      "type": "aws_route_table_association",
      "name": "london-public-b",
      "provider": "provider[\"registry.terraform.io/hashicorp/aws\"].london",
      "instances": [
        {
          "schema_version": 0,
          "attributes": {
            "gateway_id": "",
            "id": "rtbassoc-0b13e57f4d09b99e0",
            "route_table_id": "rtb-03fba934f0cb55f0e",
            "subnet_id": "subnet-09bc55cd1f3d78357",
            "timeouts": null
          },
          "sensitive_attributes": [],
          "private": "eyJlMmJmYjczMC1lY2FhLTExZTYtOGY4OC0zNDM2M2JjN2M0YzAiOnsiY3JlYXRlIjozMDAwMDAwMDAwMDAsImRlbGV0ZSI6MzAwMDAwMDAwMDAwLCJ1cGRhdGUiOjEyMDAwMDAwMDAwMH19",
          "dependencies": [
            "aws_internet_gateway.london-igw",
            "aws_route_table.london-public",
            "aws_subnet.london-public-subnet-2b",
            "aws_vpc.london-vpc"
          ]
        }
      ]
    },
    {
      "mode": "managed",
      "type": "aws_route_table_association",
      "name": "newyork-private-a",
      "provider": "provider[\"registry.terraform.io/hashicorp/aws\"].new-york",
      "instances": [
        {
          "schema_version": 0,
          "attributes": {
            "gateway_id": "",
            "id": "rtbassoc-02c5fb05859c6c2ec",
            "route_table_id": "rtb-05147005dca1d8ec5",
            "subnet_id": "subnet-0074a92e52b6871ca",
            "timeouts": null
          },
          "sensitive_attributes": [],
          "private": "eyJlMmJmYjczMC1lY2FhLTExZTYtOGY4OC0zNDM2M2JjN2M0YzAiOnsiY3JlYXRlIjozMDAwMDAwMDAwMDAsImRlbGV0ZSI6MzAwMDAwMDAwMDAwLCJ1cGRhdGUiOjEyMDAwMDAwMDAwMH19",
          "dependencies": [
            "aws_eip.newyork-nat",
            "aws_internet_gateway.newyork-igw",
            "aws_nat_gateway.newyork-nat",
            "aws_route_table.newyork-private",
            "aws_subnet.newyork-private-subnet-1a",
            "aws_subnet.newyork-public-subnet-1a",
            "aws_vpc.newyork-vpc"
          ]
        }
      ]
    },
    {
      "mode": "managed",
      "type": "aws_route_table_association",
      "name": "newyork-private-b",
      "provider": "provider[\"registry.terraform.io/hashicorp/aws\"].new-york",
      "instances": [
        {
          "schema_version": 0,
          "attributes": {
            "gateway_id": "",
            "id": "rtbassoc-0992d7fae083542f3",
            "route_table_id": "rtb-05147005dca1d8ec5",
            "subnet_id": "subnet-0d700a10e7cc4f3a0",
            "timeouts": null
          },
          "sensitive_attributes": [],
          "private": "eyJlMmJmYjczMC1lY2FhLTExZTYtOGY4OC0zNDM2M2JjN2M0YzAiOnsiY3JlYXRlIjozMDAwMDAwMDAwMDAsImRlbGV0ZSI6MzAwMDAwMDAwMDAwLCJ1cGRhdGUiOjEyMDAwMDAwMDAwMH19",
          "dependencies": [
            "aws_eip.newyork-nat",
            "aws_internet_gateway.newyork-igw",
            "aws_nat_gateway.newyork-nat",
            "aws_route_table.newyork-private",
            "aws_subnet.newyork-private-subnet-1b",
            "aws_subnet.newyork-public-subnet-1a",
            "aws_vpc.newyork-vpc"
          ]
        }
      ]
    },
    {
      "mode": "managed",
      "type": "aws_route_table_association",
      "name": "newyork-public-a",
      "provider": "provider[\"registry.terraform.io/hashicorp/aws\"].new-york",
      "instances": [
        {
          "schema_version": 0,
          "attributes": {
            "gateway_id": "",
            "id": "rtbassoc-0fd459de6d439a9c5",
            "route_table_id": "rtb-05319e22099153055",
            "subnet_id": "subnet-0c11ff79f1e661e22",
            "timeouts": null
          },
          "sensitive_attributes": [],
          "private": "eyJlMmJmYjczMC1lY2FhLTExZTYtOGY4OC0zNDM2M2JjN2M0YzAiOnsiY3JlYXRlIjozMDAwMDAwMDAwMDAsImRlbGV0ZSI6MzAwMDAwMDAwMDAwLCJ1cGRhdGUiOjEyMDAwMDAwMDAwMH19",
          "dependencies": [
            "aws_internet_gateway.newyork-igw",
            "aws_route_table.newyork-public",
            "aws_subnet.newyork-public-subnet-1a",
            "aws_vpc.newyork-vpc"
          ]
        }
      ]
    },
    {
      "mode": "managed",
      "type": "aws_route_table_association",
      "name": "newyork-public-b",
      "provider": "provider[\"registry.terraform.io/hashicorp/aws\"].new-york",
      "instances": [
        {
          "schema_version": 0,
          "attributes": {
            "gateway_id": "",
            "id": "rtbassoc-066f56024ada6564f",
            "route_table_id": "rtb-05319e22099153055",
            "subnet_id": "subnet-00bebac2b19fd5162",
            "timeouts": null
          },
          "sensitive_attributes": [],
          "private": "eyJlMmJmYjczMC1lY2FhLTExZTYtOGY4OC0zNDM2M2JjN2M0YzAiOnsiY3JlYXRlIjozMDAwMDAwMDAwMDAsImRlbGV0ZSI6MzAwMDAwMDAwMDAwLCJ1cGRhdGUiOjEyMDAwMDAwMDAwMH19",
          "dependencies": [
            "aws_internet_gateway.newyork-igw",
            "aws_route_table.newyork-public",
            "aws_subnet.newyork-public-subnet-1b",
            "aws_vpc.newyork-vpc"
          ]
        }
      ]
    },
    {
      "mode": "managed",
      "type": "aws_route_table_association",
      "name": "sao-paulo-public-c",
      "provider": "provider[\"registry.terraform.io/hashicorp/aws\"].sao-paulo",
      "instances": [
        {
          "schema_version": 0,
          "attributes": {
            "gateway_id": "",
            "id": "rtbassoc-0fbad6bffca8ac597",
            "route_table_id": "rtb-058dce7c350102d62",
            "subnet_id": "subnet-0240894c5ada09d39",
            "timeouts": null
          },
          "sensitive_attributes": [],
          "private": "eyJlMmJmYjczMC1lY2FhLTExZTYtOGY4OC0zNDM2M2JjN2M0YzAiOnsiY3JlYXRlIjozMDAwMDAwMDAwMDAsImRlbGV0ZSI6MzAwMDAwMDAwMDAwLCJ1cGRhdGUiOjEyMDAwMDAwMDAwMH19",
          "dependencies": [
            "aws_internet_gateway.saopaulo-igw",
            "aws_route_table.saopaulo-public",
            "aws_subnet.saopaulo-public-subnet-1c",
            "aws_vpc.saopaulo-vpc"
          ]
        }
      ]
    },
    {
      "mode": "managed",
      "type": "aws_route_table_association",
      "name": "saopaulo-private-a",
      "provider": "provider[\"registry.terraform.io/hashicorp/aws\"].sao-paulo",
      "instances": [
        {
          "schema_version": 0,
          "attributes": {
            "gateway_id": "",
            "id": "rtbassoc-0aa5ab2ae1b6511aa",
            "route_table_id": "rtb-0dc40a6080b12bd63",
            "subnet_id": "subnet-0e307533f7f386b72",
            "timeouts": null
          },
          "sensitive_attributes": [],
          "private": "eyJlMmJmYjczMC1lY2FhLTExZTYtOGY4OC0zNDM2M2JjN2M0YzAiOnsiY3JlYXRlIjozMDAwMDAwMDAwMDAsImRlbGV0ZSI6MzAwMDAwMDAwMDAwLCJ1cGRhdGUiOjEyMDAwMDAwMDAwMH19",
          "dependencies": [
            "aws_eip.saopaulo-nat",
            "aws_internet_gateway.saopaulo-igw",
            "aws_nat_gateway.saopaulo-nat",
            "aws_route_table.saopaulo-private",
            "aws_subnet.saopaulo-private-subnet-1a",
            "aws_subnet.saopaulo-public-subnet-1a",
            "aws_vpc.saopaulo-vpc"
          ]
        }
      ]
    },
    {
      "mode": "managed",
      "type": "aws_route_table_association",
      "name": "saopaulo-private-c",
      "provider": "provider[\"registry.terraform.io/hashicorp/aws\"].sao-paulo",
      "instances": [
        {
          "schema_version": 0,
          "attributes": {
            "gateway_id": "",
            "id": "rtbassoc-03f424493143834da",
            "route_table_id": "rtb-0dc40a6080b12bd63",
            "subnet_id": "subnet-04fb58ffa3fa72985",
            "timeouts": null
          },
          "sensitive_attributes": [],
          "private": "eyJlMmJmYjczMC1lY2FhLTExZTYtOGY4OC0zNDM2M2JjN2M0YzAiOnsiY3JlYXRlIjozMDAwMDAwMDAwMDAsImRlbGV0ZSI6MzAwMDAwMDAwMDAwLCJ1cGRhdGUiOjEyMDAwMDAwMDAwMH19",
          "dependencies": [
            "aws_eip.saopaulo-nat",
            "aws_internet_gateway.saopaulo-igw",
            "aws_nat_gateway.saopaulo-nat",
            "aws_route_table.saopaulo-private",
            "aws_subnet.saopaulo-private-subnet-1c",
            "aws_subnet.saopaulo-public-subnet-1a",
            "aws_vpc.saopaulo-vpc"
          ]
        }
      ]
    },
    {
      "mode": "managed",
      "type": "aws_route_table_association",
      "name": "saopaulo-public-a",
      "provider": "provider[\"registry.terraform.io/hashicorp/aws\"].sao-paulo",
      "instances": [
        {
          "schema_version": 0,
          "attributes": {
            "gateway_id": "",
            "id": "rtbassoc-01a78e3e91024a119",
            "route_table_id": "rtb-058dce7c350102d62",
            "subnet_id": "subnet-00d24176124fe2765",
            "timeouts": null
          },
          "sensitive_attributes": [],
          "private": "eyJlMmJmYjczMC1lY2FhLTExZTYtOGY4OC0zNDM2M2JjN2M0YzAiOnsiY3JlYXRlIjozMDAwMDAwMDAwMDAsImRlbGV0ZSI6MzAwMDAwMDAwMDAwLCJ1cGRhdGUiOjEyMDAwMDAwMDAwMH19",
          "dependencies": [
            "aws_internet_gateway.saopaulo-igw",
            "aws_route_table.saopaulo-public",
            "aws_subnet.saopaulo-public-subnet-1a",
            "aws_vpc.saopaulo-vpc"
          ]
        }
      ]
    },
    {
      "mode": "managed",
      "type": "aws_route_table_association",
      "name": "tokyo-private-a",
      "provider": "provider[\"registry.terraform.io/hashicorp/aws\"].tokyo",
      "instances": [
        {
          "schema_version": 0,
          "attributes": {
            "gateway_id": "",
            "id": "rtbassoc-0d5718b563407de2a",
            "route_table_id": "rtb-06bdfe0f44aacd74a",
            "subnet_id": "subnet-046350926b1c5c8dd",
            "timeouts": null
          },
          "sensitive_attributes": [],
          "private": "eyJlMmJmYjczMC1lY2FhLTExZTYtOGY4OC0zNDM2M2JjN2M0YzAiOnsiY3JlYXRlIjozMDAwMDAwMDAwMDAsImRlbGV0ZSI6MzAwMDAwMDAwMDAwLCJ1cGRhdGUiOjEyMDAwMDAwMDAwMH19",
          "dependencies": [
            "aws_eip.tokyo-nat",
            "aws_internet_gateway.tokyo-igw",
            "aws_nat_gateway.tokyo-nat",
            "aws_route_table.tokyo-private",
            "aws_subnet.tokyo-private-subnet-1a",
            "aws_subnet.tokyo-public-subnet-1a",
            "aws_vpc.tokyo-vpc"
          ]
        }
      ]
    },
    {
      "mode": "managed",
      "type": "aws_route_table_association",
      "name": "tokyo-private-d",
      "provider": "provider[\"registry.terraform.io/hashicorp/aws\"].tokyo",
      "instances": [
        {
          "schema_version": 0,
          "attributes": {
            "gateway_id": "",
            "id": "rtbassoc-03a907e4981921b1b",
            "route_table_id": "rtb-06bdfe0f44aacd74a",
            "subnet_id": "subnet-05a6280a7f6d74313",
            "timeouts": null
          },
          "sensitive_attributes": [],
          "private": "eyJlMmJmYjczMC1lY2FhLTExZTYtOGY4OC0zNDM2M2JjN2M0YzAiOnsiY3JlYXRlIjozMDAwMDAwMDAwMDAsImRlbGV0ZSI6MzAwMDAwMDAwMDAwLCJ1cGRhdGUiOjEyMDAwMDAwMDAwMH19",
          "dependencies": [
            "aws_eip.tokyo-nat",
            "aws_internet_gateway.tokyo-igw",
            "aws_nat_gateway.tokyo-nat",
            "aws_route_table.tokyo-private",
            "aws_subnet.tokyo-private-subnet-1d",
            "aws_subnet.tokyo-public-subnet-1a",
            "aws_vpc.tokyo-vpc"
          ]
        }
      ]
    },
    {
      "mode": "managed",
      "type": "aws_route_table_association",
      "name": "tokyo-public-a",
      "provider": "provider[\"registry.terraform.io/hashicorp/aws\"].tokyo",
      "instances": [
        {
          "schema_version": 0,
          "attributes": {
            "gateway_id": "",
            "id": "rtbassoc-0c47b3f58b57a41a0",
            "route_table_id": "rtb-0be5185e2e695d6cf",
            "subnet_id": "subnet-0370020d103bbe044",
            "timeouts": null
          },
          "sensitive_attributes": [],
          "private": "eyJlMmJmYjczMC1lY2FhLTExZTYtOGY4OC0zNDM2M2JjN2M0YzAiOnsiY3JlYXRlIjozMDAwMDAwMDAwMDAsImRlbGV0ZSI6MzAwMDAwMDAwMDAwLCJ1cGRhdGUiOjEyMDAwMDAwMDAwMH19",
          "dependencies": [
            "aws_internet_gateway.tokyo-igw",
            "aws_route_table.tokyo-public",
            "aws_subnet.tokyo-public-subnet-1a",
            "aws_vpc.tokyo-vpc"
          ]
        }
      ]
    },
    {
      "mode": "managed",
      "type": "aws_route_table_association",
      "name": "tokyo-public-d",
      "provider": "provider[\"registry.terraform.io/hashicorp/aws\"].tokyo",
      "instances": [
        {
          "schema_version": 0,
          "attributes": {
            "gateway_id": "",
            "id": "rtbassoc-0d1b077c1b4174313",
            "route_table_id": "rtb-0be5185e2e695d6cf",
            "subnet_id": "subnet-010bfff571ac7d201",
            "timeouts": null
          },
          "sensitive_attributes": [],
          "private": "eyJlMmJmYjczMC1lY2FhLTExZTYtOGY4OC0zNDM2M2JjN2M0YzAiOnsiY3JlYXRlIjozMDAwMDAwMDAwMDAsImRlbGV0ZSI6MzAwMDAwMDAwMDAwLCJ1cGRhdGUiOjEyMDAwMDAwMDAwMH19",
          "dependencies": [
            "aws_internet_gateway.tokyo-igw",
            "aws_route_table.tokyo-public",
            "aws_subnet.tokyo-public-subnet-1d",
            "aws_vpc.tokyo-vpc"
          ]
        }
      ]
    },
    {
      "mode": "managed",
      "type": "aws_route_table_association",
      "name": "tokyotest-private-b",
      "provider": "provider[\"registry.terraform.io/hashicorp/aws\"].tokyo-testb",
      "instances": [
        {
          "schema_version": 0,
          "attributes": {
            "gateway_id": "",
            "id": "rtbassoc-06ec72a66e19ffacd",
            "route_table_id": "rtb-073f1bd2a5e74f020",
            "subnet_id": "subnet-0a14a3897c07a5b63",
            "timeouts": null
          },
          "sensitive_attributes": [],
          "private": "eyJlMmJmYjczMC1lY2FhLTExZTYtOGY4OC0zNDM2M2JjN2M0YzAiOnsiY3JlYXRlIjozMDAwMDAwMDAwMDAsImRlbGV0ZSI6MzAwMDAwMDAwMDAwLCJ1cGRhdGUiOjEyMDAwMDAwMDAwMH19",
          "dependencies": [
            "aws_eip.tokyotest-nat",
            "aws_internet_gateway.tokyotest-igw",
            "aws_nat_gateway.tokyotest-nat",
            "aws_route_table.tokyotest-private",
            "aws_subnet.tokyotest-private-subnet-1a",
            "aws_subnet.tokyotest-public-subnet-1a",
            "aws_vpc.tokyotest-vpc"
          ]
        }
      ]
    },
    {
      "mode": "managed",
      "type": "aws_route_table_association",
      "name": "tokyotest-public-a",
      "provider": "provider[\"registry.terraform.io/hashicorp/aws\"].tokyo-testb",
      "instances": [
        {
          "schema_version": 0,
          "attributes": {
            "gateway_id": "",
            "id": "rtbassoc-0ff78da834aaf1069",
            "route_table_id": "rtb-0102df8284f45c11a",
            "subnet_id": "subnet-088d635c2dd16e527",
            "timeouts": null
          },
          "sensitive_attributes": [],
          "private": "eyJlMmJmYjczMC1lY2FhLTExZTYtOGY4OC0zNDM2M2JjN2M0YzAiOnsiY3JlYXRlIjozMDAwMDAwMDAwMDAsImRlbGV0ZSI6MzAwMDAwMDAwMDAwLCJ1cGRhdGUiOjEyMDAwMDAwMDAwMH19",
          "dependencies": [
            "aws_internet_gateway.tokyotest-igw",
            "aws_route_table.tokyotest-public",
            "aws_subnet.tokyotest-public-subnet-1a",
            "aws_vpc.tokyotest-vpc"
          ]
        }
      ]
    },
    {
      "mode": "managed",
      "type": "aws_security_group",
      "name": "australia-SG01-ASG01",
      "provider": "provider[\"registry.terraform.io/hashicorp/aws\"].australia",
      "instances": [
        {
          "schema_version": 1,
          "attributes": {
            "arn": "arn:aws:ec2:ap-southeast-2:864899853524:security-group/sg-0376f3229f27c3b68",
            "description": "australia-SG01-ASG01",
            "egress": [
              {
                "cidr_blocks": [
                  "0.0.0.0/0"
                ],
                "description": "",
                "from_port": 0,
                "ipv6_cidr_blocks": [],
                "prefix_list_ids": [],
                "protocol": "-1",
                "security_groups": [],
                "self": false,
                "to_port": 0
              }
            ],
            "id": "sg-0376f3229f27c3b68",
            "ingress": [
              {
                "cidr_blocks": [
                  "0.0.0.0/0"
                ],
                "description": "",
                "from_port": 80,
                "ipv6_cidr_blocks": [],
                "prefix_list_ids": [],
                "protocol": "tcp",
                "security_groups": [],
                "self": false,
                "to_port": 80
              }
            ],
            "name": "australia-SG01-ASG01",
            "name_prefix": "",
            "owner_id": "864899853524",
            "revoke_rules_on_delete": false,
            "tags": {
              "Name": "australia-SG01-ASG01",
              "Owner": "MATTRESS AVENGERS",
              "Service": "Armageddon Phase 1"
            },
            "tags_all": {
              "Name": "australia-SG01-ASG01",
              "Owner": "MATTRESS AVENGERS",
              "Service": "Armageddon Phase 1"
            },
            "timeouts": null,
            "vpc_id": "vpc-07e0ee860ea75eb6f"
          },
          "sensitive_attributes": [],
          "private": "eyJlMmJmYjczMC1lY2FhLTExZTYtOGY4OC0zNDM2M2JjN2M0YzAiOnsiY3JlYXRlIjo2MDAwMDAwMDAwMDAsImRlbGV0ZSI6OTAwMDAwMDAwMDAwfSwic2NoZW1hX3ZlcnNpb24iOiIxIn0=",
          "dependencies": [
            "aws_vpc.australia-vpc"
          ],
          "create_before_destroy": true
        }
      ]
    },
    {
      "mode": "managed",
      "type": "aws_security_group",
      "name": "australia-SG02-LB01",
      "provider": "provider[\"registry.terraform.io/hashicorp/aws\"].australia",
      "instances": [
        {
          "schema_version": 1,
          "attributes": {
            "arn": "arn:aws:ec2:ap-southeast-2:864899853524:security-group/sg-0a790ba03262f4611",
            "description": "australia-SG02-LB01",
            "egress": [
              {
                "cidr_blocks": [
                  "0.0.0.0/0"
                ],
                "description": "",
                "from_port": 0,
                "ipv6_cidr_blocks": [],
                "prefix_list_ids": [],
                "protocol": "-1",
                "security_groups": [],
                "self": false,
                "to_port": 0
              }
            ],
            "id": "sg-0a790ba03262f4611",
            "ingress": [
              {
                "cidr_blocks": [
                  "0.0.0.0/0"
                ],
                "description": "",
                "from_port": 80,
                "ipv6_cidr_blocks": [],
                "prefix_list_ids": [],
                "protocol": "tcp",
                "security_groups": [],
                "self": false,
                "to_port": 80
              }
            ],
            "name": "australia-SG02-LB01",
            "name_prefix": "",
            "owner_id": "864899853524",
            "revoke_rules_on_delete": false,
            "tags": {
              "Name": "australia-SG02-LB01",
              "Owner": "MATTRESS AVENGERS",
              "Service": "Armageddon Phase 1"
            },
            "tags_all": {
              "Name": "australia-SG02-LB01",
              "Owner": "MATTRESS AVENGERS",
              "Service": "Armageddon Phase 1"
            },
            "timeouts": null,
            "vpc_id": "vpc-07e0ee860ea75eb6f"
          },
          "sensitive_attributes": [],
          "private": "eyJlMmJmYjczMC1lY2FhLTExZTYtOGY4OC0zNDM2M2JjN2M0YzAiOnsiY3JlYXRlIjo2MDAwMDAwMDAwMDAsImRlbGV0ZSI6OTAwMDAwMDAwMDAwfSwic2NoZW1hX3ZlcnNpb24iOiIxIn0=",
          "dependencies": [
            "aws_vpc.australia-vpc"
          ]
        }
      ]
    },
    {
      "mode": "managed",
      "type": "aws_security_group",
      "name": "california-SG01-ASG01",
      "provider": "provider[\"registry.terraform.io/hashicorp/aws\"].california",
      "instances": [
        {
          "schema_version": 1,
          "attributes": {
            "arn": "arn:aws:ec2:us-west-1:864899853524:security-group/sg-0ddb72c574ebe3ebb",
            "description": "california-SG01-ASG01",
            "egress": [
              {
                "cidr_blocks": [
                  "0.0.0.0/0"
                ],
                "description": "",
                "from_port": 0,
                "ipv6_cidr_blocks": [],
                "prefix_list_ids": [],
                "protocol": "-1",
                "security_groups": [],
                "self": false,
                "to_port": 0
              }
            ],
            "id": "sg-0ddb72c574ebe3ebb",
            "ingress": [
              {
                "cidr_blocks": [
                  "0.0.0.0/0"
                ],
                "description": "",
                "from_port": 80,
                "ipv6_cidr_blocks": [],
                "prefix_list_ids": [],
                "protocol": "tcp",
                "security_groups": [],
                "self": false,
                "to_port": 80
              }
            ],
            "name": "california-SG01-ASG01",
            "name_prefix": "",
            "owner_id": "864899853524",
            "revoke_rules_on_delete": false,
            "tags": {
              "Name": "california-SG01-ASG01",
              "Owner": "MATTRESS AVENGERS",
              "Service": "Armageddon Phase 1"
            },
            "tags_all": {
              "Name": "california-SG01-ASG01",
              "Owner": "MATTRESS AVENGERS",
              "Service": "Armageddon Phase 1"
            },
            "timeouts": null,
            "vpc_id": "vpc-071d7efa8dce2ef00"
          },
          "sensitive_attributes": [],
          "private": "eyJlMmJmYjczMC1lY2FhLTExZTYtOGY4OC0zNDM2M2JjN2M0YzAiOnsiY3JlYXRlIjo2MDAwMDAwMDAwMDAsImRlbGV0ZSI6OTAwMDAwMDAwMDAwfSwic2NoZW1hX3ZlcnNpb24iOiIxIn0=",
          "dependencies": [
            "aws_vpc.california-vpc"
          ],
          "create_before_destroy": true
        }
      ]
    },
    {
      "mode": "managed",
      "type": "aws_security_group",
      "name": "california-SG02-LB01",
      "provider": "provider[\"registry.terraform.io/hashicorp/aws\"].california",
      "instances": [
        {
          "schema_version": 1,
          "attributes": {
            "arn": "arn:aws:ec2:us-west-1:864899853524:security-group/sg-0c28ca3a9aa14a709",
            "description": "california-SG02-LB01",
            "egress": [
              {
                "cidr_blocks": [
                  "0.0.0.0/0"
                ],
                "description": "",
                "from_port": 0,
                "ipv6_cidr_blocks": [],
                "prefix_list_ids": [],
                "protocol": "-1",
                "security_groups": [],
                "self": false,
                "to_port": 0
              }
            ],
            "id": "sg-0c28ca3a9aa14a709",
            "ingress": [
              {
                "cidr_blocks": [
                  "0.0.0.0/0"
                ],
                "description": "",
                "from_port": 80,
                "ipv6_cidr_blocks": [],
                "prefix_list_ids": [],
                "protocol": "tcp",
                "security_groups": [],
                "self": false,
                "to_port": 80
              }
            ],
            "name": "california-SG02-LB01",
            "name_prefix": "",
            "owner_id": "864899853524",
            "revoke_rules_on_delete": false,
            "tags": {
              "Name": "california-SG02-LB01",
              "Owner": "MATTRESS AVENGERS",
              "Service": "Armageddon Phase 1"
            },
            "tags_all": {
              "Name": "california-SG02-LB01",
              "Owner": "MATTRESS AVENGERS",
              "Service": "Armageddon Phase 1"
            },
            "timeouts": null,
            "vpc_id": "vpc-071d7efa8dce2ef00"
          },
          "sensitive_attributes": [],
          "private": "eyJlMmJmYjczMC1lY2FhLTExZTYtOGY4OC0zNDM2M2JjN2M0YzAiOnsiY3JlYXRlIjo2MDAwMDAwMDAwMDAsImRlbGV0ZSI6OTAwMDAwMDAwMDAwfSwic2NoZW1hX3ZlcnNpb24iOiIxIn0=",
          "dependencies": [
            "aws_vpc.california-vpc"
          ]
        }
      ]
    },
    {
      "mode": "managed",
      "type": "aws_security_group",
      "name": "hongkong-SG01-ASG01",
      "provider": "provider[\"registry.terraform.io/hashicorp/aws\"].hong-kong",
      "instances": [
        {
          "schema_version": 1,
          "attributes": {
            "arn": "arn:aws:ec2:ap-east-1:864899853524:security-group/sg-061006c5b937640f6",
            "description": "hongkong-SG01-ASG01",
            "egress": [
              {
                "cidr_blocks": [
                  "0.0.0.0/0"
                ],
                "description": "",
                "from_port": 0,
                "ipv6_cidr_blocks": [],
                "prefix_list_ids": [],
                "protocol": "-1",
                "security_groups": [],
                "self": false,
                "to_port": 0
              }
            ],
            "id": "sg-061006c5b937640f6",
            "ingress": [
              {
                "cidr_blocks": [
                  "0.0.0.0/0"
                ],
                "description": "",
                "from_port": 80,
                "ipv6_cidr_blocks": [],
                "prefix_list_ids": [],
                "protocol": "tcp",
                "security_groups": [],
                "self": false,
                "to_port": 80
              }
            ],
            "name": "hongkong-SG01-ASG01",
            "name_prefix": "",
            "owner_id": "864899853524",
            "revoke_rules_on_delete": false,
            "tags": {
              "Name": "hongkong-SG01-ASG01",
              "Owner": "MATTRESS AVENGERS",
              "Service": "Armageddon Phase 1"
            },
            "tags_all": {
              "Name": "hongkong-SG01-ASG01",
              "Owner": "MATTRESS AVENGERS",
              "Service": "Armageddon Phase 1"
            },
            "timeouts": null,
            "vpc_id": "vpc-053d0428b4a3f2a60"
          },
          "sensitive_attributes": [],
          "private": "eyJlMmJmYjczMC1lY2FhLTExZTYtOGY4OC0zNDM2M2JjN2M0YzAiOnsiY3JlYXRlIjo2MDAwMDAwMDAwMDAsImRlbGV0ZSI6OTAwMDAwMDAwMDAwfSwic2NoZW1hX3ZlcnNpb24iOiIxIn0=",
          "dependencies": [
            "aws_vpc.hongkong-vpc"
          ],
          "create_before_destroy": true
        }
      ]
    },
    {
      "mode": "managed",
      "type": "aws_security_group",
      "name": "hongkong-SG02-LB01",
      "provider": "provider[\"registry.terraform.io/hashicorp/aws\"].hong-kong",
      "instances": [
        {
          "schema_version": 1,
          "attributes": {
            "arn": "arn:aws:ec2:ap-east-1:864899853524:security-group/sg-0acec272d8c3e7483",
            "description": "hongkong-SG02-LB01",
            "egress": [
              {
                "cidr_blocks": [
                  "0.0.0.0/0"
                ],
                "description": "",
                "from_port": 0,
                "ipv6_cidr_blocks": [],
                "prefix_list_ids": [],
                "protocol": "-1",
                "security_groups": [],
                "self": false,
                "to_port": 0
              }
            ],
            "id": "sg-0acec272d8c3e7483",
            "ingress": [
              {
                "cidr_blocks": [
                  "0.0.0.0/0"
                ],
                "description": "",
                "from_port": 80,
                "ipv6_cidr_blocks": [],
                "prefix_list_ids": [],
                "protocol": "tcp",
                "security_groups": [],
                "self": false,
                "to_port": 80
              }
            ],
            "name": "hongkong-SG02-LB01",
            "name_prefix": "",
            "owner_id": "864899853524",
            "revoke_rules_on_delete": false,
            "tags": {
              "Name": "hongkong-SG02-LB01",
              "Owner": "MATTRESS AVENGERS",
              "Service": "Armageddon Phase 1"
            },
            "tags_all": {
              "Name": "hongkong-SG02-LB01",
              "Owner": "MATTRESS AVENGERS",
              "Service": "Armageddon Phase 1"
            },
            "timeouts": null,
            "vpc_id": "vpc-053d0428b4a3f2a60"
          },
          "sensitive_attributes": [],
          "private": "eyJlMmJmYjczMC1lY2FhLTExZTYtOGY4OC0zNDM2M2JjN2M0YzAiOnsiY3JlYXRlIjo2MDAwMDAwMDAwMDAsImRlbGV0ZSI6OTAwMDAwMDAwMDAwfSwic2NoZW1hX3ZlcnNpb24iOiIxIn0=",
          "dependencies": [
            "aws_vpc.hongkong-vpc"
          ]
        }
      ]
    },
    {
      "mode": "managed",
      "type": "aws_security_group",
      "name": "london-SG01-ASG01",
      "provider": "provider[\"registry.terraform.io/hashicorp/aws\"].london",
      "instances": [
        {
          "schema_version": 1,
          "attributes": {
            "arn": "arn:aws:ec2:eu-west-2:864899853524:security-group/sg-0e9aef382eaa7b0e6",
            "description": "london-SG01-ASG01",
            "egress": [
              {
                "cidr_blocks": [
                  "0.0.0.0/0"
                ],
                "description": "",
                "from_port": 0,
                "ipv6_cidr_blocks": [],
                "prefix_list_ids": [],
                "protocol": "-1",
                "security_groups": [],
                "self": false,
                "to_port": 0
              }
            ],
            "id": "sg-0e9aef382eaa7b0e6",
            "ingress": [
              {
                "cidr_blocks": [
                  "0.0.0.0/0"
                ],
                "description": "",
                "from_port": 80,
                "ipv6_cidr_blocks": [],
                "prefix_list_ids": [],
                "protocol": "tcp",
                "security_groups": [],
                "self": false,
                "to_port": 80
              }
            ],
            "name": "london-SG01-ASG01",
            "name_prefix": "",
            "owner_id": "864899853524",
            "revoke_rules_on_delete": false,
            "tags": {
              "Name": "london-SG01-ASG01",
              "Owner": "MATTRESS AVENGERS",
              "Service": "Armageddon Phase 1"
            },
            "tags_all": {
              "Name": "london-SG01-ASG01",
              "Owner": "MATTRESS AVENGERS",
              "Service": "Armageddon Phase 1"
            },
            "timeouts": null,
            "vpc_id": "vpc-0ffc5cd7bc165c115"
          },
          "sensitive_attributes": [],
          "private": "eyJlMmJmYjczMC1lY2FhLTExZTYtOGY4OC0zNDM2M2JjN2M0YzAiOnsiY3JlYXRlIjo2MDAwMDAwMDAwMDAsImRlbGV0ZSI6OTAwMDAwMDAwMDAwfSwic2NoZW1hX3ZlcnNpb24iOiIxIn0=",
          "dependencies": [
            "aws_vpc.london-vpc"
          ],
          "create_before_destroy": true
        }
      ]
    },
    {
      "mode": "managed",
      "type": "aws_security_group",
      "name": "london-SG02-LB01",
      "provider": "provider[\"registry.terraform.io/hashicorp/aws\"].london",
      "instances": [
        {
          "schema_version": 1,
          "attributes": {
            "arn": "arn:aws:ec2:eu-west-2:864899853524:security-group/sg-0006edb29502e550e",
            "description": "london-SG02-LB01",
            "egress": [
              {
                "cidr_blocks": [
                  "0.0.0.0/0"
                ],
                "description": "",
                "from_port": 0,
                "ipv6_cidr_blocks": [],
                "prefix_list_ids": [],
                "protocol": "-1",
                "security_groups": [],
                "self": false,
                "to_port": 0
              }
            ],
            "id": "sg-0006edb29502e550e",
            "ingress": [
              {
                "cidr_blocks": [
                  "0.0.0.0/0"
                ],
                "description": "",
                "from_port": 80,
                "ipv6_cidr_blocks": [],
                "prefix_list_ids": [],
                "protocol": "tcp",
                "security_groups": [],
                "self": false,
                "to_port": 80
              }
            ],
            "name": "london-SG02-LB01",
            "name_prefix": "",
            "owner_id": "864899853524",
            "revoke_rules_on_delete": false,
            "tags": {
              "Name": "london-SG02-LB01",
              "Owner": "MATTRESS AVENGERS",
              "Service": "Armageddon Phase 1"
            },
            "tags_all": {
              "Name": "london-SG02-LB01",
              "Owner": "MATTRESS AVENGERS",
              "Service": "Armageddon Phase 1"
            },
            "timeouts": null,
            "vpc_id": "vpc-0ffc5cd7bc165c115"
          },
          "sensitive_attributes": [],
          "private": "eyJlMmJmYjczMC1lY2FhLTExZTYtOGY4OC0zNDM2M2JjN2M0YzAiOnsiY3JlYXRlIjo2MDAwMDAwMDAwMDAsImRlbGV0ZSI6OTAwMDAwMDAwMDAwfSwic2NoZW1hX3ZlcnNpb24iOiIxIn0=",
          "dependencies": [
            "aws_vpc.london-vpc"
          ]
        }
      ]
    },
    {
      "mode": "managed",
      "type": "aws_security_group",
      "name": "newyork-SG01-ASG01",
      "provider": "provider[\"registry.terraform.io/hashicorp/aws\"].new-york",
      "instances": [
        {
          "schema_version": 1,
          "attributes": {
            "arn": "arn:aws:ec2:us-east-1:864899853524:security-group/sg-0c176f18ff2bb3d9e",
            "description": "newyork-SG01-ASG01",
            "egress": [
              {
                "cidr_blocks": [
                  "0.0.0.0/0"
                ],
                "description": "",
                "from_port": 0,
                "ipv6_cidr_blocks": [],
                "prefix_list_ids": [],
                "protocol": "-1",
                "security_groups": [],
                "self": false,
                "to_port": 0
              }
            ],
            "id": "sg-0c176f18ff2bb3d9e",
            "ingress": [
              {
                "cidr_blocks": [
                  "0.0.0.0/0"
                ],
                "description": "",
                "from_port": 80,
                "ipv6_cidr_blocks": [],
                "prefix_list_ids": [],
                "protocol": "tcp",
                "security_groups": [],
                "self": false,
                "to_port": 80
              }
            ],
            "name": "newyork-SG01-ASG01",
            "name_prefix": "",
            "owner_id": "864899853524",
            "revoke_rules_on_delete": false,
            "tags": {
              "Name": "newyork-SG01-ASG01",
              "Owner": "MATTRESS AVENGERS",
              "Service": "Armageddon Phase 1"
            },
            "tags_all": {
              "Name": "newyork-SG01-ASG01",
              "Owner": "MATTRESS AVENGERS",
              "Service": "Armageddon Phase 1"
            },
            "timeouts": null,
            "vpc_id": "vpc-00c8befd9fc980836"
          },
          "sensitive_attributes": [],
          "private": "eyJlMmJmYjczMC1lY2FhLTExZTYtOGY4OC0zNDM2M2JjN2M0YzAiOnsiY3JlYXRlIjo2MDAwMDAwMDAwMDAsImRlbGV0ZSI6OTAwMDAwMDAwMDAwfSwic2NoZW1hX3ZlcnNpb24iOiIxIn0=",
          "dependencies": [
            "aws_vpc.newyork-vpc"
          ],
          "create_before_destroy": true
        }
      ]
    },
    {
      "mode": "managed",
      "type": "aws_security_group",
      "name": "newyork-SG02-LB01",
      "provider": "provider[\"registry.terraform.io/hashicorp/aws\"].new-york",
      "instances": [
        {
          "schema_version": 1,
          "attributes": {
            "arn": "arn:aws:ec2:us-east-1:864899853524:security-group/sg-0380bba02732f29f5",
            "description": "newyork-SG02-LB01",
            "egress": [
              {
                "cidr_blocks": [
                  "0.0.0.0/0"
                ],
                "description": "",
                "from_port": 0,
                "ipv6_cidr_blocks": [],
                "prefix_list_ids": [],
                "protocol": "-1",
                "security_groups": [],
                "self": false,
                "to_port": 0
              }
            ],
            "id": "sg-0380bba02732f29f5",
            "ingress": [
              {
                "cidr_blocks": [
                  "0.0.0.0/0"
                ],
                "description": "",
                "from_port": 80,
                "ipv6_cidr_blocks": [],
                "prefix_list_ids": [],
                "protocol": "tcp",
                "security_groups": [],
                "self": false,
                "to_port": 80
              }
            ],
            "name": "newyork-SG02-LB01",
            "name_prefix": "",
            "owner_id": "864899853524",
            "revoke_rules_on_delete": false,
            "tags": {
              "Name": "newyork-SG02-LB01",
              "Owner": "MATTRESS AVENGERS",
              "Service": "Armageddon Phase 1"
            },
            "tags_all": {
              "Name": "newyork-SG02-LB01",
              "Owner": "MATTRESS AVENGERS",
              "Service": "Armageddon Phase 1"
            },
            "timeouts": null,
            "vpc_id": "vpc-00c8befd9fc980836"
          },
          "sensitive_attributes": [],
          "private": "eyJlMmJmYjczMC1lY2FhLTExZTYtOGY4OC0zNDM2M2JjN2M0YzAiOnsiY3JlYXRlIjo2MDAwMDAwMDAwMDAsImRlbGV0ZSI6OTAwMDAwMDAwMDAwfSwic2NoZW1hX3ZlcnNpb24iOiIxIn0=",
          "dependencies": [
            "aws_vpc.newyork-vpc"
          ]
        }
      ]
    },
    {
      "mode": "managed",
      "type": "aws_security_group",
      "name": "saopaulo-SG01-ASG01",
      "provider": "provider[\"registry.terraform.io/hashicorp/aws\"].sao-paulo",
      "instances": [
        {
          "schema_version": 1,
          "attributes": {
            "arn": "arn:aws:ec2:sa-east-1:864899853524:security-group/sg-012ee8313388dbbdf",
            "description": "saopaulo-SG01-ASG01",
            "egress": [
              {
                "cidr_blocks": [
                  "0.0.0.0/0"
                ],
                "description": "",
                "from_port": 0,
                "ipv6_cidr_blocks": [],
                "prefix_list_ids": [],
                "protocol": "-1",
                "security_groups": [],
                "self": false,
                "to_port": 0
              }
            ],
            "id": "sg-012ee8313388dbbdf",
            "ingress": [
              {
                "cidr_blocks": [
                  "0.0.0.0/0"
                ],
                "description": "",
                "from_port": 80,
                "ipv6_cidr_blocks": [],
                "prefix_list_ids": [],
                "protocol": "tcp",
                "security_groups": [],
                "self": false,
                "to_port": 80
              }
            ],
            "name": "saopaulo-SG01-ASG01",
            "name_prefix": "",
            "owner_id": "864899853524",
            "revoke_rules_on_delete": false,
            "tags": {
              "Name": "sao-paulo-SG01-ASG01",
              "Owner": "MATTRESS AVENGERS",
              "Service": "Armageddon Phase 1"
            },
            "tags_all": {
              "Name": "sao-paulo-SG01-ASG01",
              "Owner": "MATTRESS AVENGERS",
              "Service": "Armageddon Phase 1"
            },
            "timeouts": null,
            "vpc_id": "vpc-0fd0255b69bcef259"
          },
          "sensitive_attributes": [],
          "private": "eyJlMmJmYjczMC1lY2FhLTExZTYtOGY4OC0zNDM2M2JjN2M0YzAiOnsiY3JlYXRlIjo2MDAwMDAwMDAwMDAsImRlbGV0ZSI6OTAwMDAwMDAwMDAwfSwic2NoZW1hX3ZlcnNpb24iOiIxIn0=",
          "dependencies": [
            "aws_vpc.saopaulo-vpc"
          ],
          "create_before_destroy": true
        }
      ]
    },
    {
      "mode": "managed",
      "type": "aws_security_group",
      "name": "saopaulo-SG02-LB01",
      "provider": "provider[\"registry.terraform.io/hashicorp/aws\"].sao-paulo",
      "instances": [
        {
          "schema_version": 1,
          "attributes": {
            "arn": "arn:aws:ec2:sa-east-1:864899853524:security-group/sg-04cdc0d8292d6d87d",
            "description": "saopaulo-SG02-LB01",
            "egress": [
              {
                "cidr_blocks": [
                  "0.0.0.0/0"
                ],
                "description": "",
                "from_port": 0,
                "ipv6_cidr_blocks": [],
                "prefix_list_ids": [],
                "protocol": "-1",
                "security_groups": [],
                "self": false,
                "to_port": 0
              }
            ],
            "id": "sg-04cdc0d8292d6d87d",
            "ingress": [
              {
                "cidr_blocks": [
                  "0.0.0.0/0"
                ],
                "description": "",
                "from_port": 80,
                "ipv6_cidr_blocks": [],
                "prefix_list_ids": [],
                "protocol": "tcp",
                "security_groups": [],
                "self": false,
                "to_port": 80
              }
            ],
            "name": "saopaulo-SG02-LB01",
            "name_prefix": "",
            "owner_id": "864899853524",
            "revoke_rules_on_delete": false,
            "tags": {
              "Name": "sao-paulo-SG02-LB01",
              "Owner": "MATTRESS AVENGERS",
              "Service": "Armageddon Phase 1"
            },
            "tags_all": {
              "Name": "sao-paulo-SG02-LB01",
              "Owner": "MATTRESS AVENGERS",
              "Service": "Armageddon Phase 1"
            },
            "timeouts": null,
            "vpc_id": "vpc-0fd0255b69bcef259"
          },
          "sensitive_attributes": [],
          "private": "eyJlMmJmYjczMC1lY2FhLTExZTYtOGY4OC0zNDM2M2JjN2M0YzAiOnsiY3JlYXRlIjo2MDAwMDAwMDAwMDAsImRlbGV0ZSI6OTAwMDAwMDAwMDAwfSwic2NoZW1hX3ZlcnNpb24iOiIxIn0=",
          "dependencies": [
            "aws_vpc.saopaulo-vpc"
          ]
        }
      ]
    },
    {
      "mode": "managed",
      "type": "aws_security_group",
      "name": "tokyo-SG01-ASG01",
      "provider": "provider[\"registry.terraform.io/hashicorp/aws\"].tokyo",
      "instances": [
        {
          "schema_version": 1,
          "attributes": {
            "arn": "arn:aws:ec2:ap-northeast-1:864899853524:security-group/sg-0b1141c9a839f8ba8",
            "description": "tokyo-SG01-ASG01",
            "egress": [
              {
                "cidr_blocks": [
                  "0.0.0.0/0"
                ],
                "description": "",
                "from_port": 0,
                "ipv6_cidr_blocks": [],
                "prefix_list_ids": [],
                "protocol": "-1",
                "security_groups": [],
                "self": false,
                "to_port": 0
              }
            ],
            "id": "sg-0b1141c9a839f8ba8",
            "ingress": [
              {
                "cidr_blocks": [
                  "0.0.0.0/0"
                ],
                "description": "",
                "from_port": 80,
                "ipv6_cidr_blocks": [],
                "prefix_list_ids": [],
                "protocol": "tcp",
                "security_groups": [],
                "self": false,
                "to_port": 80
              }
            ],
            "name": "tokyo-SG01-ASG01",
            "name_prefix": "",
            "owner_id": "864899853524",
            "revoke_rules_on_delete": false,
            "tags": {
              "Name": "tokyo-SG01-ASG01",
              "Owner": "MATTRESS AVENGERS",
              "Service": "Armageddon Phase 1"
            },
            "tags_all": {
              "Name": "tokyo-SG01-ASG01",
              "Owner": "MATTRESS AVENGERS",
              "Service": "Armageddon Phase 1"
            },
            "timeouts": null,
            "vpc_id": "vpc-0a0e8a6e51d409e5c"
          },
          "sensitive_attributes": [],
          "private": "eyJlMmJmYjczMC1lY2FhLTExZTYtOGY4OC0zNDM2M2JjN2M0YzAiOnsiY3JlYXRlIjo2MDAwMDAwMDAwMDAsImRlbGV0ZSI6OTAwMDAwMDAwMDAwfSwic2NoZW1hX3ZlcnNpb24iOiIxIn0=",
          "dependencies": [
            "aws_vpc.tokyo-vpc"
          ],
          "create_before_destroy": true
        }
      ]
    },
    {
      "mode": "managed",
      "type": "aws_security_group",
      "name": "tokyo-SG02-LB01",
      "provider": "provider[\"registry.terraform.io/hashicorp/aws\"].tokyo",
      "instances": [
        {
          "schema_version": 1,
          "attributes": {
            "arn": "arn:aws:ec2:ap-northeast-1:864899853524:security-group/sg-0035c06ff19973f1a",
            "description": "tokyo-SG02-LB01",
            "egress": [
              {
                "cidr_blocks": [
                  "0.0.0.0/0"
                ],
                "description": "",
                "from_port": 0,
                "ipv6_cidr_blocks": [],
                "prefix_list_ids": [],
                "protocol": "-1",
                "security_groups": [],
                "self": false,
                "to_port": 0
              }
            ],
            "id": "sg-0035c06ff19973f1a",
            "ingress": [
              {
                "cidr_blocks": [
                  "0.0.0.0/0"
                ],
                "description": "",
                "from_port": 80,
                "ipv6_cidr_blocks": [],
                "prefix_list_ids": [],
                "protocol": "tcp",
                "security_groups": [],
                "self": false,
                "to_port": 80
              }
            ],
            "name": "tokyo-SG02-LB01",
            "name_prefix": "",
            "owner_id": "864899853524",
            "revoke_rules_on_delete": false,
            "tags": {
              "Name": "tokyo-SG02-LB01",
              "Owner": "MATTRESS AVENGERS",
              "Service": "Armageddon Phase 1"
            },
            "tags_all": {
              "Name": "tokyo-SG02-LB01",
              "Owner": "MATTRESS AVENGERS",
              "Service": "Armageddon Phase 1"
            },
            "timeouts": null,
            "vpc_id": "vpc-0a0e8a6e51d409e5c"
          },
          "sensitive_attributes": [],
          "private": "eyJlMmJmYjczMC1lY2FhLTExZTYtOGY4OC0zNDM2M2JjN2M0YzAiOnsiY3JlYXRlIjo2MDAwMDAwMDAwMDAsImRlbGV0ZSI6OTAwMDAwMDAwMDAwfSwic2NoZW1hX3ZlcnNpb24iOiIxIn0=",
          "dependencies": [
            "aws_vpc.tokyo-vpc"
          ]
        }
      ]
    },
    {
      "mode": "managed",
      "type": "aws_security_group",
      "name": "tokyotest-SG01-ASG01",
      "provider": "provider[\"registry.terraform.io/hashicorp/aws\"].tokyo-testb",
      "instances": [
        {
          "schema_version": 1,
          "attributes": {
            "arn": "arn:aws:ec2:ap-northeast-1:864899853524:security-group/sg-06d2c0e36a8108db9",
            "description": "tokyo-test-SG01-ASG01",
            "egress": [
              {
                "cidr_blocks": [
                  "0.0.0.0/0"
                ],
                "description": "",
                "from_port": 0,
                "ipv6_cidr_blocks": [],
                "prefix_list_ids": [],
                "protocol": "-1",
                "security_groups": [],
                "self": false,
                "to_port": 0
              }
            ],
            "id": "sg-06d2c0e36a8108db9",
            "ingress": [
              {
                "cidr_blocks": [
                  "0.0.0.0/0"
                ],
                "description": "",
                "from_port": 80,
                "ipv6_cidr_blocks": [],
                "prefix_list_ids": [],
                "protocol": "tcp",
                "security_groups": [],
                "self": false,
                "to_port": 80
              }
            ],
            "name": "tokyo-test-SG01-ASG01",
            "name_prefix": "",
            "owner_id": "864899853524",
            "revoke_rules_on_delete": false,
            "tags": {
              "Name": "tokyotest-SG01-ASG01",
              "Owner": "MATTRESS AVENGERS",
              "Service": "Armageddon Phase 1"
            },
            "tags_all": {
              "Name": "tokyotest-SG01-ASG01",
              "Owner": "MATTRESS AVENGERS",
              "Service": "Armageddon Phase 1"
            },
            "timeouts": null,
            "vpc_id": "vpc-04ad607f3e937193f"
          },
          "sensitive_attributes": [],
          "private": "eyJlMmJmYjczMC1lY2FhLTExZTYtOGY4OC0zNDM2M2JjN2M0YzAiOnsiY3JlYXRlIjo2MDAwMDAwMDAwMDAsImRlbGV0ZSI6OTAwMDAwMDAwMDAwfSwic2NoZW1hX3ZlcnNpb24iOiIxIn0=",
          "dependencies": [
            "aws_vpc.tokyotest-vpc"
          ]
        }
      ]
    },
    {
      "mode": "managed",
      "type": "aws_security_group",
      "name": "tokyotest-SG02-LB01",
      "provider": "provider[\"registry.terraform.io/hashicorp/aws\"].tokyo-testb",
      "instances": [
        {
          "schema_version": 1,
          "attributes": {
            "arn": "arn:aws:ec2:ap-northeast-1:864899853524:security-group/sg-01c33ac58b9bcd566",
            "description": "tokyo-test-SG02-LB01",
            "egress": [
              {
                "cidr_blocks": [
                  "0.0.0.0/0"
                ],
                "description": "",
                "from_port": 0,
                "ipv6_cidr_blocks": [],
                "prefix_list_ids": [],
                "protocol": "-1",
                "security_groups": [],
                "self": false,
                "to_port": 0
              }
            ],
            "id": "sg-01c33ac58b9bcd566",
            "ingress": [
              {
                "cidr_blocks": [
                  "0.0.0.0/0"
                ],
                "description": "",
                "from_port": 80,
                "ipv6_cidr_blocks": [],
                "prefix_list_ids": [],
                "protocol": "tcp",
                "security_groups": [],
                "self": false,
                "to_port": 80
              }
            ],
            "name": "tokyo-test-SG02-LB01",
            "name_prefix": "",
            "owner_id": "864899853524",
            "revoke_rules_on_delete": false,
            "tags": {
              "Name": "tokyotest-SG02-LB01",
              "Owner": "MATTRESS AVENGERS",
              "Service": "Armageddon Phase 1"
            },
            "tags_all": {
              "Name": "tokyotest-SG02-LB01",
              "Owner": "MATTRESS AVENGERS",
              "Service": "Armageddon Phase 1"
            },
            "timeouts": null,
            "vpc_id": "vpc-04ad607f3e937193f"
          },
          "sensitive_attributes": [],
          "private": "eyJlMmJmYjczMC1lY2FhLTExZTYtOGY4OC0zNDM2M2JjN2M0YzAiOnsiY3JlYXRlIjo2MDAwMDAwMDAwMDAsImRlbGV0ZSI6OTAwMDAwMDAwMDAwfSwic2NoZW1hX3ZlcnNpb24iOiIxIn0=",
          "dependencies": [
            "aws_vpc.tokyotest-vpc"
          ]
        }
      ]
    },
    {
      "mode": "managed",
      "type": "aws_subnet",
      "name": "australia-private-subnet-2a",
      "provider": "provider[\"registry.terraform.io/hashicorp/aws\"].australia",
      "instances": [
        {
          "schema_version": 1,
          "attributes": {
            "arn": "arn:aws:ec2:ap-southeast-2:864899853524:subnet/subnet-0d87ee6bc07d9eb38",
            "assign_ipv6_address_on_creation": false,
            "availability_zone": "ap-southeast-2a",
            "availability_zone_id": "apse2-az1",
            "cidr_block": "172.22.11.0/24",
            "customer_owned_ipv4_pool": "",
            "enable_dns64": false,
            "enable_lni_at_device_index": 0,
            "enable_resource_name_dns_a_record_on_launch": false,
            "enable_resource_name_dns_aaaa_record_on_launch": false,
            "id": "subnet-0d87ee6bc07d9eb38",
            "ipv6_cidr_block": "",
            "ipv6_cidr_block_association_id": "",
            "ipv6_native": false,
            "map_customer_owned_ip_on_launch": false,
            "map_public_ip_on_launch": false,
            "outpost_arn": "",
            "owner_id": "864899853524",
            "private_dns_hostname_type_on_launch": "ip-name",
            "tags": {
              "Name": "PROD-Australia-subnet-2a",
              "Owner": "MATTRESS AVENGERS",
              "Service": "Armageddon Phase 1"
            },
            "tags_all": {
              "Name": "PROD-Australia-subnet-2a",
              "Owner": "MATTRESS AVENGERS",
              "Service": "Armageddon Phase 1"
            },
            "timeouts": null,
            "vpc_id": "vpc-07e0ee860ea75eb6f"
          },
          "sensitive_attributes": [],
          "private": "eyJlMmJmYjczMC1lY2FhLTExZTYtOGY4OC0zNDM2M2JjN2M0YzAiOnsiY3JlYXRlIjo2MDAwMDAwMDAwMDAsImRlbGV0ZSI6MTIwMDAwMDAwMDAwMH0sInNjaGVtYV92ZXJzaW9uIjoiMSJ9",
          "dependencies": [
            "aws_vpc.australia-vpc"
          ]
        }
      ]
    },
    {
      "mode": "managed",
      "type": "aws_subnet",
      "name": "australia-private-subnet-2b",
      "provider": "provider[\"registry.terraform.io/hashicorp/aws\"].australia",
      "instances": [
        {
          "schema_version": 1,
          "attributes": {
            "arn": "arn:aws:ec2:ap-southeast-2:864899853524:subnet/subnet-0609474e28f86a5e6",
            "assign_ipv6_address_on_creation": false,
            "availability_zone": "ap-southeast-2b",
            "availability_zone_id": "apse2-az3",
            "cidr_block": "172.22.12.0/24",
            "customer_owned_ipv4_pool": "",
            "enable_dns64": false,
            "enable_lni_at_device_index": 0,
            "enable_resource_name_dns_a_record_on_launch": false,
            "enable_resource_name_dns_aaaa_record_on_launch": false,
            "id": "subnet-0609474e28f86a5e6",
            "ipv6_cidr_block": "",
            "ipv6_cidr_block_association_id": "",
            "ipv6_native": false,
            "map_customer_owned_ip_on_launch": false,
            "map_public_ip_on_launch": false,
            "outpost_arn": "",
            "owner_id": "864899853524",
            "private_dns_hostname_type_on_launch": "ip-name",
            "tags": {
              "Name": "PROD-Australia-subnet-2b",
              "Owner": "MATTRESS AVENGERS",
              "Service": "Armageddon Phase 1"
            },
            "tags_all": {
              "Name": "PROD-Australia-subnet-2b",
              "Owner": "MATTRESS AVENGERS",
              "Service": "Armageddon Phase 1"
            },
            "timeouts": null,
            "vpc_id": "vpc-07e0ee860ea75eb6f"
          },
          "sensitive_attributes": [],
          "private": "eyJlMmJmYjczMC1lY2FhLTExZTYtOGY4OC0zNDM2M2JjN2M0YzAiOnsiY3JlYXRlIjo2MDAwMDAwMDAwMDAsImRlbGV0ZSI6MTIwMDAwMDAwMDAwMH0sInNjaGVtYV92ZXJzaW9uIjoiMSJ9",
          "dependencies": [
            "aws_vpc.australia-vpc"
          ]
        }
      ]
    },
    {
      "mode": "managed",
      "type": "aws_subnet",
      "name": "australia-public-subnet-2a",
      "provider": "provider[\"registry.terraform.io/hashicorp/aws\"].australia",
      "instances": [
        {
          "schema_version": 1,
          "attributes": {
            "arn": "arn:aws:ec2:ap-southeast-2:864899853524:subnet/subnet-03e8dc7ac8b87d564",
            "assign_ipv6_address_on_creation": false,
            "availability_zone": "ap-southeast-2a",
            "availability_zone_id": "apse2-az1",
            "cidr_block": "172.22.1.0/24",
            "customer_owned_ipv4_pool": "",
            "enable_dns64": false,
            "enable_lni_at_device_index": 0,
            "enable_resource_name_dns_a_record_on_launch": false,
            "enable_resource_name_dns_aaaa_record_on_launch": false,
            "id": "subnet-03e8dc7ac8b87d564",
            "ipv6_cidr_block": "",
            "ipv6_cidr_block_association_id": "",
            "ipv6_native": false,
            "map_customer_owned_ip_on_launch": false,
            "map_public_ip_on_launch": false,
            "outpost_arn": "",
            "owner_id": "864899853524",
            "private_dns_hostname_type_on_launch": "ip-name",
            "tags": {
              "Name": "PROD-Australia-subnet-2a",
              "Owner": "MATTRESS AVENGERS",
              "Service": "Armageddon Phase 1"
            },
            "tags_all": {
              "Name": "PROD-Australia-subnet-2a",
              "Owner": "MATTRESS AVENGERS",
              "Service": "Armageddon Phase 1"
            },
            "timeouts": null,
            "vpc_id": "vpc-07e0ee860ea75eb6f"
          },
          "sensitive_attributes": [],
          "private": "eyJlMmJmYjczMC1lY2FhLTExZTYtOGY4OC0zNDM2M2JjN2M0YzAiOnsiY3JlYXRlIjo2MDAwMDAwMDAwMDAsImRlbGV0ZSI6MTIwMDAwMDAwMDAwMH0sInNjaGVtYV92ZXJzaW9uIjoiMSJ9",
          "dependencies": [
            "aws_vpc.australia-vpc"
          ]
        }
      ]
    },
    {
      "mode": "managed",
      "type": "aws_subnet",
      "name": "australia-public-subnet-2b",
      "provider": "provider[\"registry.terraform.io/hashicorp/aws\"].australia",
      "instances": [
        {
          "schema_version": 1,
          "attributes": {
            "arn": "arn:aws:ec2:ap-southeast-2:864899853524:subnet/subnet-0dd4f6e0cf9bc26e9",
            "assign_ipv6_address_on_creation": false,
            "availability_zone": "ap-southeast-2b",
            "availability_zone_id": "apse2-az3",
            "cidr_block": "172.22.2.0/24",
            "customer_owned_ipv4_pool": "",
            "enable_dns64": false,
            "enable_lni_at_device_index": 0,
            "enable_resource_name_dns_a_record_on_launch": false,
            "enable_resource_name_dns_aaaa_record_on_launch": false,
            "id": "subnet-0dd4f6e0cf9bc26e9",
            "ipv6_cidr_block": "",
            "ipv6_cidr_block_association_id": "",
            "ipv6_native": false,
            "map_customer_owned_ip_on_launch": false,
            "map_public_ip_on_launch": false,
            "outpost_arn": "",
            "owner_id": "864899853524",
            "private_dns_hostname_type_on_launch": "ip-name",
            "tags": {
              "Name": "PROD-Australia-subnet-2b",
              "Owner": "MATTRESS AVENGERS",
              "Service": "Armageddon Phase 1"
            },
            "tags_all": {
              "Name": "PROD-Australia-subnet-2b",
              "Owner": "MATTRESS AVENGERS",
              "Service": "Armageddon Phase 1"
            },
            "timeouts": null,
            "vpc_id": "vpc-07e0ee860ea75eb6f"
          },
          "sensitive_attributes": [],
          "private": "eyJlMmJmYjczMC1lY2FhLTExZTYtOGY4OC0zNDM2M2JjN2M0YzAiOnsiY3JlYXRlIjo2MDAwMDAwMDAwMDAsImRlbGV0ZSI6MTIwMDAwMDAwMDAwMH0sInNjaGVtYV92ZXJzaW9uIjoiMSJ9",
          "dependencies": [
            "aws_vpc.australia-vpc"
          ]
        }
      ]
    },
    {
      "mode": "managed",
      "type": "aws_subnet",
      "name": "california-private-subnet-1b",
      "provider": "provider[\"registry.terraform.io/hashicorp/aws\"].california",
      "instances": [
        {
          "schema_version": 1,
          "attributes": {
            "arn": "arn:aws:ec2:us-west-1:864899853524:subnet/subnet-0d48ef4d3ddeb1935",
            "assign_ipv6_address_on_creation": false,
            "availability_zone": "us-west-1b",
            "availability_zone_id": "usw1-az3",
            "cidr_block": "172.24.12.0/24",
            "customer_owned_ipv4_pool": "",
            "enable_dns64": false,
            "enable_lni_at_device_index": 0,
            "enable_resource_name_dns_a_record_on_launch": false,
            "enable_resource_name_dns_aaaa_record_on_launch": false,
            "id": "subnet-0d48ef4d3ddeb1935",
            "ipv6_cidr_block": "",
            "ipv6_cidr_block_association_id": "",
            "ipv6_native": false,
            "map_customer_owned_ip_on_launch": false,
            "map_public_ip_on_launch": false,
            "outpost_arn": "",
            "owner_id": "864899853524",
            "private_dns_hostname_type_on_launch": "ip-name",
            "tags": {
              "Name": "PROD-Califonia-subnet-1b",
              "Owner": "MATTRESS AVENGERS",
              "Service": "Armageddon Phase 1"
            },
            "tags_all": {
              "Name": "PROD-Califonia-subnet-1b",
              "Owner": "MATTRESS AVENGERS",
              "Service": "Armageddon Phase 1"
            },
            "timeouts": null,
            "vpc_id": "vpc-071d7efa8dce2ef00"
          },
          "sensitive_attributes": [],
          "private": "eyJlMmJmYjczMC1lY2FhLTExZTYtOGY4OC0zNDM2M2JjN2M0YzAiOnsiY3JlYXRlIjo2MDAwMDAwMDAwMDAsImRlbGV0ZSI6MTIwMDAwMDAwMDAwMH0sInNjaGVtYV92ZXJzaW9uIjoiMSJ9",
          "dependencies": [
            "aws_vpc.california-vpc"
          ]
        }
      ]
    },
    {
      "mode": "managed",
      "type": "aws_subnet",
      "name": "california-private-subnet-1c",
      "provider": "provider[\"registry.terraform.io/hashicorp/aws\"].california",
      "instances": [
        {
          "schema_version": 1,
          "attributes": {
            "arn": "arn:aws:ec2:us-west-1:864899853524:subnet/subnet-08f6478c605454e10",
            "assign_ipv6_address_on_creation": false,
            "availability_zone": "us-west-1c",
            "availability_zone_id": "usw1-az1",
            "cidr_block": "172.24.13.0/24",
            "customer_owned_ipv4_pool": "",
            "enable_dns64": false,
            "enable_lni_at_device_index": 0,
            "enable_resource_name_dns_a_record_on_launch": false,
            "enable_resource_name_dns_aaaa_record_on_launch": false,
            "id": "subnet-08f6478c605454e10",
            "ipv6_cidr_block": "",
            "ipv6_cidr_block_association_id": "",
            "ipv6_native": false,
            "map_customer_owned_ip_on_launch": false,
            "map_public_ip_on_launch": false,
            "outpost_arn": "",
            "owner_id": "864899853524",
            "private_dns_hostname_type_on_launch": "ip-name",
            "tags": {
              "Name": "PROD-Hongkong-subnet-1c",
              "Owner": "MATTRESS AVENGERS",
              "Service": "Armageddon Phase 1"
            },
            "tags_all": {
              "Name": "PROD-Hongkong-subnet-1c",
              "Owner": "MATTRESS AVENGERS",
              "Service": "Armageddon Phase 1"
            },
            "timeouts": null,
            "vpc_id": "vpc-071d7efa8dce2ef00"
          },
          "sensitive_attributes": [],
          "private": "eyJlMmJmYjczMC1lY2FhLTExZTYtOGY4OC0zNDM2M2JjN2M0YzAiOnsiY3JlYXRlIjo2MDAwMDAwMDAwMDAsImRlbGV0ZSI6MTIwMDAwMDAwMDAwMH0sInNjaGVtYV92ZXJzaW9uIjoiMSJ9",
          "dependencies": [
            "aws_vpc.california-vpc"
          ]
        }
      ]
    },
    {
      "mode": "managed",
      "type": "aws_subnet",
      "name": "california-public-subnet-1b",
      "provider": "provider[\"registry.terraform.io/hashicorp/aws\"].california",
      "instances": [
        {
          "schema_version": 1,
          "attributes": {
            "arn": "arn:aws:ec2:us-west-1:864899853524:subnet/subnet-0667b2a2005562473",
            "assign_ipv6_address_on_creation": false,
            "availability_zone": "us-west-1b",
            "availability_zone_id": "usw1-az3",
            "cidr_block": "172.24.2.0/24",
            "customer_owned_ipv4_pool": "",
            "enable_dns64": false,
            "enable_lni_at_device_index": 0,
            "enable_resource_name_dns_a_record_on_launch": false,
            "enable_resource_name_dns_aaaa_record_on_launch": false,
            "id": "subnet-0667b2a2005562473",
            "ipv6_cidr_block": "",
            "ipv6_cidr_block_association_id": "",
            "ipv6_native": false,
            "map_customer_owned_ip_on_launch": false,
            "map_public_ip_on_launch": false,
            "outpost_arn": "",
            "owner_id": "864899853524",
            "private_dns_hostname_type_on_launch": "ip-name",
            "tags": {
              "Name": "PROD-Califonia-subnet-1b",
              "Owner": "MATTRESS AVENGERS",
              "Service": "Armageddon Phase 1"
            },
            "tags_all": {
              "Name": "PROD-Califonia-subnet-1b",
              "Owner": "MATTRESS AVENGERS",
              "Service": "Armageddon Phase 1"
            },
            "timeouts": null,
            "vpc_id": "vpc-071d7efa8dce2ef00"
          },
          "sensitive_attributes": [],
          "private": "eyJlMmJmYjczMC1lY2FhLTExZTYtOGY4OC0zNDM2M2JjN2M0YzAiOnsiY3JlYXRlIjo2MDAwMDAwMDAwMDAsImRlbGV0ZSI6MTIwMDAwMDAwMDAwMH0sInNjaGVtYV92ZXJzaW9uIjoiMSJ9",
          "dependencies": [
            "aws_vpc.california-vpc"
          ]
        }
      ]
    },
    {
      "mode": "managed",
      "type": "aws_subnet",
      "name": "california-public-subnet-1c",
      "provider": "provider[\"registry.terraform.io/hashicorp/aws\"].california",
      "instances": [
        {
          "schema_version": 1,
          "attributes": {
            "arn": "arn:aws:ec2:us-west-1:864899853524:subnet/subnet-07d734ce40595d4ca",
            "assign_ipv6_address_on_creation": false,
            "availability_zone": "us-west-1c",
            "availability_zone_id": "usw1-az1",
            "cidr_block": "172.24.3.0/24",
            "customer_owned_ipv4_pool": "",
            "enable_dns64": false,
            "enable_lni_at_device_index": 0,
            "enable_resource_name_dns_a_record_on_launch": false,
            "enable_resource_name_dns_aaaa_record_on_launch": false,
            "id": "subnet-07d734ce40595d4ca",
            "ipv6_cidr_block": "",
            "ipv6_cidr_block_association_id": "",
            "ipv6_native": false,
            "map_customer_owned_ip_on_launch": false,
            "map_public_ip_on_launch": false,
            "outpost_arn": "",
            "owner_id": "864899853524",
            "private_dns_hostname_type_on_launch": "ip-name",
            "tags": {
              "Name": "PROD-Califonia-subnet-1c",
              "Owner": "MATTRESS AVENGERS",
              "Service": "Armageddon Phase 1"
            },
            "tags_all": {
              "Name": "PROD-Califonia-subnet-1c",
              "Owner": "MATTRESS AVENGERS",
              "Service": "Armageddon Phase 1"
            },
            "timeouts": null,
            "vpc_id": "vpc-071d7efa8dce2ef00"
          },
          "sensitive_attributes": [],
          "private": "eyJlMmJmYjczMC1lY2FhLTExZTYtOGY4OC0zNDM2M2JjN2M0YzAiOnsiY3JlYXRlIjo2MDAwMDAwMDAwMDAsImRlbGV0ZSI6MTIwMDAwMDAwMDAwMH0sInNjaGVtYV92ZXJzaW9uIjoiMSJ9",
          "dependencies": [
            "aws_vpc.california-vpc"
          ]
        }
      ]
    },
    {
      "mode": "managed",
      "type": "aws_subnet",
      "name": "hongkong-private-subnet-1a",
      "provider": "provider[\"registry.terraform.io/hashicorp/aws\"].hong-kong",
      "instances": [
        {
          "schema_version": 1,
          "attributes": {
            "arn": "arn:aws:ec2:ap-east-1:864899853524:subnet/subnet-0cd99dd5cab0c0ccc",
            "assign_ipv6_address_on_creation": false,
            "availability_zone": "ap-east-1a",
            "availability_zone_id": "ape1-az1",
            "cidr_block": "172.23.11.0/24",
            "customer_owned_ipv4_pool": "",
            "enable_dns64": false,
            "enable_lni_at_device_index": 0,
            "enable_resource_name_dns_a_record_on_launch": false,
            "enable_resource_name_dns_aaaa_record_on_launch": false,
            "id": "subnet-0cd99dd5cab0c0ccc",
            "ipv6_cidr_block": "",
            "ipv6_cidr_block_association_id": "",
            "ipv6_native": false,
            "map_customer_owned_ip_on_launch": false,
            "map_public_ip_on_launch": false,
            "outpost_arn": "",
            "owner_id": "864899853524",
            "private_dns_hostname_type_on_launch": "ip-name",
            "tags": {
              "Name": "PROD-Hongkong-subnet-1a",
              "Owner": "MATTRESS AVENGERS",
              "Service": "Armageddon Phase 1"
            },
            "tags_all": {
              "Name": "PROD-Hongkong-subnet-1a",
              "Owner": "MATTRESS AVENGERS",
              "Service": "Armageddon Phase 1"
            },
            "timeouts": null,
            "vpc_id": "vpc-053d0428b4a3f2a60"
          },
          "sensitive_attributes": [],
          "private": "eyJlMmJmYjczMC1lY2FhLTExZTYtOGY4OC0zNDM2M2JjN2M0YzAiOnsiY3JlYXRlIjo2MDAwMDAwMDAwMDAsImRlbGV0ZSI6MTIwMDAwMDAwMDAwMH0sInNjaGVtYV92ZXJzaW9uIjoiMSJ9",
          "dependencies": [
            "aws_vpc.hongkong-vpc"
          ]
        }
      ]
    },
    {
      "mode": "managed",
      "type": "aws_subnet",
      "name": "hongkong-private-subnet-1b",
      "provider": "provider[\"registry.terraform.io/hashicorp/aws\"].hong-kong",
      "instances": [
        {
          "schema_version": 1,
          "attributes": {
            "arn": "arn:aws:ec2:ap-east-1:864899853524:subnet/subnet-081620e90a9e365dc",
            "assign_ipv6_address_on_creation": false,
            "availability_zone": "ap-east-1b",
            "availability_zone_id": "ape1-az2",
            "cidr_block": "172.23.12.0/24",
            "customer_owned_ipv4_pool": "",
            "enable_dns64": false,
            "enable_lni_at_device_index": 0,
            "enable_resource_name_dns_a_record_on_launch": false,
            "enable_resource_name_dns_aaaa_record_on_launch": false,
            "id": "subnet-081620e90a9e365dc",
            "ipv6_cidr_block": "",
            "ipv6_cidr_block_association_id": "",
            "ipv6_native": false,
            "map_customer_owned_ip_on_launch": false,
            "map_public_ip_on_launch": false,
            "outpost_arn": "",
            "owner_id": "864899853524",
            "private_dns_hostname_type_on_launch": "ip-name",
            "tags": {
              "Name": "PROD-Hongkong-subnet-1b",
              "Owner": "MATTRESS AVENGERS",
              "Service": "Armageddon Phase 1"
            },
            "tags_all": {
              "Name": "PROD-Hongkong-subnet-1b",
              "Owner": "MATTRESS AVENGERS",
              "Service": "Armageddon Phase 1"
            },
            "timeouts": null,
            "vpc_id": "vpc-053d0428b4a3f2a60"
          },
          "sensitive_attributes": [],
          "private": "eyJlMmJmYjczMC1lY2FhLTExZTYtOGY4OC0zNDM2M2JjN2M0YzAiOnsiY3JlYXRlIjo2MDAwMDAwMDAwMDAsImRlbGV0ZSI6MTIwMDAwMDAwMDAwMH0sInNjaGVtYV92ZXJzaW9uIjoiMSJ9",
          "dependencies": [
            "aws_vpc.hongkong-vpc"
          ]
        }
      ]
    },
    {
      "mode": "managed",
      "type": "aws_subnet",
      "name": "hongkong-public-subnet-1a",
      "provider": "provider[\"registry.terraform.io/hashicorp/aws\"].hong-kong",
      "instances": [
        {
          "schema_version": 1,
          "attributes": {
            "arn": "arn:aws:ec2:ap-east-1:864899853524:subnet/subnet-07f1b86092a0aff59",
            "assign_ipv6_address_on_creation": false,
            "availability_zone": "ap-east-1a",
            "availability_zone_id": "ape1-az1",
            "cidr_block": "172.23.1.0/24",
            "customer_owned_ipv4_pool": "",
            "enable_dns64": false,
            "enable_lni_at_device_index": 0,
            "enable_resource_name_dns_a_record_on_launch": false,
            "enable_resource_name_dns_aaaa_record_on_launch": false,
            "id": "subnet-07f1b86092a0aff59",
            "ipv6_cidr_block": "",
            "ipv6_cidr_block_association_id": "",
            "ipv6_native": false,
            "map_customer_owned_ip_on_launch": false,
            "map_public_ip_on_launch": false,
            "outpost_arn": "",
            "owner_id": "864899853524",
            "private_dns_hostname_type_on_launch": "ip-name",
            "tags": {
              "Name": "PROD-Hongkong-subnet-1a",
              "Owner": "MATTRESS AVENGERS",
              "Service": "Armageddon Phase 1"
            },
            "tags_all": {
              "Name": "PROD-Hongkong-subnet-1a",
              "Owner": "MATTRESS AVENGERS",
              "Service": "Armageddon Phase 1"
            },
            "timeouts": null,
            "vpc_id": "vpc-053d0428b4a3f2a60"
          },
          "sensitive_attributes": [],
          "private": "eyJlMmJmYjczMC1lY2FhLTExZTYtOGY4OC0zNDM2M2JjN2M0YzAiOnsiY3JlYXRlIjo2MDAwMDAwMDAwMDAsImRlbGV0ZSI6MTIwMDAwMDAwMDAwMH0sInNjaGVtYV92ZXJzaW9uIjoiMSJ9",
          "dependencies": [
            "aws_vpc.hongkong-vpc"
          ]
        }
      ]
    },
    {
      "mode": "managed",
      "type": "aws_subnet",
      "name": "hongkong-public-subnet-1b",
      "provider": "provider[\"registry.terraform.io/hashicorp/aws\"].hong-kong",
      "instances": [
        {
          "schema_version": 1,
          "attributes": {
            "arn": "arn:aws:ec2:ap-east-1:864899853524:subnet/subnet-091921887d612b66d",
            "assign_ipv6_address_on_creation": false,
            "availability_zone": "ap-east-1b",
            "availability_zone_id": "ape1-az2",
            "cidr_block": "172.23.2.0/24",
            "customer_owned_ipv4_pool": "",
            "enable_dns64": false,
            "enable_lni_at_device_index": 0,
            "enable_resource_name_dns_a_record_on_launch": false,
            "enable_resource_name_dns_aaaa_record_on_launch": false,
            "id": "subnet-091921887d612b66d",
            "ipv6_cidr_block": "",
            "ipv6_cidr_block_association_id": "",
            "ipv6_native": false,
            "map_customer_owned_ip_on_launch": false,
            "map_public_ip_on_launch": false,
            "outpost_arn": "",
            "owner_id": "864899853524",
            "private_dns_hostname_type_on_launch": "ip-name",
            "tags": {
              "Name": "PROD-Hongkong-subnet-1b",
              "Owner": "MATTRESS AVENGERS",
              "Service": "Armageddon Phase 1"
            },
            "tags_all": {
              "Name": "PROD-Hongkong-subnet-1b",
              "Owner": "MATTRESS AVENGERS",
              "Service": "Armageddon Phase 1"
            },
            "timeouts": null,
            "vpc_id": "vpc-053d0428b4a3f2a60"
          },
          "sensitive_attributes": [],
          "private": "eyJlMmJmYjczMC1lY2FhLTExZTYtOGY4OC0zNDM2M2JjN2M0YzAiOnsiY3JlYXRlIjo2MDAwMDAwMDAwMDAsImRlbGV0ZSI6MTIwMDAwMDAwMDAwMH0sInNjaGVtYV92ZXJzaW9uIjoiMSJ9",
          "dependencies": [
            "aws_vpc.hongkong-vpc"
          ]
        }
      ]
    },
    {
      "mode": "managed",
      "type": "aws_subnet",
      "name": "london-private-subnet-2a",
      "provider": "provider[\"registry.terraform.io/hashicorp/aws\"].london",
      "instances": [
        {
          "schema_version": 1,
          "attributes": {
            "arn": "arn:aws:ec2:eu-west-2:864899853524:subnet/subnet-048768ba82e163285",
            "assign_ipv6_address_on_creation": false,
            "availability_zone": "eu-west-2a",
            "availability_zone_id": "euw2-az2",
            "cidr_block": "172.20.11.0/24",
            "customer_owned_ipv4_pool": "",
            "enable_dns64": false,
            "enable_lni_at_device_index": 0,
            "enable_resource_name_dns_a_record_on_launch": false,
            "enable_resource_name_dns_aaaa_record_on_launch": false,
            "id": "subnet-048768ba82e163285",
            "ipv6_cidr_block": "",
            "ipv6_cidr_block_association_id": "",
            "ipv6_native": false,
            "map_customer_owned_ip_on_launch": false,
            "map_public_ip_on_launch": false,
            "outpost_arn": "",
            "owner_id": "864899853524",
            "private_dns_hostname_type_on_launch": "ip-name",
            "tags": {
              "Name": "PROD-London-subnet-2a",
              "Owner": "MATTRESS AVENGERS",
              "Service": "Armageddon Phase 1"
            },
            "tags_all": {
              "Name": "PROD-London-subnet-2a",
              "Owner": "MATTRESS AVENGERS",
              "Service": "Armageddon Phase 1"
            },
            "timeouts": null,
            "vpc_id": "vpc-0ffc5cd7bc165c115"
          },
          "sensitive_attributes": [],
          "private": "eyJlMmJmYjczMC1lY2FhLTExZTYtOGY4OC0zNDM2M2JjN2M0YzAiOnsiY3JlYXRlIjo2MDAwMDAwMDAwMDAsImRlbGV0ZSI6MTIwMDAwMDAwMDAwMH0sInNjaGVtYV92ZXJzaW9uIjoiMSJ9",
          "dependencies": [
            "aws_vpc.london-vpc"
          ]
        }
      ]
    },
    {
      "mode": "managed",
      "type": "aws_subnet",
      "name": "london-private-subnet-2b",
      "provider": "provider[\"registry.terraform.io/hashicorp/aws\"].london",
      "instances": [
        {
          "schema_version": 1,
          "attributes": {
            "arn": "arn:aws:ec2:eu-west-2:864899853524:subnet/subnet-007a96fbf5c8a1439",
            "assign_ipv6_address_on_creation": false,
            "availability_zone": "eu-west-2b",
            "availability_zone_id": "euw2-az3",
            "cidr_block": "172.20.12.0/24",
            "customer_owned_ipv4_pool": "",
            "enable_dns64": false,
            "enable_lni_at_device_index": 0,
            "enable_resource_name_dns_a_record_on_launch": false,
            "enable_resource_name_dns_aaaa_record_on_launch": false,
            "id": "subnet-007a96fbf5c8a1439",
            "ipv6_cidr_block": "",
            "ipv6_cidr_block_association_id": "",
            "ipv6_native": false,
            "map_customer_owned_ip_on_launch": false,
            "map_public_ip_on_launch": false,
            "outpost_arn": "",
            "owner_id": "864899853524",
            "private_dns_hostname_type_on_launch": "ip-name",
            "tags": {
              "Name": "PROD-London-subnet-2b",
              "Owner": "MATTRESS AVENGERS",
              "Service": "Armageddon Phase 1"
            },
            "tags_all": {
              "Name": "PROD-London-subnet-2b",
              "Owner": "MATTRESS AVENGERS",
              "Service": "Armageddon Phase 1"
            },
            "timeouts": null,
            "vpc_id": "vpc-0ffc5cd7bc165c115"
          },
          "sensitive_attributes": [],
          "private": "eyJlMmJmYjczMC1lY2FhLTExZTYtOGY4OC0zNDM2M2JjN2M0YzAiOnsiY3JlYXRlIjo2MDAwMDAwMDAwMDAsImRlbGV0ZSI6MTIwMDAwMDAwMDAwMH0sInNjaGVtYV92ZXJzaW9uIjoiMSJ9",
          "dependencies": [
            "aws_vpc.london-vpc"
          ]
        }
      ]
    },
    {
      "mode": "managed",
      "type": "aws_subnet",
      "name": "london-public-subnet-2a",
      "provider": "provider[\"registry.terraform.io/hashicorp/aws\"].london",
      "instances": [
        {
          "schema_version": 1,
          "attributes": {
            "arn": "arn:aws:ec2:eu-west-2:864899853524:subnet/subnet-087cf6cb4d56dbf3d",
            "assign_ipv6_address_on_creation": false,
            "availability_zone": "eu-west-2a",
            "availability_zone_id": "euw2-az2",
            "cidr_block": "172.20.1.0/24",
            "customer_owned_ipv4_pool": "",
            "enable_dns64": false,
            "enable_lni_at_device_index": 0,
            "enable_resource_name_dns_a_record_on_launch": false,
            "enable_resource_name_dns_aaaa_record_on_launch": false,
            "id": "subnet-087cf6cb4d56dbf3d",
            "ipv6_cidr_block": "",
            "ipv6_cidr_block_association_id": "",
            "ipv6_native": false,
            "map_customer_owned_ip_on_launch": false,
            "map_public_ip_on_launch": false,
            "outpost_arn": "",
            "owner_id": "864899853524",
            "private_dns_hostname_type_on_launch": "ip-name",
            "tags": {
              "Name": "PROD-London-subnet-2a",
              "Owner": "MATTRESS AVENGERS",
              "Service": "Armageddon Phase 1"
            },
            "tags_all": {
              "Name": "PROD-London-subnet-2a",
              "Owner": "MATTRESS AVENGERS",
              "Service": "Armageddon Phase 1"
            },
            "timeouts": null,
            "vpc_id": "vpc-0ffc5cd7bc165c115"
          },
          "sensitive_attributes": [],
          "private": "eyJlMmJmYjczMC1lY2FhLTExZTYtOGY4OC0zNDM2M2JjN2M0YzAiOnsiY3JlYXRlIjo2MDAwMDAwMDAwMDAsImRlbGV0ZSI6MTIwMDAwMDAwMDAwMH0sInNjaGVtYV92ZXJzaW9uIjoiMSJ9",
          "dependencies": [
            "aws_vpc.london-vpc"
          ]
        }
      ]
    },
    {
      "mode": "managed",
      "type": "aws_subnet",
      "name": "london-public-subnet-2b",
      "provider": "provider[\"registry.terraform.io/hashicorp/aws\"].london",
      "instances": [
        {
          "schema_version": 1,
          "attributes": {
            "arn": "arn:aws:ec2:eu-west-2:864899853524:subnet/subnet-09bc55cd1f3d78357",
            "assign_ipv6_address_on_creation": false,
            "availability_zone": "eu-west-2b",
            "availability_zone_id": "euw2-az3",
            "cidr_block": "172.20.2.0/24",
            "customer_owned_ipv4_pool": "",
            "enable_dns64": false,
            "enable_lni_at_device_index": 0,
            "enable_resource_name_dns_a_record_on_launch": false,
            "enable_resource_name_dns_aaaa_record_on_launch": false,
            "id": "subnet-09bc55cd1f3d78357",
            "ipv6_cidr_block": "",
            "ipv6_cidr_block_association_id": "",
            "ipv6_native": false,
            "map_customer_owned_ip_on_launch": false,
            "map_public_ip_on_launch": false,
            "outpost_arn": "",
            "owner_id": "864899853524",
            "private_dns_hostname_type_on_launch": "ip-name",
            "tags": {
              "Name": "PROD-New York-subnet-2b",
              "Owner": "MATTRESS AVENGERS",
              "Service": "Armageddon Phase 1"
            },
            "tags_all": {
              "Name": "PROD-New York-subnet-2b",
              "Owner": "MATTRESS AVENGERS",
              "Service": "Armageddon Phase 1"
            },
            "timeouts": null,
            "vpc_id": "vpc-0ffc5cd7bc165c115"
          },
          "sensitive_attributes": [],
          "private": "eyJlMmJmYjczMC1lY2FhLTExZTYtOGY4OC0zNDM2M2JjN2M0YzAiOnsiY3JlYXRlIjo2MDAwMDAwMDAwMDAsImRlbGV0ZSI6MTIwMDAwMDAwMDAwMH0sInNjaGVtYV92ZXJzaW9uIjoiMSJ9",
          "dependencies": [
            "aws_vpc.london-vpc"
          ]
        }
      ]
    },
    {
      "mode": "managed",
      "type": "aws_subnet",
      "name": "newyork-private-subnet-1a",
      "provider": "provider[\"registry.terraform.io/hashicorp/aws\"].new-york",
      "instances": [
        {
          "schema_version": 1,
          "attributes": {
            "arn": "arn:aws:ec2:us-east-1:864899853524:subnet/subnet-0074a92e52b6871ca",
            "assign_ipv6_address_on_creation": false,
            "availability_zone": "us-east-1a",
            "availability_zone_id": "use1-az6",
            "cidr_block": "172.19.11.0/24",
            "customer_owned_ipv4_pool": "",
            "enable_dns64": false,
            "enable_lni_at_device_index": 0,
            "enable_resource_name_dns_a_record_on_launch": false,
            "enable_resource_name_dns_aaaa_record_on_launch": false,
            "id": "subnet-0074a92e52b6871ca",
            "ipv6_cidr_block": "",
            "ipv6_cidr_block_association_id": "",
            "ipv6_native": false,
            "map_customer_owned_ip_on_launch": false,
            "map_public_ip_on_launch": false,
            "outpost_arn": "",
            "owner_id": "864899853524",
            "private_dns_hostname_type_on_launch": "ip-name",
            "tags": {
              "Name": "PROD-New York-subnet-1a",
              "Owner": "MATTRESS AVENGERS",
              "Service": "Armageddon Phase 1"
            },
            "tags_all": {
              "Name": "PROD-New York-subnet-1a",
              "Owner": "MATTRESS AVENGERS",
              "Service": "Armageddon Phase 1"
            },
            "timeouts": null,
            "vpc_id": "vpc-00c8befd9fc980836"
          },
          "sensitive_attributes": [],
          "private": "eyJlMmJmYjczMC1lY2FhLTExZTYtOGY4OC0zNDM2M2JjN2M0YzAiOnsiY3JlYXRlIjo2MDAwMDAwMDAwMDAsImRlbGV0ZSI6MTIwMDAwMDAwMDAwMH0sInNjaGVtYV92ZXJzaW9uIjoiMSJ9",
          "dependencies": [
            "aws_vpc.newyork-vpc"
          ],
          "create_before_destroy": true
        }
      ]
    },
    {
      "mode": "managed",
      "type": "aws_subnet",
      "name": "newyork-private-subnet-1b",
      "provider": "provider[\"registry.terraform.io/hashicorp/aws\"].new-york",
      "instances": [
        {
          "schema_version": 1,
          "attributes": {
            "arn": "arn:aws:ec2:us-east-1:864899853524:subnet/subnet-0d700a10e7cc4f3a0",
            "assign_ipv6_address_on_creation": false,
            "availability_zone": "us-east-1b",
            "availability_zone_id": "use1-az1",
            "cidr_block": "172.19.12.0/24",
            "customer_owned_ipv4_pool": "",
            "enable_dns64": false,
            "enable_lni_at_device_index": 0,
            "enable_resource_name_dns_a_record_on_launch": false,
            "enable_resource_name_dns_aaaa_record_on_launch": false,
            "id": "subnet-0d700a10e7cc4f3a0",
            "ipv6_cidr_block": "",
            "ipv6_cidr_block_association_id": "",
            "ipv6_native": false,
            "map_customer_owned_ip_on_launch": false,
            "map_public_ip_on_launch": false,
            "outpost_arn": "",
            "owner_id": "864899853524",
            "private_dns_hostname_type_on_launch": "ip-name",
            "tags": {
              "Name": "PROD-New York-subnet-1b",
              "Owner": "MATTRESS AVENGERS",
              "Service": "Armageddon Phase 1"
            },
            "tags_all": {
              "Name": "PROD-New York-subnet-1b",
              "Owner": "MATTRESS AVENGERS",
              "Service": "Armageddon Phase 1"
            },
            "timeouts": null,
            "vpc_id": "vpc-00c8befd9fc980836"
          },
          "sensitive_attributes": [],
          "private": "eyJlMmJmYjczMC1lY2FhLTExZTYtOGY4OC0zNDM2M2JjN2M0YzAiOnsiY3JlYXRlIjo2MDAwMDAwMDAwMDAsImRlbGV0ZSI6MTIwMDAwMDAwMDAwMH0sInNjaGVtYV92ZXJzaW9uIjoiMSJ9",
          "dependencies": [
            "aws_vpc.newyork-vpc"
          ],
          "create_before_destroy": true
        }
      ]
    },
    {
      "mode": "managed",
      "type": "aws_subnet",
      "name": "newyork-public-subnet-1a",
      "provider": "provider[\"registry.terraform.io/hashicorp/aws\"].new-york",
      "instances": [
        {
          "schema_version": 1,
          "attributes": {
            "arn": "arn:aws:ec2:us-east-1:864899853524:subnet/subnet-0c11ff79f1e661e22",
            "assign_ipv6_address_on_creation": false,
            "availability_zone": "us-east-1a",
            "availability_zone_id": "use1-az6",
            "cidr_block": "172.19.1.0/24",
            "customer_owned_ipv4_pool": "",
            "enable_dns64": false,
            "enable_lni_at_device_index": 0,
            "enable_resource_name_dns_a_record_on_launch": false,
            "enable_resource_name_dns_aaaa_record_on_launch": false,
            "id": "subnet-0c11ff79f1e661e22",
            "ipv6_cidr_block": "",
            "ipv6_cidr_block_association_id": "",
            "ipv6_native": false,
            "map_customer_owned_ip_on_launch": false,
            "map_public_ip_on_launch": false,
            "outpost_arn": "",
            "owner_id": "864899853524",
            "private_dns_hostname_type_on_launch": "ip-name",
            "tags": {
              "Name": "PROD-New York-subnet-1a",
              "Owner": "MATTRESS AVENGERS",
              "Service": "Armageddon Phase 1"
            },
            "tags_all": {
              "Name": "PROD-New York-subnet-1a",
              "Owner": "MATTRESS AVENGERS",
              "Service": "Armageddon Phase 1"
            },
            "timeouts": null,
            "vpc_id": "vpc-00c8befd9fc980836"
          },
          "sensitive_attributes": [],
          "private": "eyJlMmJmYjczMC1lY2FhLTExZTYtOGY4OC0zNDM2M2JjN2M0YzAiOnsiY3JlYXRlIjo2MDAwMDAwMDAwMDAsImRlbGV0ZSI6MTIwMDAwMDAwMDAwMH0sInNjaGVtYV92ZXJzaW9uIjoiMSJ9",
          "dependencies": [
            "aws_vpc.newyork-vpc"
          ]
        }
      ]
    },
    {
      "mode": "managed",
      "type": "aws_subnet",
      "name": "newyork-public-subnet-1b",
      "provider": "provider[\"registry.terraform.io/hashicorp/aws\"].new-york",
      "instances": [
        {
          "schema_version": 1,
          "attributes": {
            "arn": "arn:aws:ec2:us-east-1:864899853524:subnet/subnet-00bebac2b19fd5162",
            "assign_ipv6_address_on_creation": false,
            "availability_zone": "us-east-1b",
            "availability_zone_id": "use1-az1",
            "cidr_block": "172.19.2.0/24",
            "customer_owned_ipv4_pool": "",
            "enable_dns64": false,
            "enable_lni_at_device_index": 0,
            "enable_resource_name_dns_a_record_on_launch": false,
            "enable_resource_name_dns_aaaa_record_on_launch": false,
            "id": "subnet-00bebac2b19fd5162",
            "ipv6_cidr_block": "",
            "ipv6_cidr_block_association_id": "",
            "ipv6_native": false,
            "map_customer_owned_ip_on_launch": false,
            "map_public_ip_on_launch": false,
            "outpost_arn": "",
            "owner_id": "864899853524",
            "private_dns_hostname_type_on_launch": "ip-name",
            "tags": {
              "Name": "PROD-New York-subnet-1b",
              "Owner": "MATTRESS AVENGERS",
              "Service": "Armageddon Phase 1"
            },
            "tags_all": {
              "Name": "PROD-New York-subnet-1b",
              "Owner": "MATTRESS AVENGERS",
              "Service": "Armageddon Phase 1"
            },
            "timeouts": null,
            "vpc_id": "vpc-00c8befd9fc980836"
          },
          "sensitive_attributes": [],
          "private": "eyJlMmJmYjczMC1lY2FhLTExZTYtOGY4OC0zNDM2M2JjN2M0YzAiOnsiY3JlYXRlIjo2MDAwMDAwMDAwMDAsImRlbGV0ZSI6MTIwMDAwMDAwMDAwMH0sInNjaGVtYV92ZXJzaW9uIjoiMSJ9",
          "dependencies": [
            "aws_vpc.newyork-vpc"
          ]
        }
      ]
    },
    {
      "mode": "managed",
      "type": "aws_subnet",
      "name": "saopaulo-private-subnet-1a",
      "provider": "provider[\"registry.terraform.io/hashicorp/aws\"].sao-paulo",
      "instances": [
        {
          "schema_version": 1,
          "attributes": {
            "arn": "arn:aws:ec2:sa-east-1:864899853524:subnet/subnet-0e307533f7f386b72",
            "assign_ipv6_address_on_creation": false,
            "availability_zone": "sa-east-1a",
            "availability_zone_id": "sae1-az1",
            "cidr_block": "172.21.11.0/24",
            "customer_owned_ipv4_pool": "",
            "enable_dns64": false,
            "enable_lni_at_device_index": 0,
            "enable_resource_name_dns_a_record_on_launch": false,
            "enable_resource_name_dns_aaaa_record_on_launch": false,
            "id": "subnet-0e307533f7f386b72",
            "ipv6_cidr_block": "",
            "ipv6_cidr_block_association_id": "",
            "ipv6_native": false,
            "map_customer_owned_ip_on_launch": false,
            "map_public_ip_on_launch": false,
            "outpost_arn": "",
            "owner_id": "864899853524",
            "private_dns_hostname_type_on_launch": "ip-name",
            "tags": {
              "Name": "PROD-Saup-Paulo-subnet-1a",
              "Owner": "MATTRESS AVENGERS",
              "Service": "Armageddon Phase 1"
            },
            "tags_all": {
              "Name": "PROD-Saup-Paulo-subnet-1a",
              "Owner": "MATTRESS AVENGERS",
              "Service": "Armageddon Phase 1"
            },
            "timeouts": null,
            "vpc_id": "vpc-0fd0255b69bcef259"
          },
          "sensitive_attributes": [],
          "private": "eyJlMmJmYjczMC1lY2FhLTExZTYtOGY4OC0zNDM2M2JjN2M0YzAiOnsiY3JlYXRlIjo2MDAwMDAwMDAwMDAsImRlbGV0ZSI6MTIwMDAwMDAwMDAwMH0sInNjaGVtYV92ZXJzaW9uIjoiMSJ9",
          "dependencies": [
            "aws_vpc.saopaulo-vpc"
          ]
        }
      ]
    },
    {
      "mode": "managed",
      "type": "aws_subnet",
      "name": "saopaulo-private-subnet-1c",
      "provider": "provider[\"registry.terraform.io/hashicorp/aws\"].sao-paulo",
      "instances": [
        {
          "schema_version": 1,
          "attributes": {
            "arn": "arn:aws:ec2:sa-east-1:864899853524:subnet/subnet-04fb58ffa3fa72985",
            "assign_ipv6_address_on_creation": false,
            "availability_zone": "sa-east-1c",
            "availability_zone_id": "sae1-az3",
            "cidr_block": "172.21.13.0/24",
            "customer_owned_ipv4_pool": "",
            "enable_dns64": false,
            "enable_lni_at_device_index": 0,
            "enable_resource_name_dns_a_record_on_launch": false,
            "enable_resource_name_dns_aaaa_record_on_launch": false,
            "id": "subnet-04fb58ffa3fa72985",
            "ipv6_cidr_block": "",
            "ipv6_cidr_block_association_id": "",
            "ipv6_native": false,
            "map_customer_owned_ip_on_launch": false,
            "map_public_ip_on_launch": false,
            "outpost_arn": "",
            "owner_id": "864899853524",
            "private_dns_hostname_type_on_launch": "ip-name",
            "tags": {
              "Name": "PROD-Saup-Paulo-subnet-1c",
              "Owner": "MATTRESS AVENGERS",
              "Service": "Armageddon Phase 1"
            },
            "tags_all": {
              "Name": "PROD-Saup-Paulo-subnet-1c",
              "Owner": "MATTRESS AVENGERS",
              "Service": "Armageddon Phase 1"
            },
            "timeouts": null,
            "vpc_id": "vpc-0fd0255b69bcef259"
          },
          "sensitive_attributes": [],
          "private": "eyJlMmJmYjczMC1lY2FhLTExZTYtOGY4OC0zNDM2M2JjN2M0YzAiOnsiY3JlYXRlIjo2MDAwMDAwMDAwMDAsImRlbGV0ZSI6MTIwMDAwMDAwMDAwMH0sInNjaGVtYV92ZXJzaW9uIjoiMSJ9",
          "dependencies": [
            "aws_vpc.saopaulo-vpc"
          ]
        }
      ]
    },
    {
      "mode": "managed",
      "type": "aws_subnet",
      "name": "saopaulo-public-subnet-1a",
      "provider": "provider[\"registry.terraform.io/hashicorp/aws\"].sao-paulo",
      "instances": [
        {
          "schema_version": 1,
          "attributes": {
            "arn": "arn:aws:ec2:sa-east-1:864899853524:subnet/subnet-00d24176124fe2765",
            "assign_ipv6_address_on_creation": false,
            "availability_zone": "sa-east-1a",
            "availability_zone_id": "sae1-az1",
            "cidr_block": "172.21.1.0/24",
            "customer_owned_ipv4_pool": "",
            "enable_dns64": false,
            "enable_lni_at_device_index": 0,
            "enable_resource_name_dns_a_record_on_launch": false,
            "enable_resource_name_dns_aaaa_record_on_launch": false,
            "id": "subnet-00d24176124fe2765",
            "ipv6_cidr_block": "",
            "ipv6_cidr_block_association_id": "",
            "ipv6_native": false,
            "map_customer_owned_ip_on_launch": false,
            "map_public_ip_on_launch": false,
            "outpost_arn": "",
            "owner_id": "864899853524",
            "private_dns_hostname_type_on_launch": "ip-name",
            "tags": {
              "Name": "PROD-Saup-Paulo-subnet-1a",
              "Owner": "MATTRESS AVENGERS",
              "Service": "Armageddon Phase 1"
            },
            "tags_all": {
              "Name": "PROD-Saup-Paulo-subnet-1a",
              "Owner": "MATTRESS AVENGERS",
              "Service": "Armageddon Phase 1"
            },
            "timeouts": null,
            "vpc_id": "vpc-0fd0255b69bcef259"
          },
          "sensitive_attributes": [],
          "private": "eyJlMmJmYjczMC1lY2FhLTExZTYtOGY4OC0zNDM2M2JjN2M0YzAiOnsiY3JlYXRlIjo2MDAwMDAwMDAwMDAsImRlbGV0ZSI6MTIwMDAwMDAwMDAwMH0sInNjaGVtYV92ZXJzaW9uIjoiMSJ9",
          "dependencies": [
            "aws_vpc.saopaulo-vpc"
          ]
        }
      ]
    },
    {
      "mode": "managed",
      "type": "aws_subnet",
      "name": "saopaulo-public-subnet-1c",
      "provider": "provider[\"registry.terraform.io/hashicorp/aws\"].sao-paulo",
      "instances": [
        {
          "schema_version": 1,
          "attributes": {
            "arn": "arn:aws:ec2:sa-east-1:864899853524:subnet/subnet-0240894c5ada09d39",
            "assign_ipv6_address_on_creation": false,
            "availability_zone": "sa-east-1c",
            "availability_zone_id": "sae1-az3",
            "cidr_block": "172.21.3.0/24",
            "customer_owned_ipv4_pool": "",
            "enable_dns64": false,
            "enable_lni_at_device_index": 0,
            "enable_resource_name_dns_a_record_on_launch": false,
            "enable_resource_name_dns_aaaa_record_on_launch": false,
            "id": "subnet-0240894c5ada09d39",
            "ipv6_cidr_block": "",
            "ipv6_cidr_block_association_id": "",
            "ipv6_native": false,
            "map_customer_owned_ip_on_launch": false,
            "map_public_ip_on_launch": false,
            "outpost_arn": "",
            "owner_id": "864899853524",
            "private_dns_hostname_type_on_launch": "ip-name",
            "tags": {
              "Name": "PROD-Saup-Paulo-subnet-1c",
              "Owner": "MATTRESS AVENGERS",
              "Service": "Armageddon Phase 1"
            },
            "tags_all": {
              "Name": "PROD-Saup-Paulo-subnet-1c",
              "Owner": "MATTRESS AVENGERS",
              "Service": "Armageddon Phase 1"
            },
            "timeouts": null,
            "vpc_id": "vpc-0fd0255b69bcef259"
          },
          "sensitive_attributes": [],
          "private": "eyJlMmJmYjczMC1lY2FhLTExZTYtOGY4OC0zNDM2M2JjN2M0YzAiOnsiY3JlYXRlIjo2MDAwMDAwMDAwMDAsImRlbGV0ZSI6MTIwMDAwMDAwMDAwMH0sInNjaGVtYV92ZXJzaW9uIjoiMSJ9",
          "dependencies": [
            "aws_vpc.saopaulo-vpc"
          ]
        }
      ]
    },
    {
      "mode": "managed",
      "type": "aws_subnet",
      "name": "tokyo-private-subnet-1a",
      "provider": "provider[\"registry.terraform.io/hashicorp/aws\"].tokyo",
      "instances": [
        {
          "schema_version": 1,
          "attributes": {
            "arn": "arn:aws:ec2:ap-northeast-1:864899853524:subnet/subnet-046350926b1c5c8dd",
            "assign_ipv6_address_on_creation": false,
            "availability_zone": "ap-northeast-1a",
            "availability_zone_id": "apne1-az4",
            "cidr_block": "172.18.11.0/24",
            "customer_owned_ipv4_pool": "",
            "enable_dns64": false,
            "enable_lni_at_device_index": 0,
            "enable_resource_name_dns_a_record_on_launch": false,
            "enable_resource_name_dns_aaaa_record_on_launch": false,
            "id": "subnet-046350926b1c5c8dd",
            "ipv6_cidr_block": "",
            "ipv6_cidr_block_association_id": "",
            "ipv6_native": false,
            "map_customer_owned_ip_on_launch": false,
            "map_public_ip_on_launch": false,
            "outpost_arn": "",
            "owner_id": "864899853524",
            "private_dns_hostname_type_on_launch": "ip-name",
            "tags": {
              "Name": "PROD-Tokyo-subnet-1a",
              "Owner": "MATTRESS AVENGERS",
              "Service": "Armageddon Phase 1"
            },
            "tags_all": {
              "Name": "PROD-Tokyo-subnet-1a",
              "Owner": "MATTRESS AVENGERS",
              "Service": "Armageddon Phase 1"
            },
            "timeouts": null,
            "vpc_id": "vpc-0a0e8a6e51d409e5c"
          },
          "sensitive_attributes": [],
          "private": "eyJlMmJmYjczMC1lY2FhLTExZTYtOGY4OC0zNDM2M2JjN2M0YzAiOnsiY3JlYXRlIjo2MDAwMDAwMDAwMDAsImRlbGV0ZSI6MTIwMDAwMDAwMDAwMH0sInNjaGVtYV92ZXJzaW9uIjoiMSJ9",
          "dependencies": [
            "aws_vpc.tokyo-vpc"
          ],
          "create_before_destroy": true
        }
      ]
    },
    {
      "mode": "managed",
      "type": "aws_subnet",
      "name": "tokyo-private-subnet-1d",
      "provider": "provider[\"registry.terraform.io/hashicorp/aws\"].tokyo",
      "instances": [
        {
          "schema_version": 1,
          "attributes": {
            "arn": "arn:aws:ec2:ap-northeast-1:864899853524:subnet/subnet-05a6280a7f6d74313",
            "assign_ipv6_address_on_creation": false,
            "availability_zone": "ap-northeast-1d",
            "availability_zone_id": "apne1-az2",
            "cidr_block": "172.18.14.0/24",
            "customer_owned_ipv4_pool": "",
            "enable_dns64": false,
            "enable_lni_at_device_index": 0,
            "enable_resource_name_dns_a_record_on_launch": false,
            "enable_resource_name_dns_aaaa_record_on_launch": false,
            "id": "subnet-05a6280a7f6d74313",
            "ipv6_cidr_block": "",
            "ipv6_cidr_block_association_id": "",
            "ipv6_native": false,
            "map_customer_owned_ip_on_launch": false,
            "map_public_ip_on_launch": false,
            "outpost_arn": "",
            "owner_id": "864899853524",
            "private_dns_hostname_type_on_launch": "ip-name",
            "tags": {
              "Name": "PROD-Tokyo-subnet-1d",
              "Owner": "MATTRESS AVENGERS",
              "Service": "Armageddon Phase 1"
            },
            "tags_all": {
              "Name": "PROD-Tokyo-subnet-1d",
              "Owner": "MATTRESS AVENGERS",
              "Service": "Armageddon Phase 1"
            },
            "timeouts": null,
            "vpc_id": "vpc-0a0e8a6e51d409e5c"
          },
          "sensitive_attributes": [],
          "private": "eyJlMmJmYjczMC1lY2FhLTExZTYtOGY4OC0zNDM2M2JjN2M0YzAiOnsiY3JlYXRlIjo2MDAwMDAwMDAwMDAsImRlbGV0ZSI6MTIwMDAwMDAwMDAwMH0sInNjaGVtYV92ZXJzaW9uIjoiMSJ9",
          "dependencies": [
            "aws_vpc.tokyo-vpc"
          ],
          "create_before_destroy": true
        }
      ]
    },
    {
      "mode": "managed",
      "type": "aws_subnet",
      "name": "tokyo-public-subnet-1a",
      "provider": "provider[\"registry.terraform.io/hashicorp/aws\"].tokyo",
      "instances": [
        {
          "schema_version": 1,
          "attributes": {
            "arn": "arn:aws:ec2:ap-northeast-1:864899853524:subnet/subnet-0370020d103bbe044",
            "assign_ipv6_address_on_creation": false,
            "availability_zone": "ap-northeast-1a",
            "availability_zone_id": "apne1-az4",
            "cidr_block": "172.18.1.0/24",
            "customer_owned_ipv4_pool": "",
            "enable_dns64": false,
            "enable_lni_at_device_index": 0,
            "enable_resource_name_dns_a_record_on_launch": false,
            "enable_resource_name_dns_aaaa_record_on_launch": false,
            "id": "subnet-0370020d103bbe044",
            "ipv6_cidr_block": "",
            "ipv6_cidr_block_association_id": "",
            "ipv6_native": false,
            "map_customer_owned_ip_on_launch": false,
            "map_public_ip_on_launch": false,
            "outpost_arn": "",
            "owner_id": "864899853524",
            "private_dns_hostname_type_on_launch": "ip-name",
            "tags": {
              "Name": "PROD-Tokyo-subnet-1a",
              "Owner": "MATTRESS AVENGERS",
              "Service": "Armageddon Phase 1"
            },
            "tags_all": {
              "Name": "PROD-Tokyo-subnet-1a",
              "Owner": "MATTRESS AVENGERS",
              "Service": "Armageddon Phase 1"
            },
            "timeouts": null,
            "vpc_id": "vpc-0a0e8a6e51d409e5c"
          },
          "sensitive_attributes": [],
          "private": "eyJlMmJmYjczMC1lY2FhLTExZTYtOGY4OC0zNDM2M2JjN2M0YzAiOnsiY3JlYXRlIjo2MDAwMDAwMDAwMDAsImRlbGV0ZSI6MTIwMDAwMDAwMDAwMH0sInNjaGVtYV92ZXJzaW9uIjoiMSJ9",
          "dependencies": [
            "aws_vpc.tokyo-vpc"
          ]
        }
      ]
    },
    {
      "mode": "managed",
      "type": "aws_subnet",
      "name": "tokyo-public-subnet-1d",
      "provider": "provider[\"registry.terraform.io/hashicorp/aws\"].tokyo",
      "instances": [
        {
          "schema_version": 1,
          "attributes": {
            "arn": "arn:aws:ec2:ap-northeast-1:864899853524:subnet/subnet-010bfff571ac7d201",
            "assign_ipv6_address_on_creation": false,
            "availability_zone": "ap-northeast-1d",
            "availability_zone_id": "apne1-az2",
            "cidr_block": "172.18.4.0/24",
            "customer_owned_ipv4_pool": "",
            "enable_dns64": false,
            "enable_lni_at_device_index": 0,
            "enable_resource_name_dns_a_record_on_launch": false,
            "enable_resource_name_dns_aaaa_record_on_launch": false,
            "id": "subnet-010bfff571ac7d201",
            "ipv6_cidr_block": "",
            "ipv6_cidr_block_association_id": "",
            "ipv6_native": false,
            "map_customer_owned_ip_on_launch": false,
            "map_public_ip_on_launch": false,
            "outpost_arn": "",
            "owner_id": "864899853524",
            "private_dns_hostname_type_on_launch": "ip-name",
            "tags": {
              "Name": "PROD-Tokyo-subnet-1d",
              "Owner": "MATTRESS AVENGERS",
              "Service": "Armageddon Phase 1"
            },
            "tags_all": {
              "Name": "PROD-Tokyo-subnet-1d",
              "Owner": "MATTRESS AVENGERS",
              "Service": "Armageddon Phase 1"
            },
            "timeouts": null,
            "vpc_id": "vpc-0a0e8a6e51d409e5c"
          },
          "sensitive_attributes": [],
          "private": "eyJlMmJmYjczMC1lY2FhLTExZTYtOGY4OC0zNDM2M2JjN2M0YzAiOnsiY3JlYXRlIjo2MDAwMDAwMDAwMDAsImRlbGV0ZSI6MTIwMDAwMDAwMDAwMH0sInNjaGVtYV92ZXJzaW9uIjoiMSJ9",
          "dependencies": [
            "aws_vpc.tokyo-vpc"
          ]
        }
      ]
    },
    {
      "mode": "managed",
      "type": "aws_subnet",
      "name": "tokyotest-private-subnet-1a",
      "provider": "provider[\"registry.terraform.io/hashicorp/aws\"].tokyo-testb",
      "instances": [
        {
          "schema_version": 1,
          "attributes": {
            "arn": "arn:aws:ec2:ap-northeast-1:864899853524:subnet/subnet-0a14a3897c07a5b63",
            "assign_ipv6_address_on_creation": false,
            "availability_zone": "ap-northeast-1a",
            "availability_zone_id": "apne1-az4",
            "cidr_block": "172.26.11.0/24",
            "customer_owned_ipv4_pool": "",
            "enable_dns64": false,
            "enable_lni_at_device_index": 0,
            "enable_resource_name_dns_a_record_on_launch": false,
            "enable_resource_name_dns_aaaa_record_on_launch": false,
            "id": "subnet-0a14a3897c07a5b63",
            "ipv6_cidr_block": "",
            "ipv6_cidr_block_association_id": "",
            "ipv6_native": false,
            "map_customer_owned_ip_on_launch": false,
            "map_public_ip_on_launch": false,
            "outpost_arn": "",
            "owner_id": "864899853524",
            "private_dns_hostname_type_on_launch": "ip-name",
            "tags": {
              "Name": "TEST-Tokyo-subnet-1a",
              "Owner": "MATTRESS AVENGERS",
              "Service": "Armageddon Phase 1"
            },
            "tags_all": {
              "Name": "TEST-Tokyo-subnet-1a",
              "Owner": "MATTRESS AVENGERS",
              "Service": "Armageddon Phase 1"
            },
            "timeouts": null,
            "vpc_id": "vpc-04ad607f3e937193f"
          },
          "sensitive_attributes": [],
          "private": "eyJlMmJmYjczMC1lY2FhLTExZTYtOGY4OC0zNDM2M2JjN2M0YzAiOnsiY3JlYXRlIjo2MDAwMDAwMDAwMDAsImRlbGV0ZSI6MTIwMDAwMDAwMDAwMH0sInNjaGVtYV92ZXJzaW9uIjoiMSJ9",
          "dependencies": [
            "aws_vpc.tokyotest-vpc"
          ]
        }
      ]
    },
    {
      "mode": "managed",
      "type": "aws_subnet",
      "name": "tokyotest-public-subnet-1a",
      "provider": "provider[\"registry.terraform.io/hashicorp/aws\"].tokyo-testb",
      "instances": [
        {
          "schema_version": 1,
          "attributes": {
            "arn": "arn:aws:ec2:ap-northeast-1:864899853524:subnet/subnet-088d635c2dd16e527",
            "assign_ipv6_address_on_creation": false,
            "availability_zone": "ap-northeast-1a",
            "availability_zone_id": "apne1-az4",
            "cidr_block": "172.26.1.0/24",
            "customer_owned_ipv4_pool": "",
            "enable_dns64": false,
            "enable_lni_at_device_index": 0,
            "enable_resource_name_dns_a_record_on_launch": false,
            "enable_resource_name_dns_aaaa_record_on_launch": false,
            "id": "subnet-088d635c2dd16e527",
            "ipv6_cidr_block": "",
            "ipv6_cidr_block_association_id": "",
            "ipv6_native": false,
            "map_customer_owned_ip_on_launch": false,
            "map_public_ip_on_launch": false,
            "outpost_arn": "",
            "owner_id": "864899853524",
            "private_dns_hostname_type_on_launch": "ip-name",
            "tags": {
              "Name": "TEST-Tokyo-subnet-1a",
              "Owner": "MATTRESS AVENGERS",
              "Service": "Armageddon Phase 1"
            },
            "tags_all": {
              "Name": "TEST-Tokyo-subnet-1a",
              "Owner": "MATTRESS AVENGERS",
              "Service": "Armageddon Phase 1"
            },
            "timeouts": null,
            "vpc_id": "vpc-04ad607f3e937193f"
          },
          "sensitive_attributes": [],
          "private": "eyJlMmJmYjczMC1lY2FhLTExZTYtOGY4OC0zNDM2M2JjN2M0YzAiOnsiY3JlYXRlIjo2MDAwMDAwMDAwMDAsImRlbGV0ZSI6MTIwMDAwMDAwMDAwMH0sInNjaGVtYV92ZXJzaW9uIjoiMSJ9",
          "dependencies": [
            "aws_vpc.tokyotest-vpc"
          ]
        }
      ]
    },
    {
      "mode": "managed",
      "type": "aws_vpc",
      "name": "australia-vpc",
      "provider": "provider[\"registry.terraform.io/hashicorp/aws\"].australia",
      "instances": [
        {
          "schema_version": 1,
          "attributes": {
            "arn": "arn:aws:ec2:ap-southeast-2:864899853524:vpc/vpc-07e0ee860ea75eb6f",
            "assign_generated_ipv6_cidr_block": false,
            "cidr_block": "172.22.0.0/16",
            "default_network_acl_id": "acl-05d0ac9ba95343d7c",
            "default_route_table_id": "rtb-0002153ae0371f35b",
            "default_security_group_id": "sg-0afe95e468be24a31",
            "dhcp_options_id": "dopt-018398db5d28dba22",
            "enable_dns_hostnames": false,
            "enable_dns_support": true,
            "enable_network_address_usage_metrics": false,
            "id": "vpc-07e0ee860ea75eb6f",
            "instance_tenancy": "default",
            "ipv4_ipam_pool_id": null,
            "ipv4_netmask_length": null,
            "ipv6_association_id": "",
            "ipv6_cidr_block": "",
            "ipv6_cidr_block_network_border_group": "",
            "ipv6_ipam_pool_id": "",
            "ipv6_netmask_length": 0,
            "main_route_table_id": "rtb-0002153ae0371f35b",
            "owner_id": "864899853524",
            "tags": {
              "Name": "PROD-Australia-vpc"
            },
            "tags_all": {
              "Name": "PROD-Australia-vpc"
            }
          },
          "sensitive_attributes": [],
          "private": "eyJzY2hlbWFfdmVyc2lvbiI6IjEifQ==",
          "create_before_destroy": true
        }
      ]
    },
    {
      "mode": "managed",
      "type": "aws_vpc",
      "name": "california-vpc",
      "provider": "provider[\"registry.terraform.io/hashicorp/aws\"].california",
      "instances": [
        {
          "schema_version": 1,
          "attributes": {
            "arn": "arn:aws:ec2:us-west-1:864899853524:vpc/vpc-071d7efa8dce2ef00",
            "assign_generated_ipv6_cidr_block": false,
            "cidr_block": "172.24.0.0/16",
            "default_network_acl_id": "acl-0641a02dc6eb1313a",
            "default_route_table_id": "rtb-03456dd333a85effb",
            "default_security_group_id": "sg-0f7254e3b1ce8d7e0",
            "dhcp_options_id": "dopt-0a2e45816dd63eac6",
            "enable_dns_hostnames": false,
            "enable_dns_support": true,
            "enable_network_address_usage_metrics": false,
            "id": "vpc-071d7efa8dce2ef00",
            "instance_tenancy": "default",
            "ipv4_ipam_pool_id": null,
            "ipv4_netmask_length": null,
            "ipv6_association_id": "",
            "ipv6_cidr_block": "",
            "ipv6_cidr_block_network_border_group": "",
            "ipv6_ipam_pool_id": "",
            "ipv6_netmask_length": 0,
            "main_route_table_id": "rtb-03456dd333a85effb",
            "owner_id": "864899853524",
            "tags": {
              "Name": "PROD-Califonia-vpc"
            },
            "tags_all": {
              "Name": "PROD-Califonia-vpc"
            }
          },
          "sensitive_attributes": [],
          "private": "eyJzY2hlbWFfdmVyc2lvbiI6IjEifQ==",
          "create_before_destroy": true
        }
      ]
    },
    {
      "mode": "managed",
      "type": "aws_vpc",
      "name": "hongkong-vpc",
      "provider": "provider[\"registry.terraform.io/hashicorp/aws\"].hong-kong",
      "instances": [
        {
          "schema_version": 1,
          "attributes": {
            "arn": "arn:aws:ec2:ap-east-1:864899853524:vpc/vpc-053d0428b4a3f2a60",
            "assign_generated_ipv6_cidr_block": false,
            "cidr_block": "172.23.0.0/16",
            "default_network_acl_id": "acl-0cb5305a1001dcfb7",
            "default_route_table_id": "rtb-08e4a10b9a3899042",
            "default_security_group_id": "sg-0dc40f9893c36e18b",
            "dhcp_options_id": "dopt-0ba62bb1c53ce7911",
            "enable_dns_hostnames": false,
            "enable_dns_support": true,
            "enable_network_address_usage_metrics": false,
            "id": "vpc-053d0428b4a3f2a60",
            "instance_tenancy": "default",
            "ipv4_ipam_pool_id": null,
            "ipv4_netmask_length": null,
            "ipv6_association_id": "",
            "ipv6_cidr_block": "",
            "ipv6_cidr_block_network_border_group": "",
            "ipv6_ipam_pool_id": "",
            "ipv6_netmask_length": 0,
            "main_route_table_id": "rtb-08e4a10b9a3899042",
            "owner_id": "864899853524",
            "tags": {
              "Name": "PROD-Hongkong-vpc"
            },
            "tags_all": {
              "Name": "PROD-Hongkong-vpc"
            }
          },
          "sensitive_attributes": [],
          "private": "eyJzY2hlbWFfdmVyc2lvbiI6IjEifQ==",
          "create_before_destroy": true
        }
      ]
    },
    {
      "mode": "managed",
      "type": "aws_vpc",
      "name": "london-vpc",
      "provider": "provider[\"registry.terraform.io/hashicorp/aws\"].london",
      "instances": [
        {
          "schema_version": 1,
          "attributes": {
            "arn": "arn:aws:ec2:eu-west-2:864899853524:vpc/vpc-0ffc5cd7bc165c115",
            "assign_generated_ipv6_cidr_block": false,
            "cidr_block": "172.20.0.0/16",
            "default_network_acl_id": "acl-0c5de1343295d68ad",
            "default_route_table_id": "rtb-06efe7b781a289ae8",
            "default_security_group_id": "sg-0914703db8123fbdf",
            "dhcp_options_id": "dopt-048bf6d21ac508521",
            "enable_dns_hostnames": false,
            "enable_dns_support": true,
            "enable_network_address_usage_metrics": false,
            "id": "vpc-0ffc5cd7bc165c115",
            "instance_tenancy": "default",
            "ipv4_ipam_pool_id": null,
            "ipv4_netmask_length": null,
            "ipv6_association_id": "",
            "ipv6_cidr_block": "",
            "ipv6_cidr_block_network_border_group": "",
            "ipv6_ipam_pool_id": "",
            "ipv6_netmask_length": 0,
            "main_route_table_id": "rtb-06efe7b781a289ae8",
            "owner_id": "864899853524",
            "tags": {
              "Name": "PROD-London-vpc"
            },
            "tags_all": {
              "Name": "PROD-London-vpc"
            }
          },
          "sensitive_attributes": [],
          "private": "eyJzY2hlbWFfdmVyc2lvbiI6IjEifQ==",
          "create_before_destroy": true
        }
      ]
    },
    {
      "mode": "managed",
      "type": "aws_vpc",
      "name": "newyork-vpc",
      "provider": "provider[\"registry.terraform.io/hashicorp/aws\"].new-york",
      "instances": [
        {
          "schema_version": 1,
          "attributes": {
            "arn": "arn:aws:ec2:us-east-1:864899853524:vpc/vpc-00c8befd9fc980836",
            "assign_generated_ipv6_cidr_block": false,
            "cidr_block": "172.19.0.0/16",
            "default_network_acl_id": "acl-014e4a0a2ea8f5a85",
            "default_route_table_id": "rtb-05bcf986d7d2a504f",
            "default_security_group_id": "sg-09ea982ba30860bf5",
            "dhcp_options_id": "dopt-0643245735fbd8a9d",
            "enable_dns_hostnames": false,
            "enable_dns_support": true,
            "enable_network_address_usage_metrics": false,
            "id": "vpc-00c8befd9fc980836",
            "instance_tenancy": "default",
            "ipv4_ipam_pool_id": null,
            "ipv4_netmask_length": null,
            "ipv6_association_id": "",
            "ipv6_cidr_block": "",
            "ipv6_cidr_block_network_border_group": "",
            "ipv6_ipam_pool_id": "",
            "ipv6_netmask_length": 0,
            "main_route_table_id": "rtb-05bcf986d7d2a504f",
            "owner_id": "864899853524",
            "tags": {
              "Name": "PROD-New York-vpc"
            },
            "tags_all": {
              "Name": "PROD-New York-vpc"
            }
          },
          "sensitive_attributes": [],
          "private": "eyJzY2hlbWFfdmVyc2lvbiI6IjEifQ==",
          "create_before_destroy": true
        }
      ]
    },
    {
      "mode": "managed",
      "type": "aws_vpc",
      "name": "saopaulo-vpc",
      "provider": "provider[\"registry.terraform.io/hashicorp/aws\"].sao-paulo",
      "instances": [
        {
          "schema_version": 1,
          "attributes": {
            "arn": "arn:aws:ec2:sa-east-1:864899853524:vpc/vpc-0fd0255b69bcef259",
            "assign_generated_ipv6_cidr_block": false,
            "cidr_block": "172.21.0.0/16",
            "default_network_acl_id": "acl-03318ae856fc382a1",
            "default_route_table_id": "rtb-08afaa4406a88b2a7",
            "default_security_group_id": "sg-0deb9f99c822b263c",
            "dhcp_options_id": "dopt-05d822e4919ac5088",
            "enable_dns_hostnames": false,
            "enable_dns_support": true,
            "enable_network_address_usage_metrics": false,
            "id": "vpc-0fd0255b69bcef259",
            "instance_tenancy": "default",
            "ipv4_ipam_pool_id": null,
            "ipv4_netmask_length": null,
            "ipv6_association_id": "",
            "ipv6_cidr_block": "",
            "ipv6_cidr_block_network_border_group": "",
            "ipv6_ipam_pool_id": "",
            "ipv6_netmask_length": 0,
            "main_route_table_id": "rtb-08afaa4406a88b2a7",
            "owner_id": "864899853524",
            "tags": {
              "Name": "PROD-Saup-Paulo-vpc"
            },
            "tags_all": {
              "Name": "PROD-Saup-Paulo-vpc"
            }
          },
          "sensitive_attributes": [],
          "private": "eyJzY2hlbWFfdmVyc2lvbiI6IjEifQ==",
          "create_before_destroy": true
        }
      ]
    },
    {
      "mode": "managed",
      "type": "aws_vpc",
      "name": "tokyo-vpc",
      "provider": "provider[\"registry.terraform.io/hashicorp/aws\"].tokyo",
      "instances": [
        {
          "schema_version": 1,
          "attributes": {
            "arn": "arn:aws:ec2:ap-northeast-1:864899853524:vpc/vpc-0a0e8a6e51d409e5c",
            "assign_generated_ipv6_cidr_block": false,
            "cidr_block": "172.18.0.0/16",
            "default_network_acl_id": "acl-0fd6d4e1863d30188",
            "default_route_table_id": "rtb-0362cf84a2f6ab7af",
            "default_security_group_id": "sg-055053fe01adacfa9",
            "dhcp_options_id": "dopt-0d340186724187dcb",
            "enable_dns_hostnames": false,
            "enable_dns_support": true,
            "enable_network_address_usage_metrics": false,
            "id": "vpc-0a0e8a6e51d409e5c",
            "instance_tenancy": "default",
            "ipv4_ipam_pool_id": null,
            "ipv4_netmask_length": null,
            "ipv6_association_id": "",
            "ipv6_cidr_block": "",
            "ipv6_cidr_block_network_border_group": "",
            "ipv6_ipam_pool_id": "",
            "ipv6_netmask_length": 0,
            "main_route_table_id": "rtb-0362cf84a2f6ab7af",
            "owner_id": "864899853524",
            "tags": {
              "Name": "PROD-Tokyo-vpc"
            },
            "tags_all": {
              "Name": "PROD-Tokyo-vpc"
            }
          },
          "sensitive_attributes": [],
          "private": "eyJzY2hlbWFfdmVyc2lvbiI6IjEifQ==",
          "create_before_destroy": true
        }
      ]
    },
    {
      "mode": "managed",
      "type": "aws_vpc",
      "name": "tokyotest-vpc",
      "provider": "provider[\"registry.terraform.io/hashicorp/aws\"].tokyo-testb",
      "instances": [
        {
          "schema_version": 1,
          "attributes": {
            "arn": "arn:aws:ec2:ap-northeast-1:864899853524:vpc/vpc-04ad607f3e937193f",
            "assign_generated_ipv6_cidr_block": false,
            "cidr_block": "172.26.0.0/16",
            "default_network_acl_id": "acl-01ffd6ae2b5c9a023",
            "default_route_table_id": "rtb-04692ca3e57311912",
            "default_security_group_id": "sg-05ab55c7d9dbf3648",
            "dhcp_options_id": "dopt-0d340186724187dcb",
            "enable_dns_hostnames": false,
            "enable_dns_support": true,
            "enable_network_address_usage_metrics": false,
            "id": "vpc-04ad607f3e937193f",
            "instance_tenancy": "default",
            "ipv4_ipam_pool_id": null,
            "ipv4_netmask_length": null,
            "ipv6_association_id": "",
            "ipv6_cidr_block": "",
            "ipv6_cidr_block_network_border_group": "",
            "ipv6_ipam_pool_id": "",
            "ipv6_netmask_length": 0,
            "main_route_table_id": "rtb-04692ca3e57311912",
            "owner_id": "864899853524",
            "tags": {
              "Name": "TEST-Tokyo-vpc"
            },
            "tags_all": {
              "Name": "TEST-Tokyo-vpc"
            }
          },
          "sensitive_attributes": [],
          "private": "eyJzY2hlbWFfdmVyc2lvbiI6IjEifQ=="
        }
      ]
    }
  ],
  "check_results": null
}
